{
  "version": 4,
  "terraform_version": "1.12.1",
  "serial": 666,
  "lineage": "4c2969a2-8bef-beb2-3045-d2a0a872b6ca",
  "outputs": {
    "configure_kubectl": {
      "value": "aws eks --region ap-southeast-3 update-kubeconfig --name automode-cluster",
      "type": "string"
    },
    "litellm_api_keys_secret_arn": {
      "value": "arn:aws:secretsmanager:ap-southeast-3:980921733825:secret:automode-cluster-litellm-api-keys-20250620021813448400000008-jx9F3W",
      "type": "string"
    },
    "litellm_db_connection_string_arn": {
      "value": "arn:aws:secretsmanager:ap-southeast-3:980921733825:secret:automode-cluster-litellm-db-connection-2025062002181553260000001e-pyAECw",
      "type": "string"
    },
    "litellm_master_salt_secret_arn": {
      "value": "arn:aws:secretsmanager:ap-southeast-3:980921733825:secret:automode-cluster-litellm-master-salt-20250620021813941000000014-hIui3Y",
      "type": "string"
    },
    "openwebui_oauth_secret_arn": {
      "value": "arn:aws:secretsmanager:ap-southeast-3:980921733825:secret:automode-cluster-oauth-20250620021813446200000006-oaQoRK",
      "type": "string"
    },
    "openwebui_pod_identity_role_arns": {
      "value": {
        "hr": "arn:aws:iam::980921733825:role/openwebui-hr-2025062002181344950000000a",
        "legal": "arn:aws:iam::980921733825:role/openwebui-legal-20250620021813434200000004",
        "us": "arn:aws:iam::980921733825:role/openwebui-us-20250620021813433500000003"
      },
      "type": [
        "object",
        {
          "hr": "string",
          "legal": "string",
          "us": "string"
        }
      ]
    },
    "openwebui_s3_buckets": {
      "value": {
        "hr": "automode-cluster-webui-docs-hr-2025062002181375950000000d",
        "legal": "automode-cluster-webui-docs-legal-2025062002181345790000000c",
        "us": "automode-cluster-webui-docs-us-2025062002181345330000000b"
      },
      "type": [
        "object",
        {
          "hr": "string",
          "legal": "string",
          "us": "string"
        }
      ]
    },
    "postgres_secret_arns": {
      "value": {
        "hr": "arn:aws:secretsmanager:ap-southeast-3:980921733825:secret:automode-cluster-postgres-credentials-hr-20250620021813930100000012-g73stc",
        "legal": "arn:aws:secretsmanager:ap-southeast-3:980921733825:secret:automode-cluster-postgres-credentials-legal-20250620021813775500000010-4ofMJn",
        "us": "arn:aws:secretsmanager:ap-southeast-3:980921733825:secret:automode-cluster-postgres-credentials-us-2025062002181377550000000e-foc0im"
      },
      "type": [
        "object",
        {
          "hr": "string",
          "legal": "string",
          "us": "string"
        }
      ]
    },
    "rds_endpoint": {
      "value": "automode-cluster-postgres.cdc8m4eskbgq.ap-southeast-3.rds.amazonaws.com:5432",
      "type": "string"
    },
    "s3_vpc_endpoint_id": {
      "value": "vpce-0ef5cc978f0ceb989",
      "type": "string"
    }
  },
  "resources": [
    {
      "mode": "data",
      "type": "aws_availability_zones",
      "name": "available",
      "provider": "provider[\"registry.terraform.io/hashicorp/aws\"]",
      "instances": [
        {
          "schema_version": 0,
          "attributes": {
            "all_availability_zones": null,
            "exclude_names": null,
            "exclude_zone_ids": null,
            "filter": [
              {
                "name": "opt-in-status",
                "values": [
                  "opt-in-not-required"
                ]
              }
            ],
            "group_names": [
              "ap-southeast-3-zg-1"
            ],
            "id": "ap-southeast-3",
            "names": [
              "ap-southeast-3a",
              "ap-southeast-3b",
              "ap-southeast-3c"
            ],
            "state": null,
            "timeouts": null,
            "zone_ids": [
              "apse3-az1",
              "apse3-az2",
              "apse3-az3"
            ]
          },
          "sensitive_attributes": [],
          "identity_schema_version": 0
        }
      ]
    },
    {
      "mode": "data",
      "type": "aws_caller_identity",
      "name": "current",
      "provider": "provider[\"registry.terraform.io/hashicorp/aws\"]",
      "instances": [
        {
          "schema_version": 0,
          "attributes": {
            "account_id": "980921733825",
            "arn": "arn:aws:iam::980921733825:user/ihza_ops",
            "id": "980921733825",
            "user_id": "AIDA6IY352LA4F6X5OILI"
          },
          "sensitive_attributes": [],
          "identity_schema_version": 0
        }
      ]
    },
    {
      "mode": "data",
      "type": "aws_ecrpublic_authorization_token",
      "name": "token",
      "provider": "provider[\"registry.terraform.io/hashicorp/aws\"].ecr",
      "instances": [
        {
          "schema_version": 0,
          "attributes": {
            "authorization_token": "QVdTOmV5SndZWGxzYjJGa0lqb2lVVkUxUkdVM1NqSjJhV1Z1VG5GemNHNVdZMGxRTlVabVIzSmhjMmRXVUc5R1YwVllhMFJ6TUhSTGNHa3dXVEZ4Um5SSU9VZE5UVXROZEUwMGFXODJaRkl3TDB4TGRVRlBkMkpqWlZGc2FtNUZRa3AyYWk5Q1ZVRlBZbnA1WVV4NFdpdFROWFJOUkhGSGRVeEdSamt2TWxRNWVsWnFkemx5ZGt0NFpFb3JWM0JpTUhZelMxZFJibGx0TWxkNldVOWtiWFJzZDJwamNDdDVkV2hXVFhKRWRUSnFUV2w2T0Uxa2JYcHpWRk5pTTFGalprVlpXRE15UTFwQ1N6ZFhhRlJ2VERKUWJGaHNiMlJNVFZoSGNUVTNNMjFvY0dsNmNWSTVPV05DVjA5Q1IzTlVaM3BMTlhsdmRuUkNTWEpqWXpjNFdIUkJWR0pTWTBwdVdESnpiMDlvVVc1clVXWTFSbEZ4VmxGbGFuQlpjRXc1ZUhsMVJWbGhkRGx4SzBVd1VqQk9VVTVzYmxSNk5IQXhjR041Vmxwc1IxVkZWekl6YkZZeWNVVnpaR1o1YmtWNE9YaHRhRVF2Y0hWb2FTOUJkVU5KY1ZKNGNVeG9SSEIxZFd4dmNtaEhlbnAwVEhCa04xTXZlVlZGWldRd1RuTTJWekJYTVdodFMyRnNWR2QxV21kVFFWRkhPV0Z3TUZKeVpXbHJTRTF1YVdsYWIzcEJWMGhJVkUxMk56TjRhbkZ4WjNOV1NtRnVWMkZwWVd0cmVtTkpiMGx2WVRKVFoyRXZNRFJHVWpSWlR5dHFaRVJUV2pSSU5FODJRM1J6WmxKSWVtZG1SVVJqYTNGcFNFcFBSVFZDWlZGR2IzVm5kalV6VlU5RVZ6TlliRmRoTkRBM0syUTJia3hIVGxZdlVqTnlZa0ZKUlROWlluaEJWMGRDTDFCRFpEWmFUWFJSUTFvME1GQlhVWEZxZDFoc1pVVnBaV1pGYUZBdmJURmFNMUZ3YUhkSVpqbExTRU5IVEVnMGVtMVFTR3hPY0VoTldVbERha1YyVFZWU1EzQkVRMFJuZW5rdlFXNWhlbWs0WTFCVlFrMDJVRGRhUlRnNGJETldkWGR6UmtzemJHZGtkMmhoVERZdllrRXhhVFpTTmk5aVFYVXJMMDVHZFRkWmFqSnFjbWxFVWpOT2VFNVdUWEJEUTJweVVUZGxibTA0WWxnelkwdEtNV3M1YzA5WmMzQkRUbnBCVTNSMlYwMTBSekpKWVRjM2VpdGxjRmRKWlZOUk5HZGhURmRpVEdsQmRYRm5VWGt5YzJKRmJuaFhRMVpsTlZWak9UUlRRM2x2TTNkSlMza3JPSEJDT1ZFNFZ6aDVTSE5WTlZod1FqTlVhSFJIUjFWRGFsaGlTVVpSVjBJeWNubENaMWRaYkVkblZ5OXVVSFJ5ZUdSWVowczRNR2xYU1ZGQmMxcDRNR0ZGSzJGSVp6aDZRMnhtZGxaWlVXaGFiR3g1ZGpaYU9XbDNjMDlVTm5SeWNucHJjVEVyVkZReVNrUTViV2xFUm1KbE5uWndTMFZEUzAwMGIyOHllSGhpUlVsdFV5dHFNM0ZaSzNBeU5HRjFRVzRyUmtFM1UyZ3ZNR2RHTnpkMWJXVnVjWFJ1YjFGWmEyVk1iV2huY0RkVGRGRk9jVXd5YTFGbFlreEpORlZLY25KcmQyczVZMFJRWkRGTGJXa3JNV0ZWV2xadlRYbFpVV3N3Y0ZoWlMxcEhObXd2Tm5FemFFZEJkMU54TUd0Vk5UTTFaV3R3UmpST2NFaFVkblZGUVZCa1VYa3ZjbnA0WkhCdE4yeHpPVk5hZDA1Uk16ZDBkaUlzSW1SaGRHRnJaWGtpT2lKbGVVcFJVa1puYVU5cFNsbFRhM2h2V1Zoc2IxZEVWbmRWUjFwTVRUTlNSR0ZXUVhKaU1IUjVVbXBXYkdGc2JHaGFiRlpFVG0xV2JXTlhlRnBPZWsweFdqTldWbE5WTlZoUmEzaHZZekZhWVdORlZYWlplbEpwVGxkYVdFNVZPSGRhYlRGMVducGFhMVpIU1ROYWVtc3dUbE01YW1WV1JrVmlNR2hFVkVadmRsTklaelZpUjFaSlVXNUtlVk5yTVUxbFZ6VTFWVEk1Y1dWRWFIUmhRemx3V1RKd1NtVkdRblpOU0ZadVducE5lR0ZzWXpWT1JFWlJWa1pDVDFOWVpFdFZTRVpoVGxkU1lVOVlRa2RMZWtaU1UyNXdNMDR3WnpCaVJsRXhaREkxUzFORlRreGliWE0wVlRJeFNVOVdTbEZOYTA1d1RWUm9ObUpJVW5SYVJGSllWMVU1VFdGNlJrcGxWRUYzVmpCa2VsWnJaSGxsUjBwclREQkZNVTlHY0hGaWJYZDJUa1Z3YjA0d2NFVlRWazU0VFROYU1WRlVWa1phU0ZKNVZrVkdTMDlHUW5WWk1XdDVUbGRPV1ZOcE9USmFlbVJyVkRKV1dscHVaSFZYUTNNeldsUkdVMVpVYUZGTWVUbDFUbE4wYjA1NmFFcFRSRVpPWkcwNWJtRnJhSEJTYWtwb1RsaEtZV05IVm5WT1NFNVZUbFZHUzJSRWJHdGlhemwyWkcxSmVsZFZTbWhrUmtKeVN6QkdTRTV0T0RSU2F6RTBXakZrVFdSSE1YQldSbFkwU3pGa1ZsRXdOVkZpUkU1RlRETkNXRlp1WXpsUVUwbHpTV3RzUWxKRFNUWkpha1owVGtad05sbFZVbE5OUld4RlZsZE9hazV0YURaVlNFNXFXa2R3Y21Gc1NtaFVWMFozVkdwb05tVnJORE5QUm1oWlducGtjRmxYWkhWYVJUaDRWVEZLZEdGNlNsTmxSVGxWWVVWbmRsSXdOVlZPTVdSUVVtMWthR1ZyWkVsaVIwMTJUVmRPYkZONlZuTmtNMXBMVVZkc2NFNVdaRTFUV0ZKMlVteG9VbU5VVWxoU1YwNUlVMGhqTVUweU1IZGliVkl4VkRGS1YyTnJaRVJYVlZKcFpHMUdURlZWTUhoaFJrNTVXa2RrYUZKRmN6UlNNMEpaVGpGd2QxVnNTblJqUm1ocFpEQndiRlpYU25kV2JrbDNaRVJPU1dOVmJFZFJNMnhGV2pCR2ExSkhPVXRqYlRWd1ZqQlplRk50YUZKVE1uUTJWMGhrVUdORWJFZE9SRlpSVkZkd1RsSnFRVFZUYlVVMFdqTndhMDlVWTNsTmJrWlJVV3RhYzFremFFTmhNbWhHVVRJMGVGVldRbkZOVldoWVlucFNXazVzVm14UmJrSk9ZbTFPU1dWV1drUlhWVVY1Wkc1U01XTllWVEJOUjFadVQwVjBVVlJFU2xKVGJFcERWRzE0UTFkVlVuWlZiR2h3VjJ0b1MwNHdXakZOVkVseVdWWldXVkY2UmtsWGJrWk1Ua2hrZEUxNlpFWldSelZQV1d0T00wOUdTbnBWZW1Sc1drUnNXVlJzYUZCYWEzQjJZekJ3Y21OcE9YVmtSVTR5VkVSS2IxVldRWGRpUlhOM1VtcHNSR0V5Y0ZSVlZEQTVTVzR3UFNJc0luWmxjbk5wYjI0aU9pSXpJaXdpZEhsd1pTSTZJa1JCVkVGZlMwVlpJaXdpWlhod2FYSmhkR2x2YmlJNk1UYzFNRFk1TmpBMk1uMD0=",
            "expires_at": "2025-06-23T16:27:42Z",
            "id": "us-east-1",
            "password": "eyJwYXlsb2FkIjoiUVE1RGU3SjJ2aWVuTnFzcG5WY0lQNUZmR3Jhc2dWUG9GV0VYa0RzMHRLcGkwWTFxRnRIOUdNTUtNdE00aW82ZFIwL0xLdUFPd2JjZVFsam5FQkp2ai9CVUFPYnp5YUx4WitTNXRNRHFHdUxGRjkvMlQ5elZqdzlydkt4ZEorV3BiMHYzS1dRblltMld6WU9kbXRsd2pjcCt5dWhWTXJEdTJqTWl6OE1kbXpzVFNiM1FjZkVZWDMyQ1pCSzdXaFRvTDJQbFhsb2RMTVhHcTU3M21ocGl6cVI5OWNCV09CR3NUZ3pLNXlvdnRCSXJjYzc4WHRBVGJSY0puWDJzb09oUW5rUWY1RlFxVlFlanBZcEw5eHl1RVlhdDlxK0UwUjBOUU5sblR6NHAxcGN5VlpsR1VFVzIzbFYycUVzZGZ5bkV4OXhtaEQvcHVoaS9BdUNJcVJ4cUxoRHB1dWxvcmhHenp0THBkN1MveVVFZWQwTnM2VzBXMWhtS2FsVGd1WmdTQVFHOWFwMFJyZWlrSE1uaWlab3pBV0hIVE12NzN4anFxZ3NWSmFuV2FpYWtremNJb0lvYTJTZ2EvMDRGUjRZTytqZERTWjRINE82Q3RzZlJIemdmRURja3FpSEpPRTVCZVFGb3VndjUzVU9EVzNYbFdhNDA3K2Q2bkxHTlYvUjNyYkFJRTNZYnhBV0dCL1BDZDZaTXRRQ1o0MFBXUXFqd1hsZUVpZWZFaFAvbTFaM1FwaHdIZjlLSENHTEg0em1QSGxOcEhNWUlDakV2TVVSQ3BEQ0RnenkvQW5hemk4Y1BVQk02UDdaRTg4bDNWdXdzRkszbGdkd2hhTDYvYkExaTZSNi9iQXUrL05GdTdZajJqcmlEUjNOeE5WTXBDQ2pyUTdlbm04YlgzY0tKMWs5c09Zc3BDTnpBU3R2V010RzJJYTc3eitlcFdJZVNRNGdhTFdiTGlBdXFnUXkyc2JFbnhXQ1ZlNVVjOTRTQ3lvM3dJS3krOHBCOVE4Vzh5SHNVNVhwQjNUaHRHR1VDalhiSUZRV0IycnlCZ1dZbEdnVy9uUHRyeGRYZ0s4MGlXSVFBc1p4MGFFK2FIZzh6Q2xmdlZZUWhabGx5djZaOWl3c09UNnRycnprcTErVFQySkQ5bWlERmJlNnZwS0VDS000b28yeHhiRUltUytqM3FZK3AyNGF1QW4rRkE3U2gvMGdGNzd1bWVucXRub1FZa2VMbWhncDdTdFFOcUwya1FlYkxJNFVKcnJrd2s5Y0RQZDFLbWkrMWFVWlZvTXlZUWswcFhZS1pHNmwvNnEzaEdBd1NxMGtVNTM1ZWtwRjROcEhUdnVFQVBkUXkvcnp4ZHBtN2xzOVNad05RMzd0diIsImRhdGFrZXkiOiJleUpRUkZnaU9pSllTa3hvWVhsb1dEVndVR1pMTTNSRGFWQXJiMHR5UmpWbGFsbGhabFZETm1WbWNXeFpOek0xWjNWVlNVNVhRa3hvYzFaYWNFVXZZelJpTldaWE5VOHdabTF1Wnpaa1ZHSTNaemswTlM5amVWRkViMGhEVEZvdlNIZzViR1ZJUW5KeVNrMU1lVzU1VTI5cWVEaHRhQzlwWTJwSmVGQnZNSFZuWnpNeGFsYzVOREZRVkZCT1NYZEtVSEZhTldSYU9YQkdLekZSU25wM04wZzBiRlExZDI1S1NFTkxibXM0VTIxSU9WSlFNa05wTVRoNmJIUnRaRFJYV1U5TWF6RkplVEF3VjBkelZrZHllR0prTDBFMU9GcHFibXd2TkVwb04wcEVTVk54TTNaMVFUVkZaSFJ5VkVGS09GQnVZMWt5TldOWVNpOTJaemRrVDJWWlpuZHVXQ3MzWlRGU1ZUaFFMeTl1TlN0b056aEpTREZOZG05bmFraHBSakpoTlhKYWNHVnVOSE5VTlVGS2REbGtiazl2ZG1JeldVSmhkRkJySzBGSE5tODRSazE0WjFkTWRHMXBWRlY0SzFkVlEwNVFiRE5FTDNCWFZuYzlQU0lzSWtsQlJDSTZJakZ0TkZwNllVUlNNRWxFVldOak5taDZVSE5qWkdwcmFsSmhUV0Z3VGpoNmVrNDNPRmhZWnpkcFlXZHVaRTh4VTFKdGF6SlNlRTlVYUVndlIwNVVOMWRQUm1kaGVrZEliR012TVdObFN6VnNkM1pLUVdscE5WZE1TWFJ2UmxoUmNUUlhSV05IU0hjMU0yMHdibVIxVDFKV2NrZERXVVJpZG1GTFVVMHhhRk55WkdkaFJFczRSM0JZTjFwd1VsSnRjRmhpZDBwbFZXSndWbkl3ZEROSWNVbEdRM2xFWjBGa1JHOUtjbTVwVjBZeFNtaFJTMnQ2V0hkUGNEbEdORFZRVFdwTlJqQTVTbUU0WjNwa09UY3lNbkZRUWtac1kzaENhMmhGUTI0eFVWQnFNVWhYYnpSWk5sVmxRbkJOYm1OSWVWWkRXVUV5ZG5SMWNYVTBNR1ZuT0V0UVRESlJTbEpDVG14Q1dVUnZVbGhwV2toS04wWjFNVElyWVZWWVF6RklXbkZMTkhkdE16ZEZWRzVPWWtOM09GSnpVemRsWkRsWVRsaFBaa3B2YzBwcmNpOXVkRU4yVERKb1VWQXdiRXN3UmpsRGEycFRVVDA5SW4wPSIsInZlcnNpb24iOiIzIiwidHlwZSI6IkRBVEFfS0VZIiwiZXhwaXJhdGlvbiI6MTc1MDY5NjA2Mn0=",
            "user_name": "AWS"
          },
          "sensitive_attributes": [
            [
              {
                "type": "get_attr",
                "value": "authorization_token"
              }
            ],
            [
              {
                "type": "get_attr",
                "value": "password"
              }
            ]
          ],
          "identity_schema_version": 0
        }
      ]
    },
    {
      "mode": "managed",
      "type": "aws_db_instance",
      "name": "litellm_postgres",
      "provider": "provider[\"registry.terraform.io/hashicorp/aws\"]",
      "instances": [
        {
          "schema_version": 2,
          "attributes": {
            "address": "automode-cluster-litellm-postgres.cdc8m4eskbgq.ap-southeast-3.rds.amazonaws.com",
            "allocated_storage": 20,
            "allow_major_version_upgrade": null,
            "apply_immediately": true,
            "arn": "arn:aws:rds:ap-southeast-3:980921733825:db:automode-cluster-litellm-postgres",
            "auto_minor_version_upgrade": true,
            "availability_zone": "ap-southeast-3a",
            "backup_retention_period": 7,
            "backup_target": "region",
            "backup_window": "03:00-04:00",
            "blue_green_update": [],
            "ca_cert_identifier": "rds-ca-rsa2048-g1",
            "character_set_name": "",
            "copy_tags_to_snapshot": false,
            "custom_iam_instance_profile": "",
            "customer_owned_ip_enabled": false,
            "database_insights_mode": "standard",
            "db_name": "litellm",
            "db_subnet_group_name": "automode-cluster-litellm-db-subnet-group",
            "dedicated_log_volume": false,
            "delete_automated_backups": true,
            "deletion_protection": false,
            "domain": "",
            "domain_auth_secret_arn": "",
            "domain_dns_ips": [],
            "domain_fqdn": "",
            "domain_iam_role_name": "",
            "domain_ou": "",
            "enabled_cloudwatch_logs_exports": [
              "postgresql"
            ],
            "endpoint": "automode-cluster-litellm-postgres.cdc8m4eskbgq.ap-southeast-3.rds.amazonaws.com:5432",
            "engine": "postgres",
            "engine_lifecycle_support": "open-source-rds-extended-support",
            "engine_version": "15.13",
            "engine_version_actual": "15.13",
            "final_snapshot_identifier": null,
            "hosted_zone_id": "Z0818574P08IZL5NK858",
            "iam_database_authentication_enabled": false,
            "id": "db-FG65SSCQFB6573YJWXECXMD6GA",
            "identifier": "automode-cluster-litellm-postgres",
            "identifier_prefix": "",
            "instance_class": "db.t3.micro",
            "iops": 3000,
            "kms_key_id": "arn:aws:kms:ap-southeast-3:980921733825:key/83e76ac0-4a96-43c7-9796-06645b85b1af",
            "latest_restorable_time": "2025-06-23T04:24:30Z",
            "license_model": "postgresql-license",
            "listener_endpoint": [],
            "maintenance_window": "mon:04:00-mon:05:00",
            "manage_master_user_password": null,
            "master_user_secret": [],
            "master_user_secret_kms_key_id": null,
            "max_allocated_storage": 100,
            "monitoring_interval": 60,
            "monitoring_role_arn": "arn:aws:iam::980921733825:role/automode-cluster-litellm-rds-monitoring-role",
            "multi_az": true,
            "nchar_character_set_name": "",
            "network_type": "IPV4",
            "option_group_name": "default:postgres-15",
            "parameter_group_name": "automode-cluster-litellm-postgres-pg",
            "password": "DYcoJBRBKN_9fWDk",
            "password_wo": null,
            "password_wo_version": null,
            "performance_insights_enabled": true,
            "performance_insights_kms_key_id": "arn:aws:kms:ap-southeast-3:980921733825:key/83e76ac0-4a96-43c7-9796-06645b85b1af",
            "performance_insights_retention_period": 7,
            "port": 5432,
            "publicly_accessible": false,
            "replica_mode": "",
            "replicas": [],
            "replicate_source_db": "",
            "resource_id": "db-FG65SSCQFB6573YJWXECXMD6GA",
            "restore_to_point_in_time": [],
            "s3_import": [],
            "skip_final_snapshot": true,
            "snapshot_identifier": null,
            "status": "available",
            "storage_encrypted": true,
            "storage_throughput": 125,
            "storage_type": "gp3",
            "tags": {
              "Name": "automode-cluster-litellm-postgres"
            },
            "tags_all": {
              "Name": "automode-cluster-litellm-postgres"
            },
            "timeouts": null,
            "timezone": "",
            "upgrade_storage_config": null,
            "username": "llmproxy",
            "vpc_security_group_ids": [
              "sg-0a9a2be5fc9f0f539"
            ]
          },
          "sensitive_attributes": [
            [
              {
                "type": "get_attr",
                "value": "password"
              }
            ],
            [
              {
                "type": "get_attr",
                "value": "password_wo"
              }
            ]
          ],
          "identity_schema_version": 0,
          "private": "eyJlMmJmYjczMC1lY2FhLTExZTYtOGY4OC0zNDM2M2JjN2M0YzAiOnsiY3JlYXRlIjozMDAwMDAwMDAwMDAwLCJkZWxldGUiOjM2MDAwMDAwMDAwMDAsInVwZGF0ZSI6NDgwMDAwMDAwMDAwMH0sInNjaGVtYV92ZXJzaW9uIjoiMiJ9",
          "dependencies": [
            "aws_db_parameter_group.litellm_postgres_pg",
            "aws_db_subnet_group.litellm_db_subnet_group",
            "aws_iam_role.litellm_rds_monitoring",
            "aws_security_group.litellm_db_sg",
            "data.aws_availability_zones.available",
            "module.vpc.aws_subnet.private",
            "module.vpc.aws_vpc.this",
            "module.vpc.aws_vpc_ipv4_cidr_block_association.this",
            "random_password.litellm_db_password"
          ]
        }
      ]
    },
    {
      "mode": "managed",
      "type": "aws_db_instance",
      "name": "postgres",
      "provider": "provider[\"registry.terraform.io/hashicorp/aws\"]",
      "instances": [
        {
          "schema_version": 2,
          "attributes": {
            "address": "automode-cluster-postgres.cdc8m4eskbgq.ap-southeast-3.rds.amazonaws.com",
            "allocated_storage": 20,
            "allow_major_version_upgrade": null,
            "apply_immediately": true,
            "arn": "arn:aws:rds:ap-southeast-3:980921733825:db:automode-cluster-postgres",
            "auto_minor_version_upgrade": true,
            "availability_zone": "ap-southeast-3c",
            "backup_retention_period": 7,
            "backup_target": "region",
            "backup_window": "03:00-04:00",
            "blue_green_update": [],
            "ca_cert_identifier": "rds-ca-rsa2048-g1",
            "character_set_name": "",
            "copy_tags_to_snapshot": false,
            "custom_iam_instance_profile": "",
            "customer_owned_ip_enabled": false,
            "database_insights_mode": "standard",
            "db_name": "vectordb",
            "db_subnet_group_name": "automode-cluster-rds-subnet-group",
            "dedicated_log_volume": false,
            "delete_automated_backups": true,
            "deletion_protection": false,
            "domain": "",
            "domain_auth_secret_arn": "",
            "domain_dns_ips": [],
            "domain_fqdn": "",
            "domain_iam_role_name": "",
            "domain_ou": "",
            "enabled_cloudwatch_logs_exports": [
              "postgresql"
            ],
            "endpoint": "automode-cluster-postgres.cdc8m4eskbgq.ap-southeast-3.rds.amazonaws.com:5432",
            "engine": "postgres",
            "engine_lifecycle_support": "open-source-rds-extended-support",
            "engine_version": "15.13",
            "engine_version_actual": "15.13",
            "final_snapshot_identifier": null,
            "hosted_zone_id": "Z0818574P08IZL5NK858",
            "iam_database_authentication_enabled": false,
            "id": "db-LVEDUEURREUGW4VGC2ZXHOZMG4",
            "identifier": "automode-cluster-postgres",
            "identifier_prefix": "",
            "instance_class": "db.t3.medium",
            "iops": 3000,
            "kms_key_id": "arn:aws:kms:ap-southeast-3:980921733825:key/83e76ac0-4a96-43c7-9796-06645b85b1af",
            "latest_restorable_time": "2025-06-23T04:24:31Z",
            "license_model": "postgresql-license",
            "listener_endpoint": [],
            "maintenance_window": "mon:04:00-mon:05:00",
            "manage_master_user_password": null,
            "master_user_secret": [],
            "master_user_secret_kms_key_id": null,
            "max_allocated_storage": 100,
            "monitoring_interval": 60,
            "monitoring_role_arn": "arn:aws:iam::980921733825:role/automode-cluster-rds-monitoring-role",
            "multi_az": true,
            "nchar_character_set_name": "",
            "network_type": "IPV4",
            "option_group_name": "default:postgres-15",
            "parameter_group_name": "automode-cluster-postgres-vector",
            "password": "06sPC61f*OqOCu*S",
            "password_wo": null,
            "password_wo_version": null,
            "performance_insights_enabled": true,
            "performance_insights_kms_key_id": "arn:aws:kms:ap-southeast-3:980921733825:key/83e76ac0-4a96-43c7-9796-06645b85b1af",
            "performance_insights_retention_period": 7,
            "port": 5432,
            "publicly_accessible": false,
            "replica_mode": "",
            "replicas": [],
            "replicate_source_db": "",
            "resource_id": "db-LVEDUEURREUGW4VGC2ZXHOZMG4",
            "restore_to_point_in_time": [],
            "s3_import": [],
            "skip_final_snapshot": true,
            "snapshot_identifier": null,
            "status": "available",
            "storage_encrypted": true,
            "storage_throughput": 125,
            "storage_type": "gp3",
            "tags": {
              "Name": "automode-cluster-postgres"
            },
            "tags_all": {
              "Name": "automode-cluster-postgres"
            },
            "timeouts": null,
            "timezone": "",
            "upgrade_storage_config": null,
            "username": "postgres",
            "vpc_security_group_ids": [
              "sg-0456b6870682421f8"
            ]
          },
          "sensitive_attributes": [
            [
              {
                "type": "get_attr",
                "value": "password"
              }
            ],
            [
              {
                "type": "get_attr",
                "value": "password_wo"
              }
            ]
          ],
          "identity_schema_version": 0,
          "private": "eyJlMmJmYjczMC1lY2FhLTExZTYtOGY4OC0zNDM2M2JjN2M0YzAiOnsiY3JlYXRlIjozMDAwMDAwMDAwMDAwLCJkZWxldGUiOjM2MDAwMDAwMDAwMDAsInVwZGF0ZSI6NDgwMDAwMDAwMDAwMH0sInNjaGVtYV92ZXJzaW9uIjoiMiJ9",
          "dependencies": [
            "aws_db_parameter_group.postgres_vector",
            "aws_db_subnet_group.rds",
            "aws_iam_role.rds_enhanced_monitoring",
            "aws_security_group.rds",
            "data.aws_availability_zones.available",
            "module.vpc.aws_subnet.private",
            "module.vpc.aws_vpc.this",
            "module.vpc.aws_vpc_ipv4_cidr_block_association.this",
            "random_password.postgres"
          ]
        }
      ]
    },
    {
      "mode": "managed",
      "type": "aws_db_parameter_group",
      "name": "litellm_postgres_pg",
      "provider": "provider[\"registry.terraform.io/hashicorp/aws\"]",
      "instances": [
        {
          "schema_version": 0,
          "attributes": {
            "arn": "arn:aws:rds:ap-southeast-3:980921733825:pg:automode-cluster-litellm-postgres-pg",
            "description": "Parameter group for LiteLLM PostgreSQL",
            "family": "postgres15",
            "id": "automode-cluster-litellm-postgres-pg",
            "name": "automode-cluster-litellm-postgres-pg",
            "name_prefix": "",
            "parameter": [
              {
                "apply_method": "immediate",
                "name": "log_min_duration_statement",
                "value": "1"
              },
              {
                "apply_method": "immediate",
                "name": "log_statement",
                "value": "all"
              },
              {
                "apply_method": "immediate",
                "name": "shared_preload_libraries",
                "value": "pg_stat_statements"
              }
            ],
            "skip_destroy": false,
            "tags": {
              "Name": "automode-cluster-litellm-postgres-pg"
            },
            "tags_all": {
              "Name": "automode-cluster-litellm-postgres-pg"
            }
          },
          "sensitive_attributes": [],
          "identity_schema_version": 0,
          "private": "bnVsbA=="
        }
      ]
    },
    {
      "mode": "managed",
      "type": "aws_db_parameter_group",
      "name": "postgres_vector",
      "provider": "provider[\"registry.terraform.io/hashicorp/aws\"]",
      "instances": [
        {
          "schema_version": 0,
          "attributes": {
            "arn": "arn:aws:rds:ap-southeast-3:980921733825:pg:automode-cluster-postgres-vector",
            "description": "Parameter group for PostgreSQL with pg_vector extension",
            "family": "postgres15",
            "id": "automode-cluster-postgres-vector",
            "name": "automode-cluster-postgres-vector",
            "name_prefix": "",
            "parameter": [
              {
                "apply_method": "immediate",
                "name": "log_min_duration_statement",
                "value": "1"
              },
              {
                "apply_method": "immediate",
                "name": "log_statement",
                "value": "all"
              },
              {
                "apply_method": "immediate",
                "name": "shared_preload_libraries",
                "value": "pg_stat_statements"
              }
            ],
            "skip_destroy": false,
            "tags": {
              "Name": "automode-cluster-postgres-vector"
            },
            "tags_all": {
              "Name": "automode-cluster-postgres-vector"
            }
          },
          "sensitive_attributes": [],
          "identity_schema_version": 0,
          "private": "bnVsbA=="
        }
      ]
    },
    {
      "mode": "managed",
      "type": "aws_db_subnet_group",
      "name": "litellm_db_subnet_group",
      "provider": "provider[\"registry.terraform.io/hashicorp/aws\"]",
      "instances": [
        {
          "schema_version": 0,
          "attributes": {
            "arn": "arn:aws:rds:ap-southeast-3:980921733825:subgrp:automode-cluster-litellm-db-subnet-group",
            "description": "Managed by Terraform",
            "id": "automode-cluster-litellm-db-subnet-group",
            "name": "automode-cluster-litellm-db-subnet-group",
            "name_prefix": "",
            "subnet_ids": [
              "subnet-01ce221a540155cbb",
              "subnet-08472d0ba75ba92e1",
              "subnet-0aab9bafb5420a220"
            ],
            "supported_network_types": [
              "IPV4"
            ],
            "tags": {
              "Name": "automode-cluster-litellm-db-subnet-group"
            },
            "tags_all": {
              "Name": "automode-cluster-litellm-db-subnet-group"
            },
            "vpc_id": "vpc-081e38e18af8095e0"
          },
          "sensitive_attributes": [],
          "identity_schema_version": 0,
          "private": "bnVsbA==",
          "dependencies": [
            "data.aws_availability_zones.available",
            "module.vpc.aws_subnet.private",
            "module.vpc.aws_vpc.this",
            "module.vpc.aws_vpc_ipv4_cidr_block_association.this"
          ]
        }
      ]
    },
    {
      "mode": "managed",
      "type": "aws_db_subnet_group",
      "name": "rds",
      "provider": "provider[\"registry.terraform.io/hashicorp/aws\"]",
      "instances": [
        {
          "schema_version": 0,
          "attributes": {
            "arn": "arn:aws:rds:ap-southeast-3:980921733825:subgrp:automode-cluster-rds-subnet-group",
            "description": "Managed by Terraform",
            "id": "automode-cluster-rds-subnet-group",
            "name": "automode-cluster-rds-subnet-group",
            "name_prefix": "",
            "subnet_ids": [
              "subnet-01ce221a540155cbb",
              "subnet-08472d0ba75ba92e1",
              "subnet-0aab9bafb5420a220"
            ],
            "supported_network_types": [
              "IPV4"
            ],
            "tags": {
              "Name": "automode-cluster-rds-subnet-group"
            },
            "tags_all": {
              "Name": "automode-cluster-rds-subnet-group"
            },
            "vpc_id": "vpc-081e38e18af8095e0"
          },
          "sensitive_attributes": [],
          "identity_schema_version": 0,
          "private": "bnVsbA==",
          "dependencies": [
            "data.aws_availability_zones.available",
            "module.vpc.aws_subnet.private",
            "module.vpc.aws_vpc.this",
            "module.vpc.aws_vpc_ipv4_cidr_block_association.this"
          ]
        }
      ]
    },
    {
      "mode": "managed",
      "type": "aws_eks_addon",
      "name": "amazon_cloudwatch_observability",
      "provider": "provider[\"registry.terraform.io/hashicorp/aws\"]",
      "instances": [
        {
          "schema_version": 0,
          "attributes": {
            "addon_name": "amazon-cloudwatch-observability",
            "addon_version": "v4.1.0-eksbuild.1",
            "arn": "arn:aws:eks:ap-southeast-3:980921733825:addon/automode-cluster/amazon-cloudwatch-observability/3ccbc595-7121-2917-de19-5ba9634b3813",
            "cluster_name": "automode-cluster",
            "configuration_values": "{\"containerLogs\":{\"enabled\":false}}",
            "created_at": "2025-06-20T02:28:54Z",
            "id": "automode-cluster:amazon-cloudwatch-observability",
            "modified_at": "2025-06-20T02:44:16Z",
            "pod_identity_association": [
              {
                "role_arn": "arn:aws:iam::980921733825:role/automode-cluster-cloudwatch-agent-role",
                "service_account": "cloudwatch-agent"
              }
            ],
            "preserve": null,
            "resolve_conflicts": null,
            "resolve_conflicts_on_create": null,
            "resolve_conflicts_on_update": null,
            "service_account_role_arn": "",
            "tags": {
              "Blueprint": "automode-cluster"
            },
            "tags_all": {
              "Blueprint": "automode-cluster"
            },
            "timeouts": null
          },
          "sensitive_attributes": [],
          "identity_schema_version": 0,
          "private": "eyJlMmJmYjczMC1lY2FhLTExZTYtOGY4OC0zNDM2M2JjN2M0YzAiOnsiY3JlYXRlIjoxMjAwMDAwMDAwMDAwLCJkZWxldGUiOjI0MDAwMDAwMDAwMDAsInVwZGF0ZSI6MTIwMDAwMDAwMDAwMH19",
          "dependencies": [
            "aws_iam_role.cloudwatch_agent",
            "data.aws_availability_zones.available",
            "module.eks.aws_cloudwatch_log_group.this",
            "module.eks.aws_eks_access_entry.this",
            "module.eks.aws_eks_access_policy_association.this",
            "module.eks.aws_eks_cluster.this",
            "module.eks.aws_iam_policy.cni_ipv6_policy",
            "module.eks.aws_iam_role.eks_auto",
            "module.eks.aws_iam_role.this",
            "module.eks.aws_iam_role_policy_attachment.this",
            "module.eks.aws_security_group.cluster",
            "module.eks.aws_security_group.node",
            "module.eks.aws_security_group_rule.cluster",
            "module.eks.aws_security_group_rule.node",
            "module.eks.data.aws_caller_identity.current",
            "module.eks.data.aws_iam_policy_document.assume_role_policy",
            "module.eks.data.aws_iam_policy_document.cni_ipv6_policy",
            "module.eks.data.aws_iam_policy_document.node_assume_role_policy",
            "module.eks.data.aws_iam_session_context.current",
            "module.eks.data.aws_partition.current",
            "module.eks.module.kms.aws_kms_external_key.this",
            "module.eks.module.kms.aws_kms_key.this",
            "module.eks.module.kms.aws_kms_replica_external_key.this",
            "module.eks.module.kms.aws_kms_replica_key.this",
            "module.eks.module.kms.data.aws_caller_identity.current",
            "module.eks.module.kms.data.aws_iam_policy_document.this",
            "module.eks.module.kms.data.aws_partition.current",
            "module.vpc.aws_subnet.private",
            "module.vpc.aws_vpc.this",
            "module.vpc.aws_vpc_ipv4_cidr_block_association.this"
          ]
        }
      ]
    },
    {
      "mode": "managed",
      "type": "aws_iam_policy",
      "name": "secrets_access",
      "provider": "provider[\"registry.terraform.io/hashicorp/aws\"]",
      "instances": [
        {
          "index_key": "hr",
          "schema_version": 0,
          "attributes": {
            "arn": "arn:aws:iam::980921733825:policy/automode-cluster-secrets-access-hr",
            "attachment_count": 1,
            "description": "Policy for accessing PostgreSQL credentials in Secrets Manager for hr tenant",
            "id": "arn:aws:iam::980921733825:policy/automode-cluster-secrets-access-hr",
            "name": "automode-cluster-secrets-access-hr",
            "name_prefix": "",
            "path": "/",
            "policy": "{\"Statement\":[{\"Action\":[\"secretsmanager:GetSecretValue\",\"secretsmanager:DescribeSecret\"],\"Effect\":\"Allow\",\"Resource\":\"arn:aws:secretsmanager:ap-southeast-3:980921733825:secret:automode-cluster-postgres-credentials-hr-20250620021813930100000012-g73stc\"}],\"Version\":\"2012-10-17\"}",
            "policy_id": "ANPA6IY352LAWE5ANZYFX",
            "tags": {},
            "tags_all": {}
          },
          "sensitive_attributes": [],
          "identity_schema_version": 0,
          "private": "bnVsbA==",
          "dependencies": [
            "aws_secretsmanager_secret.postgres_credentials"
          ]
        },
        {
          "index_key": "legal",
          "schema_version": 0,
          "attributes": {
            "arn": "arn:aws:iam::980921733825:policy/automode-cluster-secrets-access-legal",
            "attachment_count": 1,
            "description": "Policy for accessing PostgreSQL credentials in Secrets Manager for legal tenant",
            "id": "arn:aws:iam::980921733825:policy/automode-cluster-secrets-access-legal",
            "name": "automode-cluster-secrets-access-legal",
            "name_prefix": "",
            "path": "/",
            "policy": "{\"Statement\":[{\"Action\":[\"secretsmanager:GetSecretValue\",\"secretsmanager:DescribeSecret\"],\"Effect\":\"Allow\",\"Resource\":\"arn:aws:secretsmanager:ap-southeast-3:980921733825:secret:automode-cluster-postgres-credentials-legal-20250620021813775500000010-4ofMJn\"}],\"Version\":\"2012-10-17\"}",
            "policy_id": "ANPA6IY352LAZEKIIH3NX",
            "tags": {},
            "tags_all": {}
          },
          "sensitive_attributes": [],
          "identity_schema_version": 0,
          "private": "bnVsbA==",
          "dependencies": [
            "aws_secretsmanager_secret.postgres_credentials"
          ]
        },
        {
          "index_key": "us",
          "schema_version": 0,
          "attributes": {
            "arn": "arn:aws:iam::980921733825:policy/automode-cluster-secrets-access-us",
            "attachment_count": 1,
            "description": "Policy for accessing PostgreSQL credentials in Secrets Manager for us tenant",
            "id": "arn:aws:iam::980921733825:policy/automode-cluster-secrets-access-us",
            "name": "automode-cluster-secrets-access-us",
            "name_prefix": "",
            "path": "/",
            "policy": "{\"Statement\":[{\"Action\":[\"secretsmanager:GetSecretValue\",\"secretsmanager:DescribeSecret\"],\"Effect\":\"Allow\",\"Resource\":\"arn:aws:secretsmanager:ap-southeast-3:980921733825:secret:automode-cluster-postgres-credentials-us-2025062002181377550000000e-foc0im\"}],\"Version\":\"2012-10-17\"}",
            "policy_id": "ANPA6IY352LA7FUJUTEVK",
            "tags": {},
            "tags_all": {}
          },
          "sensitive_attributes": [],
          "identity_schema_version": 0,
          "private": "bnVsbA==",
          "dependencies": [
            "aws_secretsmanager_secret.postgres_credentials"
          ]
        }
      ]
    },
    {
      "mode": "managed",
      "type": "aws_iam_role",
      "name": "cloudwatch_agent",
      "provider": "provider[\"registry.terraform.io/hashicorp/aws\"]",
      "instances": [
        {
          "schema_version": 0,
          "attributes": {
            "arn": "arn:aws:iam::980921733825:role/automode-cluster-cloudwatch-agent-role",
            "assume_role_policy": "{\"Statement\":[{\"Action\":[\"sts:AssumeRole\",\"sts:TagSession\"],\"Effect\":\"Allow\",\"Principal\":{\"Service\":\"pods.eks.amazonaws.com\"}}],\"Version\":\"2012-10-17\"}",
            "create_date": "2025-06-20T02:18:15Z",
            "description": "",
            "force_detach_policies": false,
            "id": "automode-cluster-cloudwatch-agent-role",
            "inline_policy": [],
            "managed_policy_arns": [
              "arn:aws:iam::aws:policy/CloudWatchAgentServerPolicy"
            ],
            "max_session_duration": 3600,
            "name": "automode-cluster-cloudwatch-agent-role",
            "name_prefix": "",
            "path": "/",
            "permissions_boundary": "",
            "tags": {
              "Blueprint": "automode-cluster"
            },
            "tags_all": {
              "Blueprint": "automode-cluster"
            },
            "unique_id": "AROA6IY352LA42XAQBIJS"
          },
          "sensitive_attributes": [],
          "identity_schema_version": 0,
          "private": "bnVsbA=="
        }
      ]
    },
    {
      "mode": "managed",
      "type": "aws_iam_role",
      "name": "litellm_rds_monitoring",
      "provider": "provider[\"registry.terraform.io/hashicorp/aws\"]",
      "instances": [
        {
          "schema_version": 0,
          "attributes": {
            "arn": "arn:aws:iam::980921733825:role/automode-cluster-litellm-rds-monitoring-role",
            "assume_role_policy": "{\"Statement\":[{\"Action\":\"sts:AssumeRole\",\"Effect\":\"Allow\",\"Principal\":{\"Service\":\"monitoring.rds.amazonaws.com\"}}],\"Version\":\"2012-10-17\"}",
            "create_date": "2025-06-20T02:18:14Z",
            "description": "",
            "force_detach_policies": false,
            "id": "automode-cluster-litellm-rds-monitoring-role",
            "inline_policy": [],
            "managed_policy_arns": [
              "arn:aws:iam::aws:policy/service-role/AmazonRDSEnhancedMonitoringRole"
            ],
            "max_session_duration": 3600,
            "name": "automode-cluster-litellm-rds-monitoring-role",
            "name_prefix": "",
            "path": "/",
            "permissions_boundary": "",
            "tags": {},
            "tags_all": {},
            "unique_id": "AROA6IY352LA7VHLZFGDW"
          },
          "sensitive_attributes": [],
          "identity_schema_version": 0,
          "private": "bnVsbA=="
        }
      ]
    },
    {
      "mode": "managed",
      "type": "aws_iam_role",
      "name": "rds_enhanced_monitoring",
      "provider": "provider[\"registry.terraform.io/hashicorp/aws\"]",
      "instances": [
        {
          "schema_version": 0,
          "attributes": {
            "arn": "arn:aws:iam::980921733825:role/automode-cluster-rds-monitoring-role",
            "assume_role_policy": "{\"Statement\":[{\"Action\":\"sts:AssumeRole\",\"Effect\":\"Allow\",\"Principal\":{\"Service\":\"monitoring.rds.amazonaws.com\"}}],\"Version\":\"2012-10-17\"}",
            "create_date": "2025-06-20T02:18:15Z",
            "description": "",
            "force_detach_policies": false,
            "id": "automode-cluster-rds-monitoring-role",
            "inline_policy": [],
            "managed_policy_arns": [
              "arn:aws:iam::aws:policy/service-role/AmazonRDSEnhancedMonitoringRole"
            ],
            "max_session_duration": 3600,
            "name": "automode-cluster-rds-monitoring-role",
            "name_prefix": "",
            "path": "/",
            "permissions_boundary": "",
            "tags": {},
            "tags_all": {},
            "unique_id": "AROA6IY352LAU3TPS2LF4"
          },
          "sensitive_attributes": [],
          "identity_schema_version": 0,
          "private": "bnVsbA=="
        }
      ]
    },
    {
      "mode": "managed",
      "type": "aws_iam_role_policy_attachment",
      "name": "cloudwatch_agent_policy",
      "provider": "provider[\"registry.terraform.io/hashicorp/aws\"]",
      "instances": [
        {
          "schema_version": 0,
          "attributes": {
            "id": "automode-cluster-cloudwatch-agent-role-20250620021816936100000027",
            "policy_arn": "arn:aws:iam::aws:policy/CloudWatchAgentServerPolicy",
            "role": "automode-cluster-cloudwatch-agent-role"
          },
          "sensitive_attributes": [],
          "identity_schema_version": 0,
          "private": "bnVsbA==",
          "dependencies": [
            "aws_iam_role.cloudwatch_agent"
          ]
        }
      ]
    },
    {
      "mode": "managed",
      "type": "aws_iam_role_policy_attachment",
      "name": "litellm_rds_monitoring",
      "provider": "provider[\"registry.terraform.io/hashicorp/aws\"]",
      "instances": [
        {
          "schema_version": 0,
          "attributes": {
            "id": "automode-cluster-litellm-rds-monitoring-role-20250620021816273600000024",
            "policy_arn": "arn:aws:iam::aws:policy/service-role/AmazonRDSEnhancedMonitoringRole",
            "role": "automode-cluster-litellm-rds-monitoring-role"
          },
          "sensitive_attributes": [],
          "identity_schema_version": 0,
          "private": "bnVsbA==",
          "dependencies": [
            "aws_iam_role.litellm_rds_monitoring"
          ]
        }
      ]
    },
    {
      "mode": "managed",
      "type": "aws_iam_role_policy_attachment",
      "name": "rds_enhanced_monitoring",
      "provider": "provider[\"registry.terraform.io/hashicorp/aws\"]",
      "instances": [
        {
          "schema_version": 0,
          "attributes": {
            "id": "automode-cluster-rds-monitoring-role-20250620021816943200000028",
            "policy_arn": "arn:aws:iam::aws:policy/service-role/AmazonRDSEnhancedMonitoringRole",
            "role": "automode-cluster-rds-monitoring-role"
          },
          "sensitive_attributes": [],
          "identity_schema_version": 0,
          "private": "bnVsbA==",
          "dependencies": [
            "aws_iam_role.rds_enhanced_monitoring"
          ]
        }
      ]
    },
    {
      "mode": "managed",
      "type": "aws_iam_role_policy_attachment",
      "name": "secrets_access",
      "provider": "provider[\"registry.terraform.io/hashicorp/aws\"]",
      "instances": [
        {
          "index_key": "hr",
          "schema_version": 0,
          "attributes": {
            "id": "openwebui-hr-2025062002181344950000000a-20250620022854558400000047",
            "policy_arn": "arn:aws:iam::980921733825:policy/automode-cluster-secrets-access-hr",
            "role": "openwebui-hr-2025062002181344950000000a"
          },
          "sensitive_attributes": [],
          "identity_schema_version": 0,
          "private": "bnVsbA==",
          "dependencies": [
            "aws_iam_policy.secrets_access",
            "aws_s3_bucket.openwebui_docs",
            "aws_secretsmanager_secret.postgres_credentials",
            "data.aws_availability_zones.available",
            "module.eks.aws_cloudwatch_log_group.this",
            "module.eks.aws_eks_access_entry.this",
            "module.eks.aws_eks_access_policy_association.this",
            "module.eks.aws_eks_cluster.this",
            "module.eks.aws_iam_policy.cni_ipv6_policy",
            "module.eks.aws_iam_role.eks_auto",
            "module.eks.aws_iam_role.this",
            "module.eks.aws_iam_role_policy_attachment.this",
            "module.eks.aws_security_group.cluster",
            "module.eks.aws_security_group.node",
            "module.eks.aws_security_group_rule.cluster",
            "module.eks.aws_security_group_rule.node",
            "module.eks.data.aws_caller_identity.current",
            "module.eks.data.aws_iam_policy_document.assume_role_policy",
            "module.eks.data.aws_iam_policy_document.cni_ipv6_policy",
            "module.eks.data.aws_iam_policy_document.node_assume_role_policy",
            "module.eks.data.aws_iam_session_context.current",
            "module.eks.data.aws_partition.current",
            "module.eks.module.kms.aws_kms_external_key.this",
            "module.eks.module.kms.aws_kms_key.this",
            "module.eks.module.kms.aws_kms_replica_external_key.this",
            "module.eks.module.kms.aws_kms_replica_key.this",
            "module.eks.module.kms.data.aws_caller_identity.current",
            "module.eks.module.kms.data.aws_iam_policy_document.this",
            "module.eks.module.kms.data.aws_partition.current",
            "module.openwebui_pod_identity.aws_eks_pod_identity_association.this",
            "module.openwebui_pod_identity.aws_iam_policy.amazon_managed_service_prometheus",
            "module.openwebui_pod_identity.aws_iam_policy.appmesh_controller",
            "module.openwebui_pod_identity.aws_iam_policy.appmesh_envoy_proxy",
            "module.openwebui_pod_identity.aws_iam_policy.aws_gateway_controller",
            "module.openwebui_pod_identity.aws_iam_policy.aws_privateca_issuer",
            "module.openwebui_pod_identity.aws_iam_policy.cert_manager",
            "module.openwebui_pod_identity.aws_iam_policy.cluster_autoscaler",
            "module.openwebui_pod_identity.aws_iam_policy.custom",
            "module.openwebui_pod_identity.aws_iam_policy.ebs_csi",
            "module.openwebui_pod_identity.aws_iam_policy.efs_csi",
            "module.openwebui_pod_identity.aws_iam_policy.external_dns",
            "module.openwebui_pod_identity.aws_iam_policy.external_secrets",
            "module.openwebui_pod_identity.aws_iam_policy.fsx_lustre_csi",
            "module.openwebui_pod_identity.aws_iam_policy.lb_controller",
            "module.openwebui_pod_identity.aws_iam_policy.lb_controller_targetgroup_only",
            "module.openwebui_pod_identity.aws_iam_policy.mountpoint_s3_csi",
            "module.openwebui_pod_identity.aws_iam_policy.node_termination_handler",
            "module.openwebui_pod_identity.aws_iam_policy.velero",
            "module.openwebui_pod_identity.aws_iam_policy.vpc_cni",
            "module.openwebui_pod_identity.aws_iam_role.this",
            "module.openwebui_pod_identity.aws_iam_role_policy_attachment.amazon_managed_service_prometheus",
            "module.openwebui_pod_identity.aws_iam_role_policy_attachment.appmesh_controller",
            "module.openwebui_pod_identity.aws_iam_role_policy_attachment.appmesh_envoy_proxy",
            "module.openwebui_pod_identity.aws_iam_role_policy_attachment.aws_cloudwatch_observability",
            "module.openwebui_pod_identity.aws_iam_role_policy_attachment.aws_gateway_controller",
            "module.openwebui_pod_identity.aws_iam_role_policy_attachment.aws_privateca_issuer",
            "module.openwebui_pod_identity.aws_iam_role_policy_attachment.cert_manager",
            "module.openwebui_pod_identity.aws_iam_role_policy_attachment.cluster_autoscaler",
            "module.openwebui_pod_identity.aws_iam_role_policy_attachment.custom",
            "module.openwebui_pod_identity.aws_iam_role_policy_attachment.ebs_csi",
            "module.openwebui_pod_identity.aws_iam_role_policy_attachment.efs_csi",
            "module.openwebui_pod_identity.aws_iam_role_policy_attachment.external_dns",
            "module.openwebui_pod_identity.aws_iam_role_policy_attachment.external_secrets",
            "module.openwebui_pod_identity.aws_iam_role_policy_attachment.fsx_lustre_csi",
            "module.openwebui_pod_identity.aws_iam_role_policy_attachment.lb_controller",
            "module.openwebui_pod_identity.aws_iam_role_policy_attachment.lb_controller_targetgroup_only",
            "module.openwebui_pod_identity.aws_iam_role_policy_attachment.mountpoint_s3_csi",
            "module.openwebui_pod_identity.aws_iam_role_policy_attachment.node_termination_handler",
            "module.openwebui_pod_identity.aws_iam_role_policy_attachment.this",
            "module.openwebui_pod_identity.aws_iam_role_policy_attachment.velero",
            "module.openwebui_pod_identity.aws_iam_role_policy_attachment.vpc_cni",
            "module.openwebui_pod_identity.data.aws_iam_policy_document.amazon_managed_service_prometheus",
            "module.openwebui_pod_identity.data.aws_iam_policy_document.appmesh_controller",
            "module.openwebui_pod_identity.data.aws_iam_policy_document.appmesh_envoy_proxy",
            "module.openwebui_pod_identity.data.aws_iam_policy_document.assume",
            "module.openwebui_pod_identity.data.aws_iam_policy_document.aws_gateway_controller",
            "module.openwebui_pod_identity.data.aws_iam_policy_document.aws_privateca_issuer",
            "module.openwebui_pod_identity.data.aws_iam_policy_document.base",
            "module.openwebui_pod_identity.data.aws_iam_policy_document.cert_manager",
            "module.openwebui_pod_identity.data.aws_iam_policy_document.cluster_autoscaler",
            "module.openwebui_pod_identity.data.aws_iam_policy_document.ebs_csi",
            "module.openwebui_pod_identity.data.aws_iam_policy_document.efs_csi",
            "module.openwebui_pod_identity.data.aws_iam_policy_document.external_dns",
            "module.openwebui_pod_identity.data.aws_iam_policy_document.external_secrets",
            "module.openwebui_pod_identity.data.aws_iam_policy_document.fsx_lustre_csi",
            "module.openwebui_pod_identity.data.aws_iam_policy_document.lb_controller",
            "module.openwebui_pod_identity.data.aws_iam_policy_document.lb_controller_targetgroup_only",
            "module.openwebui_pod_identity.data.aws_iam_policy_document.mountpoint_s3_csi",
            "module.openwebui_pod_identity.data.aws_iam_policy_document.node_termination_handler",
            "module.openwebui_pod_identity.data.aws_iam_policy_document.velero",
            "module.openwebui_pod_identity.data.aws_iam_policy_document.vpc_cni",
            "module.openwebui_pod_identity.data.aws_partition.current",
            "module.vpc.aws_subnet.private",
            "module.vpc.aws_vpc.this",
            "module.vpc.aws_vpc_ipv4_cidr_block_association.this"
          ]
        },
        {
          "index_key": "legal",
          "schema_version": 0,
          "attributes": {
            "id": "openwebui-legal-20250620021813434200000004-20250620022855116500000049",
            "policy_arn": "arn:aws:iam::980921733825:policy/automode-cluster-secrets-access-legal",
            "role": "openwebui-legal-20250620021813434200000004"
          },
          "sensitive_attributes": [],
          "identity_schema_version": 0,
          "private": "bnVsbA==",
          "dependencies": [
            "aws_iam_policy.secrets_access",
            "aws_s3_bucket.openwebui_docs",
            "aws_secretsmanager_secret.postgres_credentials",
            "data.aws_availability_zones.available",
            "module.eks.aws_cloudwatch_log_group.this",
            "module.eks.aws_eks_access_entry.this",
            "module.eks.aws_eks_access_policy_association.this",
            "module.eks.aws_eks_cluster.this",
            "module.eks.aws_iam_policy.cni_ipv6_policy",
            "module.eks.aws_iam_role.eks_auto",
            "module.eks.aws_iam_role.this",
            "module.eks.aws_iam_role_policy_attachment.this",
            "module.eks.aws_security_group.cluster",
            "module.eks.aws_security_group.node",
            "module.eks.aws_security_group_rule.cluster",
            "module.eks.aws_security_group_rule.node",
            "module.eks.data.aws_caller_identity.current",
            "module.eks.data.aws_iam_policy_document.assume_role_policy",
            "module.eks.data.aws_iam_policy_document.cni_ipv6_policy",
            "module.eks.data.aws_iam_policy_document.node_assume_role_policy",
            "module.eks.data.aws_iam_session_context.current",
            "module.eks.data.aws_partition.current",
            "module.eks.module.kms.aws_kms_external_key.this",
            "module.eks.module.kms.aws_kms_key.this",
            "module.eks.module.kms.aws_kms_replica_external_key.this",
            "module.eks.module.kms.aws_kms_replica_key.this",
            "module.eks.module.kms.data.aws_caller_identity.current",
            "module.eks.module.kms.data.aws_iam_policy_document.this",
            "module.eks.module.kms.data.aws_partition.current",
            "module.openwebui_pod_identity.aws_eks_pod_identity_association.this",
            "module.openwebui_pod_identity.aws_iam_policy.amazon_managed_service_prometheus",
            "module.openwebui_pod_identity.aws_iam_policy.appmesh_controller",
            "module.openwebui_pod_identity.aws_iam_policy.appmesh_envoy_proxy",
            "module.openwebui_pod_identity.aws_iam_policy.aws_gateway_controller",
            "module.openwebui_pod_identity.aws_iam_policy.aws_privateca_issuer",
            "module.openwebui_pod_identity.aws_iam_policy.cert_manager",
            "module.openwebui_pod_identity.aws_iam_policy.cluster_autoscaler",
            "module.openwebui_pod_identity.aws_iam_policy.custom",
            "module.openwebui_pod_identity.aws_iam_policy.ebs_csi",
            "module.openwebui_pod_identity.aws_iam_policy.efs_csi",
            "module.openwebui_pod_identity.aws_iam_policy.external_dns",
            "module.openwebui_pod_identity.aws_iam_policy.external_secrets",
            "module.openwebui_pod_identity.aws_iam_policy.fsx_lustre_csi",
            "module.openwebui_pod_identity.aws_iam_policy.lb_controller",
            "module.openwebui_pod_identity.aws_iam_policy.lb_controller_targetgroup_only",
            "module.openwebui_pod_identity.aws_iam_policy.mountpoint_s3_csi",
            "module.openwebui_pod_identity.aws_iam_policy.node_termination_handler",
            "module.openwebui_pod_identity.aws_iam_policy.velero",
            "module.openwebui_pod_identity.aws_iam_policy.vpc_cni",
            "module.openwebui_pod_identity.aws_iam_role.this",
            "module.openwebui_pod_identity.aws_iam_role_policy_attachment.amazon_managed_service_prometheus",
            "module.openwebui_pod_identity.aws_iam_role_policy_attachment.appmesh_controller",
            "module.openwebui_pod_identity.aws_iam_role_policy_attachment.appmesh_envoy_proxy",
            "module.openwebui_pod_identity.aws_iam_role_policy_attachment.aws_cloudwatch_observability",
            "module.openwebui_pod_identity.aws_iam_role_policy_attachment.aws_gateway_controller",
            "module.openwebui_pod_identity.aws_iam_role_policy_attachment.aws_privateca_issuer",
            "module.openwebui_pod_identity.aws_iam_role_policy_attachment.cert_manager",
            "module.openwebui_pod_identity.aws_iam_role_policy_attachment.cluster_autoscaler",
            "module.openwebui_pod_identity.aws_iam_role_policy_attachment.custom",
            "module.openwebui_pod_identity.aws_iam_role_policy_attachment.ebs_csi",
            "module.openwebui_pod_identity.aws_iam_role_policy_attachment.efs_csi",
            "module.openwebui_pod_identity.aws_iam_role_policy_attachment.external_dns",
            "module.openwebui_pod_identity.aws_iam_role_policy_attachment.external_secrets",
            "module.openwebui_pod_identity.aws_iam_role_policy_attachment.fsx_lustre_csi",
            "module.openwebui_pod_identity.aws_iam_role_policy_attachment.lb_controller",
            "module.openwebui_pod_identity.aws_iam_role_policy_attachment.lb_controller_targetgroup_only",
            "module.openwebui_pod_identity.aws_iam_role_policy_attachment.mountpoint_s3_csi",
            "module.openwebui_pod_identity.aws_iam_role_policy_attachment.node_termination_handler",
            "module.openwebui_pod_identity.aws_iam_role_policy_attachment.this",
            "module.openwebui_pod_identity.aws_iam_role_policy_attachment.velero",
            "module.openwebui_pod_identity.aws_iam_role_policy_attachment.vpc_cni",
            "module.openwebui_pod_identity.data.aws_iam_policy_document.amazon_managed_service_prometheus",
            "module.openwebui_pod_identity.data.aws_iam_policy_document.appmesh_controller",
            "module.openwebui_pod_identity.data.aws_iam_policy_document.appmesh_envoy_proxy",
            "module.openwebui_pod_identity.data.aws_iam_policy_document.assume",
            "module.openwebui_pod_identity.data.aws_iam_policy_document.aws_gateway_controller",
            "module.openwebui_pod_identity.data.aws_iam_policy_document.aws_privateca_issuer",
            "module.openwebui_pod_identity.data.aws_iam_policy_document.base",
            "module.openwebui_pod_identity.data.aws_iam_policy_document.cert_manager",
            "module.openwebui_pod_identity.data.aws_iam_policy_document.cluster_autoscaler",
            "module.openwebui_pod_identity.data.aws_iam_policy_document.ebs_csi",
            "module.openwebui_pod_identity.data.aws_iam_policy_document.efs_csi",
            "module.openwebui_pod_identity.data.aws_iam_policy_document.external_dns",
            "module.openwebui_pod_identity.data.aws_iam_policy_document.external_secrets",
            "module.openwebui_pod_identity.data.aws_iam_policy_document.fsx_lustre_csi",
            "module.openwebui_pod_identity.data.aws_iam_policy_document.lb_controller",
            "module.openwebui_pod_identity.data.aws_iam_policy_document.lb_controller_targetgroup_only",
            "module.openwebui_pod_identity.data.aws_iam_policy_document.mountpoint_s3_csi",
            "module.openwebui_pod_identity.data.aws_iam_policy_document.node_termination_handler",
            "module.openwebui_pod_identity.data.aws_iam_policy_document.velero",
            "module.openwebui_pod_identity.data.aws_iam_policy_document.vpc_cni",
            "module.openwebui_pod_identity.data.aws_partition.current",
            "module.vpc.aws_subnet.private",
            "module.vpc.aws_vpc.this",
            "module.vpc.aws_vpc_ipv4_cidr_block_association.this"
          ]
        },
        {
          "index_key": "us",
          "schema_version": 0,
          "attributes": {
            "id": "openwebui-us-20250620021813433500000003-20250620022854842400000048",
            "policy_arn": "arn:aws:iam::980921733825:policy/automode-cluster-secrets-access-us",
            "role": "openwebui-us-20250620021813433500000003"
          },
          "sensitive_attributes": [],
          "identity_schema_version": 0,
          "private": "bnVsbA==",
          "dependencies": [
            "aws_iam_policy.secrets_access",
            "aws_s3_bucket.openwebui_docs",
            "aws_secretsmanager_secret.postgres_credentials",
            "data.aws_availability_zones.available",
            "module.eks.aws_cloudwatch_log_group.this",
            "module.eks.aws_eks_access_entry.this",
            "module.eks.aws_eks_access_policy_association.this",
            "module.eks.aws_eks_cluster.this",
            "module.eks.aws_iam_policy.cni_ipv6_policy",
            "module.eks.aws_iam_role.eks_auto",
            "module.eks.aws_iam_role.this",
            "module.eks.aws_iam_role_policy_attachment.this",
            "module.eks.aws_security_group.cluster",
            "module.eks.aws_security_group.node",
            "module.eks.aws_security_group_rule.cluster",
            "module.eks.aws_security_group_rule.node",
            "module.eks.data.aws_caller_identity.current",
            "module.eks.data.aws_iam_policy_document.assume_role_policy",
            "module.eks.data.aws_iam_policy_document.cni_ipv6_policy",
            "module.eks.data.aws_iam_policy_document.node_assume_role_policy",
            "module.eks.data.aws_iam_session_context.current",
            "module.eks.data.aws_partition.current",
            "module.eks.module.kms.aws_kms_external_key.this",
            "module.eks.module.kms.aws_kms_key.this",
            "module.eks.module.kms.aws_kms_replica_external_key.this",
            "module.eks.module.kms.aws_kms_replica_key.this",
            "module.eks.module.kms.data.aws_caller_identity.current",
            "module.eks.module.kms.data.aws_iam_policy_document.this",
            "module.eks.module.kms.data.aws_partition.current",
            "module.openwebui_pod_identity.aws_eks_pod_identity_association.this",
            "module.openwebui_pod_identity.aws_iam_policy.amazon_managed_service_prometheus",
            "module.openwebui_pod_identity.aws_iam_policy.appmesh_controller",
            "module.openwebui_pod_identity.aws_iam_policy.appmesh_envoy_proxy",
            "module.openwebui_pod_identity.aws_iam_policy.aws_gateway_controller",
            "module.openwebui_pod_identity.aws_iam_policy.aws_privateca_issuer",
            "module.openwebui_pod_identity.aws_iam_policy.cert_manager",
            "module.openwebui_pod_identity.aws_iam_policy.cluster_autoscaler",
            "module.openwebui_pod_identity.aws_iam_policy.custom",
            "module.openwebui_pod_identity.aws_iam_policy.ebs_csi",
            "module.openwebui_pod_identity.aws_iam_policy.efs_csi",
            "module.openwebui_pod_identity.aws_iam_policy.external_dns",
            "module.openwebui_pod_identity.aws_iam_policy.external_secrets",
            "module.openwebui_pod_identity.aws_iam_policy.fsx_lustre_csi",
            "module.openwebui_pod_identity.aws_iam_policy.lb_controller",
            "module.openwebui_pod_identity.aws_iam_policy.lb_controller_targetgroup_only",
            "module.openwebui_pod_identity.aws_iam_policy.mountpoint_s3_csi",
            "module.openwebui_pod_identity.aws_iam_policy.node_termination_handler",
            "module.openwebui_pod_identity.aws_iam_policy.velero",
            "module.openwebui_pod_identity.aws_iam_policy.vpc_cni",
            "module.openwebui_pod_identity.aws_iam_role.this",
            "module.openwebui_pod_identity.aws_iam_role_policy_attachment.amazon_managed_service_prometheus",
            "module.openwebui_pod_identity.aws_iam_role_policy_attachment.appmesh_controller",
            "module.openwebui_pod_identity.aws_iam_role_policy_attachment.appmesh_envoy_proxy",
            "module.openwebui_pod_identity.aws_iam_role_policy_attachment.aws_cloudwatch_observability",
            "module.openwebui_pod_identity.aws_iam_role_policy_attachment.aws_gateway_controller",
            "module.openwebui_pod_identity.aws_iam_role_policy_attachment.aws_privateca_issuer",
            "module.openwebui_pod_identity.aws_iam_role_policy_attachment.cert_manager",
            "module.openwebui_pod_identity.aws_iam_role_policy_attachment.cluster_autoscaler",
            "module.openwebui_pod_identity.aws_iam_role_policy_attachment.custom",
            "module.openwebui_pod_identity.aws_iam_role_policy_attachment.ebs_csi",
            "module.openwebui_pod_identity.aws_iam_role_policy_attachment.efs_csi",
            "module.openwebui_pod_identity.aws_iam_role_policy_attachment.external_dns",
            "module.openwebui_pod_identity.aws_iam_role_policy_attachment.external_secrets",
            "module.openwebui_pod_identity.aws_iam_role_policy_attachment.fsx_lustre_csi",
            "module.openwebui_pod_identity.aws_iam_role_policy_attachment.lb_controller",
            "module.openwebui_pod_identity.aws_iam_role_policy_attachment.lb_controller_targetgroup_only",
            "module.openwebui_pod_identity.aws_iam_role_policy_attachment.mountpoint_s3_csi",
            "module.openwebui_pod_identity.aws_iam_role_policy_attachment.node_termination_handler",
            "module.openwebui_pod_identity.aws_iam_role_policy_attachment.this",
            "module.openwebui_pod_identity.aws_iam_role_policy_attachment.velero",
            "module.openwebui_pod_identity.aws_iam_role_policy_attachment.vpc_cni",
            "module.openwebui_pod_identity.data.aws_iam_policy_document.amazon_managed_service_prometheus",
            "module.openwebui_pod_identity.data.aws_iam_policy_document.appmesh_controller",
            "module.openwebui_pod_identity.data.aws_iam_policy_document.appmesh_envoy_proxy",
            "module.openwebui_pod_identity.data.aws_iam_policy_document.assume",
            "module.openwebui_pod_identity.data.aws_iam_policy_document.aws_gateway_controller",
            "module.openwebui_pod_identity.data.aws_iam_policy_document.aws_privateca_issuer",
            "module.openwebui_pod_identity.data.aws_iam_policy_document.base",
            "module.openwebui_pod_identity.data.aws_iam_policy_document.cert_manager",
            "module.openwebui_pod_identity.data.aws_iam_policy_document.cluster_autoscaler",
            "module.openwebui_pod_identity.data.aws_iam_policy_document.ebs_csi",
            "module.openwebui_pod_identity.data.aws_iam_policy_document.efs_csi",
            "module.openwebui_pod_identity.data.aws_iam_policy_document.external_dns",
            "module.openwebui_pod_identity.data.aws_iam_policy_document.external_secrets",
            "module.openwebui_pod_identity.data.aws_iam_policy_document.fsx_lustre_csi",
            "module.openwebui_pod_identity.data.aws_iam_policy_document.lb_controller",
            "module.openwebui_pod_identity.data.aws_iam_policy_document.lb_controller_targetgroup_only",
            "module.openwebui_pod_identity.data.aws_iam_policy_document.mountpoint_s3_csi",
            "module.openwebui_pod_identity.data.aws_iam_policy_document.node_termination_handler",
            "module.openwebui_pod_identity.data.aws_iam_policy_document.velero",
            "module.openwebui_pod_identity.data.aws_iam_policy_document.vpc_cni",
            "module.openwebui_pod_identity.data.aws_partition.current",
            "module.vpc.aws_subnet.private",
            "module.vpc.aws_vpc.this",
            "module.vpc.aws_vpc_ipv4_cidr_block_association.this"
          ]
        }
      ]
    },
    {
      "mode": "managed",
      "type": "aws_s3_bucket",
      "name": "openwebui_docs",
      "provider": "provider[\"registry.terraform.io/hashicorp/aws\"]",
      "instances": [
        {
          "index_key": "hr",
          "schema_version": 0,
          "attributes": {
            "acceleration_status": "",
            "acl": null,
            "arn": "arn:aws:s3:::automode-cluster-webui-docs-hr-2025062002181375950000000d",
            "bucket": "automode-cluster-webui-docs-hr-2025062002181375950000000d",
            "bucket_domain_name": "automode-cluster-webui-docs-hr-2025062002181375950000000d.s3.amazonaws.com",
            "bucket_prefix": "automode-cluster-webui-docs-hr-",
            "bucket_regional_domain_name": "automode-cluster-webui-docs-hr-2025062002181375950000000d.s3.ap-southeast-3.amazonaws.com",
            "cors_rule": [],
            "force_destroy": true,
            "grant": [
              {
                "id": "f997737d4b6fdb589750d40e452db3c090eb086cddb37f3801b13c24abf8c4a0",
                "permissions": [
                  "FULL_CONTROL"
                ],
                "type": "CanonicalUser",
                "uri": ""
              }
            ],
            "hosted_zone_id": "Z01846753K324LI26A3VV",
            "id": "automode-cluster-webui-docs-hr-2025062002181375950000000d",
            "lifecycle_rule": [],
            "logging": [],
            "object_lock_configuration": [],
            "object_lock_enabled": false,
            "policy": "{\"Statement\":[{\"Action\":\"s3:*\",\"Effect\":\"Allow\",\"Principal\":{\"AWS\":\"arn:aws:iam::980921733825:root\"},\"Resource\":[\"arn:aws:s3:::automode-cluster-webui-docs-hr-2025062002181375950000000d\",\"arn:aws:s3:::automode-cluster-webui-docs-hr-2025062002181375950000000d/*\"],\"Sid\":\"AllowAccountRootAccess\"},{\"Action\":\"s3:*\",\"Condition\":{\"StringNotEquals\":{\"aws:sourceVpce\":\"vpce-0ef5cc978f0ceb989\"},\"StringNotLike\":{\"aws:PrincipalArn\":[\"arn:aws:iam::980921733825:root\",\"arn:aws:iam::980921733825:user/*\",\"arn:aws:iam::980921733825:role/aws-service-role/*\"]}},\"Effect\":\"Deny\",\"Principal\":\"*\",\"Resource\":[\"arn:aws:s3:::automode-cluster-webui-docs-hr-2025062002181375950000000d\",\"arn:aws:s3:::automode-cluster-webui-docs-hr-2025062002181375950000000d/*\"],\"Sid\":\"DenyNonVPCEndpointForApplications\"},{\"Action\":[\"s3:GetObject\",\"s3:PutObject\",\"s3:DeleteObject\",\"s3:ListBucket\"],\"Condition\":{\"StringEquals\":{\"aws:sourceVpce\":\"vpce-0ef5cc978f0ceb989\"}},\"Effect\":\"Allow\",\"Principal\":{\"AWS\":\"arn:aws:iam::980921733825:role/openwebui-hr-2025062002181344950000000a\"},\"Resource\":[\"arn:aws:s3:::automode-cluster-webui-docs-hr-2025062002181375950000000d\",\"arn:aws:s3:::automode-cluster-webui-docs-hr-2025062002181375950000000d/*\"],\"Sid\":\"AllowPodIdentityAccess\"}],\"Version\":\"2012-10-17\"}",
            "region": "ap-southeast-3",
            "replication_configuration": [],
            "request_payer": "BucketOwner",
            "server_side_encryption_configuration": [
              {
                "rule": [
                  {
                    "apply_server_side_encryption_by_default": [
                      {
                        "kms_master_key_id": "",
                        "sse_algorithm": "AES256"
                      }
                    ],
                    "bucket_key_enabled": false
                  }
                ]
              }
            ],
            "tags": {
              "Name": "automode-cluster-webui-docs-hr",
              "Tenant": "hr"
            },
            "tags_all": {
              "Name": "automode-cluster-webui-docs-hr",
              "Tenant": "hr"
            },
            "timeouts": null,
            "versioning": [
              {
                "enabled": false,
                "mfa_delete": false
              }
            ],
            "website": [],
            "website_domain": null,
            "website_endpoint": null
          },
          "sensitive_attributes": [],
          "identity_schema_version": 0,
          "private": "eyJlMmJmYjczMC1lY2FhLTExZTYtOGY4OC0zNDM2M2JjN2M0YzAiOnsiY3JlYXRlIjoxMjAwMDAwMDAwMDAwLCJkZWxldGUiOjM2MDAwMDAwMDAwMDAsInJlYWQiOjEyMDAwMDAwMDAwMDAsInVwZGF0ZSI6MTIwMDAwMDAwMDAwMH19"
        },
        {
          "index_key": "legal",
          "schema_version": 0,
          "attributes": {
            "acceleration_status": "",
            "acl": null,
            "arn": "arn:aws:s3:::automode-cluster-webui-docs-legal-2025062002181345790000000c",
            "bucket": "automode-cluster-webui-docs-legal-2025062002181345790000000c",
            "bucket_domain_name": "automode-cluster-webui-docs-legal-2025062002181345790000000c.s3.amazonaws.com",
            "bucket_prefix": "automode-cluster-webui-docs-legal-",
            "bucket_regional_domain_name": "automode-cluster-webui-docs-legal-2025062002181345790000000c.s3.ap-southeast-3.amazonaws.com",
            "cors_rule": [],
            "force_destroy": true,
            "grant": [
              {
                "id": "f997737d4b6fdb589750d40e452db3c090eb086cddb37f3801b13c24abf8c4a0",
                "permissions": [
                  "FULL_CONTROL"
                ],
                "type": "CanonicalUser",
                "uri": ""
              }
            ],
            "hosted_zone_id": "Z01846753K324LI26A3VV",
            "id": "automode-cluster-webui-docs-legal-2025062002181345790000000c",
            "lifecycle_rule": [],
            "logging": [],
            "object_lock_configuration": [],
            "object_lock_enabled": false,
            "policy": "{\"Statement\":[{\"Action\":\"s3:*\",\"Effect\":\"Allow\",\"Principal\":{\"AWS\":\"arn:aws:iam::980921733825:root\"},\"Resource\":[\"arn:aws:s3:::automode-cluster-webui-docs-legal-2025062002181345790000000c\",\"arn:aws:s3:::automode-cluster-webui-docs-legal-2025062002181345790000000c/*\"],\"Sid\":\"AllowAccountRootAccess\"},{\"Action\":\"s3:*\",\"Condition\":{\"StringNotEquals\":{\"aws:sourceVpce\":\"vpce-0ef5cc978f0ceb989\"},\"StringNotLike\":{\"aws:PrincipalArn\":[\"arn:aws:iam::980921733825:root\",\"arn:aws:iam::980921733825:user/*\",\"arn:aws:iam::980921733825:role/aws-service-role/*\"]}},\"Effect\":\"Deny\",\"Principal\":\"*\",\"Resource\":[\"arn:aws:s3:::automode-cluster-webui-docs-legal-2025062002181345790000000c\",\"arn:aws:s3:::automode-cluster-webui-docs-legal-2025062002181345790000000c/*\"],\"Sid\":\"DenyNonVPCEndpointForApplications\"},{\"Action\":[\"s3:GetObject\",\"s3:PutObject\",\"s3:DeleteObject\",\"s3:ListBucket\"],\"Condition\":{\"StringEquals\":{\"aws:sourceVpce\":\"vpce-0ef5cc978f0ceb989\"}},\"Effect\":\"Allow\",\"Principal\":{\"AWS\":\"arn:aws:iam::980921733825:role/openwebui-legal-20250620021813434200000004\"},\"Resource\":[\"arn:aws:s3:::automode-cluster-webui-docs-legal-2025062002181345790000000c\",\"arn:aws:s3:::automode-cluster-webui-docs-legal-2025062002181345790000000c/*\"],\"Sid\":\"AllowPodIdentityAccess\"}],\"Version\":\"2012-10-17\"}",
            "region": "ap-southeast-3",
            "replication_configuration": [],
            "request_payer": "BucketOwner",
            "server_side_encryption_configuration": [
              {
                "rule": [
                  {
                    "apply_server_side_encryption_by_default": [
                      {
                        "kms_master_key_id": "",
                        "sse_algorithm": "AES256"
                      }
                    ],
                    "bucket_key_enabled": false
                  }
                ]
              }
            ],
            "tags": {
              "Name": "automode-cluster-webui-docs-legal",
              "Tenant": "legal"
            },
            "tags_all": {
              "Name": "automode-cluster-webui-docs-legal",
              "Tenant": "legal"
            },
            "timeouts": null,
            "versioning": [
              {
                "enabled": false,
                "mfa_delete": false
              }
            ],
            "website": [],
            "website_domain": null,
            "website_endpoint": null
          },
          "sensitive_attributes": [],
          "identity_schema_version": 0,
          "private": "eyJlMmJmYjczMC1lY2FhLTExZTYtOGY4OC0zNDM2M2JjN2M0YzAiOnsiY3JlYXRlIjoxMjAwMDAwMDAwMDAwLCJkZWxldGUiOjM2MDAwMDAwMDAwMDAsInJlYWQiOjEyMDAwMDAwMDAwMDAsInVwZGF0ZSI6MTIwMDAwMDAwMDAwMH19"
        },
        {
          "index_key": "us",
          "schema_version": 0,
          "attributes": {
            "acceleration_status": "",
            "acl": null,
            "arn": "arn:aws:s3:::automode-cluster-webui-docs-us-2025062002181345330000000b",
            "bucket": "automode-cluster-webui-docs-us-2025062002181345330000000b",
            "bucket_domain_name": "automode-cluster-webui-docs-us-2025062002181345330000000b.s3.amazonaws.com",
            "bucket_prefix": "automode-cluster-webui-docs-us-",
            "bucket_regional_domain_name": "automode-cluster-webui-docs-us-2025062002181345330000000b.s3.ap-southeast-3.amazonaws.com",
            "cors_rule": [],
            "force_destroy": true,
            "grant": [
              {
                "id": "f997737d4b6fdb589750d40e452db3c090eb086cddb37f3801b13c24abf8c4a0",
                "permissions": [
                  "FULL_CONTROL"
                ],
                "type": "CanonicalUser",
                "uri": ""
              }
            ],
            "hosted_zone_id": "Z01846753K324LI26A3VV",
            "id": "automode-cluster-webui-docs-us-2025062002181345330000000b",
            "lifecycle_rule": [],
            "logging": [],
            "object_lock_configuration": [],
            "object_lock_enabled": false,
            "policy": "{\"Statement\":[{\"Action\":\"s3:*\",\"Effect\":\"Allow\",\"Principal\":{\"AWS\":\"arn:aws:iam::980921733825:root\"},\"Resource\":[\"arn:aws:s3:::automode-cluster-webui-docs-us-2025062002181345330000000b\",\"arn:aws:s3:::automode-cluster-webui-docs-us-2025062002181345330000000b/*\"],\"Sid\":\"AllowAccountRootAccess\"},{\"Action\":\"s3:*\",\"Condition\":{\"StringNotEquals\":{\"aws:sourceVpce\":\"vpce-0ef5cc978f0ceb989\"},\"StringNotLike\":{\"aws:PrincipalArn\":[\"arn:aws:iam::980921733825:root\",\"arn:aws:iam::980921733825:user/*\",\"arn:aws:iam::980921733825:role/aws-service-role/*\"]}},\"Effect\":\"Deny\",\"Principal\":\"*\",\"Resource\":[\"arn:aws:s3:::automode-cluster-webui-docs-us-2025062002181345330000000b\",\"arn:aws:s3:::automode-cluster-webui-docs-us-2025062002181345330000000b/*\"],\"Sid\":\"DenyNonVPCEndpointForApplications\"},{\"Action\":[\"s3:GetObject\",\"s3:PutObject\",\"s3:DeleteObject\",\"s3:ListBucket\"],\"Condition\":{\"StringEquals\":{\"aws:sourceVpce\":\"vpce-0ef5cc978f0ceb989\"}},\"Effect\":\"Allow\",\"Principal\":{\"AWS\":\"arn:aws:iam::980921733825:role/openwebui-us-20250620021813433500000003\"},\"Resource\":[\"arn:aws:s3:::automode-cluster-webui-docs-us-2025062002181345330000000b\",\"arn:aws:s3:::automode-cluster-webui-docs-us-2025062002181345330000000b/*\"],\"Sid\":\"AllowPodIdentityAccess\"}],\"Version\":\"2012-10-17\"}",
            "region": "ap-southeast-3",
            "replication_configuration": [],
            "request_payer": "BucketOwner",
            "server_side_encryption_configuration": [
              {
                "rule": [
                  {
                    "apply_server_side_encryption_by_default": [
                      {
                        "kms_master_key_id": "",
                        "sse_algorithm": "AES256"
                      }
                    ],
                    "bucket_key_enabled": false
                  }
                ]
              }
            ],
            "tags": {
              "Name": "automode-cluster-webui-docs-us",
              "Tenant": "us"
            },
            "tags_all": {
              "Name": "automode-cluster-webui-docs-us",
              "Tenant": "us"
            },
            "timeouts": null,
            "versioning": [
              {
                "enabled": false,
                "mfa_delete": false
              }
            ],
            "website": [],
            "website_domain": null,
            "website_endpoint": null
          },
          "sensitive_attributes": [],
          "identity_schema_version": 0,
          "private": "eyJlMmJmYjczMC1lY2FhLTExZTYtOGY4OC0zNDM2M2JjN2M0YzAiOnsiY3JlYXRlIjoxMjAwMDAwMDAwMDAwLCJkZWxldGUiOjM2MDAwMDAwMDAwMDAsInJlYWQiOjEyMDAwMDAwMDAwMDAsInVwZGF0ZSI6MTIwMDAwMDAwMDAwMH19"
        }
      ]
    },
    {
      "mode": "managed",
      "type": "aws_s3_bucket_policy",
      "name": "openwebui_docs_policy",
      "provider": "provider[\"registry.terraform.io/hashicorp/aws\"]",
      "instances": [
        {
          "index_key": "hr",
          "schema_version": 0,
          "attributes": {
            "bucket": "automode-cluster-webui-docs-hr-2025062002181375950000000d",
            "id": "automode-cluster-webui-docs-hr-2025062002181375950000000d",
            "policy": "{\"Statement\":[{\"Action\":\"s3:*\",\"Effect\":\"Allow\",\"Principal\":{\"AWS\":\"arn:aws:iam::980921733825:root\"},\"Resource\":[\"arn:aws:s3:::automode-cluster-webui-docs-hr-2025062002181375950000000d\",\"arn:aws:s3:::automode-cluster-webui-docs-hr-2025062002181375950000000d/*\"],\"Sid\":\"AllowAccountRootAccess\"},{\"Action\":\"s3:*\",\"Condition\":{\"StringNotEquals\":{\"aws:sourceVpce\":\"vpce-0ef5cc978f0ceb989\"},\"StringNotLike\":{\"aws:PrincipalArn\":[\"arn:aws:iam::980921733825:root\",\"arn:aws:iam::980921733825:user/*\",\"arn:aws:iam::980921733825:role/aws-service-role/*\"]}},\"Effect\":\"Deny\",\"Principal\":\"*\",\"Resource\":[\"arn:aws:s3:::automode-cluster-webui-docs-hr-2025062002181375950000000d\",\"arn:aws:s3:::automode-cluster-webui-docs-hr-2025062002181375950000000d/*\"],\"Sid\":\"DenyNonVPCEndpointForApplications\"},{\"Action\":[\"s3:GetObject\",\"s3:PutObject\",\"s3:DeleteObject\",\"s3:ListBucket\"],\"Condition\":{\"StringEquals\":{\"aws:sourceVpce\":\"vpce-0ef5cc978f0ceb989\"}},\"Effect\":\"Allow\",\"Principal\":{\"AWS\":\"arn:aws:iam::980921733825:role/openwebui-hr-2025062002181344950000000a\"},\"Resource\":[\"arn:aws:s3:::automode-cluster-webui-docs-hr-2025062002181375950000000d\",\"arn:aws:s3:::automode-cluster-webui-docs-hr-2025062002181375950000000d/*\"],\"Sid\":\"AllowPodIdentityAccess\"}],\"Version\":\"2012-10-17\"}"
          },
          "sensitive_attributes": [],
          "identity_schema_version": 0,
          "private": "bnVsbA==",
          "dependencies": [
            "aws_s3_bucket.openwebui_docs",
            "aws_vpc_endpoint.s3",
            "data.aws_availability_zones.available",
            "data.aws_caller_identity.current",
            "module.eks.aws_cloudwatch_log_group.this",
            "module.eks.aws_eks_access_entry.this",
            "module.eks.aws_eks_access_policy_association.this",
            "module.eks.aws_eks_cluster.this",
            "module.eks.aws_iam_policy.cni_ipv6_policy",
            "module.eks.aws_iam_role.eks_auto",
            "module.eks.aws_iam_role.this",
            "module.eks.aws_iam_role_policy_attachment.this",
            "module.eks.aws_security_group.cluster",
            "module.eks.aws_security_group.node",
            "module.eks.aws_security_group_rule.cluster",
            "module.eks.aws_security_group_rule.node",
            "module.eks.data.aws_caller_identity.current",
            "module.eks.data.aws_iam_policy_document.assume_role_policy",
            "module.eks.data.aws_iam_policy_document.cni_ipv6_policy",
            "module.eks.data.aws_iam_policy_document.node_assume_role_policy",
            "module.eks.data.aws_iam_session_context.current",
            "module.eks.data.aws_partition.current",
            "module.eks.module.kms.aws_kms_external_key.this",
            "module.eks.module.kms.aws_kms_key.this",
            "module.eks.module.kms.aws_kms_replica_external_key.this",
            "module.eks.module.kms.aws_kms_replica_key.this",
            "module.eks.module.kms.data.aws_caller_identity.current",
            "module.eks.module.kms.data.aws_iam_policy_document.this",
            "module.eks.module.kms.data.aws_partition.current",
            "module.openwebui_pod_identity.aws_eks_pod_identity_association.this",
            "module.openwebui_pod_identity.aws_iam_policy.amazon_managed_service_prometheus",
            "module.openwebui_pod_identity.aws_iam_policy.appmesh_controller",
            "module.openwebui_pod_identity.aws_iam_policy.appmesh_envoy_proxy",
            "module.openwebui_pod_identity.aws_iam_policy.aws_gateway_controller",
            "module.openwebui_pod_identity.aws_iam_policy.aws_privateca_issuer",
            "module.openwebui_pod_identity.aws_iam_policy.cert_manager",
            "module.openwebui_pod_identity.aws_iam_policy.cluster_autoscaler",
            "module.openwebui_pod_identity.aws_iam_policy.custom",
            "module.openwebui_pod_identity.aws_iam_policy.ebs_csi",
            "module.openwebui_pod_identity.aws_iam_policy.efs_csi",
            "module.openwebui_pod_identity.aws_iam_policy.external_dns",
            "module.openwebui_pod_identity.aws_iam_policy.external_secrets",
            "module.openwebui_pod_identity.aws_iam_policy.fsx_lustre_csi",
            "module.openwebui_pod_identity.aws_iam_policy.lb_controller",
            "module.openwebui_pod_identity.aws_iam_policy.lb_controller_targetgroup_only",
            "module.openwebui_pod_identity.aws_iam_policy.mountpoint_s3_csi",
            "module.openwebui_pod_identity.aws_iam_policy.node_termination_handler",
            "module.openwebui_pod_identity.aws_iam_policy.velero",
            "module.openwebui_pod_identity.aws_iam_policy.vpc_cni",
            "module.openwebui_pod_identity.aws_iam_role.this",
            "module.openwebui_pod_identity.aws_iam_role_policy_attachment.amazon_managed_service_prometheus",
            "module.openwebui_pod_identity.aws_iam_role_policy_attachment.appmesh_controller",
            "module.openwebui_pod_identity.aws_iam_role_policy_attachment.appmesh_envoy_proxy",
            "module.openwebui_pod_identity.aws_iam_role_policy_attachment.aws_cloudwatch_observability",
            "module.openwebui_pod_identity.aws_iam_role_policy_attachment.aws_gateway_controller",
            "module.openwebui_pod_identity.aws_iam_role_policy_attachment.aws_privateca_issuer",
            "module.openwebui_pod_identity.aws_iam_role_policy_attachment.cert_manager",
            "module.openwebui_pod_identity.aws_iam_role_policy_attachment.cluster_autoscaler",
            "module.openwebui_pod_identity.aws_iam_role_policy_attachment.custom",
            "module.openwebui_pod_identity.aws_iam_role_policy_attachment.ebs_csi",
            "module.openwebui_pod_identity.aws_iam_role_policy_attachment.efs_csi",
            "module.openwebui_pod_identity.aws_iam_role_policy_attachment.external_dns",
            "module.openwebui_pod_identity.aws_iam_role_policy_attachment.external_secrets",
            "module.openwebui_pod_identity.aws_iam_role_policy_attachment.fsx_lustre_csi",
            "module.openwebui_pod_identity.aws_iam_role_policy_attachment.lb_controller",
            "module.openwebui_pod_identity.aws_iam_role_policy_attachment.lb_controller_targetgroup_only",
            "module.openwebui_pod_identity.aws_iam_role_policy_attachment.mountpoint_s3_csi",
            "module.openwebui_pod_identity.aws_iam_role_policy_attachment.node_termination_handler",
            "module.openwebui_pod_identity.aws_iam_role_policy_attachment.this",
            "module.openwebui_pod_identity.aws_iam_role_policy_attachment.velero",
            "module.openwebui_pod_identity.aws_iam_role_policy_attachment.vpc_cni",
            "module.openwebui_pod_identity.data.aws_iam_policy_document.amazon_managed_service_prometheus",
            "module.openwebui_pod_identity.data.aws_iam_policy_document.appmesh_controller",
            "module.openwebui_pod_identity.data.aws_iam_policy_document.appmesh_envoy_proxy",
            "module.openwebui_pod_identity.data.aws_iam_policy_document.assume",
            "module.openwebui_pod_identity.data.aws_iam_policy_document.aws_gateway_controller",
            "module.openwebui_pod_identity.data.aws_iam_policy_document.aws_privateca_issuer",
            "module.openwebui_pod_identity.data.aws_iam_policy_document.base",
            "module.openwebui_pod_identity.data.aws_iam_policy_document.cert_manager",
            "module.openwebui_pod_identity.data.aws_iam_policy_document.cluster_autoscaler",
            "module.openwebui_pod_identity.data.aws_iam_policy_document.ebs_csi",
            "module.openwebui_pod_identity.data.aws_iam_policy_document.efs_csi",
            "module.openwebui_pod_identity.data.aws_iam_policy_document.external_dns",
            "module.openwebui_pod_identity.data.aws_iam_policy_document.external_secrets",
            "module.openwebui_pod_identity.data.aws_iam_policy_document.fsx_lustre_csi",
            "module.openwebui_pod_identity.data.aws_iam_policy_document.lb_controller",
            "module.openwebui_pod_identity.data.aws_iam_policy_document.lb_controller_targetgroup_only",
            "module.openwebui_pod_identity.data.aws_iam_policy_document.mountpoint_s3_csi",
            "module.openwebui_pod_identity.data.aws_iam_policy_document.node_termination_handler",
            "module.openwebui_pod_identity.data.aws_iam_policy_document.velero",
            "module.openwebui_pod_identity.data.aws_iam_policy_document.vpc_cni",
            "module.openwebui_pod_identity.data.aws_partition.current",
            "module.vpc.aws_route_table.private",
            "module.vpc.aws_subnet.private",
            "module.vpc.aws_vpc.this",
            "module.vpc.aws_vpc_ipv4_cidr_block_association.this"
          ]
        },
        {
          "index_key": "legal",
          "schema_version": 0,
          "attributes": {
            "bucket": "automode-cluster-webui-docs-legal-2025062002181345790000000c",
            "id": "automode-cluster-webui-docs-legal-2025062002181345790000000c",
            "policy": "{\"Statement\":[{\"Action\":\"s3:*\",\"Effect\":\"Allow\",\"Principal\":{\"AWS\":\"arn:aws:iam::980921733825:root\"},\"Resource\":[\"arn:aws:s3:::automode-cluster-webui-docs-legal-2025062002181345790000000c\",\"arn:aws:s3:::automode-cluster-webui-docs-legal-2025062002181345790000000c/*\"],\"Sid\":\"AllowAccountRootAccess\"},{\"Action\":\"s3:*\",\"Condition\":{\"StringNotEquals\":{\"aws:sourceVpce\":\"vpce-0ef5cc978f0ceb989\"},\"StringNotLike\":{\"aws:PrincipalArn\":[\"arn:aws:iam::980921733825:root\",\"arn:aws:iam::980921733825:user/*\",\"arn:aws:iam::980921733825:role/aws-service-role/*\"]}},\"Effect\":\"Deny\",\"Principal\":\"*\",\"Resource\":[\"arn:aws:s3:::automode-cluster-webui-docs-legal-2025062002181345790000000c\",\"arn:aws:s3:::automode-cluster-webui-docs-legal-2025062002181345790000000c/*\"],\"Sid\":\"DenyNonVPCEndpointForApplications\"},{\"Action\":[\"s3:GetObject\",\"s3:PutObject\",\"s3:DeleteObject\",\"s3:ListBucket\"],\"Condition\":{\"StringEquals\":{\"aws:sourceVpce\":\"vpce-0ef5cc978f0ceb989\"}},\"Effect\":\"Allow\",\"Principal\":{\"AWS\":\"arn:aws:iam::980921733825:role/openwebui-legal-20250620021813434200000004\"},\"Resource\":[\"arn:aws:s3:::automode-cluster-webui-docs-legal-2025062002181345790000000c\",\"arn:aws:s3:::automode-cluster-webui-docs-legal-2025062002181345790000000c/*\"],\"Sid\":\"AllowPodIdentityAccess\"}],\"Version\":\"2012-10-17\"}"
          },
          "sensitive_attributes": [],
          "identity_schema_version": 0,
          "private": "bnVsbA==",
          "dependencies": [
            "aws_s3_bucket.openwebui_docs",
            "aws_vpc_endpoint.s3",
            "data.aws_availability_zones.available",
            "data.aws_caller_identity.current",
            "module.eks.aws_cloudwatch_log_group.this",
            "module.eks.aws_eks_access_entry.this",
            "module.eks.aws_eks_access_policy_association.this",
            "module.eks.aws_eks_cluster.this",
            "module.eks.aws_iam_policy.cni_ipv6_policy",
            "module.eks.aws_iam_role.eks_auto",
            "module.eks.aws_iam_role.this",
            "module.eks.aws_iam_role_policy_attachment.this",
            "module.eks.aws_security_group.cluster",
            "module.eks.aws_security_group.node",
            "module.eks.aws_security_group_rule.cluster",
            "module.eks.aws_security_group_rule.node",
            "module.eks.data.aws_caller_identity.current",
            "module.eks.data.aws_iam_policy_document.assume_role_policy",
            "module.eks.data.aws_iam_policy_document.cni_ipv6_policy",
            "module.eks.data.aws_iam_policy_document.node_assume_role_policy",
            "module.eks.data.aws_iam_session_context.current",
            "module.eks.data.aws_partition.current",
            "module.eks.module.kms.aws_kms_external_key.this",
            "module.eks.module.kms.aws_kms_key.this",
            "module.eks.module.kms.aws_kms_replica_external_key.this",
            "module.eks.module.kms.aws_kms_replica_key.this",
            "module.eks.module.kms.data.aws_caller_identity.current",
            "module.eks.module.kms.data.aws_iam_policy_document.this",
            "module.eks.module.kms.data.aws_partition.current",
            "module.openwebui_pod_identity.aws_eks_pod_identity_association.this",
            "module.openwebui_pod_identity.aws_iam_policy.amazon_managed_service_prometheus",
            "module.openwebui_pod_identity.aws_iam_policy.appmesh_controller",
            "module.openwebui_pod_identity.aws_iam_policy.appmesh_envoy_proxy",
            "module.openwebui_pod_identity.aws_iam_policy.aws_gateway_controller",
            "module.openwebui_pod_identity.aws_iam_policy.aws_privateca_issuer",
            "module.openwebui_pod_identity.aws_iam_policy.cert_manager",
            "module.openwebui_pod_identity.aws_iam_policy.cluster_autoscaler",
            "module.openwebui_pod_identity.aws_iam_policy.custom",
            "module.openwebui_pod_identity.aws_iam_policy.ebs_csi",
            "module.openwebui_pod_identity.aws_iam_policy.efs_csi",
            "module.openwebui_pod_identity.aws_iam_policy.external_dns",
            "module.openwebui_pod_identity.aws_iam_policy.external_secrets",
            "module.openwebui_pod_identity.aws_iam_policy.fsx_lustre_csi",
            "module.openwebui_pod_identity.aws_iam_policy.lb_controller",
            "module.openwebui_pod_identity.aws_iam_policy.lb_controller_targetgroup_only",
            "module.openwebui_pod_identity.aws_iam_policy.mountpoint_s3_csi",
            "module.openwebui_pod_identity.aws_iam_policy.node_termination_handler",
            "module.openwebui_pod_identity.aws_iam_policy.velero",
            "module.openwebui_pod_identity.aws_iam_policy.vpc_cni",
            "module.openwebui_pod_identity.aws_iam_role.this",
            "module.openwebui_pod_identity.aws_iam_role_policy_attachment.amazon_managed_service_prometheus",
            "module.openwebui_pod_identity.aws_iam_role_policy_attachment.appmesh_controller",
            "module.openwebui_pod_identity.aws_iam_role_policy_attachment.appmesh_envoy_proxy",
            "module.openwebui_pod_identity.aws_iam_role_policy_attachment.aws_cloudwatch_observability",
            "module.openwebui_pod_identity.aws_iam_role_policy_attachment.aws_gateway_controller",
            "module.openwebui_pod_identity.aws_iam_role_policy_attachment.aws_privateca_issuer",
            "module.openwebui_pod_identity.aws_iam_role_policy_attachment.cert_manager",
            "module.openwebui_pod_identity.aws_iam_role_policy_attachment.cluster_autoscaler",
            "module.openwebui_pod_identity.aws_iam_role_policy_attachment.custom",
            "module.openwebui_pod_identity.aws_iam_role_policy_attachment.ebs_csi",
            "module.openwebui_pod_identity.aws_iam_role_policy_attachment.efs_csi",
            "module.openwebui_pod_identity.aws_iam_role_policy_attachment.external_dns",
            "module.openwebui_pod_identity.aws_iam_role_policy_attachment.external_secrets",
            "module.openwebui_pod_identity.aws_iam_role_policy_attachment.fsx_lustre_csi",
            "module.openwebui_pod_identity.aws_iam_role_policy_attachment.lb_controller",
            "module.openwebui_pod_identity.aws_iam_role_policy_attachment.lb_controller_targetgroup_only",
            "module.openwebui_pod_identity.aws_iam_role_policy_attachment.mountpoint_s3_csi",
            "module.openwebui_pod_identity.aws_iam_role_policy_attachment.node_termination_handler",
            "module.openwebui_pod_identity.aws_iam_role_policy_attachment.this",
            "module.openwebui_pod_identity.aws_iam_role_policy_attachment.velero",
            "module.openwebui_pod_identity.aws_iam_role_policy_attachment.vpc_cni",
            "module.openwebui_pod_identity.data.aws_iam_policy_document.amazon_managed_service_prometheus",
            "module.openwebui_pod_identity.data.aws_iam_policy_document.appmesh_controller",
            "module.openwebui_pod_identity.data.aws_iam_policy_document.appmesh_envoy_proxy",
            "module.openwebui_pod_identity.data.aws_iam_policy_document.assume",
            "module.openwebui_pod_identity.data.aws_iam_policy_document.aws_gateway_controller",
            "module.openwebui_pod_identity.data.aws_iam_policy_document.aws_privateca_issuer",
            "module.openwebui_pod_identity.data.aws_iam_policy_document.base",
            "module.openwebui_pod_identity.data.aws_iam_policy_document.cert_manager",
            "module.openwebui_pod_identity.data.aws_iam_policy_document.cluster_autoscaler",
            "module.openwebui_pod_identity.data.aws_iam_policy_document.ebs_csi",
            "module.openwebui_pod_identity.data.aws_iam_policy_document.efs_csi",
            "module.openwebui_pod_identity.data.aws_iam_policy_document.external_dns",
            "module.openwebui_pod_identity.data.aws_iam_policy_document.external_secrets",
            "module.openwebui_pod_identity.data.aws_iam_policy_document.fsx_lustre_csi",
            "module.openwebui_pod_identity.data.aws_iam_policy_document.lb_controller",
            "module.openwebui_pod_identity.data.aws_iam_policy_document.lb_controller_targetgroup_only",
            "module.openwebui_pod_identity.data.aws_iam_policy_document.mountpoint_s3_csi",
            "module.openwebui_pod_identity.data.aws_iam_policy_document.node_termination_handler",
            "module.openwebui_pod_identity.data.aws_iam_policy_document.velero",
            "module.openwebui_pod_identity.data.aws_iam_policy_document.vpc_cni",
            "module.openwebui_pod_identity.data.aws_partition.current",
            "module.vpc.aws_route_table.private",
            "module.vpc.aws_subnet.private",
            "module.vpc.aws_vpc.this",
            "module.vpc.aws_vpc_ipv4_cidr_block_association.this"
          ]
        },
        {
          "index_key": "us",
          "schema_version": 0,
          "attributes": {
            "bucket": "automode-cluster-webui-docs-us-2025062002181345330000000b",
            "id": "automode-cluster-webui-docs-us-2025062002181345330000000b",
            "policy": "{\"Statement\":[{\"Action\":\"s3:*\",\"Effect\":\"Allow\",\"Principal\":{\"AWS\":\"arn:aws:iam::980921733825:root\"},\"Resource\":[\"arn:aws:s3:::automode-cluster-webui-docs-us-2025062002181345330000000b\",\"arn:aws:s3:::automode-cluster-webui-docs-us-2025062002181345330000000b/*\"],\"Sid\":\"AllowAccountRootAccess\"},{\"Action\":\"s3:*\",\"Condition\":{\"StringNotEquals\":{\"aws:sourceVpce\":\"vpce-0ef5cc978f0ceb989\"},\"StringNotLike\":{\"aws:PrincipalArn\":[\"arn:aws:iam::980921733825:root\",\"arn:aws:iam::980921733825:user/*\",\"arn:aws:iam::980921733825:role/aws-service-role/*\"]}},\"Effect\":\"Deny\",\"Principal\":\"*\",\"Resource\":[\"arn:aws:s3:::automode-cluster-webui-docs-us-2025062002181345330000000b\",\"arn:aws:s3:::automode-cluster-webui-docs-us-2025062002181345330000000b/*\"],\"Sid\":\"DenyNonVPCEndpointForApplications\"},{\"Action\":[\"s3:GetObject\",\"s3:PutObject\",\"s3:DeleteObject\",\"s3:ListBucket\"],\"Condition\":{\"StringEquals\":{\"aws:sourceVpce\":\"vpce-0ef5cc978f0ceb989\"}},\"Effect\":\"Allow\",\"Principal\":{\"AWS\":\"arn:aws:iam::980921733825:role/openwebui-us-20250620021813433500000003\"},\"Resource\":[\"arn:aws:s3:::automode-cluster-webui-docs-us-2025062002181345330000000b\",\"arn:aws:s3:::automode-cluster-webui-docs-us-2025062002181345330000000b/*\"],\"Sid\":\"AllowPodIdentityAccess\"}],\"Version\":\"2012-10-17\"}"
          },
          "sensitive_attributes": [],
          "identity_schema_version": 0,
          "private": "bnVsbA==",
          "dependencies": [
            "aws_s3_bucket.openwebui_docs",
            "aws_vpc_endpoint.s3",
            "data.aws_availability_zones.available",
            "data.aws_caller_identity.current",
            "module.eks.aws_cloudwatch_log_group.this",
            "module.eks.aws_eks_access_entry.this",
            "module.eks.aws_eks_access_policy_association.this",
            "module.eks.aws_eks_cluster.this",
            "module.eks.aws_iam_policy.cni_ipv6_policy",
            "module.eks.aws_iam_role.eks_auto",
            "module.eks.aws_iam_role.this",
            "module.eks.aws_iam_role_policy_attachment.this",
            "module.eks.aws_security_group.cluster",
            "module.eks.aws_security_group.node",
            "module.eks.aws_security_group_rule.cluster",
            "module.eks.aws_security_group_rule.node",
            "module.eks.data.aws_caller_identity.current",
            "module.eks.data.aws_iam_policy_document.assume_role_policy",
            "module.eks.data.aws_iam_policy_document.cni_ipv6_policy",
            "module.eks.data.aws_iam_policy_document.node_assume_role_policy",
            "module.eks.data.aws_iam_session_context.current",
            "module.eks.data.aws_partition.current",
            "module.eks.module.kms.aws_kms_external_key.this",
            "module.eks.module.kms.aws_kms_key.this",
            "module.eks.module.kms.aws_kms_replica_external_key.this",
            "module.eks.module.kms.aws_kms_replica_key.this",
            "module.eks.module.kms.data.aws_caller_identity.current",
            "module.eks.module.kms.data.aws_iam_policy_document.this",
            "module.eks.module.kms.data.aws_partition.current",
            "module.openwebui_pod_identity.aws_eks_pod_identity_association.this",
            "module.openwebui_pod_identity.aws_iam_policy.amazon_managed_service_prometheus",
            "module.openwebui_pod_identity.aws_iam_policy.appmesh_controller",
            "module.openwebui_pod_identity.aws_iam_policy.appmesh_envoy_proxy",
            "module.openwebui_pod_identity.aws_iam_policy.aws_gateway_controller",
            "module.openwebui_pod_identity.aws_iam_policy.aws_privateca_issuer",
            "module.openwebui_pod_identity.aws_iam_policy.cert_manager",
            "module.openwebui_pod_identity.aws_iam_policy.cluster_autoscaler",
            "module.openwebui_pod_identity.aws_iam_policy.custom",
            "module.openwebui_pod_identity.aws_iam_policy.ebs_csi",
            "module.openwebui_pod_identity.aws_iam_policy.efs_csi",
            "module.openwebui_pod_identity.aws_iam_policy.external_dns",
            "module.openwebui_pod_identity.aws_iam_policy.external_secrets",
            "module.openwebui_pod_identity.aws_iam_policy.fsx_lustre_csi",
            "module.openwebui_pod_identity.aws_iam_policy.lb_controller",
            "module.openwebui_pod_identity.aws_iam_policy.lb_controller_targetgroup_only",
            "module.openwebui_pod_identity.aws_iam_policy.mountpoint_s3_csi",
            "module.openwebui_pod_identity.aws_iam_policy.node_termination_handler",
            "module.openwebui_pod_identity.aws_iam_policy.velero",
            "module.openwebui_pod_identity.aws_iam_policy.vpc_cni",
            "module.openwebui_pod_identity.aws_iam_role.this",
            "module.openwebui_pod_identity.aws_iam_role_policy_attachment.amazon_managed_service_prometheus",
            "module.openwebui_pod_identity.aws_iam_role_policy_attachment.appmesh_controller",
            "module.openwebui_pod_identity.aws_iam_role_policy_attachment.appmesh_envoy_proxy",
            "module.openwebui_pod_identity.aws_iam_role_policy_attachment.aws_cloudwatch_observability",
            "module.openwebui_pod_identity.aws_iam_role_policy_attachment.aws_gateway_controller",
            "module.openwebui_pod_identity.aws_iam_role_policy_attachment.aws_privateca_issuer",
            "module.openwebui_pod_identity.aws_iam_role_policy_attachment.cert_manager",
            "module.openwebui_pod_identity.aws_iam_role_policy_attachment.cluster_autoscaler",
            "module.openwebui_pod_identity.aws_iam_role_policy_attachment.custom",
            "module.openwebui_pod_identity.aws_iam_role_policy_attachment.ebs_csi",
            "module.openwebui_pod_identity.aws_iam_role_policy_attachment.efs_csi",
            "module.openwebui_pod_identity.aws_iam_role_policy_attachment.external_dns",
            "module.openwebui_pod_identity.aws_iam_role_policy_attachment.external_secrets",
            "module.openwebui_pod_identity.aws_iam_role_policy_attachment.fsx_lustre_csi",
            "module.openwebui_pod_identity.aws_iam_role_policy_attachment.lb_controller",
            "module.openwebui_pod_identity.aws_iam_role_policy_attachment.lb_controller_targetgroup_only",
            "module.openwebui_pod_identity.aws_iam_role_policy_attachment.mountpoint_s3_csi",
            "module.openwebui_pod_identity.aws_iam_role_policy_attachment.node_termination_handler",
            "module.openwebui_pod_identity.aws_iam_role_policy_attachment.this",
            "module.openwebui_pod_identity.aws_iam_role_policy_attachment.velero",
            "module.openwebui_pod_identity.aws_iam_role_policy_attachment.vpc_cni",
            "module.openwebui_pod_identity.data.aws_iam_policy_document.amazon_managed_service_prometheus",
            "module.openwebui_pod_identity.data.aws_iam_policy_document.appmesh_controller",
            "module.openwebui_pod_identity.data.aws_iam_policy_document.appmesh_envoy_proxy",
            "module.openwebui_pod_identity.data.aws_iam_policy_document.assume",
            "module.openwebui_pod_identity.data.aws_iam_policy_document.aws_gateway_controller",
            "module.openwebui_pod_identity.data.aws_iam_policy_document.aws_privateca_issuer",
            "module.openwebui_pod_identity.data.aws_iam_policy_document.base",
            "module.openwebui_pod_identity.data.aws_iam_policy_document.cert_manager",
            "module.openwebui_pod_identity.data.aws_iam_policy_document.cluster_autoscaler",
            "module.openwebui_pod_identity.data.aws_iam_policy_document.ebs_csi",
            "module.openwebui_pod_identity.data.aws_iam_policy_document.efs_csi",
            "module.openwebui_pod_identity.data.aws_iam_policy_document.external_dns",
            "module.openwebui_pod_identity.data.aws_iam_policy_document.external_secrets",
            "module.openwebui_pod_identity.data.aws_iam_policy_document.fsx_lustre_csi",
            "module.openwebui_pod_identity.data.aws_iam_policy_document.lb_controller",
            "module.openwebui_pod_identity.data.aws_iam_policy_document.lb_controller_targetgroup_only",
            "module.openwebui_pod_identity.data.aws_iam_policy_document.mountpoint_s3_csi",
            "module.openwebui_pod_identity.data.aws_iam_policy_document.node_termination_handler",
            "module.openwebui_pod_identity.data.aws_iam_policy_document.velero",
            "module.openwebui_pod_identity.data.aws_iam_policy_document.vpc_cni",
            "module.openwebui_pod_identity.data.aws_partition.current",
            "module.vpc.aws_route_table.private",
            "module.vpc.aws_subnet.private",
            "module.vpc.aws_vpc.this",
            "module.vpc.aws_vpc_ipv4_cidr_block_association.this"
          ]
        }
      ]
    },
    {
      "mode": "managed",
      "type": "aws_s3_bucket_public_access_block",
      "name": "openwebui_docs",
      "provider": "provider[\"registry.terraform.io/hashicorp/aws\"]",
      "instances": [
        {
          "index_key": "hr",
          "schema_version": 0,
          "attributes": {
            "block_public_acls": true,
            "block_public_policy": true,
            "bucket": "automode-cluster-webui-docs-hr-2025062002181375950000000d",
            "id": "automode-cluster-webui-docs-hr-2025062002181375950000000d",
            "ignore_public_acls": true,
            "restrict_public_buckets": true
          },
          "sensitive_attributes": [],
          "identity_schema_version": 0,
          "private": "bnVsbA==",
          "dependencies": [
            "aws_s3_bucket.openwebui_docs"
          ]
        },
        {
          "index_key": "legal",
          "schema_version": 0,
          "attributes": {
            "block_public_acls": true,
            "block_public_policy": true,
            "bucket": "automode-cluster-webui-docs-legal-2025062002181345790000000c",
            "id": "automode-cluster-webui-docs-legal-2025062002181345790000000c",
            "ignore_public_acls": true,
            "restrict_public_buckets": true
          },
          "sensitive_attributes": [],
          "identity_schema_version": 0,
          "private": "bnVsbA==",
          "dependencies": [
            "aws_s3_bucket.openwebui_docs"
          ]
        },
        {
          "index_key": "us",
          "schema_version": 0,
          "attributes": {
            "block_public_acls": true,
            "block_public_policy": true,
            "bucket": "automode-cluster-webui-docs-us-2025062002181345330000000b",
            "id": "automode-cluster-webui-docs-us-2025062002181345330000000b",
            "ignore_public_acls": true,
            "restrict_public_buckets": true
          },
          "sensitive_attributes": [],
          "identity_schema_version": 0,
          "private": "bnVsbA==",
          "dependencies": [
            "aws_s3_bucket.openwebui_docs"
          ]
        }
      ]
    },
    {
      "mode": "managed",
      "type": "aws_s3_bucket_server_side_encryption_configuration",
      "name": "openwebui_docs",
      "provider": "provider[\"registry.terraform.io/hashicorp/aws\"]",
      "instances": [
        {
          "index_key": "hr",
          "schema_version": 0,
          "attributes": {
            "bucket": "automode-cluster-webui-docs-hr-2025062002181375950000000d",
            "expected_bucket_owner": "",
            "id": "automode-cluster-webui-docs-hr-2025062002181375950000000d",
            "rule": [
              {
                "apply_server_side_encryption_by_default": [
                  {
                    "kms_master_key_id": "",
                    "sse_algorithm": "AES256"
                  }
                ],
                "bucket_key_enabled": false
              }
            ]
          },
          "sensitive_attributes": [],
          "identity_schema_version": 0,
          "private": "bnVsbA==",
          "dependencies": [
            "aws_s3_bucket.openwebui_docs"
          ]
        },
        {
          "index_key": "legal",
          "schema_version": 0,
          "attributes": {
            "bucket": "automode-cluster-webui-docs-legal-2025062002181345790000000c",
            "expected_bucket_owner": "",
            "id": "automode-cluster-webui-docs-legal-2025062002181345790000000c",
            "rule": [
              {
                "apply_server_side_encryption_by_default": [
                  {
                    "kms_master_key_id": "",
                    "sse_algorithm": "AES256"
                  }
                ],
                "bucket_key_enabled": false
              }
            ]
          },
          "sensitive_attributes": [],
          "identity_schema_version": 0,
          "private": "bnVsbA==",
          "dependencies": [
            "aws_s3_bucket.openwebui_docs"
          ]
        },
        {
          "index_key": "us",
          "schema_version": 0,
          "attributes": {
            "bucket": "automode-cluster-webui-docs-us-2025062002181345330000000b",
            "expected_bucket_owner": "",
            "id": "automode-cluster-webui-docs-us-2025062002181345330000000b",
            "rule": [
              {
                "apply_server_side_encryption_by_default": [
                  {
                    "kms_master_key_id": "",
                    "sse_algorithm": "AES256"
                  }
                ],
                "bucket_key_enabled": false
              }
            ]
          },
          "sensitive_attributes": [],
          "identity_schema_version": 0,
          "private": "bnVsbA==",
          "dependencies": [
            "aws_s3_bucket.openwebui_docs"
          ]
        }
      ]
    },
    {
      "mode": "managed",
      "type": "aws_secretsmanager_secret",
      "name": "db_connection_string",
      "provider": "provider[\"registry.terraform.io/hashicorp/aws\"]",
      "instances": [
        {
          "index_key": "hr",
          "schema_version": 0,
          "attributes": {
            "arn": "arn:aws:secretsmanager:ap-southeast-3:980921733825:secret:automode-cluster-db-connection-hr-20250620021814772200000018-L7rFMH",
            "description": "",
            "force_overwrite_replica_secret": false,
            "id": "arn:aws:secretsmanager:ap-southeast-3:980921733825:secret:automode-cluster-db-connection-hr-20250620021814772200000018-L7rFMH",
            "kms_key_id": "",
            "name": "automode-cluster-db-connection-hr-20250620021814772200000018",
            "name_prefix": "automode-cluster-db-connection-hr-",
            "policy": "",
            "recovery_window_in_days": 0,
            "replica": [],
            "tags": {
              "Name": "automode-cluster-db-connection-hr",
              "Tenant": "hr"
            },
            "tags_all": {
              "Name": "automode-cluster-db-connection-hr",
              "Tenant": "hr"
            }
          },
          "sensitive_attributes": [],
          "identity_schema_version": 0,
          "private": "bnVsbA=="
        },
        {
          "index_key": "legal",
          "schema_version": 0,
          "attributes": {
            "arn": "arn:aws:secretsmanager:ap-southeast-3:980921733825:secret:automode-cluster-db-connection-legal-20250620021814616700000016-wWeAf5",
            "description": "",
            "force_overwrite_replica_secret": false,
            "id": "arn:aws:secretsmanager:ap-southeast-3:980921733825:secret:automode-cluster-db-connection-legal-20250620021814616700000016-wWeAf5",
            "kms_key_id": "",
            "name": "automode-cluster-db-connection-legal-20250620021814616700000016",
            "name_prefix": "automode-cluster-db-connection-legal-",
            "policy": "",
            "recovery_window_in_days": 0,
            "replica": [],
            "tags": {
              "Name": "automode-cluster-db-connection-legal",
              "Tenant": "legal"
            },
            "tags_all": {
              "Name": "automode-cluster-db-connection-legal",
              "Tenant": "legal"
            }
          },
          "sensitive_attributes": [],
          "identity_schema_version": 0,
          "private": "bnVsbA=="
        },
        {
          "index_key": "us",
          "schema_version": 0,
          "attributes": {
            "arn": "arn:aws:secretsmanager:ap-southeast-3:980921733825:secret:automode-cluster-db-connection-us-2025062002181493040000001a-y7ZGBC",
            "description": "",
            "force_overwrite_replica_secret": false,
            "id": "arn:aws:secretsmanager:ap-southeast-3:980921733825:secret:automode-cluster-db-connection-us-2025062002181493040000001a-y7ZGBC",
            "kms_key_id": "",
            "name": "automode-cluster-db-connection-us-2025062002181493040000001a",
            "name_prefix": "automode-cluster-db-connection-us-",
            "policy": "",
            "recovery_window_in_days": 0,
            "replica": [],
            "tags": {
              "Name": "automode-cluster-db-connection-us",
              "Tenant": "us"
            },
            "tags_all": {
              "Name": "automode-cluster-db-connection-us",
              "Tenant": "us"
            }
          },
          "sensitive_attributes": [],
          "identity_schema_version": 0,
          "private": "bnVsbA=="
        }
      ]
    },
    {
      "mode": "managed",
      "type": "aws_secretsmanager_secret",
      "name": "litellm_api_keys",
      "provider": "provider[\"registry.terraform.io/hashicorp/aws\"]",
      "instances": [
        {
          "schema_version": 0,
          "attributes": {
            "arn": "arn:aws:secretsmanager:ap-southeast-3:980921733825:secret:automode-cluster-litellm-api-keys-20250620021813448400000008-jx9F3W",
            "description": "",
            "force_overwrite_replica_secret": false,
            "id": "arn:aws:secretsmanager:ap-southeast-3:980921733825:secret:automode-cluster-litellm-api-keys-20250620021813448400000008-jx9F3W",
            "kms_key_id": "",
            "name": "automode-cluster-litellm-api-keys-20250620021813448400000008",
            "name_prefix": "automode-cluster-litellm-api-keys-",
            "policy": "",
            "recovery_window_in_days": 0,
            "replica": [],
            "tags": {
              "Name": "automode-cluster-litellm-api-keys"
            },
            "tags_all": {
              "Name": "automode-cluster-litellm-api-keys"
            }
          },
          "sensitive_attributes": [],
          "identity_schema_version": 0,
          "private": "bnVsbA=="
        }
      ]
    },
    {
      "mode": "managed",
      "type": "aws_secretsmanager_secret",
      "name": "litellm_db_connection_string",
      "provider": "provider[\"registry.terraform.io/hashicorp/aws\"]",
      "instances": [
        {
          "schema_version": 0,
          "attributes": {
            "arn": "arn:aws:secretsmanager:ap-southeast-3:980921733825:secret:automode-cluster-litellm-db-connection-2025062002181553260000001e-pyAECw",
            "description": "",
            "force_overwrite_replica_secret": false,
            "id": "arn:aws:secretsmanager:ap-southeast-3:980921733825:secret:automode-cluster-litellm-db-connection-2025062002181553260000001e-pyAECw",
            "kms_key_id": "",
            "name": "automode-cluster-litellm-db-connection-2025062002181553260000001e",
            "name_prefix": "automode-cluster-litellm-db-connection-",
            "policy": "",
            "recovery_window_in_days": 0,
            "replica": [],
            "tags": {
              "Name": "automode-cluster-litellm-db-connection"
            },
            "tags_all": {
              "Name": "automode-cluster-litellm-db-connection"
            }
          },
          "sensitive_attributes": [],
          "identity_schema_version": 0,
          "private": "bnVsbA=="
        }
      ]
    },
    {
      "mode": "managed",
      "type": "aws_secretsmanager_secret",
      "name": "litellm_db_credentials",
      "provider": "provider[\"registry.terraform.io/hashicorp/aws\"]",
      "instances": [
        {
          "schema_version": 0,
          "attributes": {
            "arn": "arn:aws:secretsmanager:ap-southeast-3:980921733825:secret:automode-cluster-litellm-db-credentials-20250620021813432500000001-jx9F3W",
            "description": "PostgreSQL credentials for LiteLLM",
            "force_overwrite_replica_secret": false,
            "id": "arn:aws:secretsmanager:ap-southeast-3:980921733825:secret:automode-cluster-litellm-db-credentials-20250620021813432500000001-jx9F3W",
            "kms_key_id": "",
            "name": "automode-cluster-litellm-db-credentials-20250620021813432500000001",
            "name_prefix": "automode-cluster-litellm-db-credentials-",
            "policy": "",
            "recovery_window_in_days": 0,
            "replica": [],
            "tags": {
              "Name": "automode-cluster-litellm-db-credentials"
            },
            "tags_all": {
              "Name": "automode-cluster-litellm-db-credentials"
            }
          },
          "sensitive_attributes": [],
          "identity_schema_version": 0,
          "private": "bnVsbA=="
        }
      ]
    },
    {
      "mode": "managed",
      "type": "aws_secretsmanager_secret",
      "name": "litellm_master_salt",
      "provider": "provider[\"registry.terraform.io/hashicorp/aws\"]",
      "instances": [
        {
          "schema_version": 0,
          "attributes": {
            "arn": "arn:aws:secretsmanager:ap-southeast-3:980921733825:secret:automode-cluster-litellm-master-salt-20250620021813941000000014-hIui3Y",
            "description": "",
            "force_overwrite_replica_secret": false,
            "id": "arn:aws:secretsmanager:ap-southeast-3:980921733825:secret:automode-cluster-litellm-master-salt-20250620021813941000000014-hIui3Y",
            "kms_key_id": "",
            "name": "automode-cluster-litellm-master-salt-20250620021813941000000014",
            "name_prefix": "automode-cluster-litellm-master-salt-",
            "policy": "",
            "recovery_window_in_days": 0,
            "replica": [],
            "tags": {
              "Name": "automode-cluster-litellm-master-salt"
            },
            "tags_all": {
              "Name": "automode-cluster-litellm-master-salt"
            }
          },
          "sensitive_attributes": [],
          "identity_schema_version": 0,
          "private": "bnVsbA=="
        }
      ]
    },
    {
      "mode": "managed",
      "type": "aws_secretsmanager_secret",
      "name": "oauth_credentials",
      "provider": "provider[\"registry.terraform.io/hashicorp/aws\"]",
      "instances": [
        {
          "schema_version": 0,
          "attributes": {
            "arn": "arn:aws:secretsmanager:ap-southeast-3:980921733825:secret:automode-cluster-oauth-20250620021813446200000006-oaQoRK",
            "description": "",
            "force_overwrite_replica_secret": false,
            "id": "arn:aws:secretsmanager:ap-southeast-3:980921733825:secret:automode-cluster-oauth-20250620021813446200000006-oaQoRK",
            "kms_key_id": "",
            "name": "automode-cluster-oauth-20250620021813446200000006",
            "name_prefix": "automode-cluster-oauth-",
            "policy": "",
            "recovery_window_in_days": 0,
            "replica": [],
            "tags": {
              "Name": "automode-cluster-oauth-credentials"
            },
            "tags_all": {
              "Name": "automode-cluster-oauth-credentials"
            }
          },
          "sensitive_attributes": [],
          "identity_schema_version": 0,
          "private": "bnVsbA=="
        }
      ]
    },
    {
      "mode": "managed",
      "type": "aws_secretsmanager_secret",
      "name": "postgres_credentials",
      "provider": "provider[\"registry.terraform.io/hashicorp/aws\"]",
      "instances": [
        {
          "index_key": "hr",
          "schema_version": 0,
          "attributes": {
            "arn": "arn:aws:secretsmanager:ap-southeast-3:980921733825:secret:automode-cluster-postgres-credentials-hr-20250620021813930100000012-g73stc",
            "description": "PostgreSQL credentials for OpenWebUI hr tenant",
            "force_overwrite_replica_secret": false,
            "id": "arn:aws:secretsmanager:ap-southeast-3:980921733825:secret:automode-cluster-postgres-credentials-hr-20250620021813930100000012-g73stc",
            "kms_key_id": "",
            "name": "automode-cluster-postgres-credentials-hr-20250620021813930100000012",
            "name_prefix": "automode-cluster-postgres-credentials-hr-",
            "policy": "",
            "recovery_window_in_days": 0,
            "replica": [],
            "tags": {
              "Name": "automode-cluster-postgres-credentials-hr",
              "Tenant": "hr"
            },
            "tags_all": {
              "Name": "automode-cluster-postgres-credentials-hr",
              "Tenant": "hr"
            }
          },
          "sensitive_attributes": [],
          "identity_schema_version": 0,
          "private": "bnVsbA=="
        },
        {
          "index_key": "legal",
          "schema_version": 0,
          "attributes": {
            "arn": "arn:aws:secretsmanager:ap-southeast-3:980921733825:secret:automode-cluster-postgres-credentials-legal-20250620021813775500000010-4ofMJn",
            "description": "PostgreSQL credentials for OpenWebUI legal tenant",
            "force_overwrite_replica_secret": false,
            "id": "arn:aws:secretsmanager:ap-southeast-3:980921733825:secret:automode-cluster-postgres-credentials-legal-20250620021813775500000010-4ofMJn",
            "kms_key_id": "",
            "name": "automode-cluster-postgres-credentials-legal-20250620021813775500000010",
            "name_prefix": "automode-cluster-postgres-credentials-legal-",
            "policy": "",
            "recovery_window_in_days": 0,
            "replica": [],
            "tags": {
              "Name": "automode-cluster-postgres-credentials-legal",
              "Tenant": "legal"
            },
            "tags_all": {
              "Name": "automode-cluster-postgres-credentials-legal",
              "Tenant": "legal"
            }
          },
          "sensitive_attributes": [],
          "identity_schema_version": 0,
          "private": "bnVsbA=="
        },
        {
          "index_key": "us",
          "schema_version": 0,
          "attributes": {
            "arn": "arn:aws:secretsmanager:ap-southeast-3:980921733825:secret:automode-cluster-postgres-credentials-us-2025062002181377550000000e-foc0im",
            "description": "PostgreSQL credentials for OpenWebUI us tenant",
            "force_overwrite_replica_secret": false,
            "id": "arn:aws:secretsmanager:ap-southeast-3:980921733825:secret:automode-cluster-postgres-credentials-us-2025062002181377550000000e-foc0im",
            "kms_key_id": "",
            "name": "automode-cluster-postgres-credentials-us-2025062002181377550000000e",
            "name_prefix": "automode-cluster-postgres-credentials-us-",
            "policy": "",
            "recovery_window_in_days": 0,
            "replica": [],
            "tags": {
              "Name": "automode-cluster-postgres-credentials-us",
              "Tenant": "us"
            },
            "tags_all": {
              "Name": "automode-cluster-postgres-credentials-us",
              "Tenant": "us"
            }
          },
          "sensitive_attributes": [],
          "identity_schema_version": 0,
          "private": "bnVsbA=="
        }
      ]
    },
    {
      "mode": "managed",
      "type": "aws_secretsmanager_secret_version",
      "name": "db_connection_string_version",
      "provider": "provider[\"registry.terraform.io/hashicorp/aws\"]",
      "instances": [
        {
          "index_key": "hr",
          "schema_version": 0,
          "attributes": {
            "arn": "arn:aws:secretsmanager:ap-southeast-3:980921733825:secret:automode-cluster-db-connection-hr-20250620021814772200000018-L7rFMH",
            "has_secret_string_wo": null,
            "id": "arn:aws:secretsmanager:ap-southeast-3:980921733825:secret:automode-cluster-db-connection-hr-20250620021814772200000018-L7rFMH|terraform-2025062002335249930000004a",
            "secret_binary": "",
            "secret_id": "arn:aws:secretsmanager:ap-southeast-3:980921733825:secret:automode-cluster-db-connection-hr-20250620021814772200000018-L7rFMH",
            "secret_string": "{\"connectionString\":\"postgresql://postgres:06sPC61f*OqOCu*S@automode-cluster-postgres.cdc8m4eskbgq.ap-southeast-3.rds.amazonaws.com:5432/vectordb_hr\"}",
            "secret_string_wo": null,
            "secret_string_wo_version": null,
            "version_id": "terraform-2025062002335249930000004a",
            "version_stages": [
              "AWSCURRENT"
            ]
          },
          "sensitive_attributes": [
            [
              {
                "type": "get_attr",
                "value": "secret_binary"
              }
            ],
            [
              {
                "type": "get_attr",
                "value": "secret_string"
              }
            ],
            [
              {
                "type": "get_attr",
                "value": "secret_string_wo"
              }
            ]
          ],
          "identity_schema_version": 0,
          "private": "bnVsbA==",
          "dependencies": [
            "aws_db_instance.postgres",
            "aws_db_parameter_group.postgres_vector",
            "aws_db_subnet_group.rds",
            "aws_iam_role.rds_enhanced_monitoring",
            "aws_secretsmanager_secret.db_connection_string",
            "aws_security_group.rds",
            "data.aws_availability_zones.available",
            "module.vpc.aws_subnet.private",
            "module.vpc.aws_vpc.this",
            "module.vpc.aws_vpc_ipv4_cidr_block_association.this",
            "random_password.postgres"
          ]
        },
        {
          "index_key": "legal",
          "schema_version": 0,
          "attributes": {
            "arn": "arn:aws:secretsmanager:ap-southeast-3:980921733825:secret:automode-cluster-db-connection-legal-20250620021814616700000016-wWeAf5",
            "has_secret_string_wo": null,
            "id": "arn:aws:secretsmanager:ap-southeast-3:980921733825:secret:automode-cluster-db-connection-legal-20250620021814616700000016-wWeAf5|terraform-2025062002335250640000004d",
            "secret_binary": "",
            "secret_id": "arn:aws:secretsmanager:ap-southeast-3:980921733825:secret:automode-cluster-db-connection-legal-20250620021814616700000016-wWeAf5",
            "secret_string": "{\"connectionString\":\"postgresql://postgres:06sPC61f*OqOCu*S@automode-cluster-postgres.cdc8m4eskbgq.ap-southeast-3.rds.amazonaws.com:5432/vectordb_legal\"}",
            "secret_string_wo": null,
            "secret_string_wo_version": null,
            "version_id": "terraform-2025062002335250640000004d",
            "version_stages": [
              "AWSCURRENT"
            ]
          },
          "sensitive_attributes": [
            [
              {
                "type": "get_attr",
                "value": "secret_binary"
              }
            ],
            [
              {
                "type": "get_attr",
                "value": "secret_string"
              }
            ],
            [
              {
                "type": "get_attr",
                "value": "secret_string_wo"
              }
            ]
          ],
          "identity_schema_version": 0,
          "private": "bnVsbA==",
          "dependencies": [
            "aws_db_instance.postgres",
            "aws_db_parameter_group.postgres_vector",
            "aws_db_subnet_group.rds",
            "aws_iam_role.rds_enhanced_monitoring",
            "aws_secretsmanager_secret.db_connection_string",
            "aws_security_group.rds",
            "data.aws_availability_zones.available",
            "module.vpc.aws_subnet.private",
            "module.vpc.aws_vpc.this",
            "module.vpc.aws_vpc_ipv4_cidr_block_association.this",
            "random_password.postgres"
          ]
        },
        {
          "index_key": "us",
          "schema_version": 0,
          "attributes": {
            "arn": "arn:aws:secretsmanager:ap-southeast-3:980921733825:secret:automode-cluster-db-connection-us-2025062002181493040000001a-y7ZGBC",
            "has_secret_string_wo": null,
            "id": "arn:aws:secretsmanager:ap-southeast-3:980921733825:secret:automode-cluster-db-connection-us-2025062002181493040000001a-y7ZGBC|terraform-2025062002335249970000004b",
            "secret_binary": "",
            "secret_id": "arn:aws:secretsmanager:ap-southeast-3:980921733825:secret:automode-cluster-db-connection-us-2025062002181493040000001a-y7ZGBC",
            "secret_string": "{\"connectionString\":\"postgresql://postgres:06sPC61f*OqOCu*S@automode-cluster-postgres.cdc8m4eskbgq.ap-southeast-3.rds.amazonaws.com:5432/vectordb_us\"}",
            "secret_string_wo": null,
            "secret_string_wo_version": null,
            "version_id": "terraform-2025062002335249970000004b",
            "version_stages": [
              "AWSCURRENT"
            ]
          },
          "sensitive_attributes": [
            [
              {
                "type": "get_attr",
                "value": "secret_binary"
              }
            ],
            [
              {
                "type": "get_attr",
                "value": "secret_string"
              }
            ],
            [
              {
                "type": "get_attr",
                "value": "secret_string_wo"
              }
            ]
          ],
          "identity_schema_version": 0,
          "private": "bnVsbA==",
          "dependencies": [
            "aws_db_instance.postgres",
            "aws_db_parameter_group.postgres_vector",
            "aws_db_subnet_group.rds",
            "aws_iam_role.rds_enhanced_monitoring",
            "aws_secretsmanager_secret.db_connection_string",
            "aws_security_group.rds",
            "data.aws_availability_zones.available",
            "module.vpc.aws_subnet.private",
            "module.vpc.aws_vpc.this",
            "module.vpc.aws_vpc_ipv4_cidr_block_association.this",
            "random_password.postgres"
          ]
        }
      ]
    },
    {
      "mode": "managed",
      "type": "aws_secretsmanager_secret_version",
      "name": "litellm_api_keys_ver",
      "provider": "provider[\"registry.terraform.io/hashicorp/aws\"]",
      "instances": [
        {
          "schema_version": 0,
          "attributes": {
            "arn": "arn:aws:secretsmanager:ap-southeast-3:980921733825:secret:automode-cluster-litellm-api-keys-20250620021813448400000008-jx9F3W",
            "has_secret_string_wo": null,
            "id": "arn:aws:secretsmanager:ap-southeast-3:980921733825:secret:automode-cluster-litellm-api-keys-20250620021813448400000008-jx9F3W|terraform-20250620021815652900000021",
            "secret_binary": "",
            "secret_id": "arn:aws:secretsmanager:ap-southeast-3:980921733825:secret:automode-cluster-litellm-api-keys-20250620021813448400000008-jx9F3W",
            "secret_string": "{}",
            "secret_string_wo": null,
            "secret_string_wo_version": null,
            "version_id": "terraform-20250620021815652900000021",
            "version_stages": [
              "AWSPREVIOUS"
            ]
          },
          "sensitive_attributes": [
            [
              {
                "type": "get_attr",
                "value": "secret_binary"
              }
            ],
            [
              {
                "type": "get_attr",
                "value": "secret_string"
              }
            ],
            [
              {
                "type": "get_attr",
                "value": "secret_string_wo"
              }
            ]
          ],
          "identity_schema_version": 0,
          "private": "bnVsbA==",
          "dependencies": [
            "aws_secretsmanager_secret.litellm_api_keys"
          ]
        }
      ]
    },
    {
      "mode": "managed",
      "type": "aws_secretsmanager_secret_version",
      "name": "litellm_db_connection_string_version",
      "provider": "provider[\"registry.terraform.io/hashicorp/aws\"]",
      "instances": [
        {
          "schema_version": 0,
          "attributes": {
            "arn": "arn:aws:secretsmanager:ap-southeast-3:980921733825:secret:automode-cluster-litellm-db-connection-2025062002181553260000001e-pyAECw",
            "has_secret_string_wo": null,
            "id": "arn:aws:secretsmanager:ap-southeast-3:980921733825:secret:automode-cluster-litellm-db-connection-2025062002181553260000001e-pyAECw|terraform-20250620023421944400000051",
            "secret_binary": "",
            "secret_id": "arn:aws:secretsmanager:ap-southeast-3:980921733825:secret:automode-cluster-litellm-db-connection-2025062002181553260000001e-pyAECw",
            "secret_string": "{\"connectionString\":\"postgresql://llmproxy:DYcoJBRBKN_9fWDk@automode-cluster-litellm-postgres.cdc8m4eskbgq.ap-southeast-3.rds.amazonaws.com:5432/litellm\"}",
            "secret_string_wo": null,
            "secret_string_wo_version": null,
            "version_id": "terraform-20250620023421944400000051",
            "version_stages": [
              "AWSCURRENT"
            ]
          },
          "sensitive_attributes": [
            [
              {
                "type": "get_attr",
                "value": "secret_binary"
              }
            ],
            [
              {
                "type": "get_attr",
                "value": "secret_string"
              }
            ],
            [
              {
                "type": "get_attr",
                "value": "secret_string_wo"
              }
            ]
          ],
          "identity_schema_version": 0,
          "private": "bnVsbA==",
          "dependencies": [
            "aws_db_instance.litellm_postgres",
            "aws_db_parameter_group.litellm_postgres_pg",
            "aws_db_subnet_group.litellm_db_subnet_group",
            "aws_iam_role.litellm_rds_monitoring",
            "aws_secretsmanager_secret.litellm_db_connection_string",
            "aws_security_group.litellm_db_sg",
            "data.aws_availability_zones.available",
            "module.vpc.aws_subnet.private",
            "module.vpc.aws_vpc.this",
            "module.vpc.aws_vpc_ipv4_cidr_block_association.this",
            "random_password.litellm_db_password"
          ]
        }
      ]
    },
    {
      "mode": "managed",
      "type": "aws_secretsmanager_secret_version",
      "name": "litellm_db_credentials",
      "provider": "provider[\"registry.terraform.io/hashicorp/aws\"]",
      "instances": [
        {
          "schema_version": 0,
          "attributes": {
            "arn": "arn:aws:secretsmanager:ap-southeast-3:980921733825:secret:automode-cluster-litellm-db-credentials-20250620021813432500000001-jx9F3W",
            "has_secret_string_wo": null,
            "id": "arn:aws:secretsmanager:ap-southeast-3:980921733825:secret:automode-cluster-litellm-db-credentials-20250620021813432500000001-jx9F3W|terraform-20250620023421941600000050",
            "secret_binary": "",
            "secret_id": "arn:aws:secretsmanager:ap-southeast-3:980921733825:secret:automode-cluster-litellm-db-credentials-20250620021813432500000001-jx9F3W",
            "secret_string": "{\"connectionString\":\"postgresql://llmproxy:DYcoJBRBKN_9fWDk@automode-cluster-litellm-postgres.cdc8m4eskbgq.ap-southeast-3.rds.amazonaws.com:5432/litellm\",\"dbname\":\"litellm\",\"engine\":\"postgres\",\"host\":\"automode-cluster-litellm-postgres.cdc8m4eskbgq.ap-southeast-3.rds.amazonaws.com\",\"password\":\"DYcoJBRBKN_9fWDk\",\"port\":5432,\"username\":\"llmproxy\"}",
            "secret_string_wo": null,
            "secret_string_wo_version": null,
            "version_id": "terraform-20250620023421941600000050",
            "version_stages": [
              "AWSCURRENT"
            ]
          },
          "sensitive_attributes": [
            [
              {
                "type": "get_attr",
                "value": "secret_binary"
              }
            ],
            [
              {
                "type": "get_attr",
                "value": "secret_string"
              }
            ],
            [
              {
                "type": "get_attr",
                "value": "secret_string_wo"
              }
            ]
          ],
          "identity_schema_version": 0,
          "private": "bnVsbA==",
          "dependencies": [
            "aws_db_instance.litellm_postgres",
            "aws_db_parameter_group.litellm_postgres_pg",
            "aws_db_subnet_group.litellm_db_subnet_group",
            "aws_iam_role.litellm_rds_monitoring",
            "aws_secretsmanager_secret.litellm_db_credentials",
            "aws_security_group.litellm_db_sg",
            "data.aws_availability_zones.available",
            "module.vpc.aws_subnet.private",
            "module.vpc.aws_vpc.this",
            "module.vpc.aws_vpc_ipv4_cidr_block_association.this",
            "random_password.litellm_db_password"
          ]
        }
      ]
    },
    {
      "mode": "managed",
      "type": "aws_secretsmanager_secret_version",
      "name": "litellm_master_salt_ver",
      "provider": "provider[\"registry.terraform.io/hashicorp/aws\"]",
      "instances": [
        {
          "schema_version": 0,
          "attributes": {
            "arn": "arn:aws:secretsmanager:ap-southeast-3:980921733825:secret:automode-cluster-litellm-master-salt-20250620021813941000000014-hIui3Y",
            "has_secret_string_wo": null,
            "id": "arn:aws:secretsmanager:ap-southeast-3:980921733825:secret:automode-cluster-litellm-master-salt-20250620021813941000000014-hIui3Y|terraform-20250620021816093700000023",
            "secret_binary": "",
            "secret_id": "arn:aws:secretsmanager:ap-southeast-3:980921733825:secret:automode-cluster-litellm-master-salt-20250620021813941000000014-hIui3Y",
            "secret_string": "{\"LITELLM_MASTER_KEY\":\"sk-7jtCOmic9abyugsiFopZm\",\"LITELLM_SALT_KEY\":\"sk-uZSqmEDpVW8HezW5oHO0g\"}",
            "secret_string_wo": null,
            "secret_string_wo_version": null,
            "version_id": "terraform-20250620021816093700000023",
            "version_stages": [
              "AWSCURRENT"
            ]
          },
          "sensitive_attributes": [
            [
              {
                "type": "get_attr",
                "value": "secret_binary"
              }
            ],
            [
              {
                "type": "get_attr",
                "value": "secret_string"
              }
            ],
            [
              {
                "type": "get_attr",
                "value": "secret_string_wo"
              }
            ]
          ],
          "identity_schema_version": 0,
          "private": "bnVsbA==",
          "dependencies": [
            "aws_secretsmanager_secret.litellm_master_salt",
            "random_password.litellm_master_key",
            "random_password.litellm_salt_key"
          ]
        }
      ]
    },
    {
      "mode": "managed",
      "type": "aws_secretsmanager_secret_version",
      "name": "oauth_credentials_version",
      "provider": "provider[\"registry.terraform.io/hashicorp/aws\"]",
      "instances": [
        {
          "schema_version": 0,
          "attributes": {
            "arn": "arn:aws:secretsmanager:ap-southeast-3:980921733825:secret:automode-cluster-oauth-20250620021813446200000006-oaQoRK",
            "has_secret_string_wo": null,
            "id": "arn:aws:secretsmanager:ap-southeast-3:980921733825:secret:automode-cluster-oauth-20250620021813446200000006-oaQoRK|terraform-20250620021815637400000020",
            "secret_binary": "",
            "secret_id": "arn:aws:secretsmanager:ap-southeast-3:980921733825:secret:automode-cluster-oauth-20250620021813446200000006-oaQoRK",
            "secret_string": "{\"MICROSOFT_CLIENT_SECRET\":\"dummy-microsoft-client-secret\",\"OAUTH_CLIENT_SECRET\":\"dummy-oauth-client-secret\",\"OPENID_PROVIDER_URL\":\"https://dummy-openid-provider-url/openid-configuration\"}",
            "secret_string_wo": null,
            "secret_string_wo_version": null,
            "version_id": "terraform-20250620021815637400000020",
            "version_stages": []
          },
          "sensitive_attributes": [
            [
              {
                "type": "get_attr",
                "value": "secret_binary"
              }
            ],
            [
              {
                "type": "get_attr",
                "value": "secret_string"
              }
            ],
            [
              {
                "type": "get_attr",
                "value": "secret_string_wo"
              }
            ]
          ],
          "identity_schema_version": 0,
          "private": "bnVsbA==",
          "dependencies": [
            "aws_secretsmanager_secret.oauth_credentials"
          ]
        }
      ]
    },
    {
      "mode": "managed",
      "type": "aws_secretsmanager_secret_version",
      "name": "postgres_credentials",
      "provider": "provider[\"registry.terraform.io/hashicorp/aws\"]",
      "instances": [
        {
          "index_key": "hr",
          "schema_version": 0,
          "attributes": {
            "arn": "arn:aws:secretsmanager:ap-southeast-3:980921733825:secret:automode-cluster-postgres-credentials-hr-20250620021813930100000012-g73stc",
            "has_secret_string_wo": null,
            "id": "arn:aws:secretsmanager:ap-southeast-3:980921733825:secret:automode-cluster-postgres-credentials-hr-20250620021813930100000012-g73stc|terraform-2025062002335250870000004f",
            "secret_binary": "",
            "secret_id": "arn:aws:secretsmanager:ap-southeast-3:980921733825:secret:automode-cluster-postgres-credentials-hr-20250620021813930100000012-g73stc",
            "secret_string": "{\"connectionString\":\"postgresql://postgres:06sPC61f*OqOCu*S@automode-cluster-postgres.cdc8m4eskbgq.ap-southeast-3.rds.amazonaws.com:5432/vectordb_hr\",\"dbname\":\"vectordb_hr\",\"engine\":\"postgres\",\"host\":\"automode-cluster-postgres.cdc8m4eskbgq.ap-southeast-3.rds.amazonaws.com\",\"password\":\"06sPC61f*OqOCu*S\",\"port\":5432,\"username\":\"postgres\"}",
            "secret_string_wo": null,
            "secret_string_wo_version": null,
            "version_id": "terraform-2025062002335250870000004f",
            "version_stages": [
              "AWSCURRENT"
            ]
          },
          "sensitive_attributes": [
            [
              {
                "type": "get_attr",
                "value": "secret_binary"
              }
            ],
            [
              {
                "type": "get_attr",
                "value": "secret_string"
              }
            ],
            [
              {
                "type": "get_attr",
                "value": "secret_string_wo"
              }
            ]
          ],
          "identity_schema_version": 0,
          "private": "bnVsbA==",
          "dependencies": [
            "aws_db_instance.postgres",
            "aws_db_parameter_group.postgres_vector",
            "aws_db_subnet_group.rds",
            "aws_iam_role.rds_enhanced_monitoring",
            "aws_secretsmanager_secret.postgres_credentials",
            "aws_security_group.rds",
            "data.aws_availability_zones.available",
            "module.vpc.aws_subnet.private",
            "module.vpc.aws_vpc.this",
            "module.vpc.aws_vpc_ipv4_cidr_block_association.this",
            "random_password.postgres"
          ]
        },
        {
          "index_key": "legal",
          "schema_version": 0,
          "attributes": {
            "arn": "arn:aws:secretsmanager:ap-southeast-3:980921733825:secret:automode-cluster-postgres-credentials-legal-20250620021813775500000010-4ofMJn",
            "has_secret_string_wo": null,
            "id": "arn:aws:secretsmanager:ap-southeast-3:980921733825:secret:automode-cluster-postgres-credentials-legal-20250620021813775500000010-4ofMJn|terraform-2025062002335250500000004c",
            "secret_binary": "",
            "secret_id": "arn:aws:secretsmanager:ap-southeast-3:980921733825:secret:automode-cluster-postgres-credentials-legal-20250620021813775500000010-4ofMJn",
            "secret_string": "{\"connectionString\":\"postgresql://postgres:06sPC61f*OqOCu*S@automode-cluster-postgres.cdc8m4eskbgq.ap-southeast-3.rds.amazonaws.com:5432/vectordb_legal\",\"dbname\":\"vectordb_legal\",\"engine\":\"postgres\",\"host\":\"automode-cluster-postgres.cdc8m4eskbgq.ap-southeast-3.rds.amazonaws.com\",\"password\":\"06sPC61f*OqOCu*S\",\"port\":5432,\"username\":\"postgres\"}",
            "secret_string_wo": null,
            "secret_string_wo_version": null,
            "version_id": "terraform-2025062002335250500000004c",
            "version_stages": [
              "AWSCURRENT"
            ]
          },
          "sensitive_attributes": [
            [
              {
                "type": "get_attr",
                "value": "secret_binary"
              }
            ],
            [
              {
                "type": "get_attr",
                "value": "secret_string"
              }
            ],
            [
              {
                "type": "get_attr",
                "value": "secret_string_wo"
              }
            ]
          ],
          "identity_schema_version": 0,
          "private": "bnVsbA==",
          "dependencies": [
            "aws_db_instance.postgres",
            "aws_db_parameter_group.postgres_vector",
            "aws_db_subnet_group.rds",
            "aws_iam_role.rds_enhanced_monitoring",
            "aws_secretsmanager_secret.postgres_credentials",
            "aws_security_group.rds",
            "data.aws_availability_zones.available",
            "module.vpc.aws_subnet.private",
            "module.vpc.aws_vpc.this",
            "module.vpc.aws_vpc_ipv4_cidr_block_association.this",
            "random_password.postgres"
          ]
        },
        {
          "index_key": "us",
          "schema_version": 0,
          "attributes": {
            "arn": "arn:aws:secretsmanager:ap-southeast-3:980921733825:secret:automode-cluster-postgres-credentials-us-2025062002181377550000000e-foc0im",
            "has_secret_string_wo": null,
            "id": "arn:aws:secretsmanager:ap-southeast-3:980921733825:secret:automode-cluster-postgres-credentials-us-2025062002181377550000000e-foc0im|terraform-2025062002335250810000004e",
            "secret_binary": "",
            "secret_id": "arn:aws:secretsmanager:ap-southeast-3:980921733825:secret:automode-cluster-postgres-credentials-us-2025062002181377550000000e-foc0im",
            "secret_string": "{\"connectionString\":\"postgresql://postgres:06sPC61f*OqOCu*S@automode-cluster-postgres.cdc8m4eskbgq.ap-southeast-3.rds.amazonaws.com:5432/vectordb_us\",\"dbname\":\"vectordb_us\",\"engine\":\"postgres\",\"host\":\"automode-cluster-postgres.cdc8m4eskbgq.ap-southeast-3.rds.amazonaws.com\",\"password\":\"06sPC61f*OqOCu*S\",\"port\":5432,\"username\":\"postgres\"}",
            "secret_string_wo": null,
            "secret_string_wo_version": null,
            "version_id": "terraform-2025062002335250810000004e",
            "version_stages": [
              "AWSCURRENT"
            ]
          },
          "sensitive_attributes": [
            [
              {
                "type": "get_attr",
                "value": "secret_binary"
              }
            ],
            [
              {
                "type": "get_attr",
                "value": "secret_string"
              }
            ],
            [
              {
                "type": "get_attr",
                "value": "secret_string_wo"
              }
            ]
          ],
          "identity_schema_version": 0,
          "private": "bnVsbA==",
          "dependencies": [
            "aws_db_instance.postgres",
            "aws_db_parameter_group.postgres_vector",
            "aws_db_subnet_group.rds",
            "aws_iam_role.rds_enhanced_monitoring",
            "aws_secretsmanager_secret.postgres_credentials",
            "aws_security_group.rds",
            "data.aws_availability_zones.available",
            "module.vpc.aws_subnet.private",
            "module.vpc.aws_vpc.this",
            "module.vpc.aws_vpc_ipv4_cidr_block_association.this",
            "random_password.postgres"
          ]
        }
      ]
    },
    {
      "mode": "managed",
      "type": "aws_security_group",
      "name": "litellm_db_sg",
      "provider": "provider[\"registry.terraform.io/hashicorp/aws\"]",
      "instances": [
        {
          "schema_version": 1,
          "attributes": {
            "arn": "arn:aws:ec2:ap-southeast-3:980921733825:security-group/sg-0a9a2be5fc9f0f539",
            "description": "Security group for LiteLLM PostgreSQL instance",
            "egress": [
              {
                "cidr_blocks": [
                  "0.0.0.0/0"
                ],
                "description": "",
                "from_port": 0,
                "ipv6_cidr_blocks": [],
                "prefix_list_ids": [],
                "protocol": "-1",
                "security_groups": [],
                "self": false,
                "to_port": 0
              }
            ],
            "id": "sg-0a9a2be5fc9f0f539",
            "ingress": [
              {
                "cidr_blocks": [
                  "10.0.0.0/16"
                ],
                "description": "PostgreSQL from VPC",
                "from_port": 5432,
                "ipv6_cidr_blocks": [],
                "prefix_list_ids": [],
                "protocol": "tcp",
                "security_groups": [],
                "self": false,
                "to_port": 5432
              }
            ],
            "name": "automode-cluster-litellm-db-sg",
            "name_prefix": "",
            "owner_id": "980921733825",
            "revoke_rules_on_delete": false,
            "tags": {
              "Name": "automode-cluster-litellm-db-sg"
            },
            "tags_all": {
              "Name": "automode-cluster-litellm-db-sg"
            },
            "timeouts": null,
            "vpc_id": "vpc-081e38e18af8095e0"
          },
          "sensitive_attributes": [],
          "identity_schema_version": 0,
          "private": "eyJlMmJmYjczMC1lY2FhLTExZTYtOGY4OC0zNDM2M2JjN2M0YzAiOnsiY3JlYXRlIjo2MDAwMDAwMDAwMDAsImRlbGV0ZSI6OTAwMDAwMDAwMDAwfSwic2NoZW1hX3ZlcnNpb24iOiIxIn0=",
          "dependencies": [
            "module.vpc.aws_vpc.this"
          ]
        }
      ]
    },
    {
      "mode": "managed",
      "type": "aws_security_group",
      "name": "rds",
      "provider": "provider[\"registry.terraform.io/hashicorp/aws\"]",
      "instances": [
        {
          "schema_version": 1,
          "attributes": {
            "arn": "arn:aws:ec2:ap-southeast-3:980921733825:security-group/sg-0456b6870682421f8",
            "description": "Security group for RDS PostgreSQL instance",
            "egress": [
              {
                "cidr_blocks": [
                  "0.0.0.0/0"
                ],
                "description": "",
                "from_port": 0,
                "ipv6_cidr_blocks": [],
                "prefix_list_ids": [],
                "protocol": "-1",
                "security_groups": [],
                "self": false,
                "to_port": 0
              }
            ],
            "id": "sg-0456b6870682421f8",
            "ingress": [
              {
                "cidr_blocks": [
                  "10.0.0.0/16"
                ],
                "description": "PostgreSQL from VPC",
                "from_port": 5432,
                "ipv6_cidr_blocks": [],
                "prefix_list_ids": [],
                "protocol": "tcp",
                "security_groups": [],
                "self": false,
                "to_port": 5432
              }
            ],
            "name": "automode-cluster-rds-sg",
            "name_prefix": "",
            "owner_id": "980921733825",
            "revoke_rules_on_delete": false,
            "tags": {
              "Name": "automode-cluster-rds-sg"
            },
            "tags_all": {
              "Name": "automode-cluster-rds-sg"
            },
            "timeouts": null,
            "vpc_id": "vpc-081e38e18af8095e0"
          },
          "sensitive_attributes": [],
          "identity_schema_version": 0,
          "private": "eyJlMmJmYjczMC1lY2FhLTExZTYtOGY4OC0zNDM2M2JjN2M0YzAiOnsiY3JlYXRlIjo2MDAwMDAwMDAwMDAsImRlbGV0ZSI6OTAwMDAwMDAwMDAwfSwic2NoZW1hX3ZlcnNpb24iOiIxIn0=",
          "dependencies": [
            "module.vpc.aws_vpc.this"
          ]
        }
      ]
    },
    {
      "mode": "managed",
      "type": "aws_security_group",
      "name": "vpc_endpoints",
      "provider": "provider[\"registry.terraform.io/hashicorp/aws\"]",
      "instances": [
        {
          "schema_version": 1,
          "attributes": {
            "arn": "arn:aws:ec2:ap-southeast-3:980921733825:security-group/sg-0835bdff6019c968b",
            "description": "Managed by Terraform",
            "egress": [
              {
                "cidr_blocks": [
                  "0.0.0.0/0"
                ],
                "description": "",
                "from_port": 0,
                "ipv6_cidr_blocks": [],
                "prefix_list_ids": [],
                "protocol": "-1",
                "security_groups": [],
                "self": false,
                "to_port": 0
              }
            ],
            "id": "sg-0835bdff6019c968b",
            "ingress": [
              {
                "cidr_blocks": [
                  "10.0.0.0/16"
                ],
                "description": "HTTPS from VPC",
                "from_port": 443,
                "ipv6_cidr_blocks": [],
                "prefix_list_ids": [],
                "protocol": "tcp",
                "security_groups": [],
                "self": false,
                "to_port": 443
              }
            ],
            "name": "automode-cluster-vpc-endpoints-20250620021827133500000038",
            "name_prefix": "automode-cluster-vpc-endpoints-",
            "owner_id": "980921733825",
            "revoke_rules_on_delete": false,
            "tags": {
              "Blueprint": "automode-cluster",
              "Name": "automode-cluster-vpc-endpoints-sg"
            },
            "tags_all": {
              "Blueprint": "automode-cluster",
              "Name": "automode-cluster-vpc-endpoints-sg"
            },
            "timeouts": null,
            "vpc_id": "vpc-081e38e18af8095e0"
          },
          "sensitive_attributes": [],
          "identity_schema_version": 0,
          "private": "eyJlMmJmYjczMC1lY2FhLTExZTYtOGY4OC0zNDM2M2JjN2M0YzAiOnsiY3JlYXRlIjo2MDAwMDAwMDAwMDAsImRlbGV0ZSI6OTAwMDAwMDAwMDAwfSwic2NoZW1hX3ZlcnNpb24iOiIxIn0=",
          "dependencies": [
            "module.vpc.aws_vpc.this"
          ]
        }
      ]
    },
    {
      "mode": "managed",
      "type": "aws_vpc_endpoint",
      "name": "ecr_api",
      "provider": "provider[\"registry.terraform.io/hashicorp/aws\"]",
      "instances": [
        {
          "schema_version": 0,
          "attributes": {
            "arn": "arn:aws:ec2:ap-southeast-3:980921733825:vpc-endpoint/vpce-08d37f4cecffbcc8e",
            "auto_accept": null,
            "cidr_blocks": [],
            "dns_entry": [
              {
                "dns_name": "vpce-08d37f4cecffbcc8e-4euufv5y.api.ecr.ap-southeast-3.vpce.amazonaws.com",
                "hosted_zone_id": "Z03881013RZ9BYYZO8N5W"
              },
              {
                "dns_name": "vpce-08d37f4cecffbcc8e-4euufv5y-ap-southeast-3a.api.ecr.ap-southeast-3.vpce.amazonaws.com",
                "hosted_zone_id": "Z03881013RZ9BYYZO8N5W"
              },
              {
                "dns_name": "vpce-08d37f4cecffbcc8e-4euufv5y-ap-southeast-3b.api.ecr.ap-southeast-3.vpce.amazonaws.com",
                "hosted_zone_id": "Z03881013RZ9BYYZO8N5W"
              },
              {
                "dns_name": "vpce-08d37f4cecffbcc8e-4euufv5y-ap-southeast-3c.api.ecr.ap-southeast-3.vpce.amazonaws.com",
                "hosted_zone_id": "Z03881013RZ9BYYZO8N5W"
              },
              {
                "dns_name": "api.ecr.ap-southeast-3.amazonaws.com",
                "hosted_zone_id": "Z07306958E626OU9HDEM"
              },
              {
                "dns_name": "ecr.ap-southeast-3.api.aws",
                "hosted_zone_id": "Z05799232GXANONGGZF6K"
              }
            ],
            "dns_options": [
              {
                "dns_record_ip_type": "ipv4",
                "private_dns_only_for_inbound_resolver_endpoint": false
              }
            ],
            "id": "vpce-08d37f4cecffbcc8e",
            "ip_address_type": "ipv4",
            "network_interface_ids": [
              "eni-010dc8d740dd40fa4",
              "eni-09115024f9bda3cd4",
              "eni-0cc1d36c29502dff8"
            ],
            "owner_id": "980921733825",
            "policy": "{\"Statement\":[{\"Action\":\"*\",\"Effect\":\"Allow\",\"Principal\":\"*\",\"Resource\":\"*\"}]}",
            "prefix_list_id": null,
            "private_dns_enabled": true,
            "requester_managed": false,
            "resource_configuration_arn": "",
            "route_table_ids": [],
            "security_group_ids": [
              "sg-0835bdff6019c968b"
            ],
            "service_name": "com.amazonaws.ap-southeast-3.ecr.api",
            "service_network_arn": "",
            "service_region": "ap-southeast-3",
            "state": "available",
            "subnet_configuration": [
              {
                "ipv4": "10.0.0.185",
                "ipv6": "",
                "subnet_id": "subnet-08472d0ba75ba92e1"
              },
              {
                "ipv4": "10.0.30.12",
                "ipv6": "",
                "subnet_id": "subnet-0aab9bafb5420a220"
              },
              {
                "ipv4": "10.0.41.96",
                "ipv6": "",
                "subnet_id": "subnet-01ce221a540155cbb"
              }
            ],
            "subnet_ids": [
              "subnet-01ce221a540155cbb",
              "subnet-08472d0ba75ba92e1",
              "subnet-0aab9bafb5420a220"
            ],
            "tags": {
              "Blueprint": "automode-cluster",
              "Name": "automode-cluster-ecr-api-vpc-endpoint",
              "Purpose": "ECR API access for image pulls"
            },
            "tags_all": {
              "Blueprint": "automode-cluster",
              "Name": "automode-cluster-ecr-api-vpc-endpoint",
              "Purpose": "ECR API access for image pulls"
            },
            "timeouts": null,
            "vpc_endpoint_type": "Interface",
            "vpc_id": "vpc-081e38e18af8095e0"
          },
          "sensitive_attributes": [],
          "identity_schema_version": 0,
          "private": "eyJlMmJmYjczMC1lY2FhLTExZTYtOGY4OC0zNDM2M2JjN2M0YzAiOnsiY3JlYXRlIjo2MDAwMDAwMDAwMDAsImRlbGV0ZSI6NjAwMDAwMDAwMDAwLCJ1cGRhdGUiOjYwMDAwMDAwMDAwMH19",
          "dependencies": [
            "aws_security_group.vpc_endpoints",
            "data.aws_availability_zones.available",
            "module.vpc.aws_subnet.private",
            "module.vpc.aws_vpc.this",
            "module.vpc.aws_vpc_ipv4_cidr_block_association.this"
          ]
        }
      ]
    },
    {
      "mode": "managed",
      "type": "aws_vpc_endpoint",
      "name": "ecr_dkr",
      "provider": "provider[\"registry.terraform.io/hashicorp/aws\"]",
      "instances": [
        {
          "schema_version": 0,
          "attributes": {
            "arn": "arn:aws:ec2:ap-southeast-3:980921733825:vpc-endpoint/vpce-01d23f4b9409a870e",
            "auto_accept": null,
            "cidr_blocks": [],
            "dns_entry": [
              {
                "dns_name": "vpce-01d23f4b9409a870e-1nsle0gc.dkr.ecr.ap-southeast-3.vpce.amazonaws.com",
                "hosted_zone_id": "Z03881013RZ9BYYZO8N5W"
              },
              {
                "dns_name": "vpce-01d23f4b9409a870e-1nsle0gc-ap-southeast-3a.dkr.ecr.ap-southeast-3.vpce.amazonaws.com",
                "hosted_zone_id": "Z03881013RZ9BYYZO8N5W"
              },
              {
                "dns_name": "vpce-01d23f4b9409a870e-1nsle0gc-ap-southeast-3c.dkr.ecr.ap-southeast-3.vpce.amazonaws.com",
                "hosted_zone_id": "Z03881013RZ9BYYZO8N5W"
              },
              {
                "dns_name": "vpce-01d23f4b9409a870e-1nsle0gc-ap-southeast-3b.dkr.ecr.ap-southeast-3.vpce.amazonaws.com",
                "hosted_zone_id": "Z03881013RZ9BYYZO8N5W"
              },
              {
                "dns_name": "dkr.ecr.ap-southeast-3.amazonaws.com",
                "hosted_zone_id": "Z0402225II1NMK46IB2B"
              },
              {
                "dns_name": "*.dkr.ecr.ap-southeast-3.amazonaws.com",
                "hosted_zone_id": "Z0402225II1NMK46IB2B"
              },
              {
                "dns_name": "dkr-ecr.ap-southeast-3.on.aws",
                "hosted_zone_id": "Z04094132XOF3411MNNIP"
              },
              {
                "dns_name": "*.dkr-ecr.ap-southeast-3.on.aws",
                "hosted_zone_id": "Z04094132XOF3411MNNIP"
              }
            ],
            "dns_options": [
              {
                "dns_record_ip_type": "ipv4",
                "private_dns_only_for_inbound_resolver_endpoint": false
              }
            ],
            "id": "vpce-01d23f4b9409a870e",
            "ip_address_type": "ipv4",
            "network_interface_ids": [
              "eni-01f946f05cfc58815",
              "eni-0c5a0ae3da07f578c",
              "eni-0f5f91be4fefc77fc"
            ],
            "owner_id": "980921733825",
            "policy": "{\"Statement\":[{\"Action\":\"*\",\"Effect\":\"Allow\",\"Principal\":\"*\",\"Resource\":\"*\"}]}",
            "prefix_list_id": null,
            "private_dns_enabled": true,
            "requester_managed": false,
            "resource_configuration_arn": "",
            "route_table_ids": [],
            "security_group_ids": [
              "sg-0835bdff6019c968b"
            ],
            "service_name": "com.amazonaws.ap-southeast-3.ecr.dkr",
            "service_network_arn": "",
            "service_region": "ap-southeast-3",
            "state": "available",
            "subnet_configuration": [
              {
                "ipv4": "10.0.29.189",
                "ipv6": "",
                "subnet_id": "subnet-0aab9bafb5420a220"
              },
              {
                "ipv4": "10.0.3.97",
                "ipv6": "",
                "subnet_id": "subnet-08472d0ba75ba92e1"
              },
              {
                "ipv4": "10.0.36.211",
                "ipv6": "",
                "subnet_id": "subnet-01ce221a540155cbb"
              }
            ],
            "subnet_ids": [
              "subnet-01ce221a540155cbb",
              "subnet-08472d0ba75ba92e1",
              "subnet-0aab9bafb5420a220"
            ],
            "tags": {
              "Blueprint": "automode-cluster",
              "Name": "automode-cluster-ecr-dkr-vpc-endpoint",
              "Purpose": "ECR Docker registry access for image pulls"
            },
            "tags_all": {
              "Blueprint": "automode-cluster",
              "Name": "automode-cluster-ecr-dkr-vpc-endpoint",
              "Purpose": "ECR Docker registry access for image pulls"
            },
            "timeouts": null,
            "vpc_endpoint_type": "Interface",
            "vpc_id": "vpc-081e38e18af8095e0"
          },
          "sensitive_attributes": [],
          "identity_schema_version": 0,
          "private": "eyJlMmJmYjczMC1lY2FhLTExZTYtOGY4OC0zNDM2M2JjN2M0YzAiOnsiY3JlYXRlIjo2MDAwMDAwMDAwMDAsImRlbGV0ZSI6NjAwMDAwMDAwMDAwLCJ1cGRhdGUiOjYwMDAwMDAwMDAwMH19",
          "dependencies": [
            "aws_security_group.vpc_endpoints",
            "data.aws_availability_zones.available",
            "module.vpc.aws_subnet.private",
            "module.vpc.aws_vpc.this",
            "module.vpc.aws_vpc_ipv4_cidr_block_association.this"
          ]
        }
      ]
    },
    {
      "mode": "managed",
      "type": "aws_vpc_endpoint",
      "name": "s3",
      "provider": "provider[\"registry.terraform.io/hashicorp/aws\"]",
      "instances": [
        {
          "schema_version": 0,
          "attributes": {
            "arn": "arn:aws:ec2:ap-southeast-3:980921733825:vpc-endpoint/vpce-0ef5cc978f0ceb989",
            "auto_accept": null,
            "cidr_blocks": [
              "3.5.36.0/22",
              "52.95.178.0/23",
              "52.95.177.0/24"
            ],
            "dns_entry": [],
            "dns_options": [],
            "id": "vpce-0ef5cc978f0ceb989",
            "ip_address_type": "",
            "network_interface_ids": [],
            "owner_id": "980921733825",
            "policy": "{\"Statement\":[{\"Action\":\"s3:*\",\"Condition\":{\"StringEquals\":{\"aws:sourceVpc\":\"vpc-081e38e18af8095e0\"}},\"Effect\":\"Allow\",\"Principal\":\"*\",\"Resource\":\"*\",\"Sid\":\"AllowVPCAccess\"}],\"Version\":\"2012-10-17\"}",
            "prefix_list_id": "pl-64a7420d",
            "private_dns_enabled": false,
            "requester_managed": false,
            "resource_configuration_arn": "",
            "route_table_ids": [
              "rtb-0211ba92a2a6d2836"
            ],
            "security_group_ids": [],
            "service_name": "com.amazonaws.ap-southeast-3.s3",
            "service_network_arn": "",
            "service_region": "ap-southeast-3",
            "state": "available",
            "subnet_configuration": [],
            "subnet_ids": [],
            "tags": {
              "Blueprint": "automode-cluster",
              "Name": "automode-cluster-s3-vpc-endpoint",
              "Purpose": "Secure S3 access for ECR and OpenWebUI"
            },
            "tags_all": {
              "Blueprint": "automode-cluster",
              "Name": "automode-cluster-s3-vpc-endpoint",
              "Purpose": "Secure S3 access for ECR and OpenWebUI"
            },
            "timeouts": null,
            "vpc_endpoint_type": "Gateway",
            "vpc_id": "vpc-081e38e18af8095e0"
          },
          "sensitive_attributes": [],
          "identity_schema_version": 0,
          "private": "eyJlMmJmYjczMC1lY2FhLTExZTYtOGY4OC0zNDM2M2JjN2M0YzAiOnsiY3JlYXRlIjo2MDAwMDAwMDAwMDAsImRlbGV0ZSI6NjAwMDAwMDAwMDAwLCJ1cGRhdGUiOjYwMDAwMDAwMDAwMH19",
          "dependencies": [
            "data.aws_availability_zones.available",
            "module.vpc.aws_route_table.private",
            "module.vpc.aws_vpc.this",
            "module.vpc.aws_vpc_ipv4_cidr_block_association.this"
          ]
        }
      ]
    },
    {
      "mode": "managed",
      "type": "helm_release",
      "name": "external_secrets",
      "provider": "provider[\"registry.terraform.io/hashicorp/helm\"]",
      "instances": [
        {
          "schema_version": 1,
          "attributes": {
            "atomic": false,
            "chart": "external-secrets",
            "cleanup_on_fail": false,
            "create_namespace": true,
            "dependency_update": false,
            "description": null,
            "devel": null,
            "disable_crd_hooks": false,
            "disable_openapi_validation": false,
            "disable_webhooks": false,
            "force_update": false,
            "id": "external-secrets",
            "keyring": null,
            "lint": false,
            "manifest": null,
            "max_history": 0,
            "metadata": [
              {
                "app_version": "v0.18.0",
                "chart": "external-secrets",
                "first_deployed": 1750386536,
                "last_deployed": 1750386536,
                "name": "external-secrets",
                "namespace": "external-secrets",
                "notes": "external-secrets has been deployed successfully in namespace external-secrets!\n\nIn order to begin using ExternalSecrets, you will need to set up a SecretStore\nor ClusterSecretStore resource (for example, by creating a 'vault' SecretStore).\n\nMore information on the different types of SecretStores and how to configure them\ncan be found in our Github: https://github.com/external-secrets/external-secrets\n",
                "revision": 1,
                "values": "{\"installCRDs\":true,\"serviceAccount\":{\"create\":true,\"name\":\"external-secrets-sa\"}}",
                "version": "0.18.0"
              }
            ],
            "name": "external-secrets",
            "namespace": "external-secrets",
            "pass_credentials": false,
            "postrender": [],
            "recreate_pods": false,
            "render_subchart_notes": true,
            "replace": false,
            "repository": "https://charts.external-secrets.io",
            "repository_ca_file": null,
            "repository_cert_file": null,
            "repository_key_file": null,
            "repository_password": null,
            "repository_username": null,
            "reset_values": false,
            "reuse_values": false,
            "set": [
              {
                "name": "installCRDs",
                "type": "",
                "value": "true"
              },
              {
                "name": "serviceAccount.create",
                "type": "",
                "value": "true"
              },
              {
                "name": "serviceAccount.name",
                "type": "",
                "value": "external-secrets-sa"
              }
            ],
            "set_list": [],
            "set_sensitive": [],
            "skip_crds": false,
            "status": "deployed",
            "timeout": 300,
            "upgrade_install": null,
            "values": null,
            "verify": false,
            "version": "0.18.0",
            "wait": true,
            "wait_for_jobs": false
          },
          "sensitive_attributes": [
            [
              {
                "type": "get_attr",
                "value": "repository_password"
              }
            ]
          ],
          "identity_schema_version": 0,
          "private": "eyJzY2hlbWFfdmVyc2lvbiI6IjEifQ==",
          "dependencies": [
            "data.aws_availability_zones.available",
            "module.eks.aws_cloudwatch_log_group.this",
            "module.eks.aws_eks_access_entry.this",
            "module.eks.aws_eks_access_policy_association.this",
            "module.eks.aws_eks_cluster.this",
            "module.eks.aws_iam_policy.cni_ipv6_policy",
            "module.eks.aws_iam_role.eks_auto",
            "module.eks.aws_iam_role.this",
            "module.eks.aws_iam_role_policy_attachment.this",
            "module.eks.aws_security_group.cluster",
            "module.eks.aws_security_group.node",
            "module.eks.aws_security_group_rule.cluster",
            "module.eks.aws_security_group_rule.node",
            "module.eks.data.aws_caller_identity.current",
            "module.eks.data.aws_iam_policy_document.assume_role_policy",
            "module.eks.data.aws_iam_policy_document.cni_ipv6_policy",
            "module.eks.data.aws_iam_policy_document.node_assume_role_policy",
            "module.eks.data.aws_iam_session_context.current",
            "module.eks.data.aws_partition.current",
            "module.eks.module.kms.aws_kms_external_key.this",
            "module.eks.module.kms.aws_kms_key.this",
            "module.eks.module.kms.aws_kms_replica_external_key.this",
            "module.eks.module.kms.aws_kms_replica_key.this",
            "module.eks.module.kms.data.aws_caller_identity.current",
            "module.eks.module.kms.data.aws_iam_policy_document.this",
            "module.eks.module.kms.data.aws_partition.current",
            "module.vpc.aws_subnet.private",
            "module.vpc.aws_vpc.this",
            "module.vpc.aws_vpc_ipv4_cidr_block_association.this"
          ]
        }
      ]
    },
    {
      "mode": "managed",
      "type": "local_file",
      "name": "setup_gpu",
      "provider": "provider[\"registry.terraform.io/hashicorp/local\"]",
      "instances": [
        {
          "schema_version": 0,
          "attributes": {
            "content": "---\napiVersion: eks.amazonaws.com/v1\nkind: NodeClass\nmetadata:\n  name: gpu-nodeclass\nspec:\n  role: automode-cluster-eks-auto-20250620021813445700000005\n  subnetSelectorTerms:\n    - tags:\n        karpenter.sh/discovery: \"automode-demo\"\n  securityGroupSelectorTerms:\n    - tags:\n        aws:eks:cluster-name: automode-cluster\n  tags:\n    karpenter.sh/discovery: \"automode-demo\"\n---\napiVersion: karpenter.sh/v1\nkind: NodePool\nmetadata:\n  name: gpu-nodepool\nspec:\n  template:\n    spec:\n      nodeClassRef:\n        group: eks.amazonaws.com\n        kind: NodeClass\n        name: gpu-nodeclass\n      requirements:\n        - key: \"eks.amazonaws.com/instance-family\"\n          operator: In\n          values: [\"g5\"]\n        - key: \"eks.amazonaws.com/instance-size\"\n          operator: In\n          values: [ \"2xlarge\", \"4xlarge\", \"8xlarge\", \"12xlarge\", \"24xlarge\", \"48xlarge\" ]\n        - key: \"karpenter.sh/capacity-type\"\n          operator: In\n          values: [\"spot\", \"on-demand\"]\n      taints:\n        - key: \"nvidia.com/gpu\"\n          value: \"true\"\n          effect: NoSchedule\n  limits:\n    cpu: 1000\n  disruption:\n    consolidationPolicy: WhenEmpty\n    consolidateAfter: 30s\n",
            "content_base64": null,
            "content_base64sha256": "xJ56bKPf21iW2/gO/xsGkH8BHWP+3J/SoRymEnaIQAo=",
            "content_base64sha512": "DcZQMfRwc8sLiMv1zWDZ74WLFCSSgXqt8Xt3OGMc1sB0DxW/9r+yKsK8zshLwhbL9vdfxuJYMap/UAxFS8uKgQ==",
            "content_md5": "0c835b14e2bd06c6634c635aadf767c0",
            "content_sha1": "2513e6cd2d67b9ce0ebf16f6595cf610a091436e",
            "content_sha256": "c49e7a6ca3dfdb5896dbf80eff1b06907f011d63fedc9fd2a11ca6127688400a",
            "content_sha512": "0dc65031f47073cb0b88cbf5cd60d9ef858b142492817aadf17b7738631cd6c0740f15bff6bfb22ac2bccec84bc216cbf6f75fc6e25831aa7f500c454bcb8a81",
            "directory_permission": "0777",
            "file_permission": "0777",
            "filename": "./../nodepools/gpu-nodepool.yaml",
            "id": "2513e6cd2d67b9ce0ebf16f6595cf610a091436e",
            "sensitive_content": null,
            "source": null
          },
          "sensitive_attributes": [
            [
              {
                "type": "get_attr",
                "value": "sensitive_content"
              }
            ]
          ],
          "identity_schema_version": 0,
          "dependencies": [
            "data.aws_availability_zones.available",
            "module.eks.aws_cloudwatch_log_group.this",
            "module.eks.aws_eks_access_entry.this",
            "module.eks.aws_eks_access_policy_association.this",
            "module.eks.aws_eks_cluster.this",
            "module.eks.aws_iam_policy.cni_ipv6_policy",
            "module.eks.aws_iam_role.eks_auto",
            "module.eks.aws_iam_role.this",
            "module.eks.aws_iam_role_policy_attachment.this",
            "module.eks.aws_security_group.cluster",
            "module.eks.aws_security_group.node",
            "module.eks.aws_security_group_rule.cluster",
            "module.eks.aws_security_group_rule.node",
            "module.eks.data.aws_caller_identity.current",
            "module.eks.data.aws_iam_policy_document.assume_role_policy",
            "module.eks.data.aws_iam_policy_document.cni_ipv6_policy",
            "module.eks.data.aws_iam_policy_document.node_assume_role_policy",
            "module.eks.data.aws_iam_session_context.current",
            "module.eks.data.aws_partition.current",
            "module.eks.module.kms.aws_kms_external_key.this",
            "module.eks.module.kms.aws_kms_key.this",
            "module.eks.module.kms.aws_kms_replica_external_key.this",
            "module.eks.module.kms.aws_kms_replica_key.this",
            "module.eks.module.kms.data.aws_caller_identity.current",
            "module.eks.module.kms.data.aws_iam_policy_document.this",
            "module.eks.module.kms.data.aws_partition.current",
            "module.vpc.aws_subnet.private",
            "module.vpc.aws_vpc.this",
            "module.vpc.aws_vpc_ipv4_cidr_block_association.this"
          ]
        }
      ]
    },
    {
      "mode": "managed",
      "type": "local_file",
      "name": "setup_graviton",
      "provider": "provider[\"registry.terraform.io/hashicorp/local\"]",
      "instances": [
        {
          "schema_version": 0,
          "attributes": {
            "content": "---\napiVersion: eks.amazonaws.com/v1\nkind: NodeClass\nmetadata:\n  name: graviton-nodeclass\nspec:\n  role: automode-cluster-eks-auto-20250620021813445700000005\n  subnetSelectorTerms:\n    - tags:\n        karpenter.sh/discovery: \"automode-demo\"\n  securityGroupSelectorTerms:\n    - tags:\n        aws:eks:cluster-name: automode-cluster\n  tags:\n    karpenter.sh/discovery: \"automode-demo\"\n---\napiVersion: karpenter.sh/v1\nkind: NodePool\nmetadata:\n  name: graviton-nodepool\nspec:\n  template:\n    spec:\n      nodeClassRef:\n        group: eks.amazonaws.com\n        kind: NodeClass\n        name: graviton-nodeclass\n      requirements:\n        - key: \"eks.amazonaws.com/instance-category\"\n          operator: In\n          values: [\"c\", \"m\", \"r\"]\n        - key: \"eks.amazonaws.com/instance-cpu\"\n          operator: In\n          values: [\"4\", \"8\", \"16\", \"32\"]\n        - key: \"kubernetes.io/arch\"\n          operator: In\n          values: [\"arm64\"]\n      taints:\n        - key: \"arm64\"\n          value: \"true\"\n          effect: \"NoSchedule\"\n  limits:\n    cpu: 1000\n  disruption:\n    consolidationPolicy: WhenEmpty\n    consolidateAfter: 30s\n",
            "content_base64": null,
            "content_base64sha256": "SRPl2DJ83k+DcemERVABbUTIydL2MUTijM+z4X/JR5M=",
            "content_base64sha512": "/DKlppE0g1yYKKf2IU9VEUvsMy0Ox0PbKG2iQQpukafCmr1uPLEc6jMXyn9cIBlrSHtIBu4tTfP4+B8n6z5m6g==",
            "content_md5": "cb9238ff0564911a3dbce7053a6c1fd2",
            "content_sha1": "facc39ea07a64eaaa9fa735427919a13a4a0c262",
            "content_sha256": "4913e5d8327cde4f8371e9844550016d44c8c9d2f63144e28ccfb3e17fc94793",
            "content_sha512": "fc32a5a69134835c9828a7f6214f55114bec332d0ec743db286da2410a6e91a7c29abd6e3cb11cea3317ca7f5c20196b487b4806ee2d4df3f8f81f27eb3e66ea",
            "directory_permission": "0777",
            "file_permission": "0777",
            "filename": "./../nodepools/graviton-nodepool.yaml",
            "id": "facc39ea07a64eaaa9fa735427919a13a4a0c262",
            "sensitive_content": null,
            "source": null
          },
          "sensitive_attributes": [
            [
              {
                "type": "get_attr",
                "value": "sensitive_content"
              }
            ]
          ],
          "identity_schema_version": 0,
          "dependencies": [
            "data.aws_availability_zones.available",
            "module.eks.aws_cloudwatch_log_group.this",
            "module.eks.aws_eks_access_entry.this",
            "module.eks.aws_eks_access_policy_association.this",
            "module.eks.aws_eks_cluster.this",
            "module.eks.aws_iam_policy.cni_ipv6_policy",
            "module.eks.aws_iam_role.eks_auto",
            "module.eks.aws_iam_role.this",
            "module.eks.aws_iam_role_policy_attachment.this",
            "module.eks.aws_security_group.cluster",
            "module.eks.aws_security_group.node",
            "module.eks.aws_security_group_rule.cluster",
            "module.eks.aws_security_group_rule.node",
            "module.eks.data.aws_caller_identity.current",
            "module.eks.data.aws_iam_policy_document.assume_role_policy",
            "module.eks.data.aws_iam_policy_document.cni_ipv6_policy",
            "module.eks.data.aws_iam_policy_document.node_assume_role_policy",
            "module.eks.data.aws_iam_session_context.current",
            "module.eks.data.aws_partition.current",
            "module.eks.module.kms.aws_kms_external_key.this",
            "module.eks.module.kms.aws_kms_key.this",
            "module.eks.module.kms.aws_kms_replica_external_key.this",
            "module.eks.module.kms.aws_kms_replica_key.this",
            "module.eks.module.kms.data.aws_caller_identity.current",
            "module.eks.module.kms.data.aws_iam_policy_document.this",
            "module.eks.module.kms.data.aws_partition.current",
            "module.vpc.aws_subnet.private",
            "module.vpc.aws_vpc.this",
            "module.vpc.aws_vpc_ipv4_cidr_block_association.this"
          ]
        }
      ]
    },
    {
      "mode": "managed",
      "type": "local_file",
      "name": "setup_litellm_configmap",
      "provider": "provider[\"registry.terraform.io/hashicorp/local\"]",
      "instances": [
        {
          "schema_version": 0,
          "attributes": {
            "content": "apiVersion: v1\nkind: ConfigMap\nmetadata:\n  name: litellm-config\n  namespace: litellm\ndata:\n  config.yaml: |\n    model_list:\n      # LiteLLM Model Configuration\n      # Add your models here. Each model needs a name and configuration.\n      # For Azure models, use environment variables for API keys (e.g., os.environ/AZURE_GPT_4O_API_KEY)\n\n      # Example: Local vLLM model (already running in the cluster)\n      #- model_name: deepseek\n      #  litellm_params:\n      #    model: openai/deepseek-ai/DeepSeek-R1-Distill-Qwen-32B\n      #    api_base: \"http://vllm-service.vllm-inference.svc.cluster.local:80/v1\"\n      #    api_key: os.environ/DUMMY_API_KEY\n      #    num_retries: 3\n\n      # Example: Azure OpenAI Models\n      # Uncomment and configure these after setting up your API keys\n\n       - model_name: gpt-4o\n         litellm_params:\n           model: azure/gpt-4o\n           api_base: https://openai-q2ifd2wgmoexo.openai.azure.com\n           api_version: \"2025-01-01-preview\"\n           api_key: os.environ/AZURE_GPT_4O_API_KEY\n\n       - model_name: gpt-4.1\n         litellm_params:\n           model: azure/gpt-4.1\n           api_base: https://openai-q2ifd2wgmoexo.openai.azure.com\n           api_version: \"2025-01-01-preview\"\n           api_key: os.environ/AZURE_GPT_41_API_KEY\n\n       - model_name: gpt-4o-mini\n         litellm_params:\n           model: azure/gpt-4o-mini\n           api_base: https://openai-q2ifd2wgmoexo.openai.azure.com\n           api_version: \"2025-01-01-preview\"\n           api_key: os.environ/AZURE_GPT_4O_MINI_API_KEY\n\n       - model_name: text-embedding-3-large\n         litellm_params:\n           model: azure/text-embedding-3-large\n           api_base: https://openai-q2ifd2wgmoexo.openai.azure.com\n           api_version: \"2023-05-15\"\n           api_key: os.environ/AZURE_TEXT_EMBEDDING_3_LARGE_API_KEY\n\n       - model_name: text-embedding-3-small\n         litellm_params:\n           model: azure/text-embedding-3-small\n           api_base: https://openai-q2ifd2wgmoexo.openai.azure.com\n           api_version: \"2023-05-15\"\n           api_key: os.environ/AZURE_TEXT_EMBEDDING_3_SMALL_API_KEY\n\n       - model_name: whisper\n         litellm_params:\n           model: azure/whisper\n           api_base: https://openai-q2ifd2wgmoexo.openai.azure.com\n           api_version: \"2024-06-01\"\n           api_key: os.environ/AZURE_WHISPER_API_KEY\n\n       - model_name: gpt-4o-mini-transcribe\n         litellm_params:\n           model: azure/gpt-4o-mini-transcribe\n           api_base: https://openai-q2ifd2wgmoexo.openai.azure.com\n           api_version: \"2025-03-01-preview\"\n           api_key: os.environ/AZURE_GPT_4O_MINI_TRANSCRIBE_API_KEY\n\n       - model_name: gpt-4o-transcribe\n         litellm_params:\n           model: azure/gpt-4o-transcribe\n           api_base: https://openai-q2ifd2wgmoexo.openai.azure.com\n           api_version: \"2025-03-01-preview\"\n           api_key: os.environ/AZURE_GPT_4O_TRANSCRIBE_API_KEY\n\n       - model_name: gpt-image-1\n         litellm_params:\n           model: azure/gpt-image-1\n           api_base: https://openai-itdd.openai.azure.com\n           api_version: \"2025-04-01-preview\"\n           api_key: os.environ/AZURE_GPT_IMAGE_1_API_KEY\n\n       - model_name: dall-e-3\n         litellm_params:\n           model: azure/dall-e-3\n           api_base: https://aulia-m3odnaiy-eastus.cognitiveservices.azure.com\n           api_version: \"2024-02-01\"\n           api_key: os.environ/AZURE_DALL_E_3_API_KEY\n\n      # Example: Azure AI Models\n\n       - model_name: Llama-3-2-90B-Vision-GAR\n         litellm_params:\n           model: azure_ai/Llama-3.2-90B-Vision-Instruct\n           api_base: https://Llama-3-2-90B-Vision-GAR.southcentralus.models.ai.azure.com\n           api_key: os.environ/AZURE_AI_LLAMA_3_2_90B_VISION_API_KEY\n\n       - model_name: DeepSeek-R1-GAR\n         litellm_params:\n           model: azure_ai/deepseek-r1\n           api_base: https://DeepSeek-R1-GAR.southcentralus.models.ai.azure.com\n           api_key: os.environ/AZURE_AI_DEEPSEEK_R1_API_KEY\n\n       - model_name: MAI-DS-R1\n         litellm_params:\n           model: azure_ai/MAI-DS-R1\n           api_base: https://MAI-DS-R1.southcentralus.models.ai.azure.com\n           api_key: os.environ/AZURE_AI_MAI_DS_R1_API_KEY\n\n       - model_name: DeepSeek-V3-0324-GAR\n         litellm_params:\n           model: azure_ai/deepseek-v3-0324\n           api_base: https://DeepSeek-V3-0324-GAR.southcentralus.models.ai.azure.com\n           api_key: os.environ/AZURE_AI_DEEPSEEK_V3_0324_API_KEY\n\n       - model_name: Phi-4-multimodal-instruct\n         litellm_params:\n           model: azure_ai/Phi-4-multimodal-instruct\n           api_base: https://Phi-4-multimodal-instruct.southcentralus.models.ai.azure.com\n           api_key: os.environ/AZURE_AI_PHI_4_MULTIMODAL_API_KEY\n           max_tokens: 4096\n           temperature: 0.1\n\n\n    litellm_settings:\n      cache: false\n\n    general_settings:\n      # master_key and database_url will be set via environment variables\n      disable_spend_logs: false\n      disable_usage_tracking: false\n      disable_telemetry: true\n      routing_strategy: \"simple-shuffle\"\n      num_retries: 3\n      allowed_origins: [\"*\"]\n",
            "content_base64": null,
            "content_base64sha256": "G63BTGhdfny8olIUYE2D5IwQfWJt/iZ0DSrM+EbCm5c=",
            "content_base64sha512": "oj/jMIL2j7nttHAGgj1/avTAHo5o7a1Y2HbNgAk6nd4qYqWejlzPwJbr92BLSy0YN89WzRfmFZRP4UDFsWV3vg==",
            "content_md5": "f80afa09ca5c5d17e33838ad6297bd87",
            "content_sha1": "fff7d98affd2d25bbbabb009df973065b6b008a2",
            "content_sha256": "1badc14c685d7e7cbca25214604d83e48c107d626dfe26740d2accf846c29b97",
            "content_sha512": "a23fe33082f68fb9edb47006823d7f6af4c01e8e68edad58d876cd80093a9dde2a62a59e8e5ccfc096ebf7604b4b2d1837cf56cd17e615944fe140c5b16577be",
            "directory_permission": "0777",
            "file_permission": "0777",
            "filename": "./../setup-litellm/configmap.yaml",
            "id": "fff7d98affd2d25bbbabb009df973065b6b008a2",
            "sensitive_content": null,
            "source": null
          },
          "sensitive_attributes": [
            [
              {
                "type": "get_attr",
                "value": "sensitive_content"
              }
            ]
          ],
          "identity_schema_version": 0
        }
      ]
    },
    {
      "mode": "managed",
      "type": "local_file",
      "name": "setup_litellm_secret",
      "provider": "provider[\"registry.terraform.io/hashicorp/local\"]",
      "instances": [
        {
          "schema_version": 0,
          "attributes": {
            "content": "apiVersion: external-secrets.io/v1\nkind: ExternalSecret\nmetadata:\n  name: litellm-db-credentials\n  namespace: litellm\nspec:\n  refreshInterval: \"15m\"\n  secretStoreRef:\n    name: aws-secretsmanager\n    kind: ClusterSecretStore\n  target:\n    name: litellm-db-credentials\n    creationPolicy: Owner\n  data:\n  - secretKey: url\n    remoteRef:\n      key: \"automode-cluster-litellm-db-connection-2025062002181553260000001e\"\n      property: connectionString\n\n---\napiVersion: external-secrets.io/v1\nkind: ExternalSecret\nmetadata:\n  name: litellm-master-salt\n  namespace: litellm\nspec:\n  refreshInterval: \"15m\"\n  secretStoreRef:\n    name: aws-secretsmanager\n    kind: ClusterSecretStore\n  target:\n    name: litellm-master-salt\n    creationPolicy: Owner\n  data:\n  - secretKey: LITELLM_MASTER_KEY\n    remoteRef:\n      key: \"automode-cluster-litellm-master-salt-20250620021813941000000014\"\n      property: LITELLM_MASTER_KEY\n  - secretKey: LITELLM_SALT_KEY\n    remoteRef:\n      key: \"automode-cluster-litellm-master-salt-20250620021813941000000014\"\n      property: LITELLM_SALT_KEY\n\n---\napiVersion: external-secrets.io/v1\nkind: ExternalSecret\nmetadata:\n  name: litellm-api-keys\n  namespace: litellm\nspec:\n  refreshInterval: \"15m\"\n  secretStoreRef:\n    name: aws-secretsmanager\n    kind: ClusterSecretStore\n  target:\n    name: litellm-api-keys\n    creationPolicy: Owner\n  # Use dataFrom to pull all key-value pairs from the secret\n  dataFrom:\n  - extract:\n      key: \"automode-cluster-litellm-api-keys-20250620021813448400000008\"\n",
            "content_base64": null,
            "content_base64sha256": "F3L5bEffM5ub1wxCG2r4PV3BfiC7bGbmb42yTE5y1Nw=",
            "content_base64sha512": "0dB3+zEzEQvuLrWVNu3I1sL3/NHt+83aicDX0rXjgL4K6VTlbIqyTY3bgMKwvKpFrmVXgmcg36G/5ZxfW1hlKg==",
            "content_md5": "ed70f0a66a23293328803ba59bd17a63",
            "content_sha1": "ec276fb5bb72bee73badb10da825fc5b01a80046",
            "content_sha256": "1772f96c47df339b9bd70c421b6af83d5dc17e20bb6c66e66f8db24c4e72d4dc",
            "content_sha512": "d1d077fb3133110bee2eb59536edc8d6c2f7fcd1edfbcdda89c0d7d2b5e380be0ae954e56c8ab24d8ddb80c2b0bcaa45ae6557826720dfa1bfe59c5f5b58652a",
            "directory_permission": "0777",
            "file_permission": "0777",
            "filename": "./../setup-litellm/secret.yaml",
            "id": "ec276fb5bb72bee73badb10da825fc5b01a80046",
            "sensitive_content": null,
            "source": null
          },
          "sensitive_attributes": [
            [
              {
                "type": "get_attr",
                "value": "sensitive_content"
              }
            ]
          ],
          "identity_schema_version": 0,
          "dependencies": [
            "aws_secretsmanager_secret.litellm_api_keys",
            "aws_secretsmanager_secret.litellm_db_connection_string",
            "aws_secretsmanager_secret.litellm_master_salt"
          ]
        }
      ]
    },
    {
      "mode": "managed",
      "type": "local_file",
      "name": "setup_neuron",
      "provider": "provider[\"registry.terraform.io/hashicorp/local\"]",
      "instances": [
        {
          "schema_version": 0,
          "attributes": {
            "content": "---\napiVersion: eks.amazonaws.com/v1\nkind: NodeClass\nmetadata:\n  name: neuron-nodeclass\nspec:\n  role: automode-cluster-eks-auto-20250620021813445700000005\n  subnetSelectorTerms:\n    - tags:\n        karpenter.sh/discovery: \"automode-demo\"\n  securityGroupSelectorTerms:\n    - tags:\n        aws:eks:cluster-name: automode-cluster\n  tags:\n    karpenter.sh/discovery: \"automode-demo\"\n---\napiVersion: karpenter.sh/v1\nkind: NodePool\nmetadata:\n  name: neuron-nodepool\nspec:\n  template:\n    spec:\n      nodeClassRef:\n        group: eks.amazonaws.com\n        kind: NodeClass\n        name: neuron-nodeclass\n      requirements:\n        - key: \"eks.amazonaws.com/instance-family\"\n          operator: In\n          values: [\"inf2\"]\n        - key: \"karpenter.sh/capacity-type\"\n          operator: In\n          values: [\"spot\", \"on-demand\"]\n      taints:\n        - key: \"aws.amazon.com/neuron\"\n          value: \"true\"\n          effect: NoSchedule\n  limits:\n    cpu: 1000\n  disruption:\n    consolidationPolicy: WhenEmpty\n    consolidateAfter: 30s\n",
            "content_base64": null,
            "content_base64sha256": "SXI9x5aLbqosySrDxfoQtWvfevewvpRcl2RgPtUSnX8=",
            "content_base64sha512": "EY5jR1ftBBLde7P09bxRrWZ9hEdYH8AkTzQp+YoNUTZRUGnSwslkwUmUWTXZUiUh2JBjO/vXGsV8EAAESxThuw==",
            "content_md5": "e7660e8b748da013d0ad101805ea3152",
            "content_sha1": "98675e0f5f0daca6cac2d30eb3d46571f26b4edd",
            "content_sha256": "49723dc7968b6eaa2cc92ac3c5fa10b56bdf7af7b0be945c9764603ed5129d7f",
            "content_sha512": "118e634757ed0412dd7bb3f4f5bc51ad667d8447581fc0244f3429f98a0d5136515069d2c2c964c149945935d9522521d890633bfbd71ac57c1000044b14e1bb",
            "directory_permission": "0777",
            "file_permission": "0777",
            "filename": "./../nodepools/neuron-nodepool.yaml",
            "id": "98675e0f5f0daca6cac2d30eb3d46571f26b4edd",
            "sensitive_content": null,
            "source": null
          },
          "sensitive_attributes": [
            [
              {
                "type": "get_attr",
                "value": "sensitive_content"
              }
            ]
          ],
          "identity_schema_version": 0,
          "dependencies": [
            "data.aws_availability_zones.available",
            "module.eks.aws_cloudwatch_log_group.this",
            "module.eks.aws_eks_access_entry.this",
            "module.eks.aws_eks_access_policy_association.this",
            "module.eks.aws_eks_cluster.this",
            "module.eks.aws_iam_policy.cni_ipv6_policy",
            "module.eks.aws_iam_role.eks_auto",
            "module.eks.aws_iam_role.this",
            "module.eks.aws_iam_role_policy_attachment.this",
            "module.eks.aws_security_group.cluster",
            "module.eks.aws_security_group.node",
            "module.eks.aws_security_group_rule.cluster",
            "module.eks.aws_security_group_rule.node",
            "module.eks.data.aws_caller_identity.current",
            "module.eks.data.aws_iam_policy_document.assume_role_policy",
            "module.eks.data.aws_iam_policy_document.cni_ipv6_policy",
            "module.eks.data.aws_iam_policy_document.node_assume_role_policy",
            "module.eks.data.aws_iam_session_context.current",
            "module.eks.data.aws_partition.current",
            "module.eks.module.kms.aws_kms_external_key.this",
            "module.eks.module.kms.aws_kms_key.this",
            "module.eks.module.kms.aws_kms_replica_external_key.this",
            "module.eks.module.kms.aws_kms_replica_key.this",
            "module.eks.module.kms.data.aws_caller_identity.current",
            "module.eks.module.kms.data.aws_iam_policy_document.this",
            "module.eks.module.kms.data.aws_partition.current",
            "module.vpc.aws_subnet.private",
            "module.vpc.aws_vpc.this",
            "module.vpc.aws_vpc_ipv4_cidr_block_association.this"
          ]
        }
      ]
    },
    {
      "mode": "managed",
      "type": "local_file",
      "name": "setup_shared_cluster_secret_store",
      "provider": "provider[\"registry.terraform.io/hashicorp/local\"]",
      "instances": [
        {
          "schema_version": 0,
          "attributes": {
            "content": "apiVersion: external-secrets.io/v1\nkind: ClusterSecretStore\nmetadata:\n  name: aws-secretsmanager\nspec:\n  provider:\n    aws:\n      service: SecretsManager\n      region: ap-southeast-3\n      # No auth section when using EKS Pod Identity\n",
            "content_base64": null,
            "content_base64sha256": "azRe+q/mMFnSNt1GnIGSz5Cr53l5XL9lAy0vn9cCO74=",
            "content_base64sha512": "y9HCiUFMGHhwZ3z79+jxhIr2U+0W7OtZav1JjRKmoBhSDLt5ulc72Qs2U+7FyOXSQqxB5fFHTlfiBbC+I9yvAQ==",
            "content_md5": "50d22969af68737c356069cc329bea86",
            "content_sha1": "edd9f61d68abd9418c4761bc8b62b4c1637cea29",
            "content_sha256": "6b345efaafe63059d236dd469c8192cf90abe779795cbf65032d2f9fd7023bbe",
            "content_sha512": "cbd1c289414c187870677cfbf7e8f1848af653ed16eceb596afd498d12a6a018520cbb79ba573bd90b3653eec5c8e5d242ac41e5f1474e57e205b0be23dcaf01",
            "directory_permission": "0777",
            "file_permission": "0777",
            "filename": "./../setup-openwebui/shared/cluster-secret-store.yaml",
            "id": "edd9f61d68abd9418c4761bc8b62b4c1637cea29",
            "sensitive_content": null,
            "source": null
          },
          "sensitive_attributes": [
            [
              {
                "type": "get_attr",
                "value": "sensitive_content"
              }
            ]
          ],
          "identity_schema_version": 0
        }
      ]
    },
    {
      "mode": "managed",
      "type": "local_file",
      "name": "setup_spot",
      "provider": "provider[\"registry.terraform.io/hashicorp/local\"]",
      "instances": [
        {
          "schema_version": 0,
          "attributes": {
            "content": "---\napiVersion: eks.amazonaws.com/v1\nkind: NodeClass\nmetadata:\n  name: spot-nodeclass\nspec:\n  role: automode-cluster-eks-auto-20250620021813445700000005\n  subnetSelectorTerms:\n    - tags:\n        karpenter.sh/discovery: \"automode-demo\"\n  securityGroupSelectorTerms:\n    - tags:\n        aws:eks:cluster-name: automode-cluster\n  tags:\n    karpenter.sh/discovery: \"automode-demo\"\n---\napiVersion: karpenter.sh/v1\nkind: NodePool\nmetadata:\n  name: spot-nodepool\nspec:\n  template:\n    spec:\n      nodeClassRef:\n        group: eks.amazonaws.com\n        kind: NodeClass\n        name: spot-nodeclass\n      requirements:\n        - key: \"eks.amazonaws.com/instance-category\"\n          operator: In\n          values: [\"c\", \"m\", \"r\"]\n        - key: \"eks.amazonaws.com/instance-cpu\"\n          operator: In\n          values: [\"4\", \"8\", \"16\", \"32\"]\n        - key: \"kubernetes.io/arch\"\n          operator: In\n          values: [\"arm64\"]\n        - key: \"karpenter.sh/capacity-type\"\n          operator: In\n          values: [\"spot\"]\n      taints:\n        - key: \"spot\"\n          value: \"true\"\n          effect: \"NoSchedule\"\n  limits:\n    cpu: 1000\n  disruption:\n    consolidationPolicy: WhenEmpty\n    consolidateAfter: 30s\n",
            "content_base64": null,
            "content_base64sha256": "B5UA5D/Jswqe651+BXI7R1s2uyJ68IyjfVnxu59BxJs=",
            "content_base64sha512": "IlKreftVFZzMFqZQbarIDh1JE4+BMSkz1BgX2PhT9fjsmTRBU8AcmEStBRnjzeq+Ic2pQ3IAcEvoaJsxkWHKFA==",
            "content_md5": "3ef746e7c7b799aeb71b2f0cc45e2a3c",
            "content_sha1": "24a42445024cf8abecf73e2642dc04dbd86539f5",
            "content_sha256": "079500e43fc9b30a9eeb9d7e05723b475b36bb227af08ca37d59f1bb9f41c49b",
            "content_sha512": "2252ab79fb55159ccc16a6506daac80e1d49138f81312933d41817d8f853f5f8ec99344153c01c9844ad0519e3cdeabe21cda9437200704be8689b319161ca14",
            "directory_permission": "0777",
            "file_permission": "0777",
            "filename": "./../nodepools/spot-nodepool.yaml",
            "id": "24a42445024cf8abecf73e2642dc04dbd86539f5",
            "sensitive_content": null,
            "source": null
          },
          "sensitive_attributes": [
            [
              {
                "type": "get_attr",
                "value": "sensitive_content"
              }
            ]
          ],
          "identity_schema_version": 0,
          "dependencies": [
            "data.aws_availability_zones.available",
            "module.eks.aws_cloudwatch_log_group.this",
            "module.eks.aws_eks_access_entry.this",
            "module.eks.aws_eks_access_policy_association.this",
            "module.eks.aws_eks_cluster.this",
            "module.eks.aws_iam_policy.cni_ipv6_policy",
            "module.eks.aws_iam_role.eks_auto",
            "module.eks.aws_iam_role.this",
            "module.eks.aws_iam_role_policy_attachment.this",
            "module.eks.aws_security_group.cluster",
            "module.eks.aws_security_group.node",
            "module.eks.aws_security_group_rule.cluster",
            "module.eks.aws_security_group_rule.node",
            "module.eks.data.aws_caller_identity.current",
            "module.eks.data.aws_iam_policy_document.assume_role_policy",
            "module.eks.data.aws_iam_policy_document.cni_ipv6_policy",
            "module.eks.data.aws_iam_policy_document.node_assume_role_policy",
            "module.eks.data.aws_iam_session_context.current",
            "module.eks.data.aws_partition.current",
            "module.eks.module.kms.aws_kms_external_key.this",
            "module.eks.module.kms.aws_kms_key.this",
            "module.eks.module.kms.aws_kms_replica_external_key.this",
            "module.eks.module.kms.aws_kms_replica_key.this",
            "module.eks.module.kms.data.aws_caller_identity.current",
            "module.eks.module.kms.data.aws_iam_policy_document.this",
            "module.eks.module.kms.data.aws_partition.current",
            "module.vpc.aws_subnet.private",
            "module.vpc.aws_vpc.this",
            "module.vpc.aws_vpc_ipv4_cidr_block_association.this"
          ]
        }
      ]
    },
    {
      "mode": "managed",
      "type": "local_file",
      "name": "setup_tenant_oauth_secret",
      "provider": "provider[\"registry.terraform.io/hashicorp/local\"]",
      "instances": [
        {
          "index_key": "hr",
          "schema_version": 0,
          "attributes": {
            "content": "# External Secret for OAuth Configuration\n# This fetches sensitive OAuth credentials from AWS Secrets Manager and creates a Kubernetes Secret\n\napiVersion: external-secrets.io/v1\nkind: ExternalSecret\nmetadata:\n  name: oauth-external-secret\n  namespace: hr-webui\nspec:\n  refreshInterval: \"15m\"\n  secretStoreRef:\n    name: aws-secretsmanager\n    kind: ClusterSecretStore\n  target:\n    name: openwebui-oauth-credentials\n    creationPolicy: Owner\n  data:\n  - secretKey: MICROSOFT_CLIENT_SECRET\n    remoteRef:\n      key: \"automode-cluster-oauth-20250620021813446200000006\"\n      property: MICROSOFT_CLIENT_SECRET\n  - secretKey: OAUTH_CLIENT_SECRET\n    remoteRef:\n      key: \"automode-cluster-oauth-20250620021813446200000006\"\n      property: OAUTH_CLIENT_SECRET\n  - secretKey: OPENID_PROVIDER_URL\n    remoteRef:\n      key: \"automode-cluster-oauth-20250620021813446200000006\"\n      property: OPENID_PROVIDER_URL\n",
            "content_base64": null,
            "content_base64sha256": "7Ynf07uxUTb9zDacGnRlOdPx1Y5Pyd+w2pmFSsBsNnI=",
            "content_base64sha512": "yE4kCmt1C3znaReomES6tFm9FrV797jRq9InEPjR/TnkP5AELVemETVz65faE+hdsZzIKeJIG+VtI/Ht8bFBVQ==",
            "content_md5": "da6bb175b8219405759237a45c70eac7",
            "content_sha1": "cc59d4c7d48aa1313de21ff3f91faed1df8b820b",
            "content_sha256": "ed89dfd3bbb15136fdcc369c1a746539d3f1d58e4fc9dfb0da99854ac06c3672",
            "content_sha512": "c84e240a6b750b7ce76917a89844bab459bd16b57bf7b8d1abd22710f8d1fd39e43f90042d57a6113573eb97da13e85db19cc829e2481be56d23f1edf1b14155",
            "directory_permission": "0777",
            "file_permission": "0777",
            "filename": "./../setup-openwebui/hr/oauth-secret.yaml",
            "id": "cc59d4c7d48aa1313de21ff3f91faed1df8b820b",
            "sensitive_content": null,
            "source": null
          },
          "sensitive_attributes": [
            [
              {
                "type": "get_attr",
                "value": "sensitive_content"
              }
            ]
          ],
          "identity_schema_version": 0,
          "dependencies": [
            "aws_secretsmanager_secret.oauth_credentials"
          ]
        },
        {
          "index_key": "legal",
          "schema_version": 0,
          "attributes": {
            "content": "# External Secret for OAuth Configuration\n# This fetches sensitive OAuth credentials from AWS Secrets Manager and creates a Kubernetes Secret\n\napiVersion: external-secrets.io/v1\nkind: ExternalSecret\nmetadata:\n  name: oauth-external-secret\n  namespace: legal-webui\nspec:\n  refreshInterval: \"15m\"\n  secretStoreRef:\n    name: aws-secretsmanager\n    kind: ClusterSecretStore\n  target:\n    name: openwebui-oauth-credentials\n    creationPolicy: Owner\n  data:\n  - secretKey: MICROSOFT_CLIENT_SECRET\n    remoteRef:\n      key: \"automode-cluster-oauth-20250620021813446200000006\"\n      property: MICROSOFT_CLIENT_SECRET\n  - secretKey: OAUTH_CLIENT_SECRET\n    remoteRef:\n      key: \"automode-cluster-oauth-20250620021813446200000006\"\n      property: OAUTH_CLIENT_SECRET\n  - secretKey: OPENID_PROVIDER_URL\n    remoteRef:\n      key: \"automode-cluster-oauth-20250620021813446200000006\"\n      property: OPENID_PROVIDER_URL\n",
            "content_base64": null,
            "content_base64sha256": "UclPpHThOybATMLmwiDwn7kNitcyBljj/72ei+NGZ80=",
            "content_base64sha512": "MGWWmhQSwjoQucLT/mpPLAfdynKcghri5ORDjB8jkms7Yy7oJn7NJyCWGKBO1vSruF58FPesu4xQ4kzaIVJiYw==",
            "content_md5": "ffbb24d0ca58dc60c30ee93026d7c565",
            "content_sha1": "f204b5761494266395de2efb4f993bd5b7c9d598",
            "content_sha256": "51c94fa474e13b26c04cc2e6c220f09fb90d8ad7320658e3ffbd9e8be34667cd",
            "content_sha512": "3065969a1412c23a10b9c2d3fe6a4f2c07ddca729c821ae2e4e4438c1f23926b3b632ee8267ecd27209618a04ed6f4abb85e7c14f7acbb8c50e24cda21526263",
            "directory_permission": "0777",
            "file_permission": "0777",
            "filename": "./../setup-openwebui/legal/oauth-secret.yaml",
            "id": "f204b5761494266395de2efb4f993bd5b7c9d598",
            "sensitive_content": null,
            "source": null
          },
          "sensitive_attributes": [
            [
              {
                "type": "get_attr",
                "value": "sensitive_content"
              }
            ]
          ],
          "identity_schema_version": 0,
          "dependencies": [
            "aws_secretsmanager_secret.oauth_credentials"
          ]
        },
        {
          "index_key": "us",
          "schema_version": 0,
          "attributes": {
            "content": "# External Secret for OAuth Configuration\n# This fetches sensitive OAuth credentials from AWS Secrets Manager and creates a Kubernetes Secret\n\napiVersion: external-secrets.io/v1\nkind: ExternalSecret\nmetadata:\n  name: oauth-external-secret\n  namespace: us-webui\nspec:\n  refreshInterval: \"15m\"\n  secretStoreRef:\n    name: aws-secretsmanager\n    kind: ClusterSecretStore\n  target:\n    name: openwebui-oauth-credentials\n    creationPolicy: Owner\n  data:\n  - secretKey: MICROSOFT_CLIENT_SECRET\n    remoteRef:\n      key: \"automode-cluster-oauth-20250620021813446200000006\"\n      property: MICROSOFT_CLIENT_SECRET\n  - secretKey: OAUTH_CLIENT_SECRET\n    remoteRef:\n      key: \"automode-cluster-oauth-20250620021813446200000006\"\n      property: OAUTH_CLIENT_SECRET\n  - secretKey: OPENID_PROVIDER_URL\n    remoteRef:\n      key: \"automode-cluster-oauth-20250620021813446200000006\"\n      property: OPENID_PROVIDER_URL\n",
            "content_base64": null,
            "content_base64sha256": "cBQI0VFz4VdYAJLCm1WYwhVIsVq5Cz9n6eSAc0tilMI=",
            "content_base64sha512": "ek6GS4G8A3J7QjHlxywSFOqlpwukG3lvlM51oN++uHE1TZpJjqNUK8q+lv2Bkgcm1c8W8tHQvbSFPLC7aSEN9A==",
            "content_md5": "9d8ccc3d6f7a42193c8466d8ff386d61",
            "content_sha1": "38e35ed84c0238af3d42125bb9c534be0ae84142",
            "content_sha256": "701408d15173e157580092c29b5598c21548b15ab90b3f67e9e480734b6294c2",
            "content_sha512": "7a4e864b81bc03727b4231e5c72c1214eaa5a70ba41b796f94ce75a0dfbeb871354d9a498ea3542bcabe96fd81920726d5cf16f2d1d0bdb4853cb0bb69210df4",
            "directory_permission": "0777",
            "file_permission": "0777",
            "filename": "./../setup-openwebui/us/oauth-secret.yaml",
            "id": "38e35ed84c0238af3d42125bb9c534be0ae84142",
            "sensitive_content": null,
            "source": null
          },
          "sensitive_attributes": [
            [
              {
                "type": "get_attr",
                "value": "sensitive_content"
              }
            ]
          ],
          "identity_schema_version": 0,
          "dependencies": [
            "aws_secretsmanager_secret.oauth_credentials"
          ]
        }
      ]
    },
    {
      "mode": "managed",
      "type": "local_file",
      "name": "setup_tenant_pgvector_job",
      "provider": "provider[\"registry.terraform.io/hashicorp/local\"]",
      "instances": [
        {
          "index_key": "hr",
          "schema_version": 0,
          "attributes": {
            "content": "apiVersion: batch/v1\nkind: Job\nmetadata:\n  name: pgvector-setup\n  namespace: hr-webui\nspec:\n  ttlSecondsAfterFinished: 100\n  template:\n    spec:\n      containers:\n      - name: pgvector-setup\n        image: postgres:15\n        env:\n        - name: DB_URL\n          valueFrom:\n            secretKeyRef:\n              name: openwebui-db-credentials\n              key: url\n        command:\n        - /bin/bash\n        - -c\n        - |\n          set -e  # Exit immediately if a command exits with a non-zero status\n          \n          echo \"=== [$(date)] STARTING PGVECTOR SETUP ===\"\n          echo \"Waiting for PostgreSQL to be ready...\"\n          sleep 10\n          \n          # Parse the connection string to get components\n          DB_HOST=$(echo $DB_URL | sed -n 's/.*@\\([^:]*\\).*/\\1/p')\n          DB_PORT=$(echo $DB_URL | sed -n 's/.*:\\([0-9]*\\)\\/.*/\\1/p')\n          DB_NAME=$(echo $DB_URL | sed -n 's/.*\\/\\([^?]*\\).*/\\1/p')\n          DB_USER=$(echo $DB_URL | sed -n 's/.*:\\/\\/\\([^:]*\\):.*/\\1/p')\n          DB_PASS=$(echo $DB_URL | sed -n 's/.*:\\/\\/[^:]*:\\([^@]*\\).*/\\1/p')\n          \n          echo \"=== [$(date)] CONNECTING TO POSTGRESQL ===\"\n          echo \"Host: $DB_HOST\"\n          echo \"Port: $DB_PORT\"\n          echo \"Database: $DB_NAME\"\n          \n          # Test connection to default postgres database first\n          if ! PGPASSWORD=\"$DB_PASS\" psql -h $DB_HOST -p $DB_PORT -U $DB_USER -d postgres -c \"SELECT 1\" \u003e /dev/null 2\u003e\u00261; then\n            echo \"=== [$(date)] ERROR: FAILED TO CONNECT TO POSTGRESQL ===\"\n            echo \"Please check that the RDS instance is running and accessible from the EKS cluster.\"\n            exit 1\n          fi\n          \n          echo \"=== [$(date)] CONNECTION TO POSTGRESQL SUCCESSFUL ===\"\n          \n          echo \"=== [$(date)] CREATING DATABASE IF NOT EXISTS ===\"\n          # Create the database if it doesn't exist\n          if PGPASSWORD=\"$DB_PASS\" psql -h $DB_HOST -p $DB_PORT -U $DB_USER -d postgres -c \"SELECT 1 FROM pg_database WHERE datname = '$DB_NAME'\" | grep -q 1; then\n            echo \"=== [$(date)] DATABASE $DB_NAME ALREADY EXISTS ===\"\n          else\n            echo \"=== [$(date)] CREATING DATABASE $DB_NAME ===\"\n            if PGPASSWORD=\"$DB_PASS\" psql -h $DB_HOST -p $DB_PORT -U $DB_USER -d postgres -c \"CREATE DATABASE \\\"$DB_NAME\\\";\"; then\n              echo \"=== [$(date)] DATABASE $DB_NAME CREATED SUCCESSFULLY ===\"\n            else\n              echo \"=== [$(date)] ERROR: FAILED TO CREATE DATABASE $DB_NAME ===\"\n              exit 1\n            fi\n          fi\n          \n          echo \"=== [$(date)] CONNECTING TO TARGET DATABASE ===\"\n          # Now test connection to the target database\n          if ! PGPASSWORD=\"$DB_PASS\" psql -h $DB_HOST -p $DB_PORT -U $DB_USER -d $DB_NAME -c \"SELECT 1\" \u003e /dev/null 2\u003e\u00261; then\n            echo \"=== [$(date)] ERROR: FAILED TO CONNECT TO TARGET DATABASE $DB_NAME ===\"\n            exit 1\n          fi\n          \n          echo \"=== [$(date)] CONNECTION TO TARGET DATABASE SUCCESSFUL ===\"\n          echo \"Creating pgvector extension...\"\n          \n          # Create the extension\n          if PGPASSWORD=\"$DB_PASS\" psql -h $DB_HOST -p $DB_PORT -U $DB_USER -d $DB_NAME -c \"CREATE EXTENSION IF NOT EXISTS vector;\"; then\n            echo \"=== [$(date)] PGVECTOR EXTENSION CREATED SUCCESSFULLY ===\"\n          else\n            echo \"=== [$(date)] ERROR: FAILED TO CREATE PGVECTOR EXTENSION ===\"\n            exit 1\n          fi\n          \n          # Verify the extension\n          echo \"=== [$(date)] VERIFYING PGVECTOR EXTENSION ===\"\n          if PGPASSWORD=\"$DB_PASS\" psql -h $DB_HOST -p $DB_PORT -U $DB_USER -d $DB_NAME -c \"SELECT extname, extversion FROM pg_extension WHERE extname = 'vector';\"; then\n            echo \"=== [$(date)] VERIFICATION SUCCESSFUL ===\"\n            echo \"=== [$(date)] PGVECTOR SETUP COMPLETED SUCCESSFULLY ===\"\n          else\n            echo \"=== [$(date)] ERROR: VERIFICATION FAILED ===\"\n            exit 1\n          fi\n      restartPolicy: Never\n  backoffLimit: 4\n",
            "content_base64": null,
            "content_base64sha256": "6e0YRyqrwHeruOHzCuZiCy0ZuDQfXVYVFRKBP+2fhXg=",
            "content_base64sha512": "w6XDyEh/NVNppLVuR92IabnpQzP9OwIO13jd2+NP1oABooKMNiw9rCwM26sNu2IMY/iDK4SnCRMaNQvygDypnw==",
            "content_md5": "4303a85662320a6022d18570e4b44d1c",
            "content_sha1": "7702d0652b3cf2825549ec93aba9fa57132bac32",
            "content_sha256": "e9ed18472aabc077abb8e1f30ae6620b2d19b8341f5d56151512813fed9f8578",
            "content_sha512": "c3a5c3c8487f355369a4b56e47dd8869b9e94333fd3b020ed778dddbe34fd68001a2828c362c3dac2c0cdbab0dbb620c63f8832b84a709131a350bf2803ca99f",
            "directory_permission": "0777",
            "file_permission": "0777",
            "filename": "./../setup-openwebui/hr/pgvector-job.yaml",
            "id": "7702d0652b3cf2825549ec93aba9fa57132bac32",
            "sensitive_content": null,
            "source": null
          },
          "sensitive_attributes": [
            [
              {
                "type": "get_attr",
                "value": "sensitive_content"
              }
            ]
          ],
          "identity_schema_version": 0
        },
        {
          "index_key": "legal",
          "schema_version": 0,
          "attributes": {
            "content": "apiVersion: batch/v1\nkind: Job\nmetadata:\n  name: pgvector-setup\n  namespace: legal-webui\nspec:\n  ttlSecondsAfterFinished: 100\n  template:\n    spec:\n      containers:\n      - name: pgvector-setup\n        image: postgres:15\n        env:\n        - name: DB_URL\n          valueFrom:\n            secretKeyRef:\n              name: openwebui-db-credentials\n              key: url\n        command:\n        - /bin/bash\n        - -c\n        - |\n          set -e  # Exit immediately if a command exits with a non-zero status\n          \n          echo \"=== [$(date)] STARTING PGVECTOR SETUP ===\"\n          echo \"Waiting for PostgreSQL to be ready...\"\n          sleep 10\n          \n          # Parse the connection string to get components\n          DB_HOST=$(echo $DB_URL | sed -n 's/.*@\\([^:]*\\).*/\\1/p')\n          DB_PORT=$(echo $DB_URL | sed -n 's/.*:\\([0-9]*\\)\\/.*/\\1/p')\n          DB_NAME=$(echo $DB_URL | sed -n 's/.*\\/\\([^?]*\\).*/\\1/p')\n          DB_USER=$(echo $DB_URL | sed -n 's/.*:\\/\\/\\([^:]*\\):.*/\\1/p')\n          DB_PASS=$(echo $DB_URL | sed -n 's/.*:\\/\\/[^:]*:\\([^@]*\\).*/\\1/p')\n          \n          echo \"=== [$(date)] CONNECTING TO POSTGRESQL ===\"\n          echo \"Host: $DB_HOST\"\n          echo \"Port: $DB_PORT\"\n          echo \"Database: $DB_NAME\"\n          \n          # Test connection to default postgres database first\n          if ! PGPASSWORD=\"$DB_PASS\" psql -h $DB_HOST -p $DB_PORT -U $DB_USER -d postgres -c \"SELECT 1\" \u003e /dev/null 2\u003e\u00261; then\n            echo \"=== [$(date)] ERROR: FAILED TO CONNECT TO POSTGRESQL ===\"\n            echo \"Please check that the RDS instance is running and accessible from the EKS cluster.\"\n            exit 1\n          fi\n          \n          echo \"=== [$(date)] CONNECTION TO POSTGRESQL SUCCESSFUL ===\"\n          \n          echo \"=== [$(date)] CREATING DATABASE IF NOT EXISTS ===\"\n          # Create the database if it doesn't exist\n          if PGPASSWORD=\"$DB_PASS\" psql -h $DB_HOST -p $DB_PORT -U $DB_USER -d postgres -c \"SELECT 1 FROM pg_database WHERE datname = '$DB_NAME'\" | grep -q 1; then\n            echo \"=== [$(date)] DATABASE $DB_NAME ALREADY EXISTS ===\"\n          else\n            echo \"=== [$(date)] CREATING DATABASE $DB_NAME ===\"\n            if PGPASSWORD=\"$DB_PASS\" psql -h $DB_HOST -p $DB_PORT -U $DB_USER -d postgres -c \"CREATE DATABASE \\\"$DB_NAME\\\";\"; then\n              echo \"=== [$(date)] DATABASE $DB_NAME CREATED SUCCESSFULLY ===\"\n            else\n              echo \"=== [$(date)] ERROR: FAILED TO CREATE DATABASE $DB_NAME ===\"\n              exit 1\n            fi\n          fi\n          \n          echo \"=== [$(date)] CONNECTING TO TARGET DATABASE ===\"\n          # Now test connection to the target database\n          if ! PGPASSWORD=\"$DB_PASS\" psql -h $DB_HOST -p $DB_PORT -U $DB_USER -d $DB_NAME -c \"SELECT 1\" \u003e /dev/null 2\u003e\u00261; then\n            echo \"=== [$(date)] ERROR: FAILED TO CONNECT TO TARGET DATABASE $DB_NAME ===\"\n            exit 1\n          fi\n          \n          echo \"=== [$(date)] CONNECTION TO TARGET DATABASE SUCCESSFUL ===\"\n          echo \"Creating pgvector extension...\"\n          \n          # Create the extension\n          if PGPASSWORD=\"$DB_PASS\" psql -h $DB_HOST -p $DB_PORT -U $DB_USER -d $DB_NAME -c \"CREATE EXTENSION IF NOT EXISTS vector;\"; then\n            echo \"=== [$(date)] PGVECTOR EXTENSION CREATED SUCCESSFULLY ===\"\n          else\n            echo \"=== [$(date)] ERROR: FAILED TO CREATE PGVECTOR EXTENSION ===\"\n            exit 1\n          fi\n          \n          # Verify the extension\n          echo \"=== [$(date)] VERIFYING PGVECTOR EXTENSION ===\"\n          if PGPASSWORD=\"$DB_PASS\" psql -h $DB_HOST -p $DB_PORT -U $DB_USER -d $DB_NAME -c \"SELECT extname, extversion FROM pg_extension WHERE extname = 'vector';\"; then\n            echo \"=== [$(date)] VERIFICATION SUCCESSFUL ===\"\n            echo \"=== [$(date)] PGVECTOR SETUP COMPLETED SUCCESSFULLY ===\"\n          else\n            echo \"=== [$(date)] ERROR: VERIFICATION FAILED ===\"\n            exit 1\n          fi\n      restartPolicy: Never\n  backoffLimit: 4\n",
            "content_base64": null,
            "content_base64sha256": "b2jlHgOCn/0loi079pf+AXqjlFU876rDoUuZs7pQOA8=",
            "content_base64sha512": "l7xkcU9ajotP0At2msZMy0oNstWuT1bHr3lC/Qi7awK/UgBj4IKp1TeJ89DDBrOhoTH2Xy8kjqzpiE7GL3Mx2Q==",
            "content_md5": "74672db122cfd621791aac821067a9e9",
            "content_sha1": "92c5ddac1c3b485a83a1b7e0324e1bc3f46e5c1d",
            "content_sha256": "6f68e51e03829ffd25a22d3bf697fe017aa394553cefaac3a14b99b3ba50380f",
            "content_sha512": "97bc64714f5a8e8b4fd00b769ac64ccb4a0db2d5ae4f56c7af7942fd08bb6b02bf520063e082a9d53789f3d0c306b3a1a131f65f2f248eace9884ec62f7331d9",
            "directory_permission": "0777",
            "file_permission": "0777",
            "filename": "./../setup-openwebui/legal/pgvector-job.yaml",
            "id": "92c5ddac1c3b485a83a1b7e0324e1bc3f46e5c1d",
            "sensitive_content": null,
            "source": null
          },
          "sensitive_attributes": [
            [
              {
                "type": "get_attr",
                "value": "sensitive_content"
              }
            ]
          ],
          "identity_schema_version": 0
        },
        {
          "index_key": "us",
          "schema_version": 0,
          "attributes": {
            "content": "apiVersion: batch/v1\nkind: Job\nmetadata:\n  name: pgvector-setup\n  namespace: us-webui\nspec:\n  ttlSecondsAfterFinished: 100\n  template:\n    spec:\n      containers:\n      - name: pgvector-setup\n        image: postgres:15\n        env:\n        - name: DB_URL\n          valueFrom:\n            secretKeyRef:\n              name: openwebui-db-credentials\n              key: url\n        command:\n        - /bin/bash\n        - -c\n        - |\n          set -e  # Exit immediately if a command exits with a non-zero status\n          \n          echo \"=== [$(date)] STARTING PGVECTOR SETUP ===\"\n          echo \"Waiting for PostgreSQL to be ready...\"\n          sleep 10\n          \n          # Parse the connection string to get components\n          DB_HOST=$(echo $DB_URL | sed -n 's/.*@\\([^:]*\\).*/\\1/p')\n          DB_PORT=$(echo $DB_URL | sed -n 's/.*:\\([0-9]*\\)\\/.*/\\1/p')\n          DB_NAME=$(echo $DB_URL | sed -n 's/.*\\/\\([^?]*\\).*/\\1/p')\n          DB_USER=$(echo $DB_URL | sed -n 's/.*:\\/\\/\\([^:]*\\):.*/\\1/p')\n          DB_PASS=$(echo $DB_URL | sed -n 's/.*:\\/\\/[^:]*:\\([^@]*\\).*/\\1/p')\n          \n          echo \"=== [$(date)] CONNECTING TO POSTGRESQL ===\"\n          echo \"Host: $DB_HOST\"\n          echo \"Port: $DB_PORT\"\n          echo \"Database: $DB_NAME\"\n          \n          # Test connection to default postgres database first\n          if ! PGPASSWORD=\"$DB_PASS\" psql -h $DB_HOST -p $DB_PORT -U $DB_USER -d postgres -c \"SELECT 1\" \u003e /dev/null 2\u003e\u00261; then\n            echo \"=== [$(date)] ERROR: FAILED TO CONNECT TO POSTGRESQL ===\"\n            echo \"Please check that the RDS instance is running and accessible from the EKS cluster.\"\n            exit 1\n          fi\n          \n          echo \"=== [$(date)] CONNECTION TO POSTGRESQL SUCCESSFUL ===\"\n          \n          echo \"=== [$(date)] CREATING DATABASE IF NOT EXISTS ===\"\n          # Create the database if it doesn't exist\n          if PGPASSWORD=\"$DB_PASS\" psql -h $DB_HOST -p $DB_PORT -U $DB_USER -d postgres -c \"SELECT 1 FROM pg_database WHERE datname = '$DB_NAME'\" | grep -q 1; then\n            echo \"=== [$(date)] DATABASE $DB_NAME ALREADY EXISTS ===\"\n          else\n            echo \"=== [$(date)] CREATING DATABASE $DB_NAME ===\"\n            if PGPASSWORD=\"$DB_PASS\" psql -h $DB_HOST -p $DB_PORT -U $DB_USER -d postgres -c \"CREATE DATABASE \\\"$DB_NAME\\\";\"; then\n              echo \"=== [$(date)] DATABASE $DB_NAME CREATED SUCCESSFULLY ===\"\n            else\n              echo \"=== [$(date)] ERROR: FAILED TO CREATE DATABASE $DB_NAME ===\"\n              exit 1\n            fi\n          fi\n          \n          echo \"=== [$(date)] CONNECTING TO TARGET DATABASE ===\"\n          # Now test connection to the target database\n          if ! PGPASSWORD=\"$DB_PASS\" psql -h $DB_HOST -p $DB_PORT -U $DB_USER -d $DB_NAME -c \"SELECT 1\" \u003e /dev/null 2\u003e\u00261; then\n            echo \"=== [$(date)] ERROR: FAILED TO CONNECT TO TARGET DATABASE $DB_NAME ===\"\n            exit 1\n          fi\n          \n          echo \"=== [$(date)] CONNECTION TO TARGET DATABASE SUCCESSFUL ===\"\n          echo \"Creating pgvector extension...\"\n          \n          # Create the extension\n          if PGPASSWORD=\"$DB_PASS\" psql -h $DB_HOST -p $DB_PORT -U $DB_USER -d $DB_NAME -c \"CREATE EXTENSION IF NOT EXISTS vector;\"; then\n            echo \"=== [$(date)] PGVECTOR EXTENSION CREATED SUCCESSFULLY ===\"\n          else\n            echo \"=== [$(date)] ERROR: FAILED TO CREATE PGVECTOR EXTENSION ===\"\n            exit 1\n          fi\n          \n          # Verify the extension\n          echo \"=== [$(date)] VERIFYING PGVECTOR EXTENSION ===\"\n          if PGPASSWORD=\"$DB_PASS\" psql -h $DB_HOST -p $DB_PORT -U $DB_USER -d $DB_NAME -c \"SELECT extname, extversion FROM pg_extension WHERE extname = 'vector';\"; then\n            echo \"=== [$(date)] VERIFICATION SUCCESSFUL ===\"\n            echo \"=== [$(date)] PGVECTOR SETUP COMPLETED SUCCESSFULLY ===\"\n          else\n            echo \"=== [$(date)] ERROR: VERIFICATION FAILED ===\"\n            exit 1\n          fi\n      restartPolicy: Never\n  backoffLimit: 4\n",
            "content_base64": null,
            "content_base64sha256": "umCwBHIbc+IYm9z0HzBTYgec39iYr08PGc8n+tBO4ug=",
            "content_base64sha512": "ix1u8TF3mMu5EvbrcLRaaXBPvMnBAhsCO3zEYxvv24C/k/lUSBHMjgto3nJ3s2pLEkArzWpdgTOKgf3wiBm3Qw==",
            "content_md5": "348f2b296f714332ee4a00c31464e5d9",
            "content_sha1": "cf0b75339eeea1e203e6744092bcce3a6cd1dcab",
            "content_sha256": "ba60b004721b73e2189bdcf41f305362079cdfd898af4f0f19cf27fad04ee2e8",
            "content_sha512": "8b1d6ef1317798cbb912f6eb70b45a69704fbcc9c1021b023b7cc4631befdb80bf93f9544811cc8e0b68de7277b36a4b12402bcd6a5d81338a81fdf08819b743",
            "directory_permission": "0777",
            "file_permission": "0777",
            "filename": "./../setup-openwebui/us/pgvector-job.yaml",
            "id": "cf0b75339eeea1e203e6744092bcce3a6cd1dcab",
            "sensitive_content": null,
            "source": null
          },
          "sensitive_attributes": [
            [
              {
                "type": "get_attr",
                "value": "sensitive_content"
              }
            ]
          ],
          "identity_schema_version": 0
        }
      ]
    },
    {
      "mode": "managed",
      "type": "local_file",
      "name": "setup_tenant_secret",
      "provider": "provider[\"registry.terraform.io/hashicorp/local\"]",
      "instances": [
        {
          "index_key": "hr",
          "schema_version": 0,
          "attributes": {
            "content": "apiVersion: external-secrets.io/v1\nkind: ExternalSecret\nmetadata:\n  name: postgres-external-secret\n  namespace: hr-webui\nspec:\n  refreshInterval: \"15m\"\n  secretStoreRef:\n    name: aws-secretsmanager\n    kind: ClusterSecretStore\n  target:\n    name: openwebui-db-credentials\n    creationPolicy: Owner\n  data:\n  - secretKey: url\n    remoteRef:\n      key: \"automode-cluster-db-connection-hr-20250620021814772200000018\"\n      property: connectionString\n",
            "content_base64": null,
            "content_base64sha256": "R+tQ9ojkxoU+VXnJ01gaMDIhmOfr0/qeFjwe+n5J+OI=",
            "content_base64sha512": "zZGCqN6eBoE7kBT3lM7kJWP3Ck5PZP6EpkzUwYp47WNFiTTPvWd9wqHBi2dI4p3u5Ez6wJq+hV2peverAynbqA==",
            "content_md5": "ae42012f2774e087d9eff07268ebb618",
            "content_sha1": "5361b67e2cde297ad2f83c896d4cf2225c9eaf5c",
            "content_sha256": "47eb50f688e4c6853e5579c9d3581a30322198e7ebd3fa9e163c1efa7e49f8e2",
            "content_sha512": "cd9182a8de9e06813b9014f794cee42563f70a4e4f64fe84a64cd4c18a78ed63458934cfbd677dc2a1c18b6748e29deee44cfac09abe855da97af7ab0329dba8",
            "directory_permission": "0777",
            "file_permission": "0777",
            "filename": "./../setup-openwebui/hr/secret.yaml",
            "id": "5361b67e2cde297ad2f83c896d4cf2225c9eaf5c",
            "sensitive_content": null,
            "source": null
          },
          "sensitive_attributes": [
            [
              {
                "type": "get_attr",
                "value": "sensitive_content"
              }
            ]
          ],
          "identity_schema_version": 0,
          "dependencies": [
            "aws_secretsmanager_secret.db_connection_string"
          ]
        },
        {
          "index_key": "legal",
          "schema_version": 0,
          "attributes": {
            "content": "apiVersion: external-secrets.io/v1\nkind: ExternalSecret\nmetadata:\n  name: postgres-external-secret\n  namespace: legal-webui\nspec:\n  refreshInterval: \"15m\"\n  secretStoreRef:\n    name: aws-secretsmanager\n    kind: ClusterSecretStore\n  target:\n    name: openwebui-db-credentials\n    creationPolicy: Owner\n  data:\n  - secretKey: url\n    remoteRef:\n      key: \"automode-cluster-db-connection-legal-20250620021814616700000016\"\n      property: connectionString\n",
            "content_base64": null,
            "content_base64sha256": "YLVWMUFhjy+S1qwil9c7wmuVEojKzzTXr5etaLpN6so=",
            "content_base64sha512": "+LV+yLS8Xzr78kBTop5R0MRq2njAM8XMns9JbSX9bEoAT2/+pZlLdWbElKuCNLQWSxdIR4Kpdv6ttYN+Df9ayg==",
            "content_md5": "75553b9c99e3dabe4eb5759cfc94fe99",
            "content_sha1": "366def1da7d061c0015d345a92c29e876de45d93",
            "content_sha256": "60b5563141618f2f92d6ac2297d73bc26b951288cacf34d7af97ad68ba4deaca",
            "content_sha512": "f8b57ec8b4bc5f3afbf24053a29e51d0c46ada78c033c5cc9ecf496d25fd6c4a004f6ffea5994b7566c494ab8234b4164b17484782a976feadb5837e0dff5aca",
            "directory_permission": "0777",
            "file_permission": "0777",
            "filename": "./../setup-openwebui/legal/secret.yaml",
            "id": "366def1da7d061c0015d345a92c29e876de45d93",
            "sensitive_content": null,
            "source": null
          },
          "sensitive_attributes": [
            [
              {
                "type": "get_attr",
                "value": "sensitive_content"
              }
            ]
          ],
          "identity_schema_version": 0,
          "dependencies": [
            "aws_secretsmanager_secret.db_connection_string"
          ]
        },
        {
          "index_key": "us",
          "schema_version": 0,
          "attributes": {
            "content": "apiVersion: external-secrets.io/v1\nkind: ExternalSecret\nmetadata:\n  name: postgres-external-secret\n  namespace: us-webui\nspec:\n  refreshInterval: \"15m\"\n  secretStoreRef:\n    name: aws-secretsmanager\n    kind: ClusterSecretStore\n  target:\n    name: openwebui-db-credentials\n    creationPolicy: Owner\n  data:\n  - secretKey: url\n    remoteRef:\n      key: \"automode-cluster-db-connection-us-2025062002181493040000001a\"\n      property: connectionString\n",
            "content_base64": null,
            "content_base64sha256": "oKR+wIwa25K+o4Zcx2yUH3ieqoyGeI0J6vrvIJseuIk=",
            "content_base64sha512": "sxeduql5adTEC1Z+Yi6rT5SjYGTkqRrk2bH0tGM6IFSpLr922Ar8GVb2F1PuAxFgDJipq/UKNEa/GKXZpAEC5A==",
            "content_md5": "1d44c3cd932e43a6ea39fb3a9d57cc46",
            "content_sha1": "88c40584bc6905d88d89189a7d3fd341bd4fe92f",
            "content_sha256": "a0a47ec08c1adb92bea3865cc76c941f789eaa8c86788d09eafaef209b1eb889",
            "content_sha512": "b3179dbaa97969d4c40b567e622eab4f94a36064e4a91ae4d9b1f4b4633a2054a92ebf76d80afc1956f61753ee0311600c98a9abf50a3446bf18a5d9a40102e4",
            "directory_permission": "0777",
            "file_permission": "0777",
            "filename": "./../setup-openwebui/us/secret.yaml",
            "id": "88c40584bc6905d88d89189a7d3fd341bd4fe92f",
            "sensitive_content": null,
            "source": null
          },
          "sensitive_attributes": [
            [
              {
                "type": "get_attr",
                "value": "sensitive_content"
              }
            ]
          ],
          "identity_schema_version": 0,
          "dependencies": [
            "aws_secretsmanager_secret.db_connection_string"
          ]
        }
      ]
    },
    {
      "mode": "managed",
      "type": "local_file",
      "name": "setup_tenant_values",
      "provider": "provider[\"registry.terraform.io/hashicorp/local\"]",
      "instances": [
        {
          "index_key": "hr",
          "schema_version": 0,
          "attributes": {
            "content": "# Open WebUI Helm Chart Values - GAR GPT Custom Image v0.1.0\n\n# Use custom GAR GPT branded image with minimal approach (database compatible)\nimage:\n  repository: 980921733825.dkr.ecr.ap-southeast-3.amazonaws.com/openwebui/custom-build\n  tag: v0.1.0\n  pullPolicy: IfNotPresent\n\n# Configure persistence to use S3\npersistence:\n  enabled: true\n  provider: \"s3\"\n  s3:\n    bucket: \"automode-cluster-webui-docs-hr-2025062002181375950000000d\"\n    region: \"ap-southeast-3\"\n    endpointUrl: \"https://s3.ap-southeast-3.amazonaws.com\"\n\n# Configure service account for Pod Identity\nserviceAccount:\n  enable: true\n  name: \"open-webui-pia\"  # Must match the service_account in the Pod Identity association\n\n# Configure environment variables\nextraEnvVars:\n  # Database configuration for PostgreSQL with pg_vector\n  - name: \"DATABASE_URL\"\n    valueFrom:\n      secretKeyRef:\n        name: \"openwebui-db-credentials\"\n        key: \"url\"\n  - name: \"VECTOR_DB\"\n    value: \"pgvector\"\n  \n  # OAuth configuration from ConfigMap (non-sensitive)\n  - name: \"ENABLE_OAUTH_SIGNUP\"\n    valueFrom:\n      configMapKeyRef:\n        name: \"openwebui-oauth-config\"\n        key: \"ENABLE_OAUTH_SIGNUP\"\n  - name: \"OAUTH_MERGE_ACCOUNTS_BY_EMAIL\"\n    valueFrom:\n      configMapKeyRef:\n        name: \"openwebui-oauth-config\"\n        key: \"OAUTH_MERGE_ACCOUNTS_BY_EMAIL\"\n  - name: \"OAUTH_UPDATE_PICTURE_ON_LOGIN\"\n    valueFrom:\n      configMapKeyRef:\n        name: \"openwebui-oauth-config\"\n        key: \"OAUTH_UPDATE_PICTURE_ON_LOGIN\"\n  - name: \"OAUTH_PROVIDER_NAME\"\n    valueFrom:\n      configMapKeyRef:\n        name: \"openwebui-oauth-config\"\n        key: \"OAUTH_PROVIDER_NAME\"\n  - name: \"OAUTH_SCOPES\"\n    valueFrom:\n      configMapKeyRef:\n        name: \"openwebui-oauth-config\"\n        key: \"OAUTH_SCOPES\"\n  - name: \"OAUTH_CLIENT_ID\"\n    valueFrom:\n      configMapKeyRef:\n        name: \"openwebui-oauth-config\"\n        key: \"OAUTH_CLIENT_ID\"\n  - name: \"MICROSOFT_CLIENT_ID\"\n    valueFrom:\n      configMapKeyRef:\n        name: \"openwebui-oauth-config\"\n        key: \"MICROSOFT_CLIENT_ID\"\n  - name: \"MICROSOFT_CLIENT_TENANT_ID\"\n    valueFrom:\n      configMapKeyRef:\n        name: \"openwebui-oauth-config\"\n        key: \"MICROSOFT_CLIENT_TENANT_ID\"\n  \n  # OAuth configuration from Secrets Manager (sensitive)\n  - name: \"MICROSOFT_CLIENT_SECRET\"\n    valueFrom:\n      secretKeyRef:\n        name: \"openwebui-oauth-credentials\"\n        key: \"MICROSOFT_CLIENT_SECRET\"\n  - name: \"OAUTH_CLIENT_SECRET\"\n    valueFrom:\n      secretKeyRef:\n        name: \"openwebui-oauth-credentials\"\n        key: \"OAUTH_CLIENT_SECRET\"\n  - name: \"OPENID_PROVIDER_URL\"\n    valueFrom:\n      secretKeyRef:\n        name: \"openwebui-oauth-credentials\"\n        key: \"OPENID_PROVIDER_URL\"\n  \n  # Apache Tika configuration for document processing\n  - name: \"TIKA_SERVER_URL\"\n    value: \"http://tika.vllm-inference.svc.cluster.local:9998\"\n  \n  # SearXNG Web Search Configuration (Step 5 integration)\n  - name: \"ENABLE_RAG_WEB_SEARCH\"\n    value: \"True\"\n  - name: \"RAG_WEB_SEARCH_ENGINE\"\n    value: \"searxng\"\n  - name: \"RAG_WEB_SEARCH_RESULT_COUNT\"\n    value: \"5\"\n  - name: \"RAG_WEB_SEARCH_CONCURRENT_REQUESTS\"\n    value: \"10\"\n  - name: \"SEARXNG_QUERY_URL\"\n    value: \"http://searxng.vllm-inference.svc.cluster.local:8080/search?q=\u003cquery\u003e\u0026format=json\"\n  \n\nopenaiBaseApiUrls: [\"http://vllm-service.vllm-inference.svc.cluster.local/v1\"]\n\n# Branding assets are now embedded in the custom image v0.0.2\n# No ConfigMap volume mounts needed\n# extraVolumes: []\n# extraVolumeMounts: []\n\n# Configure resource limits to prevent OOM issues\n# HR has additional SearXNG features requiring more resources\nresources:\n  requests:\n    cpu: \"750m\"\n    memory: \"1.5Gi\"\n  limits:\n    cpu: \"2000m\"\n    memory: \"3Gi\"\n\n# Disable the embedded Ollama chart\nollama:\n  enabled: false\n\n# Disable Pipelines persistence to avoid PVC Multi-Attach errors\npipelines:\n  persistence:\n    enabled: false\n  resources:\n    requests:\n      cpu: \"200m\"\n      memory: \"128Mi\"\n    limits:\n      cpu: \"500m\"\n      memory: \"256Mi\"\n",
            "content_base64": null,
            "content_base64sha256": "hpn5IR2WgJ9Eq5Mfj5KrWV8QxwV/Fbg8lU27zGgBjCc=",
            "content_base64sha512": "60zC807MeGnUA7Z38i9GPAtsRZDp/e6yyoVeRSF3jIl1M5ZU9xXLASsKxYeCLoX/j+X7+iuzj+Ne4qFJnWwAag==",
            "content_md5": "a575adf08c177ba510de485b99cafb0f",
            "content_sha1": "b71ebf69944e8facff78ffac6525ac9aecee9e1c",
            "content_sha256": "8699f9211d96809f44ab931f8f92ab595f10c7057f15b83c954dbbcc68018c27",
            "content_sha512": "eb4cc2f34ecc7869d403b677f22f463c0b6c4590e9fdeeb2ca855e4521778c8975339654f715cb012b0ac587822e85ff8fe5fbfa2bb38fe35ee2a1499d6c006a",
            "directory_permission": "0777",
            "file_permission": "0777",
            "filename": "./../setup-openwebui/hr/values.yaml",
            "id": "b71ebf69944e8facff78ffac6525ac9aecee9e1c",
            "sensitive_content": null,
            "source": null
          },
          "sensitive_attributes": [
            [
              {
                "type": "get_attr",
                "value": "sensitive_content"
              }
            ]
          ],
          "identity_schema_version": 0,
          "dependencies": [
            "aws_db_instance.postgres",
            "aws_db_parameter_group.postgres_vector",
            "aws_db_subnet_group.rds",
            "aws_iam_role.rds_enhanced_monitoring",
            "aws_s3_bucket.openwebui_docs",
            "aws_security_group.rds",
            "data.aws_availability_zones.available",
            "module.vpc.aws_subnet.private",
            "module.vpc.aws_vpc.this",
            "module.vpc.aws_vpc_ipv4_cidr_block_association.this",
            "random_password.postgres"
          ]
        },
        {
          "index_key": "legal",
          "schema_version": 0,
          "attributes": {
            "content": "# Open WebUI Helm Chart Values - GAR GPT Custom Image v0.1.0\n\n# Use custom GAR GPT branded image with minimal approach (database compatible)\nimage:\n  repository: 980921733825.dkr.ecr.ap-southeast-3.amazonaws.com/openwebui/custom-build\n  tag: v0.1.0\n  pullPolicy: IfNotPresent\n\n# Configure persistence to use S3\npersistence:\n  enabled: true\n  provider: \"s3\"\n  s3:\n    bucket: \"automode-cluster-webui-docs-legal-2025062002181345790000000c\"\n    region: \"ap-southeast-3\"\n    endpointUrl: \"https://s3.ap-southeast-3.amazonaws.com\"\n\n# Configure service account for Pod Identity\nserviceAccount:\n  enable: true\n  name: \"open-webui-pia\"  # Must match the service_account in the Pod Identity association\n\n# Configure environment variables\nextraEnvVars:\n  # Database configuration for PostgreSQL with pg_vector\n  - name: \"DATABASE_URL\"\n    valueFrom:\n      secretKeyRef:\n        name: \"openwebui-db-credentials\"\n        key: \"url\"\n  - name: \"VECTOR_DB\"\n    value: \"pgvector\"\n  \n  # OAuth configuration from ConfigMap (non-sensitive)\n  - name: \"ENABLE_OAUTH_SIGNUP\"\n    valueFrom:\n      configMapKeyRef:\n        name: \"openwebui-oauth-config\"\n        key: \"ENABLE_OAUTH_SIGNUP\"\n  - name: \"OAUTH_PROVIDER_NAME\"\n    valueFrom:\n      configMapKeyRef:\n        name: \"openwebui-oauth-config\"\n        key: \"OAUTH_PROVIDER_NAME\"\n  - name: \"OAUTH_SCOPES\"\n    valueFrom:\n      configMapKeyRef:\n        name: \"openwebui-oauth-config\"\n        key: \"OAUTH_SCOPES\"\n  - name: \"OAUTH_CLIENT_ID\"\n    valueFrom:\n      configMapKeyRef:\n        name: \"openwebui-oauth-config\"\n        key: \"OAUTH_CLIENT_ID\"\n  - name: \"MICROSOFT_CLIENT_ID\"\n    valueFrom:\n      configMapKeyRef:\n        name: \"openwebui-oauth-config\"\n        key: \"MICROSOFT_CLIENT_ID\"\n  - name: \"MICROSOFT_CLIENT_TENANT_ID\"\n    valueFrom:\n      configMapKeyRef:\n        name: \"openwebui-oauth-config\"\n        key: \"MICROSOFT_CLIENT_TENANT_ID\"\n  \n  # OAuth configuration from Secrets Manager (sensitive)\n  - name: \"MICROSOFT_CLIENT_SECRET\"\n    valueFrom:\n      secretKeyRef:\n        name: \"openwebui-oauth-credentials\"\n        key: \"MICROSOFT_CLIENT_SECRET\"\n  - name: \"OAUTH_CLIENT_SECRET\"\n    valueFrom:\n      secretKeyRef:\n        name: \"openwebui-oauth-credentials\"\n        key: \"OAUTH_CLIENT_SECRET\"\n  - name: \"OPENID_PROVIDER_URL\"\n    valueFrom:\n      secretKeyRef:\n        name: \"openwebui-oauth-credentials\"\n        key: \"OPENID_PROVIDER_URL\"\n  \n  # Apache Tika configuration for document processing\n  - name: \"TIKA_SERVER_URL\"\n    value: \"http://tika.vllm-inference.svc.cluster.local:9998\"\n  \n\nopenaiBaseApiUrls: [\"http://vllm-service.vllm-inference.svc.cluster.local/v1\"]\n\n# Branding assets are now embedded in the custom image v0.0.2\n# No ConfigMap volume mounts needed\n# extraVolumes: []\n# extraVolumeMounts: []\n\n# Configure resource limits to prevent OOM issues\nresources:\n  requests:\n    cpu: \"500m\"\n    memory: \"1Gi\"\n  limits:\n    cpu: \"1500m\"\n    memory: \"2Gi\"\n\n# Disable the embedded Ollama chart\nollama:\n  enabled: false\n\n# Disable Pipelines persistence to avoid PVC Multi-Attach errors\npipelines:\n  persistence:\n    enabled: false\n  resources:\n    requests:\n      cpu: \"200m\"\n      memory: \"128Mi\"\n    limits:\n      cpu: \"500m\"\n      memory: \"256Mi\"\n",
            "content_base64": null,
            "content_base64sha256": "3cdq9T15lUkSI75NDj5JhzOzZ7mgi2Yep2qOpUXZyNk=",
            "content_base64sha512": "2zr46H9rDjP01B6G4XRSqDKW4KQZv0RGYwJr4SjyMAc7WL1I5Vm1DVJfyqmtCM3zL0hEjFQAnUkWzBZrlUilxw==",
            "content_md5": "bbfc9bb593b0f0e5b3800c0b6813a42e",
            "content_sha1": "edef4b284bbdb68e0813e20f2c52e68d4ae38b98",
            "content_sha256": "ddc76af53d7995491223be4d0e3e498733b367b9a08b661ea76a8ea545d9c8d9",
            "content_sha512": "db3af8e87f6b0e33f4d41e86e17452a83296e0a419bf444663026be128f230073b58bd48e559b50d525fcaa9ad08cdf32f48448c54009d4916cc166b9548a5c7",
            "directory_permission": "0777",
            "file_permission": "0777",
            "filename": "./../setup-openwebui/legal/values.yaml",
            "id": "edef4b284bbdb68e0813e20f2c52e68d4ae38b98",
            "sensitive_content": null,
            "source": null
          },
          "sensitive_attributes": [
            [
              {
                "type": "get_attr",
                "value": "sensitive_content"
              }
            ]
          ],
          "identity_schema_version": 0,
          "dependencies": [
            "aws_db_instance.postgres",
            "aws_db_parameter_group.postgres_vector",
            "aws_db_subnet_group.rds",
            "aws_iam_role.rds_enhanced_monitoring",
            "aws_s3_bucket.openwebui_docs",
            "aws_security_group.rds",
            "data.aws_availability_zones.available",
            "module.vpc.aws_subnet.private",
            "module.vpc.aws_vpc.this",
            "module.vpc.aws_vpc_ipv4_cidr_block_association.this",
            "random_password.postgres"
          ]
        },
        {
          "index_key": "us",
          "schema_version": 0,
          "attributes": {
            "content": "# Open WebUI Helm Chart Values - GAR GPT Custom Image v0.1.0\n\n# Use custom GAR GPT branded image with minimal approach (database compatible)\nimage:\n  repository: 980921733825.dkr.ecr.ap-southeast-3.amazonaws.com/openwebui/custom-build\n  tag: v0.1.0\n  pullPolicy: IfNotPresent\n\n# Configure persistence to use S3\npersistence:\n  enabled: true\n  provider: \"s3\"\n  s3:\n    bucket: \"automode-cluster-webui-docs-us-2025062002181345330000000b\"\n    region: \"ap-southeast-3\"\n    endpointUrl: \"https://s3.ap-southeast-3.amazonaws.com\"\n\n# Configure service account for Pod Identity\nserviceAccount:\n  enable: true\n  name: \"open-webui-pia\"  # Must match the service_account in the Pod Identity association\n\n# Configure environment variables\nextraEnvVars:\n  # Database configuration for PostgreSQL with pg_vector\n  - name: \"DATABASE_URL\"\n    valueFrom:\n      secretKeyRef:\n        name: \"openwebui-db-credentials\"\n        key: \"url\"\n  - name: \"VECTOR_DB\"\n    value: \"pgvector\"\n  \n  # OAuth configuration from ConfigMap (non-sensitive)\n  - name: \"ENABLE_OAUTH_SIGNUP\"\n    valueFrom:\n      configMapKeyRef:\n        name: \"openwebui-oauth-config\"\n        key: \"ENABLE_OAUTH_SIGNUP\"\n  - name: \"OAUTH_PROVIDER_NAME\"\n    valueFrom:\n      configMapKeyRef:\n        name: \"openwebui-oauth-config\"\n        key: \"OAUTH_PROVIDER_NAME\"\n  - name: \"OAUTH_SCOPES\"\n    valueFrom:\n      configMapKeyRef:\n        name: \"openwebui-oauth-config\"\n        key: \"OAUTH_SCOPES\"\n  - name: \"OAUTH_CLIENT_ID\"\n    valueFrom:\n      configMapKeyRef:\n        name: \"openwebui-oauth-config\"\n        key: \"OAUTH_CLIENT_ID\"\n  - name: \"MICROSOFT_CLIENT_ID\"\n    valueFrom:\n      configMapKeyRef:\n        name: \"openwebui-oauth-config\"\n        key: \"MICROSOFT_CLIENT_ID\"\n  - name: \"MICROSOFT_CLIENT_TENANT_ID\"\n    valueFrom:\n      configMapKeyRef:\n        name: \"openwebui-oauth-config\"\n        key: \"MICROSOFT_CLIENT_TENANT_ID\"\n  \n  # OAuth configuration from Secrets Manager (sensitive)\n  - name: \"MICROSOFT_CLIENT_SECRET\"\n    valueFrom:\n      secretKeyRef:\n        name: \"openwebui-oauth-credentials\"\n        key: \"MICROSOFT_CLIENT_SECRET\"\n  - name: \"OAUTH_CLIENT_SECRET\"\n    valueFrom:\n      secretKeyRef:\n        name: \"openwebui-oauth-credentials\"\n        key: \"OAUTH_CLIENT_SECRET\"\n  - name: \"OPENID_PROVIDER_URL\"\n    valueFrom:\n      secretKeyRef:\n        name: \"openwebui-oauth-credentials\"\n        key: \"OPENID_PROVIDER_URL\"\n  \n  # Apache Tika configuration for document processing\n  - name: \"TIKA_SERVER_URL\"\n    value: \"http://tika.vllm-inference.svc.cluster.local:9998\"\n  \n\nopenaiBaseApiUrls: [\"http://vllm-service.vllm-inference.svc.cluster.local/v1\"]\n\n# Branding assets are now embedded in the custom image v0.0.2\n# No ConfigMap volume mounts needed\n# extraVolumes: []\n# extraVolumeMounts: []\n\n# Configure resource limits to prevent OOM issues\nresources:\n  requests:\n    cpu: \"500m\"\n    memory: \"1Gi\"\n  limits:\n    cpu: \"1500m\"\n    memory: \"2Gi\"\n\n# Disable the embedded Ollama chart\nollama:\n  enabled: false\n\n# Disable Pipelines persistence to avoid PVC Multi-Attach errors\npipelines:\n  persistence:\n    enabled: false\n  resources:\n    requests:\n      cpu: \"200m\"\n      memory: \"128Mi\"\n    limits:\n      cpu: \"500m\"\n      memory: \"256Mi\"\n",
            "content_base64": null,
            "content_base64sha256": "gw3EvakDc5MyWf2hEUDVvQkUR7lo1dqRYEaBLmwrRRw=",
            "content_base64sha512": "cYUYbeYLnCD7aTzTh5ZH219XhYO92oLOJvCa53MZfTvv3drrzdsQq8rRsdLkh4JwmuBvQoybaIyDm211RTUeqA==",
            "content_md5": "c57b453a371d6d32466cebb1bdea2577",
            "content_sha1": "69939eda37f07fb15cb125a701089bfd2b135ee5",
            "content_sha256": "830dc4bda90373933259fda11140d5bd091447b968d5da916046812e6c2b451c",
            "content_sha512": "7185186de60b9c20fb693cd3879647db5f578583bdda82ce26f09ae773197d3befdddaebcddb10abcad1b1d2e48782709ae06f428c9b688c839b6d7545351ea8",
            "directory_permission": "0777",
            "file_permission": "0777",
            "filename": "./../setup-openwebui/us/values.yaml",
            "id": "69939eda37f07fb15cb125a701089bfd2b135ee5",
            "sensitive_content": null,
            "source": null
          },
          "sensitive_attributes": [
            [
              {
                "type": "get_attr",
                "value": "sensitive_content"
              }
            ]
          ],
          "identity_schema_version": 0,
          "dependencies": [
            "aws_db_instance.postgres",
            "aws_db_parameter_group.postgres_vector",
            "aws_db_subnet_group.rds",
            "aws_iam_role.rds_enhanced_monitoring",
            "aws_s3_bucket.openwebui_docs",
            "aws_security_group.rds",
            "data.aws_availability_zones.available",
            "module.vpc.aws_subnet.private",
            "module.vpc.aws_vpc.this",
            "module.vpc.aws_vpc_ipv4_cidr_block_association.this",
            "random_password.postgres"
          ]
        }
      ]
    },
    {
      "mode": "managed",
      "type": "null_resource",
      "name": "create_nodepools_dir",
      "provider": "provider[\"registry.terraform.io/hashicorp/null\"]",
      "instances": [
        {
          "schema_version": 0,
          "attributes": {
            "id": "9113552768528955268",
            "triggers": null
          },
          "sensitive_attributes": [],
          "identity_schema_version": 0
        }
      ]
    },
    {
      "mode": "managed",
      "type": "random_password",
      "name": "litellm_db_password",
      "provider": "provider[\"registry.terraform.io/hashicorp/random\"]",
      "instances": [
        {
          "schema_version": 3,
          "attributes": {
            "bcrypt_hash": "$2a$10$K/4PaueIO3QyHf6xwTB70ebJ2vEgGAJQg/l/fSXx25WKzkWWskhru",
            "id": "none",
            "keepers": null,
            "length": 16,
            "lower": true,
            "min_lower": 0,
            "min_numeric": 0,
            "min_special": 0,
            "min_upper": 0,
            "number": true,
            "numeric": true,
            "override_special": "!*-_",
            "result": "DYcoJBRBKN_9fWDk",
            "special": true,
            "upper": true
          },
          "sensitive_attributes": [
            [
              {
                "type": "get_attr",
                "value": "bcrypt_hash"
              }
            ],
            [
              {
                "type": "get_attr",
                "value": "result"
              }
            ]
          ],
          "identity_schema_version": 0
        }
      ]
    },
    {
      "mode": "managed",
      "type": "random_password",
      "name": "litellm_master_key",
      "provider": "provider[\"registry.terraform.io/hashicorp/random\"]",
      "instances": [
        {
          "schema_version": 3,
          "attributes": {
            "bcrypt_hash": "$2a$10$PsdOf0w5YIezmsN4CvLmVOArN3wHHWT6btHkiXSDuNnJJcoDHBgSe",
            "id": "none",
            "keepers": null,
            "length": 21,
            "lower": true,
            "min_lower": 0,
            "min_numeric": 0,
            "min_special": 0,
            "min_upper": 0,
            "number": true,
            "numeric": true,
            "override_special": null,
            "result": "7jtCOmic9abyugsiFopZm",
            "special": false,
            "upper": true
          },
          "sensitive_attributes": [
            [
              {
                "type": "get_attr",
                "value": "bcrypt_hash"
              }
            ],
            [
              {
                "type": "get_attr",
                "value": "result"
              }
            ]
          ],
          "identity_schema_version": 0
        }
      ]
    },
    {
      "mode": "managed",
      "type": "random_password",
      "name": "litellm_salt_key",
      "provider": "provider[\"registry.terraform.io/hashicorp/random\"]",
      "instances": [
        {
          "schema_version": 3,
          "attributes": {
            "bcrypt_hash": "$2a$10$SegT2p5ga7sUVEW8JTfYJegZwrQDcZkgyOEJhX90xJiWnZpFDRc8a",
            "id": "none",
            "keepers": null,
            "length": 21,
            "lower": true,
            "min_lower": 0,
            "min_numeric": 0,
            "min_special": 0,
            "min_upper": 0,
            "number": true,
            "numeric": true,
            "override_special": null,
            "result": "uZSqmEDpVW8HezW5oHO0g",
            "special": false,
            "upper": true
          },
          "sensitive_attributes": [
            [
              {
                "type": "get_attr",
                "value": "bcrypt_hash"
              }
            ],
            [
              {
                "type": "get_attr",
                "value": "result"
              }
            ]
          ],
          "identity_schema_version": 0
        }
      ]
    },
    {
      "mode": "managed",
      "type": "random_password",
      "name": "postgres",
      "provider": "provider[\"registry.terraform.io/hashicorp/random\"]",
      "instances": [
        {
          "schema_version": 3,
          "attributes": {
            "bcrypt_hash": "$2a$10$enKpv/X2lDFMzb1JxOEzWOOoqbsVuSlgG5WaQeMNOJAuHfMZ0fmTe",
            "id": "none",
            "keepers": null,
            "length": 16,
            "lower": true,
            "min_lower": 0,
            "min_numeric": 0,
            "min_special": 0,
            "min_upper": 0,
            "number": true,
            "numeric": true,
            "override_special": "!*-_",
            "result": "06sPC61f*OqOCu*S",
            "special": true,
            "upper": true
          },
          "sensitive_attributes": [
            [
              {
                "type": "get_attr",
                "value": "bcrypt_hash"
              }
            ],
            [
              {
                "type": "get_attr",
                "value": "result"
              }
            ]
          ],
          "identity_schema_version": 0
        }
      ]
    },
    {
      "module": "module.eks",
      "mode": "data",
      "type": "aws_caller_identity",
      "name": "current",
      "provider": "provider[\"registry.terraform.io/hashicorp/aws\"]",
      "instances": [
        {
          "index_key": 0,
          "schema_version": 0,
          "attributes": {
            "account_id": "980921733825",
            "arn": "arn:aws:iam::980921733825:user/ihza_ops",
            "id": "980921733825",
            "user_id": "AIDA6IY352LA4F6X5OILI"
          },
          "sensitive_attributes": [],
          "identity_schema_version": 0
        }
      ]
    },
    {
      "module": "module.eks",
      "mode": "data",
      "type": "aws_iam_policy_document",
      "name": "assume_role_policy",
      "provider": "provider[\"registry.terraform.io/hashicorp/aws\"]",
      "instances": [
        {
          "index_key": 0,
          "schema_version": 0,
          "attributes": {
            "id": "2830595799",
            "json": "{\n  \"Version\": \"2012-10-17\",\n  \"Statement\": [\n    {\n      \"Sid\": \"EKSClusterAssumeRole\",\n      \"Effect\": \"Allow\",\n      \"Action\": [\n        \"sts:TagSession\",\n        \"sts:AssumeRole\"\n      ],\n      \"Principal\": {\n        \"Service\": \"eks.amazonaws.com\"\n      }\n    }\n  ]\n}",
            "minified_json": "{\"Version\":\"2012-10-17\",\"Statement\":[{\"Sid\":\"EKSClusterAssumeRole\",\"Effect\":\"Allow\",\"Action\":[\"sts:TagSession\",\"sts:AssumeRole\"],\"Principal\":{\"Service\":\"eks.amazonaws.com\"}}]}",
            "override_json": null,
            "override_policy_documents": null,
            "policy_id": null,
            "source_json": null,
            "source_policy_documents": null,
            "statement": [
              {
                "actions": [
                  "sts:AssumeRole",
                  "sts:TagSession"
                ],
                "condition": [],
                "effect": "Allow",
                "not_actions": [],
                "not_principals": [],
                "not_resources": [],
                "principals": [
                  {
                    "identifiers": [
                      "eks.amazonaws.com"
                    ],
                    "type": "Service"
                  }
                ],
                "resources": [],
                "sid": "EKSClusterAssumeRole"
              }
            ],
            "version": "2012-10-17"
          },
          "sensitive_attributes": [],
          "identity_schema_version": 0
        }
      ]
    },
    {
      "module": "module.eks",
      "mode": "data",
      "type": "aws_iam_policy_document",
      "name": "custom",
      "provider": "provider[\"registry.terraform.io/hashicorp/aws\"]",
      "instances": [
        {
          "index_key": 0,
          "schema_version": 0,
          "attributes": {
            "id": "513122117",
            "json": "{\n  \"Version\": \"2012-10-17\",\n  \"Statement\": [\n    {\n      \"Sid\": \"Compute\",\n      \"Effect\": \"Allow\",\n      \"Action\": [\n        \"ec2:RunInstances\",\n        \"ec2:CreateLaunchTemplate\",\n        \"ec2:CreateFleet\"\n      ],\n      \"Resource\": \"*\",\n      \"Condition\": {\n        \"StringEquals\": {\n          \"aws:RequestTag/eks:eks-cluster-name\": \"${aws:PrincipalTag/eks:eks-cluster-name}\"\n        },\n        \"StringLike\": {\n          \"aws:RequestTag/eks:kubernetes-node-class-name\": \"*\",\n          \"aws:RequestTag/eks:kubernetes-node-pool-name\": \"*\"\n        }\n      }\n    },\n    {\n      \"Sid\": \"Storage\",\n      \"Effect\": \"Allow\",\n      \"Action\": [\n        \"ec2:CreateVolume\",\n        \"ec2:CreateSnapshot\"\n      ],\n      \"Resource\": [\n        \"arn:aws:ec2:*:*:volume/*\",\n        \"arn:aws:ec2:*:*:snapshot/*\"\n      ],\n      \"Condition\": {\n        \"StringEquals\": {\n          \"aws:RequestTag/eks:eks-cluster-name\": \"${aws:PrincipalTag/eks:eks-cluster-name}\"\n        }\n      }\n    },\n    {\n      \"Sid\": \"Networking\",\n      \"Effect\": \"Allow\",\n      \"Action\": \"ec2:CreateNetworkInterface\",\n      \"Resource\": \"*\",\n      \"Condition\": {\n        \"StringEquals\": {\n          \"aws:RequestTag/eks:eks-cluster-name\": \"${aws:PrincipalTag/eks:eks-cluster-name}\",\n          \"aws:RequestTag/eks:kubernetes-cni-node-name\": \"*\"\n        }\n      }\n    },\n    {\n      \"Sid\": \"LoadBalancer\",\n      \"Effect\": \"Allow\",\n      \"Action\": [\n        \"elasticloadbalancing:CreateTargetGroup\",\n        \"elasticloadbalancing:CreateRule\",\n        \"elasticloadbalancing:CreateLoadBalancer\",\n        \"elasticloadbalancing:CreateListener\",\n        \"ec2:CreateSecurityGroup\"\n      ],\n      \"Resource\": \"*\",\n      \"Condition\": {\n        \"StringEquals\": {\n          \"aws:RequestTag/eks:eks-cluster-name\": \"${aws:PrincipalTag/eks:eks-cluster-name}\"\n        }\n      }\n    },\n    {\n      \"Sid\": \"ShieldProtection\",\n      \"Effect\": \"Allow\",\n      \"Action\": \"shield:CreateProtection\",\n      \"Resource\": \"*\",\n      \"Condition\": {\n        \"StringEquals\": {\n          \"aws:RequestTag/eks:eks-cluster-name\": \"${aws:PrincipalTag/eks:eks-cluster-name}\"\n        }\n      }\n    },\n    {\n      \"Sid\": \"ShieldTagResource\",\n      \"Effect\": \"Allow\",\n      \"Action\": \"shield:TagResource\",\n      \"Resource\": \"arn:aws:shield::*:protection/*\",\n      \"Condition\": {\n        \"StringEquals\": {\n          \"aws:RequestTag/eks:eks-cluster-name\": \"${aws:PrincipalTag/eks:eks-cluster-name}\"\n        }\n      }\n    }\n  ]\n}",
            "minified_json": "{\"Version\":\"2012-10-17\",\"Statement\":[{\"Sid\":\"Compute\",\"Effect\":\"Allow\",\"Action\":[\"ec2:RunInstances\",\"ec2:CreateLaunchTemplate\",\"ec2:CreateFleet\"],\"Resource\":\"*\",\"Condition\":{\"StringEquals\":{\"aws:RequestTag/eks:eks-cluster-name\":\"${aws:PrincipalTag/eks:eks-cluster-name}\"},\"StringLike\":{\"aws:RequestTag/eks:kubernetes-node-class-name\":\"*\",\"aws:RequestTag/eks:kubernetes-node-pool-name\":\"*\"}}},{\"Sid\":\"Storage\",\"Effect\":\"Allow\",\"Action\":[\"ec2:CreateVolume\",\"ec2:CreateSnapshot\"],\"Resource\":[\"arn:aws:ec2:*:*:volume/*\",\"arn:aws:ec2:*:*:snapshot/*\"],\"Condition\":{\"StringEquals\":{\"aws:RequestTag/eks:eks-cluster-name\":\"${aws:PrincipalTag/eks:eks-cluster-name}\"}}},{\"Sid\":\"Networking\",\"Effect\":\"Allow\",\"Action\":\"ec2:CreateNetworkInterface\",\"Resource\":\"*\",\"Condition\":{\"StringEquals\":{\"aws:RequestTag/eks:eks-cluster-name\":\"${aws:PrincipalTag/eks:eks-cluster-name}\",\"aws:RequestTag/eks:kubernetes-cni-node-name\":\"*\"}}},{\"Sid\":\"LoadBalancer\",\"Effect\":\"Allow\",\"Action\":[\"elasticloadbalancing:CreateTargetGroup\",\"elasticloadbalancing:CreateRule\",\"elasticloadbalancing:CreateLoadBalancer\",\"elasticloadbalancing:CreateListener\",\"ec2:CreateSecurityGroup\"],\"Resource\":\"*\",\"Condition\":{\"StringEquals\":{\"aws:RequestTag/eks:eks-cluster-name\":\"${aws:PrincipalTag/eks:eks-cluster-name}\"}}},{\"Sid\":\"ShieldProtection\",\"Effect\":\"Allow\",\"Action\":\"shield:CreateProtection\",\"Resource\":\"*\",\"Condition\":{\"StringEquals\":{\"aws:RequestTag/eks:eks-cluster-name\":\"${aws:PrincipalTag/eks:eks-cluster-name}\"}}},{\"Sid\":\"ShieldTagResource\",\"Effect\":\"Allow\",\"Action\":\"shield:TagResource\",\"Resource\":\"arn:aws:shield::*:protection/*\",\"Condition\":{\"StringEquals\":{\"aws:RequestTag/eks:eks-cluster-name\":\"${aws:PrincipalTag/eks:eks-cluster-name}\"}}}]}",
            "override_json": null,
            "override_policy_documents": null,
            "policy_id": null,
            "source_json": null,
            "source_policy_documents": null,
            "statement": [
              {
                "actions": [
                  "ec2:CreateFleet",
                  "ec2:CreateLaunchTemplate",
                  "ec2:RunInstances"
                ],
                "condition": [
                  {
                    "test": "StringEquals",
                    "values": [
                      "${aws:PrincipalTag/eks:eks-cluster-name}"
                    ],
                    "variable": "aws:RequestTag/eks:eks-cluster-name"
                  },
                  {
                    "test": "StringLike",
                    "values": [
                      "*"
                    ],
                    "variable": "aws:RequestTag/eks:kubernetes-node-class-name"
                  },
                  {
                    "test": "StringLike",
                    "values": [
                      "*"
                    ],
                    "variable": "aws:RequestTag/eks:kubernetes-node-pool-name"
                  }
                ],
                "effect": "Allow",
                "not_actions": [],
                "not_principals": [],
                "not_resources": [],
                "principals": [],
                "resources": [
                  "*"
                ],
                "sid": "Compute"
              },
              {
                "actions": [
                  "ec2:CreateSnapshot",
                  "ec2:CreateVolume"
                ],
                "condition": [
                  {
                    "test": "StringEquals",
                    "values": [
                      "${aws:PrincipalTag/eks:eks-cluster-name}"
                    ],
                    "variable": "aws:RequestTag/eks:eks-cluster-name"
                  }
                ],
                "effect": "Allow",
                "not_actions": [],
                "not_principals": [],
                "not_resources": [],
                "principals": [],
                "resources": [
                  "arn:aws:ec2:*:*:snapshot/*",
                  "arn:aws:ec2:*:*:volume/*"
                ],
                "sid": "Storage"
              },
              {
                "actions": [
                  "ec2:CreateNetworkInterface"
                ],
                "condition": [
                  {
                    "test": "StringEquals",
                    "values": [
                      "${aws:PrincipalTag/eks:eks-cluster-name}"
                    ],
                    "variable": "aws:RequestTag/eks:eks-cluster-name"
                  },
                  {
                    "test": "StringEquals",
                    "values": [
                      "*"
                    ],
                    "variable": "aws:RequestTag/eks:kubernetes-cni-node-name"
                  }
                ],
                "effect": "Allow",
                "not_actions": [],
                "not_principals": [],
                "not_resources": [],
                "principals": [],
                "resources": [
                  "*"
                ],
                "sid": "Networking"
              },
              {
                "actions": [
                  "ec2:CreateSecurityGroup",
                  "elasticloadbalancing:CreateListener",
                  "elasticloadbalancing:CreateLoadBalancer",
                  "elasticloadbalancing:CreateRule",
                  "elasticloadbalancing:CreateTargetGroup"
                ],
                "condition": [
                  {
                    "test": "StringEquals",
                    "values": [
                      "${aws:PrincipalTag/eks:eks-cluster-name}"
                    ],
                    "variable": "aws:RequestTag/eks:eks-cluster-name"
                  }
                ],
                "effect": "Allow",
                "not_actions": [],
                "not_principals": [],
                "not_resources": [],
                "principals": [],
                "resources": [
                  "*"
                ],
                "sid": "LoadBalancer"
              },
              {
                "actions": [
                  "shield:CreateProtection"
                ],
                "condition": [
                  {
                    "test": "StringEquals",
                    "values": [
                      "${aws:PrincipalTag/eks:eks-cluster-name}"
                    ],
                    "variable": "aws:RequestTag/eks:eks-cluster-name"
                  }
                ],
                "effect": "Allow",
                "not_actions": [],
                "not_principals": [],
                "not_resources": [],
                "principals": [],
                "resources": [
                  "*"
                ],
                "sid": "ShieldProtection"
              },
              {
                "actions": [
                  "shield:TagResource"
                ],
                "condition": [
                  {
                    "test": "StringEquals",
                    "values": [
                      "${aws:PrincipalTag/eks:eks-cluster-name}"
                    ],
                    "variable": "aws:RequestTag/eks:eks-cluster-name"
                  }
                ],
                "effect": "Allow",
                "not_actions": [],
                "not_principals": [],
                "not_resources": [],
                "principals": [],
                "resources": [
                  "arn:aws:shield::*:protection/*"
                ],
                "sid": "ShieldTagResource"
              }
            ],
            "version": "2012-10-17"
          },
          "sensitive_attributes": [],
          "identity_schema_version": 0
        }
      ]
    },
    {
      "module": "module.eks",
      "mode": "data",
      "type": "aws_iam_policy_document",
      "name": "node_assume_role_policy",
      "provider": "provider[\"registry.terraform.io/hashicorp/aws\"]",
      "instances": [
        {
          "index_key": 0,
          "schema_version": 0,
          "attributes": {
            "id": "3518401652",
            "json": "{\n  \"Version\": \"2012-10-17\",\n  \"Statement\": [\n    {\n      \"Sid\": \"EKSAutoNodeAssumeRole\",\n      \"Effect\": \"Allow\",\n      \"Action\": [\n        \"sts:TagSession\",\n        \"sts:AssumeRole\"\n      ],\n      \"Principal\": {\n        \"Service\": \"ec2.amazonaws.com\"\n      }\n    }\n  ]\n}",
            "minified_json": "{\"Version\":\"2012-10-17\",\"Statement\":[{\"Sid\":\"EKSAutoNodeAssumeRole\",\"Effect\":\"Allow\",\"Action\":[\"sts:TagSession\",\"sts:AssumeRole\"],\"Principal\":{\"Service\":\"ec2.amazonaws.com\"}}]}",
            "override_json": null,
            "override_policy_documents": null,
            "policy_id": null,
            "source_json": null,
            "source_policy_documents": null,
            "statement": [
              {
                "actions": [
                  "sts:AssumeRole",
                  "sts:TagSession"
                ],
                "condition": [],
                "effect": "Allow",
                "not_actions": [],
                "not_principals": [],
                "not_resources": [],
                "principals": [
                  {
                    "identifiers": [
                      "ec2.amazonaws.com"
                    ],
                    "type": "Service"
                  }
                ],
                "resources": [],
                "sid": "EKSAutoNodeAssumeRole"
              }
            ],
            "version": "2012-10-17"
          },
          "sensitive_attributes": [],
          "identity_schema_version": 0
        }
      ]
    },
    {
      "module": "module.eks",
      "mode": "data",
      "type": "aws_iam_session_context",
      "name": "current",
      "provider": "provider[\"registry.terraform.io/hashicorp/aws\"]",
      "instances": [
        {
          "index_key": 0,
          "schema_version": 0,
          "attributes": {
            "arn": "arn:aws:iam::980921733825:user/ihza_ops",
            "id": "arn:aws:iam::980921733825:user/ihza_ops",
            "issuer_arn": "arn:aws:iam::980921733825:user/ihza_ops",
            "issuer_id": "",
            "issuer_name": "",
            "session_name": ""
          },
          "sensitive_attributes": [],
          "identity_schema_version": 0
        }
      ]
    },
    {
      "module": "module.eks",
      "mode": "data",
      "type": "aws_partition",
      "name": "current",
      "provider": "provider[\"registry.terraform.io/hashicorp/aws\"]",
      "instances": [
        {
          "index_key": 0,
          "schema_version": 0,
          "attributes": {
            "dns_suffix": "amazonaws.com",
            "id": "aws",
            "partition": "aws",
            "reverse_dns_prefix": "com.amazonaws"
          },
          "sensitive_attributes": [],
          "identity_schema_version": 0
        }
      ]
    },
    {
      "module": "module.eks",
      "mode": "data",
      "type": "tls_certificate",
      "name": "this",
      "provider": "provider[\"registry.terraform.io/hashicorp/tls\"]",
      "instances": [
        {
          "index_key": 0,
          "schema_version": 0,
          "attributes": {
            "certificates": [
              {
                "cert_pem": "-----BEGIN CERTIFICATE-----\nMIIEkjCCA3qgAwIBAgITBn+USionzfP6wq4rAfkI7rnExjANBgkqhkiG9w0BAQsF\nADCBmDELMAkGA1UEBhMCVVMxEDAOBgNVBAgTB0FyaXpvbmExEzARBgNVBAcTClNj\nb3R0c2RhbGUxJTAjBgNVBAoTHFN0YXJmaWVsZCBUZWNobm9sb2dpZXMsIEluYy4x\nOzA5BgNVBAMTMlN0YXJmaWVsZCBTZXJ2aWNlcyBSb290IENlcnRpZmljYXRlIEF1\ndGhvcml0eSAtIEcyMB4XDTE1MDUyNTEyMDAwMFoXDTM3MTIzMTAxMDAwMFowOTEL\nMAkGA1UEBhMCVVMxDzANBgNVBAoTBkFtYXpvbjEZMBcGA1UEAxMQQW1hem9uIFJv\nb3QgQ0EgMTCCASIwDQYJKoZIhvcNAQEBBQADggEPADCCAQoCggEBALJ4gHHKeNXj\nca9HgFB0fW7Y14h29Jlo91ghYPl0hAEvrAIthtOgQ3pOsqTQNroBvo3bSMgHFzZM\n9O6II8c+6zf1tRn4SWiw3te5djgdYZ6k/oI2peVKVuRF4fn9tBb6dNqcmzU5L/qw\nIFAGbHrQgLKm+a/sRxmPUDgH3KKHOVj4utWp+UhnMJbulHheb4mjUcAwhmahRWa6\nVOujw5H5SNz/0egwLX0tdHA114gk957EWW67c4cX8jJGKLhD+rcdqsq08p8kDi1L\n93FcXmn/6pUCyziKrlA4b9v7LWIbxcceVOF34GfID5yHI9Y/QCB/IIDEgEw+OyQm\njgSubJrIqg0CAwEAAaOCATEwggEtMA8GA1UdEwEB/wQFMAMBAf8wDgYDVR0PAQH/\nBAQDAgGGMB0GA1UdDgQWBBSEGMyFNOy8DJSULghZnMeyEE4KCDAfBgNVHSMEGDAW\ngBScXwDfqgHXMCs4iKK4bUqc8hGRgzB4BggrBgEFBQcBAQRsMGowLgYIKwYBBQUH\nMAGGImh0dHA6Ly9vY3NwLnJvb3RnMi5hbWF6b250cnVzdC5jb20wOAYIKwYBBQUH\nMAKGLGh0dHA6Ly9jcnQucm9vdGcyLmFtYXpvbnRydXN0LmNvbS9yb290ZzIuY2Vy\nMD0GA1UdHwQ2MDQwMqAwoC6GLGh0dHA6Ly9jcmwucm9vdGcyLmFtYXpvbnRydXN0\nLmNvbS9yb290ZzIuY3JsMBEGA1UdIAQKMAgwBgYEVR0gADANBgkqhkiG9w0BAQsF\nAAOCAQEAYjdCXLwQtT6LLOkMm2xF4gcAevnFWAu5CIw+7bMlPLVvUOTNNWqnkzSW\nMiGpSESrnO09tKpzbeR/FoCJbM8oAxiDR3mjEH4wW6w7sGDgd9QIpuEdfF7Au/ma\neyKdpwAJfqxGF4PcnCZXmTA5YpaP7dreqsXMGz7KQ2hsVxa81Q4gLv7/wmpdLqBK\nbRRYh5TmOTFffHPLkIhqhBGWJ6bt2YFGpn6jcgAKUj6DiAdjd4lpFw85hdKrCEVN\n0FE6/V1dN2RMfjCyVSRCnTawXZwXgWHxyvkQAiSr6w10kY17RSlQOYiypok1JR4U\nakcjMS9cmvqtmg5iUaQqqcT5NJ0hGA==\n-----END CERTIFICATE-----\n",
                "is_ca": true,
                "issuer": "CN=Starfield Services Root Certificate Authority - G2,O=Starfield Technologies\\, Inc.,L=Scottsdale,ST=Arizona,C=US",
                "not_after": "2037-12-31T01:00:00Z",
                "not_before": "2015-05-25T12:00:00Z",
                "public_key_algorithm": "RSA",
                "serial_number": "144918191876577076464031512351042010504348870",
                "sha1_fingerprint": "06b25927c42a721631c1efd9431e648fa62e1e39",
                "signature_algorithm": "SHA256-RSA",
                "subject": "CN=Amazon Root CA 1,O=Amazon,C=US",
                "version": 3
              },
              {
                "cert_pem": "-----BEGIN CERTIFICATE-----\nMIIEXjCCA0agAwIBAgITB3MSTyqVLj7Rili9uF0bwM5fJzANBgkqhkiG9w0BAQsF\nADA5MQswCQYDVQQGEwJVUzEPMA0GA1UEChMGQW1hem9uMRkwFwYDVQQDExBBbWF6\nb24gUm9vdCBDQSAxMB4XDTIyMDgyMzIyMjYzNVoXDTMwMDgyMzIyMjYzNVowPDEL\nMAkGA1UEBhMCVVMxDzANBgNVBAoTBkFtYXpvbjEcMBoGA1UEAxMTQW1hem9uIFJT\nQSAyMDQ4IE0wNDCCASIwDQYJKoZIhvcNAQEBBQADggEPADCCAQoCggEBAM3pVR6A\nlQOp4xe776FdePXyejgA38mYx1ou9/jrpV6Sfn+/oqBKgwhY6ePsQHHQayWBJdBn\nv4Wz363qRI4XUh9swBFJ11TnZ3LqOMvHmWq2+loA0QPtOfXdJ2fHBLrBrngtJ/GB\n0p5olAVYrSZgvQGP16Rf8ddtNyxEEhYm3HuhmNi+vSeAq1tLYJPAvRCXonTpWdSD\nxY6hvdmxlqTYi82AtBXSfpGQ58HHM0hw0C6aQakghrwWi5fGslLOqzpimNMIsT7c\nqa0GJx6JfKqJqmQQNplO2h8n9ZsFJgBowof01ppdoLAWg6caMOM0om/VILKaa30F\n9W/r8Qjah7ltGVkCAwEAAaOCAVowggFWMBIGA1UdEwEB/wQIMAYBAf8CAQAwDgYD\nVR0PAQH/BAQDAgGGMB0GA1UdJQQWMBQGCCsGAQUFBwMBBggrBgEFBQcDAjAdBgNV\nHQ4EFgQUH1KSYVaCVH+BZtgdPQqqMlyH3QgwHwYDVR0jBBgwFoAUhBjMhTTsvAyU\nlC4IWZzHshBOCggwewYIKwYBBQUHAQEEbzBtMC8GCCsGAQUFBzABhiNodHRwOi8v\nb2NzcC5yb290Y2ExLmFtYXpvbnRydXN0LmNvbTA6BggrBgEFBQcwAoYuaHR0cDov\nL2NydC5yb290Y2ExLmFtYXpvbnRydXN0LmNvbS9yb290Y2ExLmNlcjA/BgNVHR8E\nODA2MDSgMqAwhi5odHRwOi8vY3JsLnJvb3RjYTEuYW1hem9udHJ1c3QuY29tL3Jv\nb3RjYTEuY3JsMBMGA1UdIAQMMAowCAYGZ4EMAQIBMA0GCSqGSIb3DQEBCwUAA4IB\nAQA+1O5UsAaNuW3lHzJtpNGwBnZd9QEYFtxpiAnIaV4qApnGS9OCw5ZPwie7YSlD\nZF5yyFPsFhUC2Q9uJHY/CRV1b5hIiGH0+6+w5PgKiY1MWuWT8VAaJjFxvuhM7a/e\nfN2TIw1Wd6WCl6YRisunjQOrSP+unqC8A540JNyZ1JOE3jVqat3OZBGgMvihdj2w\nY23EpwesrKiQzkHzmvSH67PVW4ycbPy08HVZnBxZ5NrlGG9bwXR3fNTaz+c+Ej6c\n5AnwI3qkOFgSkg3Y75cdFz6pO/olK+e3AqygAcv0WjzmkDPuBjssuZjCHMC56oH3\nGJkV29Di2j5prHJbwZjG1inU\n-----END CERTIFICATE-----\n",
                "is_ca": true,
                "issuer": "CN=Amazon Root CA 1,O=Amazon,C=US",
                "not_after": "2030-08-23T22:26:35Z",
                "not_before": "2022-08-23T22:26:35Z",
                "public_key_algorithm": "RSA",
                "serial_number": "166129359584585245282080020727744908546170663",
                "sha1_fingerprint": "e7b8b5a6743ce1b2f17b041de59558a41472d70c",
                "signature_algorithm": "SHA256-RSA",
                "subject": "CN=Amazon RSA 2048 M04,O=Amazon,C=US",
                "version": 3
              },
              {
                "cert_pem": "-----BEGIN CERTIFICATE-----\nMIIF8TCCBNmgAwIBAgIQA/nsruR6lAEX/0fmQoYt1TANBgkqhkiG9w0BAQsFADA8\nMQswCQYDVQQGEwJVUzEPMA0GA1UEChMGQW1hem9uMRwwGgYDVQQDExNBbWF6b24g\nUlNBIDIwNDggTTA0MB4XDTI1MDQxNjAwMDAwMFoXDTI2MDMyNzIzNTk1OVowLTEr\nMCkGA1UEAwwiKi5la3MuYXAtc291dGhlYXN0LTMuYW1hem9uYXdzLmNvbTCCASIw\nDQYJKoZIhvcNAQEBBQADggEPADCCAQoCggEBAMsN7MXlVZn1iTH1YhSAhUUwH+Qq\nf0aHGyT32NT0+CNJnBP3HehkzQXWMoCdhgu/QQRdME5fP/7zEiCs5ylk4cB8vhFW\nMZ/j84/+2Z+jIJoGxNLU3UVfHsmgJop58RUbGt+augunU0GbrxqMw7+UB10TN+yt\nIx5hHkiTYgThWPL5C+TCVuzCZZZiuEaoEiRMYrcyvJ2q7SDhKfsQths3CDKi0Qrr\n+GAvyD9RXDJK3AQB0Xavboy35bTACmbdZ1jTPpdbZPNaDAtB08qnlyx9md8cUYYU\nKWCkB8CtA9ApsVLO+oVuOZaPPza6uI4ImD6aJHZZ2/Y7IOh6/2IDy2deDPcCAwEA\nAaOCAvwwggL4MB8GA1UdIwQYMBaAFB9SkmFWglR/gWbYHT0KqjJch90IMB0GA1Ud\nDgQWBBQk0/imDD/WMEMCzokVWn0ecEtftTAtBgNVHREEJjAkgiIqLmVrcy5hcC1z\nb3V0aGVhc3QtMy5hbWF6b25hd3MuY29tMBMGA1UdIAQMMAowCAYGZ4EMAQIBMA4G\nA1UdDwEB/wQEAwIFoDAdBgNVHSUEFjAUBggrBgEFBQcDAQYIKwYBBQUHAwIwOwYD\nVR0fBDQwMjAwoC6gLIYqaHR0cDovL2NybC5yMm0wNC5hbWF6b250cnVzdC5jb20v\ncjJtMDQuY3JsMHUGCCsGAQUFBwEBBGkwZzAtBggrBgEFBQcwAYYhaHR0cDovL29j\nc3AucjJtMDQuYW1hem9udHJ1c3QuY29tMDYGCCsGAQUFBzAChipodHRwOi8vY3J0\nLnIybTA0LmFtYXpvbnRydXN0LmNvbS9yMm0wNC5jZXIwDAYDVR0TAQH/BAIwADCC\nAX8GCisGAQQB1nkCBAIEggFvBIIBawFpAHYAlpdkv1VYl633Q4doNwhCd+nwOtX2\npPM2bkakPw/KqcYAAAGWQKxwHgAABAMARzBFAiEAq0s/+a42plhtBHR+Na9uysKA\nURKG7vPyyocXWGtSAWMCIE8jFp6kipY7IfBZ3XhNLL9hn9gic+PGZIFkRQtJ3eJz\nAHYASZybad4dfOz8Nt7Nh2SmuFuvCoeAGdFVUvvp6ynd+MMAAAGWQKxwMwAABAMA\nRzBFAiAntIOtvQbf1k9RYkgCpYtGhiwjEbU09b02nESdYcVBYQIhAIID3898gGdO\ntm8AU/v7fRPjJMwaWphXxkDJX1SHF+uHAHcAyzj3FYl8hKFEX1vB3fvJbvKaWc1H\nCmkFhbDLFMMUWOcAAAGWQKxv9QAABAMASDBGAiEAjuJtUTPdXRqZoJbzsFP9k6DR\nm9luHcLx9NHUVcZCZwICIQCEtuFkcCuWKs1RQucZ4/pvDoOZpml6x/P7f21ACIiW\nEzANBgkqhkiG9w0BAQsFAAOCAQEARruoAJpavnFVi+I5d2PxygugIwBQEr78mMVK\nsswzJHdlQobZbK8FxNejjx+RQdYjKEOc3a5QBe8pbH5cMGeN9SPt4uJMvxRVx9C5\n1Zz7r9S1AfDrbVjOK8pFpTl5GlIq3nLac0Jmprb8Ec6eEA0ZhhBWcJ7zv7D5vkGn\nQnV7LY7PKRdMZAdOGwkZFcYRJqSA3lua864rc28bpdBJdwRr6ZMDpi15UQLPoyG+\ntOkgEZRLO2rqNkgJeji1lqXeFLk/D01cLR9nd7i3yhxkM3yvCLtqsQJlifFdJIai\nFbRQ0d1MeTLfjwq23rO9+MwbR9Gpa1ieNEQCOv74JnL7+M25Tw==\n-----END CERTIFICATE-----\n",
                "is_ca": false,
                "issuer": "CN=Amazon RSA 2048 M04,O=Amazon,C=US",
                "not_after": "2026-03-27T23:59:59Z",
                "not_before": "2025-04-16T00:00:00Z",
                "public_key_algorithm": "RSA",
                "serial_number": "5285366410207429094105356640750808533",
                "sha1_fingerprint": "122c9680a85db4e85b53f17de740b1e55136ef9b",
                "signature_algorithm": "SHA256-RSA",
                "subject": "CN=*.eks.ap-southeast-3.amazonaws.com",
                "version": 3
              }
            ],
            "content": null,
            "id": "fc5239dfa3a994b53f0c960d5721fa36f229efef",
            "url": "https://oidc.eks.ap-southeast-3.amazonaws.com/id/DD34E0D25E3AF0CF4648F2800629781C",
            "verify_chain": true
          },
          "sensitive_attributes": [],
          "identity_schema_version": 0
        }
      ]
    },
    {
      "module": "module.eks",
      "mode": "managed",
      "type": "aws_cloudwatch_log_group",
      "name": "this",
      "provider": "provider[\"registry.terraform.io/hashicorp/aws\"]",
      "instances": [
        {
          "index_key": 0,
          "schema_version": 0,
          "attributes": {
            "arn": "arn:aws:logs:ap-southeast-3:980921733825:log-group:/aws/eks/automode-cluster/cluster",
            "id": "/aws/eks/automode-cluster/cluster",
            "kms_key_id": "",
            "log_group_class": "STANDARD",
            "name": "/aws/eks/automode-cluster/cluster",
            "name_prefix": "",
            "retention_in_days": 90,
            "skip_destroy": false,
            "tags": {
              "Blueprint": "automode-cluster",
              "Name": "/aws/eks/automode-cluster/cluster"
            },
            "tags_all": {
              "Blueprint": "automode-cluster",
              "Name": "/aws/eks/automode-cluster/cluster"
            }
          },
          "sensitive_attributes": [],
          "identity_schema_version": 0,
          "private": "bnVsbA==",
          "create_before_destroy": true
        }
      ]
    },
    {
      "module": "module.eks",
      "mode": "managed",
      "type": "aws_ec2_tag",
      "name": "cluster_primary_security_group",
      "provider": "provider[\"registry.terraform.io/hashicorp/aws\"]",
      "instances": [
        {
          "index_key": "Blueprint",
          "schema_version": 0,
          "attributes": {
            "id": "sg-0e13b64b4d4557bf5,Blueprint",
            "key": "Blueprint",
            "resource_id": "sg-0e13b64b4d4557bf5",
            "value": "automode-cluster"
          },
          "sensitive_attributes": [],
          "identity_schema_version": 0,
          "private": "bnVsbA==",
          "dependencies": [
            "data.aws_availability_zones.available",
            "module.eks.aws_cloudwatch_log_group.this",
            "module.eks.aws_eks_cluster.this",
            "module.eks.aws_iam_policy.cni_ipv6_policy",
            "module.eks.aws_iam_role.eks_auto",
            "module.eks.aws_iam_role.this",
            "module.eks.aws_iam_role_policy_attachment.this",
            "module.eks.aws_security_group.cluster",
            "module.eks.aws_security_group.node",
            "module.eks.aws_security_group_rule.cluster",
            "module.eks.aws_security_group_rule.node",
            "module.eks.data.aws_caller_identity.current",
            "module.eks.data.aws_iam_policy_document.assume_role_policy",
            "module.eks.data.aws_iam_policy_document.cni_ipv6_policy",
            "module.eks.data.aws_iam_policy_document.node_assume_role_policy",
            "module.eks.data.aws_iam_session_context.current",
            "module.eks.data.aws_partition.current",
            "module.eks.module.kms.aws_kms_external_key.this",
            "module.eks.module.kms.aws_kms_key.this",
            "module.eks.module.kms.aws_kms_replica_external_key.this",
            "module.eks.module.kms.aws_kms_replica_key.this",
            "module.eks.module.kms.data.aws_caller_identity.current",
            "module.eks.module.kms.data.aws_iam_policy_document.this",
            "module.eks.module.kms.data.aws_partition.current",
            "module.vpc.aws_subnet.private",
            "module.vpc.aws_vpc.this",
            "module.vpc.aws_vpc_ipv4_cidr_block_association.this"
          ]
        }
      ]
    },
    {
      "module": "module.eks",
      "mode": "managed",
      "type": "aws_eks_access_entry",
      "name": "this",
      "provider": "provider[\"registry.terraform.io/hashicorp/aws\"]",
      "instances": [
        {
          "index_key": "cluster_creator",
          "schema_version": 0,
          "attributes": {
            "access_entry_arn": "arn:aws:eks:ap-southeast-3:980921733825:access-entry/automode-cluster/user/980921733825/ihza_ops/a8cbc595-6ed5-90d9-46b4-aa4759f2038a",
            "cluster_name": "automode-cluster",
            "created_at": "2025-06-20T02:28:51Z",
            "id": "automode-cluster:arn:aws:iam::980921733825:user/ihza_ops",
            "kubernetes_groups": [],
            "modified_at": "2025-06-20T02:28:51Z",
            "principal_arn": "arn:aws:iam::980921733825:user/ihza_ops",
            "tags": {
              "Blueprint": "automode-cluster"
            },
            "tags_all": {
              "Blueprint": "automode-cluster"
            },
            "timeouts": null,
            "type": "STANDARD",
            "user_name": "arn:aws:iam::980921733825:user/ihza_ops"
          },
          "sensitive_attributes": [],
          "identity_schema_version": 0,
          "private": "eyJlMmJmYjczMC1lY2FhLTExZTYtOGY4OC0zNDM2M2JjN2M0YzAiOnsiY3JlYXRlIjo2MDAwMDAwMDAwMDAsImRlbGV0ZSI6NjAwMDAwMDAwMDAwfX0=",
          "dependencies": [
            "data.aws_availability_zones.available",
            "module.eks.aws_cloudwatch_log_group.this",
            "module.eks.aws_eks_cluster.this",
            "module.eks.aws_iam_policy.cni_ipv6_policy",
            "module.eks.aws_iam_role.eks_auto",
            "module.eks.aws_iam_role.this",
            "module.eks.aws_iam_role_policy_attachment.this",
            "module.eks.aws_security_group.cluster",
            "module.eks.aws_security_group.node",
            "module.eks.aws_security_group_rule.cluster",
            "module.eks.aws_security_group_rule.node",
            "module.eks.data.aws_caller_identity.current",
            "module.eks.data.aws_iam_policy_document.assume_role_policy",
            "module.eks.data.aws_iam_policy_document.cni_ipv6_policy",
            "module.eks.data.aws_iam_policy_document.node_assume_role_policy",
            "module.eks.data.aws_iam_session_context.current",
            "module.eks.data.aws_partition.current",
            "module.eks.module.kms.aws_kms_external_key.this",
            "module.eks.module.kms.aws_kms_key.this",
            "module.eks.module.kms.aws_kms_replica_external_key.this",
            "module.eks.module.kms.aws_kms_replica_key.this",
            "module.eks.module.kms.data.aws_caller_identity.current",
            "module.eks.module.kms.data.aws_iam_policy_document.this",
            "module.eks.module.kms.data.aws_partition.current",
            "module.vpc.aws_subnet.private",
            "module.vpc.aws_vpc.this",
            "module.vpc.aws_vpc_ipv4_cidr_block_association.this"
          ]
        }
      ]
    },
    {
      "module": "module.eks",
      "mode": "managed",
      "type": "aws_eks_access_policy_association",
      "name": "this",
      "provider": "provider[\"registry.terraform.io/hashicorp/aws\"]",
      "instances": [
        {
          "index_key": "cluster_creator_admin",
          "schema_version": 0,
          "attributes": {
            "access_scope": [
              {
                "namespaces": [],
                "type": "cluster"
              }
            ],
            "associated_at": "2025-06-20 02:28:52.543 +0000 UTC",
            "cluster_name": "automode-cluster",
            "id": "automode-cluster#arn:aws:iam::980921733825:user/ihza_ops#arn:aws:eks::aws:cluster-access-policy/AmazonEKSClusterAdminPolicy",
            "modified_at": "2025-06-20 02:28:52.543 +0000 UTC",
            "policy_arn": "arn:aws:eks::aws:cluster-access-policy/AmazonEKSClusterAdminPolicy",
            "principal_arn": "arn:aws:iam::980921733825:user/ihza_ops",
            "timeouts": null
          },
          "sensitive_attributes": [],
          "identity_schema_version": 0,
          "private": "eyJlMmJmYjczMC1lY2FhLTExZTYtOGY4OC0zNDM2M2JjN2M0YzAiOnsiY3JlYXRlIjo2MDAwMDAwMDAwMDAsImRlbGV0ZSI6NjAwMDAwMDAwMDAwfX0=",
          "dependencies": [
            "data.aws_availability_zones.available",
            "module.eks.aws_cloudwatch_log_group.this",
            "module.eks.aws_eks_access_entry.this",
            "module.eks.aws_eks_cluster.this",
            "module.eks.aws_iam_policy.cni_ipv6_policy",
            "module.eks.aws_iam_role.eks_auto",
            "module.eks.aws_iam_role.this",
            "module.eks.aws_iam_role_policy_attachment.this",
            "module.eks.aws_security_group.cluster",
            "module.eks.aws_security_group.node",
            "module.eks.aws_security_group_rule.cluster",
            "module.eks.aws_security_group_rule.node",
            "module.eks.data.aws_caller_identity.current",
            "module.eks.data.aws_iam_policy_document.assume_role_policy",
            "module.eks.data.aws_iam_policy_document.cni_ipv6_policy",
            "module.eks.data.aws_iam_policy_document.node_assume_role_policy",
            "module.eks.data.aws_iam_session_context.current",
            "module.eks.data.aws_partition.current",
            "module.eks.module.kms.aws_kms_external_key.this",
            "module.eks.module.kms.aws_kms_key.this",
            "module.eks.module.kms.aws_kms_replica_external_key.this",
            "module.eks.module.kms.aws_kms_replica_key.this",
            "module.eks.module.kms.data.aws_caller_identity.current",
            "module.eks.module.kms.data.aws_iam_policy_document.this",
            "module.eks.module.kms.data.aws_partition.current",
            "module.vpc.aws_subnet.private",
            "module.vpc.aws_vpc.this",
            "module.vpc.aws_vpc_ipv4_cidr_block_association.this"
          ]
        }
      ]
    },
    {
      "module": "module.eks",
      "mode": "managed",
      "type": "aws_eks_cluster",
      "name": "this",
      "provider": "provider[\"registry.terraform.io/hashicorp/aws\"]",
      "instances": [
        {
          "index_key": 0,
          "schema_version": 1,
          "attributes": {
            "access_config": [
              {
                "authentication_mode": "API_AND_CONFIG_MAP",
                "bootstrap_cluster_creator_admin_permissions": false
              }
            ],
            "arn": "arn:aws:eks:ap-southeast-3:980921733825:cluster/automode-cluster",
            "bootstrap_self_managed_addons": false,
            "certificate_authority": [
              {
                "data": "LS0tLS1CRUdJTiBDRVJUSUZJQ0FURS0tLS0tCk1JSURCVENDQWUyZ0F3SUJBZ0lJY1RzRUdJNzM1Vk13RFFZSktvWklodmNOQVFFTEJRQXdGVEVUTUJFR0ExVUUKQXhNS2EzVmlaWEp1WlhSbGN6QWVGdzB5TlRBMk1qQXdNakUzTXpoYUZ3MHpOVEEyTVRnd01qSXlNemhhTUJVeApFekFSQmdOVkJBTVRDbXQxWW1WeWJtVjBaWE13Z2dFaU1BMEdDU3FHU0liM0RRRUJBUVVBQTRJQkR3QXdnZ0VLCkFvSUJBUURTQlJlQ2c5bjZrM210VnZXRGdwdGtXNGV0T3RtVzQzMi9Pd3k0c25UTnhtcEE4OUlkdjJQRWt2dDkKTjZvcVF5eTJralhuTnhrSWhGYU1zaUZjcnZwc0lHdSt0clZuWmI3ZCtZWlU3Vk5tR1Zac3p0VHlrN0t1UUUzSwpKVFk0cERkcTI3eklRUUZQOGVJRiszeDZTbHhGdy9WbXNNT3Jmd1ZqVGcvQ3dMQXlEQ3ZodmtKYldCcnJ1UGdoCk5LVzh0b2I4dFgwODRkRHNVaDlSZCt0eWdmcUNnSXkzSzkxKzBXajNaTVJYYW9OaEpTRlNzeGZlRStKamNsYnIKK1VGaldFTWQxVERhTGJCdndML1ZXa1NmSXZyMjVGOHY1VU9BZFlOU3RJdXJNQW1aZ0xNa1dKZmV6TStaWStMdwpmcU11VkVCZUpyNUtMT2IyZW1SYUt1S0F3SkpiQWdNQkFBR2pXVEJYTUE0R0ExVWREd0VCL3dRRUF3SUNwREFQCkJnTlZIUk1CQWY4RUJUQURBUUgvTUIwR0ExVWREZ1FXQkJTM3poMkFYc29iZ3BaMkV2UGlxd1NqZlIwVWFUQVYKQmdOVkhSRUVEakFNZ2dwcmRXSmxjbTVsZEdWek1BMEdDU3FHU0liM0RRRUJDd1VBQTRJQkFRQit3cGo2d1prZwplMG1vRW1aRFN3TXBYN2FQYkpiZmNBYjFldER0YW5DNm5ObkhEMG5ZbjJwbnl5NUFYbDJJQkc1L3pCakxKMVNuCkxaUTlCdWx5YmJvRlhMSWlKdlM2WCs0V2lib250L2orOXZ5VS84MU55Vy9pc1ZlUUlLWVlqSzFEaTJ1RVh1M3UKVEVhRUtTWDFBNGxYV1VqaGFGSzdnek9scE11S0wwTnlpdjlGM2VEMXZIYXlnRFR3c3ZabG03Z2xKWnJQM2FhNwpIanhBT0l3dFFhY3RnKzhIN2ROOUZkMFRVdGx6OE9ScnExcHJTbmZwU21pM3AwbGhXdGR0KzdlRGkxNFBLMmVNCkV6RFBrSWIxa0dSYnpnNVlLWHNQYmYvUDNaK0FTRk1wSHVwMlExSGl1WHBPc1BKVUQ2eHVHY08wTTNWd21PbkoKZ2wxM2JZQzRlZ2pICi0tLS0tRU5EIENFUlRJRklDQVRFLS0tLS0K"
              }
            ],
            "cluster_id": null,
            "compute_config": [
              {
                "enabled": true,
                "node_pools": [
                  "general-purpose"
                ],
                "node_role_arn": "arn:aws:iam::980921733825:role/automode-cluster-eks-auto-20250620021813445700000005"
              }
            ],
            "created_at": "2025-06-20T02:18:40Z",
            "enabled_cluster_log_types": [
              "api",
              "audit",
              "authenticator"
            ],
            "encryption_config": [
              {
                "provider": [
                  {
                    "key_arn": "arn:aws:kms:ap-southeast-3:980921733825:key/856463c5-f7eb-44e9-bfb8-42dcc19a3f6b"
                  }
                ],
                "resources": [
                  "secrets"
                ]
              }
            ],
            "endpoint": "https://DD34E0D25E3AF0CF4648F2800629781C.yl4.ap-southeast-3.eks.amazonaws.com",
            "force_update_version": null,
            "id": "automode-cluster",
            "identity": [
              {
                "oidc": [
                  {
                    "issuer": "https://oidc.eks.ap-southeast-3.amazonaws.com/id/DD34E0D25E3AF0CF4648F2800629781C"
                  }
                ]
              }
            ],
            "kubernetes_network_config": [
              {
                "elastic_load_balancing": [
                  {
                    "enabled": true
                  }
                ],
                "ip_family": "ipv4",
                "service_ipv4_cidr": "172.20.0.0/16",
                "service_ipv6_cidr": ""
              }
            ],
            "name": "automode-cluster",
            "outpost_config": [],
            "platform_version": "eks.28",
            "remote_network_config": [],
            "role_arn": "arn:aws:iam::980921733825:role/automode-cluster-cluster-2025062002181500010000001c",
            "status": "ACTIVE",
            "storage_config": [
              {
                "block_storage": [
                  {
                    "enabled": true
                  }
                ]
              }
            ],
            "tags": {
              "Blueprint": "automode-cluster",
              "terraform-aws-modules": "eks"
            },
            "tags_all": {
              "Blueprint": "automode-cluster",
              "terraform-aws-modules": "eks"
            },
            "timeouts": {
              "create": null,
              "delete": null,
              "update": null
            },
            "upgrade_policy": [
              {
                "support_type": "EXTENDED"
              }
            ],
            "version": "1.31",
            "vpc_config": [
              {
                "cluster_security_group_id": "sg-0e13b64b4d4557bf5",
                "endpoint_private_access": true,
                "endpoint_public_access": true,
                "public_access_cidrs": [
                  "0.0.0.0/0"
                ],
                "security_group_ids": [
                  "sg-0d51b3baa297700a4"
                ],
                "subnet_ids": [
                  "subnet-01ce221a540155cbb",
                  "subnet-08472d0ba75ba92e1",
                  "subnet-0aab9bafb5420a220"
                ],
                "vpc_id": "vpc-081e38e18af8095e0"
              }
            ],
            "zonal_shift_config": []
          },
          "sensitive_attributes": [],
          "identity_schema_version": 0,
          "private": "eyJlMmJmYjczMC1lY2FhLTExZTYtOGY4OC0zNDM2M2JjN2M0YzAiOnsiY3JlYXRlIjoxODAwMDAwMDAwMDAwLCJkZWxldGUiOjkwMDAwMDAwMDAwMCwidXBkYXRlIjozNjAwMDAwMDAwMDAwfSwic2NoZW1hX3ZlcnNpb24iOiIxIn0=",
          "dependencies": [
            "data.aws_availability_zones.available",
            "module.eks.aws_cloudwatch_log_group.this",
            "module.eks.aws_iam_policy.cni_ipv6_policy",
            "module.eks.aws_iam_role.eks_auto",
            "module.eks.aws_iam_role.this",
            "module.eks.aws_iam_role_policy_attachment.this",
            "module.eks.aws_security_group.cluster",
            "module.eks.aws_security_group.node",
            "module.eks.aws_security_group_rule.cluster",
            "module.eks.aws_security_group_rule.node",
            "module.eks.data.aws_caller_identity.current",
            "module.eks.data.aws_iam_policy_document.assume_role_policy",
            "module.eks.data.aws_iam_policy_document.cni_ipv6_policy",
            "module.eks.data.aws_iam_policy_document.node_assume_role_policy",
            "module.eks.data.aws_iam_session_context.current",
            "module.eks.data.aws_partition.current",
            "module.eks.module.kms.aws_kms_external_key.this",
            "module.eks.module.kms.aws_kms_key.this",
            "module.eks.module.kms.aws_kms_replica_external_key.this",
            "module.eks.module.kms.aws_kms_replica_key.this",
            "module.eks.module.kms.data.aws_caller_identity.current",
            "module.eks.module.kms.data.aws_iam_policy_document.this",
            "module.eks.module.kms.data.aws_partition.current",
            "module.vpc.aws_subnet.private",
            "module.vpc.aws_vpc.this",
            "module.vpc.aws_vpc_ipv4_cidr_block_association.this"
          ],
          "create_before_destroy": true
        }
      ]
    },
    {
      "module": "module.eks",
      "mode": "managed",
      "type": "aws_iam_openid_connect_provider",
      "name": "oidc_provider",
      "provider": "provider[\"registry.terraform.io/hashicorp/aws\"]",
      "instances": [
        {
          "index_key": 0,
          "schema_version": 0,
          "attributes": {
            "arn": "arn:aws:iam::980921733825:oidc-provider/oidc.eks.ap-southeast-3.amazonaws.com/id/DD34E0D25E3AF0CF4648F2800629781C",
            "client_id_list": [
              "sts.amazonaws.com"
            ],
            "id": "arn:aws:iam::980921733825:oidc-provider/oidc.eks.ap-southeast-3.amazonaws.com/id/DD34E0D25E3AF0CF4648F2800629781C",
            "tags": {
              "Blueprint": "automode-cluster",
              "Name": "automode-cluster-eks-irsa"
            },
            "tags_all": {
              "Blueprint": "automode-cluster",
              "Name": "automode-cluster-eks-irsa"
            },
            "thumbprint_list": [
              "06b25927c42a721631c1efd9431e648fa62e1e39"
            ],
            "url": "oidc.eks.ap-southeast-3.amazonaws.com/id/DD34E0D25E3AF0CF4648F2800629781C"
          },
          "sensitive_attributes": [],
          "identity_schema_version": 0,
          "private": "bnVsbA==",
          "dependencies": [
            "data.aws_availability_zones.available",
            "module.eks.aws_cloudwatch_log_group.this",
            "module.eks.aws_eks_cluster.this",
            "module.eks.aws_iam_policy.cni_ipv6_policy",
            "module.eks.aws_iam_role.eks_auto",
            "module.eks.aws_iam_role.this",
            "module.eks.aws_iam_role_policy_attachment.this",
            "module.eks.aws_security_group.cluster",
            "module.eks.aws_security_group.node",
            "module.eks.aws_security_group_rule.cluster",
            "module.eks.aws_security_group_rule.node",
            "module.eks.data.aws_caller_identity.current",
            "module.eks.data.aws_iam_policy_document.assume_role_policy",
            "module.eks.data.aws_iam_policy_document.cni_ipv6_policy",
            "module.eks.data.aws_iam_policy_document.node_assume_role_policy",
            "module.eks.data.aws_iam_session_context.current",
            "module.eks.data.aws_partition.current",
            "module.eks.data.tls_certificate.this",
            "module.eks.module.kms.aws_kms_external_key.this",
            "module.eks.module.kms.aws_kms_key.this",
            "module.eks.module.kms.aws_kms_replica_external_key.this",
            "module.eks.module.kms.aws_kms_replica_key.this",
            "module.eks.module.kms.data.aws_caller_identity.current",
            "module.eks.module.kms.data.aws_iam_policy_document.this",
            "module.eks.module.kms.data.aws_partition.current",
            "module.vpc.aws_subnet.private",
            "module.vpc.aws_vpc.this",
            "module.vpc.aws_vpc_ipv4_cidr_block_association.this"
          ]
        }
      ]
    },
    {
      "module": "module.eks",
      "mode": "managed",
      "type": "aws_iam_policy",
      "name": "cluster_encryption",
      "provider": "provider[\"registry.terraform.io/hashicorp/aws\"]",
      "instances": [
        {
          "index_key": 0,
          "schema_version": 0,
          "attributes": {
            "arn": "arn:aws:iam::980921733825:policy/automode-cluster-cluster-ClusterEncryption20250620021837735400000040",
            "attachment_count": 1,
            "description": "Cluster encryption policy to allow cluster role to utilize CMK provided",
            "id": "arn:aws:iam::980921733825:policy/automode-cluster-cluster-ClusterEncryption20250620021837735400000040",
            "name": "automode-cluster-cluster-ClusterEncryption20250620021837735400000040",
            "name_prefix": "automode-cluster-cluster-ClusterEncryption",
            "path": "/",
            "policy": "{\"Statement\":[{\"Action\":[\"kms:Encrypt\",\"kms:Decrypt\",\"kms:ListGrants\",\"kms:DescribeKey\"],\"Effect\":\"Allow\",\"Resource\":\"arn:aws:kms:ap-southeast-3:980921733825:key/856463c5-f7eb-44e9-bfb8-42dcc19a3f6b\"}],\"Version\":\"2012-10-17\"}",
            "policy_id": "ANPA6IY352LA46JNSA2VB",
            "tags": {
              "Blueprint": "automode-cluster"
            },
            "tags_all": {
              "Blueprint": "automode-cluster"
            }
          },
          "sensitive_attributes": [],
          "identity_schema_version": 0,
          "private": "bnVsbA==",
          "dependencies": [
            "module.eks.aws_iam_role.this",
            "module.eks.data.aws_caller_identity.current",
            "module.eks.data.aws_iam_policy_document.assume_role_policy",
            "module.eks.data.aws_iam_session_context.current",
            "module.eks.module.kms.aws_kms_external_key.this",
            "module.eks.module.kms.aws_kms_key.this",
            "module.eks.module.kms.aws_kms_replica_external_key.this",
            "module.eks.module.kms.aws_kms_replica_key.this",
            "module.eks.module.kms.data.aws_caller_identity.current",
            "module.eks.module.kms.data.aws_iam_policy_document.this",
            "module.eks.module.kms.data.aws_partition.current"
          ]
        }
      ]
    },
    {
      "module": "module.eks",
      "mode": "managed",
      "type": "aws_iam_policy",
      "name": "custom",
      "provider": "provider[\"registry.terraform.io/hashicorp/aws\"]",
      "instances": [
        {
          "index_key": 0,
          "schema_version": 0,
          "attributes": {
            "arn": "arn:aws:iam::980921733825:policy/automode-cluster-cluster-20250620021815994700000022",
            "attachment_count": 1,
            "description": "",
            "id": "arn:aws:iam::980921733825:policy/automode-cluster-cluster-20250620021815994700000022",
            "name": "automode-cluster-cluster-20250620021815994700000022",
            "name_prefix": "automode-cluster-cluster-",
            "path": "/",
            "policy": "{\"Statement\":[{\"Action\":[\"ec2:RunInstances\",\"ec2:CreateLaunchTemplate\",\"ec2:CreateFleet\"],\"Condition\":{\"StringEquals\":{\"aws:RequestTag/eks:eks-cluster-name\":\"${aws:PrincipalTag/eks:eks-cluster-name}\"},\"StringLike\":{\"aws:RequestTag/eks:kubernetes-node-class-name\":\"*\",\"aws:RequestTag/eks:kubernetes-node-pool-name\":\"*\"}},\"Effect\":\"Allow\",\"Resource\":\"*\",\"Sid\":\"Compute\"},{\"Action\":[\"ec2:CreateVolume\",\"ec2:CreateSnapshot\"],\"Condition\":{\"StringEquals\":{\"aws:RequestTag/eks:eks-cluster-name\":\"${aws:PrincipalTag/eks:eks-cluster-name}\"}},\"Effect\":\"Allow\",\"Resource\":[\"arn:aws:ec2:*:*:volume/*\",\"arn:aws:ec2:*:*:snapshot/*\"],\"Sid\":\"Storage\"},{\"Action\":\"ec2:CreateNetworkInterface\",\"Condition\":{\"StringEquals\":{\"aws:RequestTag/eks:eks-cluster-name\":\"${aws:PrincipalTag/eks:eks-cluster-name}\",\"aws:RequestTag/eks:kubernetes-cni-node-name\":\"*\"}},\"Effect\":\"Allow\",\"Resource\":\"*\",\"Sid\":\"Networking\"},{\"Action\":[\"elasticloadbalancing:CreateTargetGroup\",\"elasticloadbalancing:CreateRule\",\"elasticloadbalancing:CreateLoadBalancer\",\"elasticloadbalancing:CreateListener\",\"ec2:CreateSecurityGroup\"],\"Condition\":{\"StringEquals\":{\"aws:RequestTag/eks:eks-cluster-name\":\"${aws:PrincipalTag/eks:eks-cluster-name}\"}},\"Effect\":\"Allow\",\"Resource\":\"*\",\"Sid\":\"LoadBalancer\"},{\"Action\":\"shield:CreateProtection\",\"Condition\":{\"StringEquals\":{\"aws:RequestTag/eks:eks-cluster-name\":\"${aws:PrincipalTag/eks:eks-cluster-name}\"}},\"Effect\":\"Allow\",\"Resource\":\"*\",\"Sid\":\"ShieldProtection\"},{\"Action\":\"shield:TagResource\",\"Condition\":{\"StringEquals\":{\"aws:RequestTag/eks:eks-cluster-name\":\"${aws:PrincipalTag/eks:eks-cluster-name}\"}},\"Effect\":\"Allow\",\"Resource\":\"arn:aws:shield::*:protection/*\",\"Sid\":\"ShieldTagResource\"}],\"Version\":\"2012-10-17\"}",
            "policy_id": "ANPA6IY352LAXONGCMA3E",
            "tags": {
              "Blueprint": "automode-cluster"
            },
            "tags_all": {
              "Blueprint": "automode-cluster"
            }
          },
          "sensitive_attributes": [],
          "identity_schema_version": 0,
          "private": "bnVsbA==",
          "dependencies": [
            "module.eks.data.aws_iam_policy_document.custom",
            "module.eks.data.aws_partition.current"
          ]
        }
      ]
    },
    {
      "module": "module.eks",
      "mode": "managed",
      "type": "aws_iam_role",
      "name": "eks_auto",
      "provider": "provider[\"registry.terraform.io/hashicorp/aws\"]",
      "instances": [
        {
          "index_key": 0,
          "schema_version": 0,
          "attributes": {
            "arn": "arn:aws:iam::980921733825:role/automode-cluster-eks-auto-20250620021813445700000005",
            "assume_role_policy": "{\"Statement\":[{\"Action\":[\"sts:TagSession\",\"sts:AssumeRole\"],\"Effect\":\"Allow\",\"Principal\":{\"Service\":\"ec2.amazonaws.com\"},\"Sid\":\"EKSAutoNodeAssumeRole\"}],\"Version\":\"2012-10-17\"}",
            "create_date": "2025-06-20T02:18:14Z",
            "description": "",
            "force_detach_policies": true,
            "id": "automode-cluster-eks-auto-20250620021813445700000005",
            "inline_policy": [],
            "managed_policy_arns": [
              "arn:aws:iam::aws:policy/AmazonEC2ContainerRegistryPullOnly",
              "arn:aws:iam::aws:policy/AmazonEKSWorkerNodeMinimalPolicy"
            ],
            "max_session_duration": 3600,
            "name": "automode-cluster-eks-auto-20250620021813445700000005",
            "name_prefix": "automode-cluster-eks-auto-",
            "path": "/",
            "permissions_boundary": "",
            "tags": {
              "Blueprint": "automode-cluster"
            },
            "tags_all": {
              "Blueprint": "automode-cluster"
            },
            "unique_id": "AROA6IY352LA3KV6HYN7Z"
          },
          "sensitive_attributes": [],
          "identity_schema_version": 0,
          "private": "bnVsbA==",
          "dependencies": [
            "module.eks.data.aws_iam_policy_document.node_assume_role_policy"
          ],
          "create_before_destroy": true
        }
      ]
    },
    {
      "module": "module.eks",
      "mode": "managed",
      "type": "aws_iam_role",
      "name": "this",
      "provider": "provider[\"registry.terraform.io/hashicorp/aws\"]",
      "instances": [
        {
          "index_key": 0,
          "schema_version": 0,
          "attributes": {
            "arn": "arn:aws:iam::980921733825:role/automode-cluster-cluster-2025062002181500010000001c",
            "assume_role_policy": "{\"Statement\":[{\"Action\":[\"sts:TagSession\",\"sts:AssumeRole\"],\"Effect\":\"Allow\",\"Principal\":{\"Service\":\"eks.amazonaws.com\"},\"Sid\":\"EKSClusterAssumeRole\"}],\"Version\":\"2012-10-17\"}",
            "create_date": "2025-06-20T02:18:15Z",
            "description": "",
            "force_detach_policies": true,
            "id": "automode-cluster-cluster-2025062002181500010000001c",
            "inline_policy": [],
            "managed_policy_arns": [
              "arn:aws:iam::980921733825:policy/automode-cluster-cluster-20250620021815994700000022",
              "arn:aws:iam::980921733825:policy/automode-cluster-cluster-ClusterEncryption20250620021837735400000040",
              "arn:aws:iam::aws:policy/AmazonEKSBlockStoragePolicy",
              "arn:aws:iam::aws:policy/AmazonEKSClusterPolicy",
              "arn:aws:iam::aws:policy/AmazonEKSComputePolicy",
              "arn:aws:iam::aws:policy/AmazonEKSLoadBalancingPolicy",
              "arn:aws:iam::aws:policy/AmazonEKSNetworkingPolicy"
            ],
            "max_session_duration": 3600,
            "name": "automode-cluster-cluster-2025062002181500010000001c",
            "name_prefix": "automode-cluster-cluster-",
            "path": "/",
            "permissions_boundary": "",
            "tags": {
              "Blueprint": "automode-cluster"
            },
            "tags_all": {
              "Blueprint": "automode-cluster"
            },
            "unique_id": "AROA6IY352LAV53BPIQBS"
          },
          "sensitive_attributes": [],
          "identity_schema_version": 0,
          "private": "bnVsbA==",
          "dependencies": [
            "module.eks.data.aws_iam_policy_document.assume_role_policy"
          ],
          "create_before_destroy": true
        }
      ]
    },
    {
      "module": "module.eks",
      "mode": "managed",
      "type": "aws_iam_role_policy_attachment",
      "name": "cluster_encryption",
      "provider": "provider[\"registry.terraform.io/hashicorp/aws\"]",
      "instances": [
        {
          "index_key": 0,
          "schema_version": 0,
          "attributes": {
            "id": "automode-cluster-cluster-2025062002181500010000001c-20250620021838899900000041",
            "policy_arn": "arn:aws:iam::980921733825:policy/automode-cluster-cluster-ClusterEncryption20250620021837735400000040",
            "role": "automode-cluster-cluster-2025062002181500010000001c"
          },
          "sensitive_attributes": [],
          "identity_schema_version": 0,
          "private": "bnVsbA==",
          "dependencies": [
            "module.eks.aws_iam_policy.cluster_encryption",
            "module.eks.aws_iam_role.this",
            "module.eks.data.aws_caller_identity.current",
            "module.eks.data.aws_iam_policy_document.assume_role_policy",
            "module.eks.data.aws_iam_session_context.current",
            "module.eks.module.kms.aws_kms_external_key.this",
            "module.eks.module.kms.aws_kms_key.this",
            "module.eks.module.kms.aws_kms_replica_external_key.this",
            "module.eks.module.kms.aws_kms_replica_key.this",
            "module.eks.module.kms.data.aws_caller_identity.current",
            "module.eks.module.kms.data.aws_iam_policy_document.this",
            "module.eks.module.kms.data.aws_partition.current"
          ]
        }
      ]
    },
    {
      "module": "module.eks",
      "mode": "managed",
      "type": "aws_iam_role_policy_attachment",
      "name": "custom",
      "provider": "provider[\"registry.terraform.io/hashicorp/aws\"]",
      "instances": [
        {
          "index_key": 0,
          "schema_version": 0,
          "attributes": {
            "id": "automode-cluster-cluster-2025062002181500010000001c-20250620021817564600000032",
            "policy_arn": "arn:aws:iam::980921733825:policy/automode-cluster-cluster-20250620021815994700000022",
            "role": "automode-cluster-cluster-2025062002181500010000001c"
          },
          "sensitive_attributes": [],
          "identity_schema_version": 0,
          "private": "bnVsbA==",
          "dependencies": [
            "module.eks.aws_iam_policy.custom",
            "module.eks.aws_iam_role.this",
            "module.eks.data.aws_iam_policy_document.assume_role_policy",
            "module.eks.data.aws_iam_policy_document.custom",
            "module.eks.data.aws_partition.current"
          ]
        }
      ]
    },
    {
      "module": "module.eks",
      "mode": "managed",
      "type": "aws_iam_role_policy_attachment",
      "name": "eks_auto",
      "provider": "provider[\"registry.terraform.io/hashicorp/aws\"]",
      "instances": [
        {
          "index_key": "AmazonEC2ContainerRegistryPullOnly",
          "schema_version": 0,
          "attributes": {
            "id": "automode-cluster-eks-auto-20250620021813445700000005-20250620021816852600000026",
            "policy_arn": "arn:aws:iam::aws:policy/AmazonEC2ContainerRegistryPullOnly",
            "role": "automode-cluster-eks-auto-20250620021813445700000005"
          },
          "sensitive_attributes": [],
          "identity_schema_version": 0,
          "private": "bnVsbA==",
          "dependencies": [
            "module.eks.aws_iam_role.eks_auto",
            "module.eks.data.aws_iam_policy_document.node_assume_role_policy",
            "module.eks.data.aws_partition.current"
          ]
        },
        {
          "index_key": "AmazonEKSWorkerNodeMinimalPolicy",
          "schema_version": 0,
          "attributes": {
            "id": "automode-cluster-eks-auto-20250620021813445700000005-20250620021816833300000025",
            "policy_arn": "arn:aws:iam::aws:policy/AmazonEKSWorkerNodeMinimalPolicy",
            "role": "automode-cluster-eks-auto-20250620021813445700000005"
          },
          "sensitive_attributes": [],
          "identity_schema_version": 0,
          "private": "bnVsbA==",
          "dependencies": [
            "module.eks.aws_iam_role.eks_auto",
            "module.eks.data.aws_iam_policy_document.node_assume_role_policy",
            "module.eks.data.aws_partition.current"
          ]
        }
      ]
    },
    {
      "module": "module.eks",
      "mode": "managed",
      "type": "aws_iam_role_policy_attachment",
      "name": "this",
      "provider": "provider[\"registry.terraform.io/hashicorp/aws\"]",
      "instances": [
        {
          "index_key": "AmazonEKSBlockStoragePolicy",
          "schema_version": 0,
          "attributes": {
            "id": "automode-cluster-cluster-2025062002181500010000001c-20250620021817277700000031",
            "policy_arn": "arn:aws:iam::aws:policy/AmazonEKSBlockStoragePolicy",
            "role": "automode-cluster-cluster-2025062002181500010000001c"
          },
          "sensitive_attributes": [],
          "identity_schema_version": 0,
          "private": "bnVsbA==",
          "dependencies": [
            "module.eks.aws_iam_role.this",
            "module.eks.data.aws_iam_policy_document.assume_role_policy",
            "module.eks.data.aws_partition.current"
          ],
          "create_before_destroy": true
        },
        {
          "index_key": "AmazonEKSClusterPolicy",
          "schema_version": 0,
          "attributes": {
            "id": "automode-cluster-cluster-2025062002181500010000001c-2025062002181713710000002c",
            "policy_arn": "arn:aws:iam::aws:policy/AmazonEKSClusterPolicy",
            "role": "automode-cluster-cluster-2025062002181500010000001c"
          },
          "sensitive_attributes": [],
          "identity_schema_version": 0,
          "private": "bnVsbA==",
          "dependencies": [
            "module.eks.aws_iam_role.this",
            "module.eks.data.aws_iam_policy_document.assume_role_policy",
            "module.eks.data.aws_partition.current"
          ],
          "create_before_destroy": true
        },
        {
          "index_key": "AmazonEKSComputePolicy",
          "schema_version": 0,
          "attributes": {
            "id": "automode-cluster-cluster-2025062002181500010000001c-20250620021817273900000030",
            "policy_arn": "arn:aws:iam::aws:policy/AmazonEKSComputePolicy",
            "role": "automode-cluster-cluster-2025062002181500010000001c"
          },
          "sensitive_attributes": [],
          "identity_schema_version": 0,
          "private": "bnVsbA==",
          "dependencies": [
            "module.eks.aws_iam_role.this",
            "module.eks.data.aws_iam_policy_document.assume_role_policy",
            "module.eks.data.aws_partition.current"
          ],
          "create_before_destroy": true
        },
        {
          "index_key": "AmazonEKSLoadBalancingPolicy",
          "schema_version": 0,
          "attributes": {
            "id": "automode-cluster-cluster-2025062002181500010000001c-20250620021816953700000029",
            "policy_arn": "arn:aws:iam::aws:policy/AmazonEKSLoadBalancingPolicy",
            "role": "automode-cluster-cluster-2025062002181500010000001c"
          },
          "sensitive_attributes": [],
          "identity_schema_version": 0,
          "private": "bnVsbA==",
          "dependencies": [
            "module.eks.aws_iam_role.this",
            "module.eks.data.aws_iam_policy_document.assume_role_policy",
            "module.eks.data.aws_partition.current"
          ],
          "create_before_destroy": true
        },
        {
          "index_key": "AmazonEKSNetworkingPolicy",
          "schema_version": 0,
          "attributes": {
            "id": "automode-cluster-cluster-2025062002181500010000001c-2025062002181720900000002d",
            "policy_arn": "arn:aws:iam::aws:policy/AmazonEKSNetworkingPolicy",
            "role": "automode-cluster-cluster-2025062002181500010000001c"
          },
          "sensitive_attributes": [],
          "identity_schema_version": 0,
          "private": "bnVsbA==",
          "dependencies": [
            "module.eks.aws_iam_role.this",
            "module.eks.data.aws_iam_policy_document.assume_role_policy",
            "module.eks.data.aws_partition.current"
          ],
          "create_before_destroy": true
        }
      ]
    },
    {
      "module": "module.eks",
      "mode": "managed",
      "type": "aws_security_group",
      "name": "cluster",
      "provider": "provider[\"registry.terraform.io/hashicorp/aws\"]",
      "instances": [
        {
          "index_key": 0,
          "schema_version": 1,
          "attributes": {
            "arn": "arn:aws:ec2:ap-southeast-3:980921733825:security-group/sg-0d51b3baa297700a4",
            "description": "EKS cluster security group",
            "egress": [],
            "id": "sg-0d51b3baa297700a4",
            "ingress": [
              {
                "cidr_blocks": [],
                "description": "Node groups to cluster API",
                "from_port": 443,
                "ipv6_cidr_blocks": [],
                "prefix_list_ids": [],
                "protocol": "tcp",
                "security_groups": [
                  "sg-06744b9d82bfeefc6"
                ],
                "self": false,
                "to_port": 443
              }
            ],
            "name": "automode-cluster-cluster-2025062002182846850000003b",
            "name_prefix": "automode-cluster-cluster-",
            "owner_id": "980921733825",
            "revoke_rules_on_delete": false,
            "tags": {
              "Blueprint": "automode-cluster",
              "Name": "automode-cluster-cluster"
            },
            "tags_all": {
              "Blueprint": "automode-cluster",
              "Name": "automode-cluster-cluster"
            },
            "timeouts": null,
            "vpc_id": "vpc-081e38e18af8095e0"
          },
          "sensitive_attributes": [],
          "identity_schema_version": 0,
          "private": "eyJlMmJmYjczMC1lY2FhLTExZTYtOGY4OC0zNDM2M2JjN2M0YzAiOnsiY3JlYXRlIjo2MDAwMDAwMDAwMDAsImRlbGV0ZSI6OTAwMDAwMDAwMDAwfSwic2NoZW1hX3ZlcnNpb24iOiIxIn0=",
          "dependencies": [
            "module.vpc.aws_vpc.this"
          ],
          "create_before_destroy": true
        }
      ]
    },
    {
      "module": "module.eks",
      "mode": "managed",
      "type": "aws_security_group",
      "name": "node",
      "provider": "provider[\"registry.terraform.io/hashicorp/aws\"]",
      "instances": [
        {
          "index_key": 0,
          "schema_version": 1,
          "attributes": {
            "arn": "arn:aws:ec2:ap-southeast-3:980921733825:security-group/sg-06744b9d82bfeefc6",
            "description": "EKS node shared security group",
            "egress": [
              {
                "cidr_blocks": [
                  "0.0.0.0/0"
                ],
                "description": "Allow all egress",
                "from_port": 0,
                "ipv6_cidr_blocks": [],
                "prefix_list_ids": [],
                "protocol": "-1",
                "security_groups": [],
                "self": false,
                "to_port": 0
              }
            ],
            "id": "sg-06744b9d82bfeefc6",
            "ingress": [
              {
                "cidr_blocks": [],
                "description": "Cluster API to node 4443/tcp webhook",
                "from_port": 4443,
                "ipv6_cidr_blocks": [],
                "prefix_list_ids": [],
                "protocol": "tcp",
                "security_groups": [
                  "sg-0d51b3baa297700a4"
                ],
                "self": false,
                "to_port": 4443
              },
              {
                "cidr_blocks": [],
                "description": "Cluster API to node 6443/tcp webhook",
                "from_port": 6443,
                "ipv6_cidr_blocks": [],
                "prefix_list_ids": [],
                "protocol": "tcp",
                "security_groups": [
                  "sg-0d51b3baa297700a4"
                ],
                "self": false,
                "to_port": 6443
              },
              {
                "cidr_blocks": [],
                "description": "Cluster API to node 8443/tcp webhook",
                "from_port": 8443,
                "ipv6_cidr_blocks": [],
                "prefix_list_ids": [],
                "protocol": "tcp",
                "security_groups": [
                  "sg-0d51b3baa297700a4"
                ],
                "self": false,
                "to_port": 8443
              },
              {
                "cidr_blocks": [],
                "description": "Cluster API to node 9443/tcp webhook",
                "from_port": 9443,
                "ipv6_cidr_blocks": [],
                "prefix_list_ids": [],
                "protocol": "tcp",
                "security_groups": [
                  "sg-0d51b3baa297700a4"
                ],
                "self": false,
                "to_port": 9443
              },
              {
                "cidr_blocks": [],
                "description": "Cluster API to node groups",
                "from_port": 443,
                "ipv6_cidr_blocks": [],
                "prefix_list_ids": [],
                "protocol": "tcp",
                "security_groups": [
                  "sg-0d51b3baa297700a4"
                ],
                "self": false,
                "to_port": 443
              },
              {
                "cidr_blocks": [],
                "description": "Cluster API to node kubelets",
                "from_port": 10250,
                "ipv6_cidr_blocks": [],
                "prefix_list_ids": [],
                "protocol": "tcp",
                "security_groups": [
                  "sg-0d51b3baa297700a4"
                ],
                "self": false,
                "to_port": 10250
              },
              {
                "cidr_blocks": [],
                "description": "Node to node CoreDNS UDP",
                "from_port": 53,
                "ipv6_cidr_blocks": [],
                "prefix_list_ids": [],
                "protocol": "udp",
                "security_groups": [],
                "self": true,
                "to_port": 53
              },
              {
                "cidr_blocks": [],
                "description": "Node to node CoreDNS",
                "from_port": 53,
                "ipv6_cidr_blocks": [],
                "prefix_list_ids": [],
                "protocol": "tcp",
                "security_groups": [],
                "self": true,
                "to_port": 53
              },
              {
                "cidr_blocks": [],
                "description": "Node to node ingress on ephemeral ports",
                "from_port": 1025,
                "ipv6_cidr_blocks": [],
                "prefix_list_ids": [],
                "protocol": "tcp",
                "security_groups": [],
                "self": true,
                "to_port": 65535
              }
            ],
            "name": "automode-cluster-node-2025062002182832430000003a",
            "name_prefix": "automode-cluster-node-",
            "owner_id": "980921733825",
            "revoke_rules_on_delete": false,
            "tags": {
              "Blueprint": "automode-cluster",
              "Name": "automode-cluster-node",
              "kubernetes.io/cluster/automode-cluster": "owned"
            },
            "tags_all": {
              "Blueprint": "automode-cluster",
              "Name": "automode-cluster-node",
              "kubernetes.io/cluster/automode-cluster": "owned"
            },
            "timeouts": null,
            "vpc_id": "vpc-081e38e18af8095e0"
          },
          "sensitive_attributes": [],
          "identity_schema_version": 0,
          "private": "eyJlMmJmYjczMC1lY2FhLTExZTYtOGY4OC0zNDM2M2JjN2M0YzAiOnsiY3JlYXRlIjo2MDAwMDAwMDAwMDAsImRlbGV0ZSI6OTAwMDAwMDAwMDAwfSwic2NoZW1hX3ZlcnNpb24iOiIxIn0=",
          "dependencies": [
            "module.vpc.aws_vpc.this"
          ],
          "create_before_destroy": true
        }
      ]
    },
    {
      "module": "module.eks",
      "mode": "managed",
      "type": "aws_security_group_rule",
      "name": "cluster",
      "provider": "provider[\"registry.terraform.io/hashicorp/aws\"]",
      "instances": [
        {
          "index_key": "ingress_nodes_443",
          "schema_version": 2,
          "attributes": {
            "cidr_blocks": null,
            "description": "Node groups to cluster API",
            "from_port": 443,
            "id": "sgrule-3671196207",
            "ipv6_cidr_blocks": null,
            "prefix_list_ids": null,
            "protocol": "tcp",
            "security_group_id": "sg-0d51b3baa297700a4",
            "security_group_rule_id": "sgr-0e2e3d6887f448e44",
            "self": false,
            "source_security_group_id": "sg-06744b9d82bfeefc6",
            "timeouts": null,
            "to_port": 443,
            "type": "ingress"
          },
          "sensitive_attributes": [],
          "identity_schema_version": 0,
          "private": "eyJlMmJmYjczMC1lY2FhLTExZTYtOGY4OC0zNDM2M2JjN2M0YzAiOnsiY3JlYXRlIjozMDAwMDAwMDAwMDB9LCJzY2hlbWFfdmVyc2lvbiI6IjIifQ==",
          "dependencies": [
            "module.eks.aws_security_group.cluster",
            "module.eks.aws_security_group.node",
            "module.vpc.aws_vpc.this"
          ],
          "create_before_destroy": true
        }
      ]
    },
    {
      "module": "module.eks",
      "mode": "managed",
      "type": "aws_security_group_rule",
      "name": "node",
      "provider": "provider[\"registry.terraform.io/hashicorp/aws\"]",
      "instances": [
        {
          "index_key": "egress_all",
          "schema_version": 2,
          "attributes": {
            "cidr_blocks": [
              "0.0.0.0/0"
            ],
            "description": "Allow all egress",
            "from_port": 0,
            "id": "sgrule-253101486",
            "ipv6_cidr_blocks": null,
            "prefix_list_ids": [],
            "protocol": "-1",
            "security_group_id": "sg-06744b9d82bfeefc6",
            "security_group_rule_id": "sgr-05a1b7c18d1a9802b",
            "self": false,
            "source_security_group_id": null,
            "timeouts": null,
            "to_port": 0,
            "type": "egress"
          },
          "sensitive_attributes": [],
          "identity_schema_version": 0,
          "private": "eyJlMmJmYjczMC1lY2FhLTExZTYtOGY4OC0zNDM2M2JjN2M0YzAiOnsiY3JlYXRlIjozMDAwMDAwMDAwMDB9LCJzY2hlbWFfdmVyc2lvbiI6IjIifQ==",
          "dependencies": [
            "module.eks.aws_security_group.cluster",
            "module.eks.aws_security_group.node",
            "module.vpc.aws_vpc.this"
          ],
          "create_before_destroy": true
        },
        {
          "index_key": "ingress_cluster_443",
          "schema_version": 2,
          "attributes": {
            "cidr_blocks": null,
            "description": "Cluster API to node groups",
            "from_port": 443,
            "id": "sgrule-993825429",
            "ipv6_cidr_blocks": null,
            "prefix_list_ids": [],
            "protocol": "tcp",
            "security_group_id": "sg-06744b9d82bfeefc6",
            "security_group_rule_id": "sgr-0f23e67af287ef8e6",
            "self": false,
            "source_security_group_id": "sg-0d51b3baa297700a4",
            "timeouts": null,
            "to_port": 443,
            "type": "ingress"
          },
          "sensitive_attributes": [],
          "identity_schema_version": 0,
          "private": "eyJlMmJmYjczMC1lY2FhLTExZTYtOGY4OC0zNDM2M2JjN2M0YzAiOnsiY3JlYXRlIjozMDAwMDAwMDAwMDB9LCJzY2hlbWFfdmVyc2lvbiI6IjIifQ==",
          "dependencies": [
            "module.eks.aws_security_group.cluster",
            "module.eks.aws_security_group.node",
            "module.vpc.aws_vpc.this"
          ],
          "create_before_destroy": true
        },
        {
          "index_key": "ingress_cluster_4443_webhook",
          "schema_version": 2,
          "attributes": {
            "cidr_blocks": null,
            "description": "Cluster API to node 4443/tcp webhook",
            "from_port": 4443,
            "id": "sgrule-168731621",
            "ipv6_cidr_blocks": null,
            "prefix_list_ids": [],
            "protocol": "tcp",
            "security_group_id": "sg-06744b9d82bfeefc6",
            "security_group_rule_id": "sgr-09f09c6b0fd77994e",
            "self": false,
            "source_security_group_id": "sg-0d51b3baa297700a4",
            "timeouts": null,
            "to_port": 4443,
            "type": "ingress"
          },
          "sensitive_attributes": [],
          "identity_schema_version": 0,
          "private": "eyJlMmJmYjczMC1lY2FhLTExZTYtOGY4OC0zNDM2M2JjN2M0YzAiOnsiY3JlYXRlIjozMDAwMDAwMDAwMDB9LCJzY2hlbWFfdmVyc2lvbiI6IjIifQ==",
          "dependencies": [
            "module.eks.aws_security_group.cluster",
            "module.eks.aws_security_group.node",
            "module.vpc.aws_vpc.this"
          ],
          "create_before_destroy": true
        },
        {
          "index_key": "ingress_cluster_6443_webhook",
          "schema_version": 2,
          "attributes": {
            "cidr_blocks": null,
            "description": "Cluster API to node 6443/tcp webhook",
            "from_port": 6443,
            "id": "sgrule-3276588147",
            "ipv6_cidr_blocks": null,
            "prefix_list_ids": [],
            "protocol": "tcp",
            "security_group_id": "sg-06744b9d82bfeefc6",
            "security_group_rule_id": "sgr-08132b23e1639a8d1",
            "self": false,
            "source_security_group_id": "sg-0d51b3baa297700a4",
            "timeouts": null,
            "to_port": 6443,
            "type": "ingress"
          },
          "sensitive_attributes": [],
          "identity_schema_version": 0,
          "private": "eyJlMmJmYjczMC1lY2FhLTExZTYtOGY4OC0zNDM2M2JjN2M0YzAiOnsiY3JlYXRlIjozMDAwMDAwMDAwMDB9LCJzY2hlbWFfdmVyc2lvbiI6IjIifQ==",
          "dependencies": [
            "module.eks.aws_security_group.cluster",
            "module.eks.aws_security_group.node",
            "module.vpc.aws_vpc.this"
          ],
          "create_before_destroy": true
        },
        {
          "index_key": "ingress_cluster_8443_webhook",
          "schema_version": 2,
          "attributes": {
            "cidr_blocks": null,
            "description": "Cluster API to node 8443/tcp webhook",
            "from_port": 8443,
            "id": "sgrule-3490773074",
            "ipv6_cidr_blocks": null,
            "prefix_list_ids": [],
            "protocol": "tcp",
            "security_group_id": "sg-06744b9d82bfeefc6",
            "security_group_rule_id": "sgr-0681888017dad5be1",
            "self": false,
            "source_security_group_id": "sg-0d51b3baa297700a4",
            "timeouts": null,
            "to_port": 8443,
            "type": "ingress"
          },
          "sensitive_attributes": [],
          "identity_schema_version": 0,
          "private": "eyJlMmJmYjczMC1lY2FhLTExZTYtOGY4OC0zNDM2M2JjN2M0YzAiOnsiY3JlYXRlIjozMDAwMDAwMDAwMDB9LCJzY2hlbWFfdmVyc2lvbiI6IjIifQ==",
          "dependencies": [
            "module.eks.aws_security_group.cluster",
            "module.eks.aws_security_group.node",
            "module.vpc.aws_vpc.this"
          ],
          "create_before_destroy": true
        },
        {
          "index_key": "ingress_cluster_9443_webhook",
          "schema_version": 2,
          "attributes": {
            "cidr_blocks": null,
            "description": "Cluster API to node 9443/tcp webhook",
            "from_port": 9443,
            "id": "sgrule-3031550873",
            "ipv6_cidr_blocks": null,
            "prefix_list_ids": [],
            "protocol": "tcp",
            "security_group_id": "sg-06744b9d82bfeefc6",
            "security_group_rule_id": "sgr-0445cd227a327d392",
            "self": false,
            "source_security_group_id": "sg-0d51b3baa297700a4",
            "timeouts": null,
            "to_port": 9443,
            "type": "ingress"
          },
          "sensitive_attributes": [],
          "identity_schema_version": 0,
          "private": "eyJlMmJmYjczMC1lY2FhLTExZTYtOGY4OC0zNDM2M2JjN2M0YzAiOnsiY3JlYXRlIjozMDAwMDAwMDAwMDB9LCJzY2hlbWFfdmVyc2lvbiI6IjIifQ==",
          "dependencies": [
            "module.eks.aws_security_group.cluster",
            "module.eks.aws_security_group.node",
            "module.vpc.aws_vpc.this"
          ],
          "create_before_destroy": true
        },
        {
          "index_key": "ingress_cluster_kubelet",
          "schema_version": 2,
          "attributes": {
            "cidr_blocks": null,
            "description": "Cluster API to node kubelets",
            "from_port": 10250,
            "id": "sgrule-3481877653",
            "ipv6_cidr_blocks": null,
            "prefix_list_ids": [],
            "protocol": "tcp",
            "security_group_id": "sg-06744b9d82bfeefc6",
            "security_group_rule_id": "sgr-05753d9dbfc51182d",
            "self": false,
            "source_security_group_id": "sg-0d51b3baa297700a4",
            "timeouts": null,
            "to_port": 10250,
            "type": "ingress"
          },
          "sensitive_attributes": [],
          "identity_schema_version": 0,
          "private": "eyJlMmJmYjczMC1lY2FhLTExZTYtOGY4OC0zNDM2M2JjN2M0YzAiOnsiY3JlYXRlIjozMDAwMDAwMDAwMDB9LCJzY2hlbWFfdmVyc2lvbiI6IjIifQ==",
          "dependencies": [
            "module.eks.aws_security_group.cluster",
            "module.eks.aws_security_group.node",
            "module.vpc.aws_vpc.this"
          ],
          "create_before_destroy": true
        },
        {
          "index_key": "ingress_nodes_ephemeral",
          "schema_version": 2,
          "attributes": {
            "cidr_blocks": null,
            "description": "Node to node ingress on ephemeral ports",
            "from_port": 1025,
            "id": "sgrule-3799918378",
            "ipv6_cidr_blocks": null,
            "prefix_list_ids": [],
            "protocol": "tcp",
            "security_group_id": "sg-06744b9d82bfeefc6",
            "security_group_rule_id": "sgr-050cabf1bacb8cfdb",
            "self": true,
            "source_security_group_id": null,
            "timeouts": null,
            "to_port": 65535,
            "type": "ingress"
          },
          "sensitive_attributes": [],
          "identity_schema_version": 0,
          "private": "eyJlMmJmYjczMC1lY2FhLTExZTYtOGY4OC0zNDM2M2JjN2M0YzAiOnsiY3JlYXRlIjozMDAwMDAwMDAwMDB9LCJzY2hlbWFfdmVyc2lvbiI6IjIifQ==",
          "dependencies": [
            "module.eks.aws_security_group.cluster",
            "module.eks.aws_security_group.node",
            "module.vpc.aws_vpc.this"
          ],
          "create_before_destroy": true
        },
        {
          "index_key": "ingress_self_coredns_tcp",
          "schema_version": 2,
          "attributes": {
            "cidr_blocks": null,
            "description": "Node to node CoreDNS",
            "from_port": 53,
            "id": "sgrule-1830928672",
            "ipv6_cidr_blocks": null,
            "prefix_list_ids": [],
            "protocol": "tcp",
            "security_group_id": "sg-06744b9d82bfeefc6",
            "security_group_rule_id": "sgr-0a59ef30d4fb80d3e",
            "self": true,
            "source_security_group_id": null,
            "timeouts": null,
            "to_port": 53,
            "type": "ingress"
          },
          "sensitive_attributes": [],
          "identity_schema_version": 0,
          "private": "eyJlMmJmYjczMC1lY2FhLTExZTYtOGY4OC0zNDM2M2JjN2M0YzAiOnsiY3JlYXRlIjozMDAwMDAwMDAwMDB9LCJzY2hlbWFfdmVyc2lvbiI6IjIifQ==",
          "dependencies": [
            "module.eks.aws_security_group.cluster",
            "module.eks.aws_security_group.node",
            "module.vpc.aws_vpc.this"
          ],
          "create_before_destroy": true
        },
        {
          "index_key": "ingress_self_coredns_udp",
          "schema_version": 2,
          "attributes": {
            "cidr_blocks": null,
            "description": "Node to node CoreDNS UDP",
            "from_port": 53,
            "id": "sgrule-3380503247",
            "ipv6_cidr_blocks": null,
            "prefix_list_ids": [],
            "protocol": "udp",
            "security_group_id": "sg-06744b9d82bfeefc6",
            "security_group_rule_id": "sgr-0c50dcbd793468096",
            "self": true,
            "source_security_group_id": null,
            "timeouts": null,
            "to_port": 53,
            "type": "ingress"
          },
          "sensitive_attributes": [],
          "identity_schema_version": 0,
          "private": "eyJlMmJmYjczMC1lY2FhLTExZTYtOGY4OC0zNDM2M2JjN2M0YzAiOnsiY3JlYXRlIjozMDAwMDAwMDAwMDB9LCJzY2hlbWFfdmVyc2lvbiI6IjIifQ==",
          "dependencies": [
            "module.eks.aws_security_group.cluster",
            "module.eks.aws_security_group.node",
            "module.vpc.aws_vpc.this"
          ],
          "create_before_destroy": true
        }
      ]
    },
    {
      "module": "module.eks",
      "mode": "managed",
      "type": "time_sleep",
      "name": "this",
      "provider": "provider[\"registry.terraform.io/hashicorp/time\"]",
      "instances": [
        {
          "index_key": 0,
          "schema_version": 0,
          "attributes": {
            "create_duration": "30s",
            "destroy_duration": null,
            "id": "2025-06-20T02:29:21Z",
            "triggers": {
              "cluster_certificate_authority_data": "LS0tLS1CRUdJTiBDRVJUSUZJQ0FURS0tLS0tCk1JSURCVENDQWUyZ0F3SUJBZ0lJY1RzRUdJNzM1Vk13RFFZSktvWklodmNOQVFFTEJRQXdGVEVUTUJFR0ExVUUKQXhNS2EzVmlaWEp1WlhSbGN6QWVGdzB5TlRBMk1qQXdNakUzTXpoYUZ3MHpOVEEyTVRnd01qSXlNemhhTUJVeApFekFSQmdOVkJBTVRDbXQxWW1WeWJtVjBaWE13Z2dFaU1BMEdDU3FHU0liM0RRRUJBUVVBQTRJQkR3QXdnZ0VLCkFvSUJBUURTQlJlQ2c5bjZrM210VnZXRGdwdGtXNGV0T3RtVzQzMi9Pd3k0c25UTnhtcEE4OUlkdjJQRWt2dDkKTjZvcVF5eTJralhuTnhrSWhGYU1zaUZjcnZwc0lHdSt0clZuWmI3ZCtZWlU3Vk5tR1Zac3p0VHlrN0t1UUUzSwpKVFk0cERkcTI3eklRUUZQOGVJRiszeDZTbHhGdy9WbXNNT3Jmd1ZqVGcvQ3dMQXlEQ3ZodmtKYldCcnJ1UGdoCk5LVzh0b2I4dFgwODRkRHNVaDlSZCt0eWdmcUNnSXkzSzkxKzBXajNaTVJYYW9OaEpTRlNzeGZlRStKamNsYnIKK1VGaldFTWQxVERhTGJCdndML1ZXa1NmSXZyMjVGOHY1VU9BZFlOU3RJdXJNQW1aZ0xNa1dKZmV6TStaWStMdwpmcU11VkVCZUpyNUtMT2IyZW1SYUt1S0F3SkpiQWdNQkFBR2pXVEJYTUE0R0ExVWREd0VCL3dRRUF3SUNwREFQCkJnTlZIUk1CQWY4RUJUQURBUUgvTUIwR0ExVWREZ1FXQkJTM3poMkFYc29iZ3BaMkV2UGlxd1NqZlIwVWFUQVYKQmdOVkhSRUVEakFNZ2dwcmRXSmxjbTVsZEdWek1BMEdDU3FHU0liM0RRRUJDd1VBQTRJQkFRQit3cGo2d1prZwplMG1vRW1aRFN3TXBYN2FQYkpiZmNBYjFldER0YW5DNm5ObkhEMG5ZbjJwbnl5NUFYbDJJQkc1L3pCakxKMVNuCkxaUTlCdWx5YmJvRlhMSWlKdlM2WCs0V2lib250L2orOXZ5VS84MU55Vy9pc1ZlUUlLWVlqSzFEaTJ1RVh1M3UKVEVhRUtTWDFBNGxYV1VqaGFGSzdnek9scE11S0wwTnlpdjlGM2VEMXZIYXlnRFR3c3ZabG03Z2xKWnJQM2FhNwpIanhBT0l3dFFhY3RnKzhIN2ROOUZkMFRVdGx6OE9ScnExcHJTbmZwU21pM3AwbGhXdGR0KzdlRGkxNFBLMmVNCkV6RFBrSWIxa0dSYnpnNVlLWHNQYmYvUDNaK0FTRk1wSHVwMlExSGl1WHBPc1BKVUQ2eHVHY08wTTNWd21PbkoKZ2wxM2JZQzRlZ2pICi0tLS0tRU5EIENFUlRJRklDQVRFLS0tLS0K",
              "cluster_endpoint": "https://DD34E0D25E3AF0CF4648F2800629781C.yl4.ap-southeast-3.eks.amazonaws.com",
              "cluster_name": "automode-cluster",
              "cluster_service_cidr": "172.20.0.0/16",
              "cluster_version": "1.31"
            }
          },
          "sensitive_attributes": [],
          "identity_schema_version": 0,
          "dependencies": [
            "data.aws_availability_zones.available",
            "module.eks.aws_cloudwatch_log_group.this",
            "module.eks.aws_eks_cluster.this",
            "module.eks.aws_iam_policy.cni_ipv6_policy",
            "module.eks.aws_iam_role.eks_auto",
            "module.eks.aws_iam_role.this",
            "module.eks.aws_iam_role_policy_attachment.this",
            "module.eks.aws_security_group.cluster",
            "module.eks.aws_security_group.node",
            "module.eks.aws_security_group_rule.cluster",
            "module.eks.aws_security_group_rule.node",
            "module.eks.data.aws_caller_identity.current",
            "module.eks.data.aws_iam_policy_document.assume_role_policy",
            "module.eks.data.aws_iam_policy_document.cni_ipv6_policy",
            "module.eks.data.aws_iam_policy_document.node_assume_role_policy",
            "module.eks.data.aws_iam_session_context.current",
            "module.eks.data.aws_partition.current",
            "module.eks.module.kms.aws_kms_external_key.this",
            "module.eks.module.kms.aws_kms_key.this",
            "module.eks.module.kms.aws_kms_replica_external_key.this",
            "module.eks.module.kms.aws_kms_replica_key.this",
            "module.eks.module.kms.data.aws_caller_identity.current",
            "module.eks.module.kms.data.aws_iam_policy_document.this",
            "module.eks.module.kms.data.aws_partition.current",
            "module.vpc.aws_subnet.private",
            "module.vpc.aws_vpc.this",
            "module.vpc.aws_vpc_ipv4_cidr_block_association.this"
          ],
          "create_before_destroy": true
        }
      ]
    },
    {
      "module": "module.eks.module.kms",
      "mode": "data",
      "type": "aws_caller_identity",
      "name": "current",
      "provider": "provider[\"registry.terraform.io/hashicorp/aws\"]",
      "instances": [
        {
          "index_key": 0,
          "schema_version": 0,
          "attributes": {
            "account_id": "980921733825",
            "arn": "arn:aws:iam::980921733825:user/ihza_ops",
            "id": "980921733825",
            "user_id": "AIDA6IY352LA4F6X5OILI"
          },
          "sensitive_attributes": [],
          "identity_schema_version": 0
        }
      ]
    },
    {
      "module": "module.eks.module.kms",
      "mode": "data",
      "type": "aws_iam_policy_document",
      "name": "this",
      "provider": "provider[\"registry.terraform.io/hashicorp/aws\"]",
      "instances": [
        {
          "index_key": 0,
          "schema_version": 0,
          "attributes": {
            "id": "771966034",
            "json": "{\n  \"Version\": \"2012-10-17\",\n  \"Statement\": [\n    {\n      \"Sid\": \"Default\",\n      \"Effect\": \"Allow\",\n      \"Action\": \"kms:*\",\n      \"Resource\": \"*\",\n      \"Principal\": {\n        \"AWS\": \"arn:aws:iam::980921733825:root\"\n      }\n    },\n    {\n      \"Sid\": \"KeyAdministration\",\n      \"Effect\": \"Allow\",\n      \"Action\": [\n        \"kms:Update*\",\n        \"kms:UntagResource\",\n        \"kms:TagResource\",\n        \"kms:ScheduleKeyDeletion\",\n        \"kms:Revoke*\",\n        \"kms:ReplicateKey\",\n        \"kms:Put*\",\n        \"kms:List*\",\n        \"kms:ImportKeyMaterial\",\n        \"kms:Get*\",\n        \"kms:Enable*\",\n        \"kms:Disable*\",\n        \"kms:Describe*\",\n        \"kms:Delete*\",\n        \"kms:Create*\",\n        \"kms:CancelKeyDeletion\"\n      ],\n      \"Resource\": \"*\",\n      \"Principal\": {\n        \"AWS\": \"arn:aws:iam::980921733825:user/ihza_ops\"\n      }\n    },\n    {\n      \"Sid\": \"KeyUsage\",\n      \"Effect\": \"Allow\",\n      \"Action\": [\n        \"kms:ReEncrypt*\",\n        \"kms:GenerateDataKey*\",\n        \"kms:Encrypt\",\n        \"kms:DescribeKey\",\n        \"kms:Decrypt\"\n      ],\n      \"Resource\": \"*\",\n      \"Principal\": {\n        \"AWS\": \"arn:aws:iam::980921733825:role/automode-cluster-cluster-2025062002181500010000001c\"\n      }\n    }\n  ]\n}",
            "minified_json": "{\"Version\":\"2012-10-17\",\"Statement\":[{\"Sid\":\"Default\",\"Effect\":\"Allow\",\"Action\":\"kms:*\",\"Resource\":\"*\",\"Principal\":{\"AWS\":\"arn:aws:iam::980921733825:root\"}},{\"Sid\":\"KeyAdministration\",\"Effect\":\"Allow\",\"Action\":[\"kms:Update*\",\"kms:UntagResource\",\"kms:TagResource\",\"kms:ScheduleKeyDeletion\",\"kms:Revoke*\",\"kms:ReplicateKey\",\"kms:Put*\",\"kms:List*\",\"kms:ImportKeyMaterial\",\"kms:Get*\",\"kms:Enable*\",\"kms:Disable*\",\"kms:Describe*\",\"kms:Delete*\",\"kms:Create*\",\"kms:CancelKeyDeletion\"],\"Resource\":\"*\",\"Principal\":{\"AWS\":\"arn:aws:iam::980921733825:user/ihza_ops\"}},{\"Sid\":\"KeyUsage\",\"Effect\":\"Allow\",\"Action\":[\"kms:ReEncrypt*\",\"kms:GenerateDataKey*\",\"kms:Encrypt\",\"kms:DescribeKey\",\"kms:Decrypt\"],\"Resource\":\"*\",\"Principal\":{\"AWS\":\"arn:aws:iam::980921733825:role/automode-cluster-cluster-2025062002181500010000001c\"}}]}",
            "override_json": null,
            "override_policy_documents": null,
            "policy_id": null,
            "source_json": null,
            "source_policy_documents": null,
            "statement": [
              {
                "actions": [
                  "kms:*"
                ],
                "condition": [],
                "effect": "Allow",
                "not_actions": [],
                "not_principals": [],
                "not_resources": [],
                "principals": [
                  {
                    "identifiers": [
                      "arn:aws:iam::980921733825:root"
                    ],
                    "type": "AWS"
                  }
                ],
                "resources": [
                  "*"
                ],
                "sid": "Default"
              },
              {
                "actions": [
                  "kms:CancelKeyDeletion",
                  "kms:Create*",
                  "kms:Delete*",
                  "kms:Describe*",
                  "kms:Disable*",
                  "kms:Enable*",
                  "kms:Get*",
                  "kms:ImportKeyMaterial",
                  "kms:List*",
                  "kms:Put*",
                  "kms:ReplicateKey",
                  "kms:Revoke*",
                  "kms:ScheduleKeyDeletion",
                  "kms:TagResource",
                  "kms:UntagResource",
                  "kms:Update*"
                ],
                "condition": [],
                "effect": "Allow",
                "not_actions": [],
                "not_principals": [],
                "not_resources": [],
                "principals": [
                  {
                    "identifiers": [
                      "arn:aws:iam::980921733825:user/ihza_ops"
                    ],
                    "type": "AWS"
                  }
                ],
                "resources": [
                  "*"
                ],
                "sid": "KeyAdministration"
              },
              {
                "actions": [
                  "kms:Decrypt",
                  "kms:DescribeKey",
                  "kms:Encrypt",
                  "kms:GenerateDataKey*",
                  "kms:ReEncrypt*"
                ],
                "condition": [],
                "effect": "Allow",
                "not_actions": [],
                "not_principals": [],
                "not_resources": [],
                "principals": [
                  {
                    "identifiers": [
                      "arn:aws:iam::980921733825:role/automode-cluster-cluster-2025062002181500010000001c"
                    ],
                    "type": "AWS"
                  }
                ],
                "resources": [
                  "*"
                ],
                "sid": "KeyUsage"
              }
            ],
            "version": "2012-10-17"
          },
          "sensitive_attributes": [],
          "identity_schema_version": 0
        }
      ]
    },
    {
      "module": "module.eks.module.kms",
      "mode": "data",
      "type": "aws_partition",
      "name": "current",
      "provider": "provider[\"registry.terraform.io/hashicorp/aws\"]",
      "instances": [
        {
          "index_key": 0,
          "schema_version": 0,
          "attributes": {
            "dns_suffix": "amazonaws.com",
            "id": "aws",
            "partition": "aws",
            "reverse_dns_prefix": "com.amazonaws"
          },
          "sensitive_attributes": [],
          "identity_schema_version": 0
        }
      ]
    },
    {
      "module": "module.eks.module.kms",
      "mode": "managed",
      "type": "aws_kms_alias",
      "name": "this",
      "provider": "provider[\"registry.terraform.io/hashicorp/aws\"]",
      "instances": [
        {
          "index_key": "cluster",
          "schema_version": 0,
          "attributes": {
            "arn": "arn:aws:kms:ap-southeast-3:980921733825:alias/eks/automode-cluster",
            "id": "alias/eks/automode-cluster",
            "name": "alias/eks/automode-cluster",
            "name_prefix": "",
            "target_key_arn": "arn:aws:kms:ap-southeast-3:980921733825:key/856463c5-f7eb-44e9-bfb8-42dcc19a3f6b",
            "target_key_id": "856463c5-f7eb-44e9-bfb8-42dcc19a3f6b"
          },
          "sensitive_attributes": [],
          "identity_schema_version": 0,
          "private": "bnVsbA==",
          "dependencies": [
            "module.eks.aws_iam_role.this",
            "module.eks.data.aws_caller_identity.current",
            "module.eks.data.aws_iam_policy_document.assume_role_policy",
            "module.eks.data.aws_iam_session_context.current",
            "module.eks.module.kms.aws_kms_external_key.this",
            "module.eks.module.kms.aws_kms_key.this",
            "module.eks.module.kms.aws_kms_replica_external_key.this",
            "module.eks.module.kms.aws_kms_replica_key.this",
            "module.eks.module.kms.data.aws_caller_identity.current",
            "module.eks.module.kms.data.aws_iam_policy_document.this",
            "module.eks.module.kms.data.aws_partition.current"
          ]
        }
      ]
    },
    {
      "module": "module.eks.module.kms",
      "mode": "managed",
      "type": "aws_kms_key",
      "name": "this",
      "provider": "provider[\"registry.terraform.io/hashicorp/aws\"]",
      "instances": [
        {
          "index_key": 0,
          "schema_version": 0,
          "attributes": {
            "arn": "arn:aws:kms:ap-southeast-3:980921733825:key/856463c5-f7eb-44e9-bfb8-42dcc19a3f6b",
            "bypass_policy_lockout_safety_check": false,
            "custom_key_store_id": "",
            "customer_master_key_spec": "SYMMETRIC_DEFAULT",
            "deletion_window_in_days": null,
            "description": "automode-cluster cluster encryption key",
            "enable_key_rotation": true,
            "id": "856463c5-f7eb-44e9-bfb8-42dcc19a3f6b",
            "is_enabled": true,
            "key_id": "856463c5-f7eb-44e9-bfb8-42dcc19a3f6b",
            "key_usage": "ENCRYPT_DECRYPT",
            "multi_region": false,
            "policy": "{\"Statement\":[{\"Action\":\"kms:*\",\"Effect\":\"Allow\",\"Principal\":{\"AWS\":\"arn:aws:iam::980921733825:root\"},\"Resource\":\"*\",\"Sid\":\"Default\"},{\"Action\":[\"kms:Update*\",\"kms:UntagResource\",\"kms:TagResource\",\"kms:ScheduleKeyDeletion\",\"kms:Revoke*\",\"kms:ReplicateKey\",\"kms:Put*\",\"kms:List*\",\"kms:ImportKeyMaterial\",\"kms:Get*\",\"kms:Enable*\",\"kms:Disable*\",\"kms:Describe*\",\"kms:Delete*\",\"kms:Create*\",\"kms:CancelKeyDeletion\"],\"Effect\":\"Allow\",\"Principal\":{\"AWS\":\"arn:aws:iam::980921733825:user/ihza_ops\"},\"Resource\":\"*\",\"Sid\":\"KeyAdministration\"},{\"Action\":[\"kms:ReEncrypt*\",\"kms:GenerateDataKey*\",\"kms:Encrypt\",\"kms:DescribeKey\",\"kms:Decrypt\"],\"Effect\":\"Allow\",\"Principal\":{\"AWS\":\"arn:aws:iam::980921733825:role/automode-cluster-cluster-2025062002181500010000001c\"},\"Resource\":\"*\",\"Sid\":\"KeyUsage\"}],\"Version\":\"2012-10-17\"}",
            "rotation_period_in_days": 365,
            "tags": {
              "Blueprint": "automode-cluster",
              "terraform-aws-modules": "eks"
            },
            "tags_all": {
              "Blueprint": "automode-cluster",
              "terraform-aws-modules": "eks"
            },
            "timeouts": null,
            "xks_key_id": ""
          },
          "sensitive_attributes": [],
          "identity_schema_version": 0,
          "private": "eyJlMmJmYjczMC1lY2FhLTExZTYtOGY4OC0zNDM2M2JjN2M0YzAiOnsiY3JlYXRlIjoxMjAwMDAwMDAwMDB9fQ==",
          "dependencies": [
            "module.eks.aws_iam_role.this",
            "module.eks.data.aws_caller_identity.current",
            "module.eks.data.aws_iam_policy_document.assume_role_policy",
            "module.eks.data.aws_iam_session_context.current",
            "module.eks.module.kms.data.aws_caller_identity.current",
            "module.eks.module.kms.data.aws_iam_policy_document.this",
            "module.eks.module.kms.data.aws_partition.current"
          ],
          "create_before_destroy": true
        }
      ]
    },
    {
      "module": "module.external_secrets_pod_identity",
      "mode": "data",
      "type": "aws_iam_policy_document",
      "name": "assume",
      "provider": "provider[\"registry.terraform.io/hashicorp/aws\"]",
      "instances": [
        {
          "index_key": 0,
          "schema_version": 0,
          "attributes": {
            "id": "819195744",
            "json": "{\n  \"Version\": \"2012-10-17\",\n  \"Statement\": [\n    {\n      \"Effect\": \"Allow\",\n      \"Action\": [\n        \"sts:TagSession\",\n        \"sts:AssumeRole\"\n      ],\n      \"Principal\": {\n        \"Service\": \"pods.eks.amazonaws.com\"\n      }\n    }\n  ]\n}",
            "minified_json": "{\"Version\":\"2012-10-17\",\"Statement\":[{\"Effect\":\"Allow\",\"Action\":[\"sts:TagSession\",\"sts:AssumeRole\"],\"Principal\":{\"Service\":\"pods.eks.amazonaws.com\"}}]}",
            "override_json": null,
            "override_policy_documents": null,
            "policy_id": null,
            "source_json": null,
            "source_policy_documents": null,
            "statement": [
              {
                "actions": [
                  "sts:AssumeRole",
                  "sts:TagSession"
                ],
                "condition": [],
                "effect": "Allow",
                "not_actions": [],
                "not_principals": [],
                "not_resources": [],
                "principals": [
                  {
                    "identifiers": [
                      "pods.eks.amazonaws.com"
                    ],
                    "type": "Service"
                  }
                ],
                "resources": [],
                "sid": ""
              }
            ],
            "version": "2012-10-17"
          },
          "sensitive_attributes": [],
          "identity_schema_version": 0
        }
      ]
    },
    {
      "module": "module.external_secrets_pod_identity",
      "mode": "data",
      "type": "aws_iam_policy_document",
      "name": "base",
      "provider": "provider[\"registry.terraform.io/hashicorp/aws\"]",
      "instances": [
        {
          "index_key": 0,
          "schema_version": 0,
          "attributes": {
            "id": "3834921978",
            "json": "{\n  \"Version\": \"2012-10-17\",\n  \"Statement\": [\n    {\n      \"Sid\": \"SecretsManagerAccess\",\n      \"Effect\": \"Allow\",\n      \"Action\": [\n        \"secretsmanager:ListSecretVersionIds\",\n        \"secretsmanager:GetSecretValue\",\n        \"secretsmanager:GetResourcePolicy\",\n        \"secretsmanager:DescribeSecret\"\n      ],\n      \"Resource\": [\n        \"arn:aws:secretsmanager:ap-southeast-3:980921733825:secret:automode-cluster-postgres-credentials-us-2025062002181377550000000e-foc0im\",\n        \"arn:aws:secretsmanager:ap-southeast-3:980921733825:secret:automode-cluster-postgres-credentials-legal-20250620021813775500000010-4ofMJn\",\n        \"arn:aws:secretsmanager:ap-southeast-3:980921733825:secret:automode-cluster-postgres-credentials-hr-20250620021813930100000012-g73stc\",\n        \"arn:aws:secretsmanager:ap-southeast-3:980921733825:secret:automode-cluster-oauth-20250620021813446200000006-oaQoRK\",\n        \"arn:aws:secretsmanager:ap-southeast-3:980921733825:secret:automode-cluster-litellm-master-salt-20250620021813941000000014-hIui3Y\",\n        \"arn:aws:secretsmanager:ap-southeast-3:980921733825:secret:automode-cluster-litellm-db-connection-2025062002181553260000001e-pyAECw\",\n        \"arn:aws:secretsmanager:ap-southeast-3:980921733825:secret:automode-cluster-litellm-api-keys-20250620021813448400000008-jx9F3W\",\n        \"arn:aws:secretsmanager:ap-southeast-3:980921733825:secret:automode-cluster-db-connection-us-2025062002181493040000001a-y7ZGBC\",\n        \"arn:aws:secretsmanager:ap-southeast-3:980921733825:secret:automode-cluster-db-connection-legal-20250620021814616700000016-wWeAf5\",\n        \"arn:aws:secretsmanager:ap-southeast-3:980921733825:secret:automode-cluster-db-connection-hr-20250620021814772200000018-L7rFMH\"\n      ]\n    }\n  ]\n}",
            "minified_json": "{\"Version\":\"2012-10-17\",\"Statement\":[{\"Sid\":\"SecretsManagerAccess\",\"Effect\":\"Allow\",\"Action\":[\"secretsmanager:ListSecretVersionIds\",\"secretsmanager:GetSecretValue\",\"secretsmanager:GetResourcePolicy\",\"secretsmanager:DescribeSecret\"],\"Resource\":[\"arn:aws:secretsmanager:ap-southeast-3:980921733825:secret:automode-cluster-postgres-credentials-us-2025062002181377550000000e-foc0im\",\"arn:aws:secretsmanager:ap-southeast-3:980921733825:secret:automode-cluster-postgres-credentials-legal-20250620021813775500000010-4ofMJn\",\"arn:aws:secretsmanager:ap-southeast-3:980921733825:secret:automode-cluster-postgres-credentials-hr-20250620021813930100000012-g73stc\",\"arn:aws:secretsmanager:ap-southeast-3:980921733825:secret:automode-cluster-oauth-20250620021813446200000006-oaQoRK\",\"arn:aws:secretsmanager:ap-southeast-3:980921733825:secret:automode-cluster-litellm-master-salt-20250620021813941000000014-hIui3Y\",\"arn:aws:secretsmanager:ap-southeast-3:980921733825:secret:automode-cluster-litellm-db-connection-2025062002181553260000001e-pyAECw\",\"arn:aws:secretsmanager:ap-southeast-3:980921733825:secret:automode-cluster-litellm-api-keys-20250620021813448400000008-jx9F3W\",\"arn:aws:secretsmanager:ap-southeast-3:980921733825:secret:automode-cluster-db-connection-us-2025062002181493040000001a-y7ZGBC\",\"arn:aws:secretsmanager:ap-southeast-3:980921733825:secret:automode-cluster-db-connection-legal-20250620021814616700000016-wWeAf5\",\"arn:aws:secretsmanager:ap-southeast-3:980921733825:secret:automode-cluster-db-connection-hr-20250620021814772200000018-L7rFMH\"]}]}",
            "override_json": null,
            "override_policy_documents": null,
            "policy_id": null,
            "source_json": null,
            "source_policy_documents": null,
            "statement": [
              {
                "actions": [
                  "secretsmanager:DescribeSecret",
                  "secretsmanager:GetResourcePolicy",
                  "secretsmanager:GetSecretValue",
                  "secretsmanager:ListSecretVersionIds"
                ],
                "condition": [],
                "effect": "Allow",
                "not_actions": [],
                "not_principals": [],
                "not_resources": [],
                "principals": [],
                "resources": [
                  "arn:aws:secretsmanager:ap-southeast-3:980921733825:secret:automode-cluster-db-connection-hr-20250620021814772200000018-L7rFMH",
                  "arn:aws:secretsmanager:ap-southeast-3:980921733825:secret:automode-cluster-db-connection-legal-20250620021814616700000016-wWeAf5",
                  "arn:aws:secretsmanager:ap-southeast-3:980921733825:secret:automode-cluster-db-connection-us-2025062002181493040000001a-y7ZGBC",
                  "arn:aws:secretsmanager:ap-southeast-3:980921733825:secret:automode-cluster-litellm-api-keys-20250620021813448400000008-jx9F3W",
                  "arn:aws:secretsmanager:ap-southeast-3:980921733825:secret:automode-cluster-litellm-db-connection-2025062002181553260000001e-pyAECw",
                  "arn:aws:secretsmanager:ap-southeast-3:980921733825:secret:automode-cluster-litellm-master-salt-20250620021813941000000014-hIui3Y",
                  "arn:aws:secretsmanager:ap-southeast-3:980921733825:secret:automode-cluster-oauth-20250620021813446200000006-oaQoRK",
                  "arn:aws:secretsmanager:ap-southeast-3:980921733825:secret:automode-cluster-postgres-credentials-hr-20250620021813930100000012-g73stc",
                  "arn:aws:secretsmanager:ap-southeast-3:980921733825:secret:automode-cluster-postgres-credentials-legal-20250620021813775500000010-4ofMJn",
                  "arn:aws:secretsmanager:ap-southeast-3:980921733825:secret:automode-cluster-postgres-credentials-us-2025062002181377550000000e-foc0im"
                ],
                "sid": "SecretsManagerAccess"
              }
            ],
            "version": "2012-10-17"
          },
          "sensitive_attributes": [],
          "identity_schema_version": 0
        }
      ]
    },
    {
      "module": "module.external_secrets_pod_identity",
      "mode": "data",
      "type": "aws_partition",
      "name": "current",
      "provider": "provider[\"registry.terraform.io/hashicorp/aws\"]",
      "instances": [
        {
          "schema_version": 0,
          "attributes": {
            "dns_suffix": "amazonaws.com",
            "id": "aws",
            "partition": "aws",
            "reverse_dns_prefix": "com.amazonaws"
          },
          "sensitive_attributes": [],
          "identity_schema_version": 0
        }
      ]
    },
    {
      "module": "module.external_secrets_pod_identity",
      "mode": "managed",
      "type": "aws_eks_pod_identity_association",
      "name": "this",
      "provider": "provider[\"registry.terraform.io/hashicorp/aws\"]",
      "instances": [
        {
          "index_key": "external_secrets",
          "schema_version": 0,
          "attributes": {
            "association_arn": "arn:aws:eks:ap-southeast-3:980921733825:podidentityassociation/automode-cluster/a-ggph7zs363tfmiq2n",
            "association_id": "a-ggph7zs363tfmiq2n",
            "cluster_name": "automode-cluster",
            "id": "a-ggph7zs363tfmiq2n",
            "namespace": "external-secrets",
            "role_arn": "arn:aws:iam::980921733825:role/external-secrets-2025062002181547120000001d",
            "service_account": "external-secrets-sa",
            "tags": {
              "Environment": "automode-cluster"
            },
            "tags_all": {
              "Environment": "automode-cluster"
            }
          },
          "sensitive_attributes": [],
          "identity_schema_version": 0,
          "dependencies": [
            "data.aws_availability_zones.available",
            "module.eks.aws_cloudwatch_log_group.this",
            "module.eks.aws_eks_access_entry.this",
            "module.eks.aws_eks_access_policy_association.this",
            "module.eks.aws_eks_cluster.this",
            "module.eks.aws_iam_policy.cni_ipv6_policy",
            "module.eks.aws_iam_role.eks_auto",
            "module.eks.aws_iam_role.this",
            "module.eks.aws_iam_role_policy_attachment.this",
            "module.eks.aws_security_group.cluster",
            "module.eks.aws_security_group.node",
            "module.eks.aws_security_group_rule.cluster",
            "module.eks.aws_security_group_rule.node",
            "module.eks.data.aws_caller_identity.current",
            "module.eks.data.aws_iam_policy_document.assume_role_policy",
            "module.eks.data.aws_iam_policy_document.cni_ipv6_policy",
            "module.eks.data.aws_iam_policy_document.node_assume_role_policy",
            "module.eks.data.aws_iam_session_context.current",
            "module.eks.data.aws_partition.current",
            "module.eks.module.kms.aws_kms_external_key.this",
            "module.eks.module.kms.aws_kms_key.this",
            "module.eks.module.kms.aws_kms_replica_external_key.this",
            "module.eks.module.kms.aws_kms_replica_key.this",
            "module.eks.module.kms.data.aws_caller_identity.current",
            "module.eks.module.kms.data.aws_iam_policy_document.this",
            "module.eks.module.kms.data.aws_partition.current",
            "module.external_secrets_pod_identity.aws_iam_role.this",
            "module.external_secrets_pod_identity.data.aws_iam_policy_document.assume",
            "module.vpc.aws_subnet.private",
            "module.vpc.aws_vpc.this",
            "module.vpc.aws_vpc_ipv4_cidr_block_association.this"
          ]
        }
      ]
    },
    {
      "module": "module.external_secrets_pod_identity",
      "mode": "managed",
      "type": "aws_iam_policy",
      "name": "custom",
      "provider": "provider[\"registry.terraform.io/hashicorp/aws\"]",
      "instances": [
        {
          "index_key": 0,
          "schema_version": 0,
          "attributes": {
            "arn": "arn:aws:iam::980921733825:policy/external-secrets-2025062002181710340000002a",
            "attachment_count": 1,
            "description": "Custom IAM Policy",
            "id": "arn:aws:iam::980921733825:policy/external-secrets-2025062002181710340000002a",
            "name": "external-secrets-2025062002181710340000002a",
            "name_prefix": "external-secrets-",
            "path": "/",
            "policy": "{\"Statement\":[{\"Action\":[\"secretsmanager:ListSecretVersionIds\",\"secretsmanager:GetSecretValue\",\"secretsmanager:GetResourcePolicy\",\"secretsmanager:DescribeSecret\"],\"Effect\":\"Allow\",\"Resource\":[\"arn:aws:secretsmanager:ap-southeast-3:980921733825:secret:automode-cluster-postgres-credentials-us-2025062002181377550000000e-foc0im\",\"arn:aws:secretsmanager:ap-southeast-3:980921733825:secret:automode-cluster-postgres-credentials-legal-20250620021813775500000010-4ofMJn\",\"arn:aws:secretsmanager:ap-southeast-3:980921733825:secret:automode-cluster-postgres-credentials-hr-20250620021813930100000012-g73stc\",\"arn:aws:secretsmanager:ap-southeast-3:980921733825:secret:automode-cluster-oauth-20250620021813446200000006-oaQoRK\",\"arn:aws:secretsmanager:ap-southeast-3:980921733825:secret:automode-cluster-litellm-master-salt-20250620021813941000000014-hIui3Y\",\"arn:aws:secretsmanager:ap-southeast-3:980921733825:secret:automode-cluster-litellm-db-connection-2025062002181553260000001e-pyAECw\",\"arn:aws:secretsmanager:ap-southeast-3:980921733825:secret:automode-cluster-litellm-api-keys-20250620021813448400000008-jx9F3W\",\"arn:aws:secretsmanager:ap-southeast-3:980921733825:secret:automode-cluster-db-connection-us-2025062002181493040000001a-y7ZGBC\",\"arn:aws:secretsmanager:ap-southeast-3:980921733825:secret:automode-cluster-db-connection-legal-20250620021814616700000016-wWeAf5\",\"arn:aws:secretsmanager:ap-southeast-3:980921733825:secret:automode-cluster-db-connection-hr-20250620021814772200000018-L7rFMH\"],\"Sid\":\"SecretsManagerAccess\"}],\"Version\":\"2012-10-17\"}",
            "policy_id": "ANPA6IY352LA3UJU2NU5W",
            "tags": {
              "Environment": "automode-cluster"
            },
            "tags_all": {
              "Environment": "automode-cluster"
            }
          },
          "sensitive_attributes": [],
          "identity_schema_version": 0,
          "private": "bnVsbA==",
          "dependencies": [
            "aws_secretsmanager_secret.db_connection_string",
            "aws_secretsmanager_secret.litellm_api_keys",
            "aws_secretsmanager_secret.litellm_db_connection_string",
            "aws_secretsmanager_secret.litellm_master_salt",
            "aws_secretsmanager_secret.oauth_credentials",
            "aws_secretsmanager_secret.postgres_credentials",
            "module.external_secrets_pod_identity.data.aws_iam_policy_document.base"
          ]
        }
      ]
    },
    {
      "module": "module.external_secrets_pod_identity",
      "mode": "managed",
      "type": "aws_iam_role",
      "name": "this",
      "provider": "provider[\"registry.terraform.io/hashicorp/aws\"]",
      "instances": [
        {
          "index_key": 0,
          "schema_version": 0,
          "attributes": {
            "arn": "arn:aws:iam::980921733825:role/external-secrets-2025062002181547120000001d",
            "assume_role_policy": "{\"Statement\":[{\"Action\":[\"sts:TagSession\",\"sts:AssumeRole\"],\"Effect\":\"Allow\",\"Principal\":{\"Service\":\"pods.eks.amazonaws.com\"}}],\"Version\":\"2012-10-17\"}",
            "create_date": "2025-06-20T02:18:15Z",
            "description": "",
            "force_detach_policies": true,
            "id": "external-secrets-2025062002181547120000001d",
            "inline_policy": [],
            "managed_policy_arns": [
              "arn:aws:iam::980921733825:policy/external-secrets-2025062002181710340000002a"
            ],
            "max_session_duration": 3600,
            "name": "external-secrets-2025062002181547120000001d",
            "name_prefix": "external-secrets-",
            "path": "/",
            "permissions_boundary": "",
            "tags": {
              "Environment": "automode-cluster"
            },
            "tags_all": {
              "Environment": "automode-cluster"
            },
            "unique_id": "AROA6IY352LAZULM5ERGJ"
          },
          "sensitive_attributes": [],
          "identity_schema_version": 0,
          "private": "bnVsbA==",
          "dependencies": [
            "module.external_secrets_pod_identity.data.aws_iam_policy_document.assume"
          ]
        }
      ]
    },
    {
      "module": "module.external_secrets_pod_identity",
      "mode": "managed",
      "type": "aws_iam_role_policy_attachment",
      "name": "custom",
      "provider": "provider[\"registry.terraform.io/hashicorp/aws\"]",
      "instances": [
        {
          "index_key": 0,
          "schema_version": 0,
          "attributes": {
            "id": "external-secrets-2025062002181547120000001d-20250620021818225200000033",
            "policy_arn": "arn:aws:iam::980921733825:policy/external-secrets-2025062002181710340000002a",
            "role": "external-secrets-2025062002181547120000001d"
          },
          "sensitive_attributes": [],
          "identity_schema_version": 0,
          "private": "bnVsbA==",
          "dependencies": [
            "aws_secretsmanager_secret.db_connection_string",
            "aws_secretsmanager_secret.litellm_api_keys",
            "aws_secretsmanager_secret.litellm_db_connection_string",
            "aws_secretsmanager_secret.litellm_master_salt",
            "aws_secretsmanager_secret.oauth_credentials",
            "aws_secretsmanager_secret.postgres_credentials",
            "module.external_secrets_pod_identity.aws_iam_policy.custom",
            "module.external_secrets_pod_identity.aws_iam_role.this",
            "module.external_secrets_pod_identity.data.aws_iam_policy_document.assume",
            "module.external_secrets_pod_identity.data.aws_iam_policy_document.base"
          ]
        }
      ]
    },
    {
      "module": "module.openwebui_pod_identity[\"hr\"]",
      "mode": "data",
      "type": "aws_iam_policy_document",
      "name": "assume",
      "provider": "provider[\"registry.terraform.io/hashicorp/aws\"]",
      "instances": [
        {
          "index_key": 0,
          "schema_version": 0,
          "attributes": {
            "id": "819195744",
            "json": "{\n  \"Version\": \"2012-10-17\",\n  \"Statement\": [\n    {\n      \"Effect\": \"Allow\",\n      \"Action\": [\n        \"sts:TagSession\",\n        \"sts:AssumeRole\"\n      ],\n      \"Principal\": {\n        \"Service\": \"pods.eks.amazonaws.com\"\n      }\n    }\n  ]\n}",
            "minified_json": "{\"Version\":\"2012-10-17\",\"Statement\":[{\"Effect\":\"Allow\",\"Action\":[\"sts:TagSession\",\"sts:AssumeRole\"],\"Principal\":{\"Service\":\"pods.eks.amazonaws.com\"}}]}",
            "override_json": null,
            "override_policy_documents": null,
            "policy_id": null,
            "source_json": null,
            "source_policy_documents": null,
            "statement": [
              {
                "actions": [
                  "sts:AssumeRole",
                  "sts:TagSession"
                ],
                "condition": [],
                "effect": "Allow",
                "not_actions": [],
                "not_principals": [],
                "not_resources": [],
                "principals": [
                  {
                    "identifiers": [
                      "pods.eks.amazonaws.com"
                    ],
                    "type": "Service"
                  }
                ],
                "resources": [],
                "sid": ""
              }
            ],
            "version": "2012-10-17"
          },
          "sensitive_attributes": [],
          "identity_schema_version": 0
        }
      ]
    },
    {
      "module": "module.openwebui_pod_identity[\"hr\"]",
      "mode": "data",
      "type": "aws_iam_policy_document",
      "name": "base",
      "provider": "provider[\"registry.terraform.io/hashicorp/aws\"]",
      "instances": [
        {
          "index_key": 0,
          "schema_version": 0,
          "attributes": {
            "id": "1925316925",
            "json": "{\n  \"Version\": \"2012-10-17\",\n  \"Statement\": [\n    {\n      \"Sid\": \"S3Access\",\n      \"Effect\": \"Allow\",\n      \"Action\": [\n        \"s3:PutObject\",\n        \"s3:ListBucket\",\n        \"s3:GetObject\",\n        \"s3:DeleteObject\"\n      ],\n      \"Resource\": [\n        \"arn:aws:s3:::automode-cluster-webui-docs-hr-2025062002181375950000000d/*\",\n        \"arn:aws:s3:::automode-cluster-webui-docs-hr-2025062002181375950000000d\"\n      ]\n    }\n  ]\n}",
            "minified_json": "{\"Version\":\"2012-10-17\",\"Statement\":[{\"Sid\":\"S3Access\",\"Effect\":\"Allow\",\"Action\":[\"s3:PutObject\",\"s3:ListBucket\",\"s3:GetObject\",\"s3:DeleteObject\"],\"Resource\":[\"arn:aws:s3:::automode-cluster-webui-docs-hr-2025062002181375950000000d/*\",\"arn:aws:s3:::automode-cluster-webui-docs-hr-2025062002181375950000000d\"]}]}",
            "override_json": null,
            "override_policy_documents": null,
            "policy_id": null,
            "source_json": null,
            "source_policy_documents": null,
            "statement": [
              {
                "actions": [
                  "s3:DeleteObject",
                  "s3:GetObject",
                  "s3:ListBucket",
                  "s3:PutObject"
                ],
                "condition": [],
                "effect": "Allow",
                "not_actions": [],
                "not_principals": [],
                "not_resources": [],
                "principals": [],
                "resources": [
                  "arn:aws:s3:::automode-cluster-webui-docs-hr-2025062002181375950000000d",
                  "arn:aws:s3:::automode-cluster-webui-docs-hr-2025062002181375950000000d/*"
                ],
                "sid": "S3Access"
              }
            ],
            "version": "2012-10-17"
          },
          "sensitive_attributes": [],
          "identity_schema_version": 0
        }
      ]
    },
    {
      "module": "module.openwebui_pod_identity[\"hr\"]",
      "mode": "data",
      "type": "aws_partition",
      "name": "current",
      "provider": "provider[\"registry.terraform.io/hashicorp/aws\"]",
      "instances": [
        {
          "schema_version": 0,
          "attributes": {
            "dns_suffix": "amazonaws.com",
            "id": "aws",
            "partition": "aws",
            "reverse_dns_prefix": "com.amazonaws"
          },
          "sensitive_attributes": [],
          "identity_schema_version": 0
        }
      ]
    },
    {
      "module": "module.openwebui_pod_identity[\"hr\"]",
      "mode": "managed",
      "type": "aws_eks_pod_identity_association",
      "name": "this",
      "provider": "provider[\"registry.terraform.io/hashicorp/aws\"]",
      "instances": [
        {
          "index_key": "openwebui",
          "schema_version": 0,
          "attributes": {
            "association_arn": "arn:aws:eks:ap-southeast-3:980921733825:podidentityassociation/automode-cluster/a-tg3ppt8mmofpcxqcx",
            "association_id": "a-tg3ppt8mmofpcxqcx",
            "cluster_name": "automode-cluster",
            "id": "a-tg3ppt8mmofpcxqcx",
            "namespace": "hr-webui",
            "role_arn": "arn:aws:iam::980921733825:role/openwebui-hr-2025062002181344950000000a",
            "service_account": "open-webui-pia",
            "tags": {
              "Environment": "automode-cluster",
              "Tenant": "hr"
            },
            "tags_all": {
              "Environment": "automode-cluster",
              "Tenant": "hr"
            }
          },
          "sensitive_attributes": [],
          "identity_schema_version": 0,
          "dependencies": [
            "data.aws_availability_zones.available",
            "module.eks.aws_cloudwatch_log_group.this",
            "module.eks.aws_eks_access_entry.this",
            "module.eks.aws_eks_access_policy_association.this",
            "module.eks.aws_eks_cluster.this",
            "module.eks.aws_iam_policy.cni_ipv6_policy",
            "module.eks.aws_iam_role.eks_auto",
            "module.eks.aws_iam_role.this",
            "module.eks.aws_iam_role_policy_attachment.this",
            "module.eks.aws_security_group.cluster",
            "module.eks.aws_security_group.node",
            "module.eks.aws_security_group_rule.cluster",
            "module.eks.aws_security_group_rule.node",
            "module.eks.data.aws_caller_identity.current",
            "module.eks.data.aws_iam_policy_document.assume_role_policy",
            "module.eks.data.aws_iam_policy_document.cni_ipv6_policy",
            "module.eks.data.aws_iam_policy_document.node_assume_role_policy",
            "module.eks.data.aws_iam_session_context.current",
            "module.eks.data.aws_partition.current",
            "module.eks.module.kms.aws_kms_external_key.this",
            "module.eks.module.kms.aws_kms_key.this",
            "module.eks.module.kms.aws_kms_replica_external_key.this",
            "module.eks.module.kms.aws_kms_replica_key.this",
            "module.eks.module.kms.data.aws_caller_identity.current",
            "module.eks.module.kms.data.aws_iam_policy_document.this",
            "module.eks.module.kms.data.aws_partition.current",
            "module.openwebui_pod_identity.aws_iam_role.this",
            "module.openwebui_pod_identity.data.aws_iam_policy_document.assume",
            "module.vpc.aws_subnet.private",
            "module.vpc.aws_vpc.this",
            "module.vpc.aws_vpc_ipv4_cidr_block_association.this"
          ]
        }
      ]
    },
    {
      "module": "module.openwebui_pod_identity[\"hr\"]",
      "mode": "managed",
      "type": "aws_iam_policy",
      "name": "custom",
      "provider": "provider[\"registry.terraform.io/hashicorp/aws\"]",
      "instances": [
        {
          "index_key": 0,
          "schema_version": 0,
          "attributes": {
            "arn": "arn:aws:iam::980921733825:policy/openwebui-hr-2025062002181713030000002b",
            "attachment_count": 1,
            "description": "Custom IAM Policy",
            "id": "arn:aws:iam::980921733825:policy/openwebui-hr-2025062002181713030000002b",
            "name": "openwebui-hr-2025062002181713030000002b",
            "name_prefix": "openwebui-hr-",
            "path": "/",
            "policy": "{\"Statement\":[{\"Action\":[\"s3:PutObject\",\"s3:ListBucket\",\"s3:GetObject\",\"s3:DeleteObject\"],\"Effect\":\"Allow\",\"Resource\":[\"arn:aws:s3:::automode-cluster-webui-docs-hr-2025062002181375950000000d/*\",\"arn:aws:s3:::automode-cluster-webui-docs-hr-2025062002181375950000000d\"],\"Sid\":\"S3Access\"}],\"Version\":\"2012-10-17\"}",
            "policy_id": "ANPA6IY352LAUCNDEQLLW",
            "tags": {
              "Environment": "automode-cluster",
              "Tenant": "hr"
            },
            "tags_all": {
              "Environment": "automode-cluster",
              "Tenant": "hr"
            }
          },
          "sensitive_attributes": [],
          "identity_schema_version": 0,
          "private": "bnVsbA==",
          "dependencies": [
            "aws_s3_bucket.openwebui_docs",
            "module.openwebui_pod_identity.data.aws_iam_policy_document.base"
          ]
        }
      ]
    },
    {
      "module": "module.openwebui_pod_identity[\"hr\"]",
      "mode": "managed",
      "type": "aws_iam_role",
      "name": "this",
      "provider": "provider[\"registry.terraform.io/hashicorp/aws\"]",
      "instances": [
        {
          "index_key": 0,
          "schema_version": 0,
          "attributes": {
            "arn": "arn:aws:iam::980921733825:role/openwebui-hr-2025062002181344950000000a",
            "assume_role_policy": "{\"Statement\":[{\"Action\":[\"sts:TagSession\",\"sts:AssumeRole\"],\"Effect\":\"Allow\",\"Principal\":{\"Service\":\"pods.eks.amazonaws.com\"}}],\"Version\":\"2012-10-17\"}",
            "create_date": "2025-06-20T02:18:14Z",
            "description": "",
            "force_detach_policies": true,
            "id": "openwebui-hr-2025062002181344950000000a",
            "inline_policy": [],
            "managed_policy_arns": [
              "arn:aws:iam::980921733825:policy/automode-cluster-secrets-access-hr",
              "arn:aws:iam::980921733825:policy/openwebui-hr-2025062002181713030000002b"
            ],
            "max_session_duration": 3600,
            "name": "openwebui-hr-2025062002181344950000000a",
            "name_prefix": "openwebui-hr-",
            "path": "/",
            "permissions_boundary": "",
            "tags": {
              "Environment": "automode-cluster",
              "Tenant": "hr"
            },
            "tags_all": {
              "Environment": "automode-cluster",
              "Tenant": "hr"
            },
            "unique_id": "AROA6IY352LA3H7CU2GXC"
          },
          "sensitive_attributes": [],
          "identity_schema_version": 0,
          "private": "bnVsbA==",
          "dependencies": [
            "module.openwebui_pod_identity.data.aws_iam_policy_document.assume"
          ]
        }
      ]
    },
    {
      "module": "module.openwebui_pod_identity[\"hr\"]",
      "mode": "managed",
      "type": "aws_iam_role_policy_attachment",
      "name": "custom",
      "provider": "provider[\"registry.terraform.io/hashicorp/aws\"]",
      "instances": [
        {
          "index_key": 0,
          "schema_version": 0,
          "attributes": {
            "id": "openwebui-hr-2025062002181344950000000a-20250620021818419200000035",
            "policy_arn": "arn:aws:iam::980921733825:policy/openwebui-hr-2025062002181713030000002b",
            "role": "openwebui-hr-2025062002181344950000000a"
          },
          "sensitive_attributes": [],
          "identity_schema_version": 0,
          "private": "bnVsbA==",
          "dependencies": [
            "aws_s3_bucket.openwebui_docs",
            "module.openwebui_pod_identity.aws_iam_policy.custom",
            "module.openwebui_pod_identity.aws_iam_role.this",
            "module.openwebui_pod_identity.data.aws_iam_policy_document.assume",
            "module.openwebui_pod_identity.data.aws_iam_policy_document.base"
          ]
        }
      ]
    },
    {
      "module": "module.openwebui_pod_identity[\"legal\"]",
      "mode": "data",
      "type": "aws_iam_policy_document",
      "name": "assume",
      "provider": "provider[\"registry.terraform.io/hashicorp/aws\"]",
      "instances": [
        {
          "index_key": 0,
          "schema_version": 0,
          "attributes": {
            "id": "819195744",
            "json": "{\n  \"Version\": \"2012-10-17\",\n  \"Statement\": [\n    {\n      \"Effect\": \"Allow\",\n      \"Action\": [\n        \"sts:TagSession\",\n        \"sts:AssumeRole\"\n      ],\n      \"Principal\": {\n        \"Service\": \"pods.eks.amazonaws.com\"\n      }\n    }\n  ]\n}",
            "minified_json": "{\"Version\":\"2012-10-17\",\"Statement\":[{\"Effect\":\"Allow\",\"Action\":[\"sts:TagSession\",\"sts:AssumeRole\"],\"Principal\":{\"Service\":\"pods.eks.amazonaws.com\"}}]}",
            "override_json": null,
            "override_policy_documents": null,
            "policy_id": null,
            "source_json": null,
            "source_policy_documents": null,
            "statement": [
              {
                "actions": [
                  "sts:AssumeRole",
                  "sts:TagSession"
                ],
                "condition": [],
                "effect": "Allow",
                "not_actions": [],
                "not_principals": [],
                "not_resources": [],
                "principals": [
                  {
                    "identifiers": [
                      "pods.eks.amazonaws.com"
                    ],
                    "type": "Service"
                  }
                ],
                "resources": [],
                "sid": ""
              }
            ],
            "version": "2012-10-17"
          },
          "sensitive_attributes": [],
          "identity_schema_version": 0
        }
      ]
    },
    {
      "module": "module.openwebui_pod_identity[\"legal\"]",
      "mode": "data",
      "type": "aws_iam_policy_document",
      "name": "base",
      "provider": "provider[\"registry.terraform.io/hashicorp/aws\"]",
      "instances": [
        {
          "index_key": 0,
          "schema_version": 0,
          "attributes": {
            "id": "4279422101",
            "json": "{\n  \"Version\": \"2012-10-17\",\n  \"Statement\": [\n    {\n      \"Sid\": \"S3Access\",\n      \"Effect\": \"Allow\",\n      \"Action\": [\n        \"s3:PutObject\",\n        \"s3:ListBucket\",\n        \"s3:GetObject\",\n        \"s3:DeleteObject\"\n      ],\n      \"Resource\": [\n        \"arn:aws:s3:::automode-cluster-webui-docs-legal-2025062002181345790000000c/*\",\n        \"arn:aws:s3:::automode-cluster-webui-docs-legal-2025062002181345790000000c\"\n      ]\n    }\n  ]\n}",
            "minified_json": "{\"Version\":\"2012-10-17\",\"Statement\":[{\"Sid\":\"S3Access\",\"Effect\":\"Allow\",\"Action\":[\"s3:PutObject\",\"s3:ListBucket\",\"s3:GetObject\",\"s3:DeleteObject\"],\"Resource\":[\"arn:aws:s3:::automode-cluster-webui-docs-legal-2025062002181345790000000c/*\",\"arn:aws:s3:::automode-cluster-webui-docs-legal-2025062002181345790000000c\"]}]}",
            "override_json": null,
            "override_policy_documents": null,
            "policy_id": null,
            "source_json": null,
            "source_policy_documents": null,
            "statement": [
              {
                "actions": [
                  "s3:DeleteObject",
                  "s3:GetObject",
                  "s3:ListBucket",
                  "s3:PutObject"
                ],
                "condition": [],
                "effect": "Allow",
                "not_actions": [],
                "not_principals": [],
                "not_resources": [],
                "principals": [],
                "resources": [
                  "arn:aws:s3:::automode-cluster-webui-docs-legal-2025062002181345790000000c",
                  "arn:aws:s3:::automode-cluster-webui-docs-legal-2025062002181345790000000c/*"
                ],
                "sid": "S3Access"
              }
            ],
            "version": "2012-10-17"
          },
          "sensitive_attributes": [],
          "identity_schema_version": 0
        }
      ]
    },
    {
      "module": "module.openwebui_pod_identity[\"legal\"]",
      "mode": "data",
      "type": "aws_partition",
      "name": "current",
      "provider": "provider[\"registry.terraform.io/hashicorp/aws\"]",
      "instances": [
        {
          "schema_version": 0,
          "attributes": {
            "dns_suffix": "amazonaws.com",
            "id": "aws",
            "partition": "aws",
            "reverse_dns_prefix": "com.amazonaws"
          },
          "sensitive_attributes": [],
          "identity_schema_version": 0
        }
      ]
    },
    {
      "module": "module.openwebui_pod_identity[\"legal\"]",
      "mode": "managed",
      "type": "aws_eks_pod_identity_association",
      "name": "this",
      "provider": "provider[\"registry.terraform.io/hashicorp/aws\"]",
      "instances": [
        {
          "index_key": "openwebui",
          "schema_version": 0,
          "attributes": {
            "association_arn": "arn:aws:eks:ap-southeast-3:980921733825:podidentityassociation/automode-cluster/a-mclyw6tz1luutpssp",
            "association_id": "a-mclyw6tz1luutpssp",
            "cluster_name": "automode-cluster",
            "id": "a-mclyw6tz1luutpssp",
            "namespace": "legal-webui",
            "role_arn": "arn:aws:iam::980921733825:role/openwebui-legal-20250620021813434200000004",
            "service_account": "open-webui-pia",
            "tags": {
              "Environment": "automode-cluster",
              "Tenant": "legal"
            },
            "tags_all": {
              "Environment": "automode-cluster",
              "Tenant": "legal"
            }
          },
          "sensitive_attributes": [],
          "identity_schema_version": 0,
          "dependencies": [
            "data.aws_availability_zones.available",
            "module.eks.aws_cloudwatch_log_group.this",
            "module.eks.aws_eks_access_entry.this",
            "module.eks.aws_eks_access_policy_association.this",
            "module.eks.aws_eks_cluster.this",
            "module.eks.aws_iam_policy.cni_ipv6_policy",
            "module.eks.aws_iam_role.eks_auto",
            "module.eks.aws_iam_role.this",
            "module.eks.aws_iam_role_policy_attachment.this",
            "module.eks.aws_security_group.cluster",
            "module.eks.aws_security_group.node",
            "module.eks.aws_security_group_rule.cluster",
            "module.eks.aws_security_group_rule.node",
            "module.eks.data.aws_caller_identity.current",
            "module.eks.data.aws_iam_policy_document.assume_role_policy",
            "module.eks.data.aws_iam_policy_document.cni_ipv6_policy",
            "module.eks.data.aws_iam_policy_document.node_assume_role_policy",
            "module.eks.data.aws_iam_session_context.current",
            "module.eks.data.aws_partition.current",
            "module.eks.module.kms.aws_kms_external_key.this",
            "module.eks.module.kms.aws_kms_key.this",
            "module.eks.module.kms.aws_kms_replica_external_key.this",
            "module.eks.module.kms.aws_kms_replica_key.this",
            "module.eks.module.kms.data.aws_caller_identity.current",
            "module.eks.module.kms.data.aws_iam_policy_document.this",
            "module.eks.module.kms.data.aws_partition.current",
            "module.openwebui_pod_identity.aws_iam_role.this",
            "module.openwebui_pod_identity.data.aws_iam_policy_document.assume",
            "module.vpc.aws_subnet.private",
            "module.vpc.aws_vpc.this",
            "module.vpc.aws_vpc_ipv4_cidr_block_association.this"
          ]
        }
      ]
    },
    {
      "module": "module.openwebui_pod_identity[\"legal\"]",
      "mode": "managed",
      "type": "aws_iam_policy",
      "name": "custom",
      "provider": "provider[\"registry.terraform.io/hashicorp/aws\"]",
      "instances": [
        {
          "index_key": 0,
          "schema_version": 0,
          "attributes": {
            "arn": "arn:aws:iam::980921733825:policy/openwebui-legal-2025062002181726130000002e",
            "attachment_count": 1,
            "description": "Custom IAM Policy",
            "id": "arn:aws:iam::980921733825:policy/openwebui-legal-2025062002181726130000002e",
            "name": "openwebui-legal-2025062002181726130000002e",
            "name_prefix": "openwebui-legal-",
            "path": "/",
            "policy": "{\"Statement\":[{\"Action\":[\"s3:PutObject\",\"s3:ListBucket\",\"s3:GetObject\",\"s3:DeleteObject\"],\"Effect\":\"Allow\",\"Resource\":[\"arn:aws:s3:::automode-cluster-webui-docs-legal-2025062002181345790000000c/*\",\"arn:aws:s3:::automode-cluster-webui-docs-legal-2025062002181345790000000c\"],\"Sid\":\"S3Access\"}],\"Version\":\"2012-10-17\"}",
            "policy_id": "ANPA6IY352LAQKQMPVRE3",
            "tags": {
              "Environment": "automode-cluster",
              "Tenant": "legal"
            },
            "tags_all": {
              "Environment": "automode-cluster",
              "Tenant": "legal"
            }
          },
          "sensitive_attributes": [],
          "identity_schema_version": 0,
          "private": "bnVsbA==",
          "dependencies": [
            "aws_s3_bucket.openwebui_docs",
            "module.openwebui_pod_identity.data.aws_iam_policy_document.base"
          ]
        }
      ]
    },
    {
      "module": "module.openwebui_pod_identity[\"legal\"]",
      "mode": "managed",
      "type": "aws_iam_role",
      "name": "this",
      "provider": "provider[\"registry.terraform.io/hashicorp/aws\"]",
      "instances": [
        {
          "index_key": 0,
          "schema_version": 0,
          "attributes": {
            "arn": "arn:aws:iam::980921733825:role/openwebui-legal-20250620021813434200000004",
            "assume_role_policy": "{\"Statement\":[{\"Action\":[\"sts:TagSession\",\"sts:AssumeRole\"],\"Effect\":\"Allow\",\"Principal\":{\"Service\":\"pods.eks.amazonaws.com\"}}],\"Version\":\"2012-10-17\"}",
            "create_date": "2025-06-20T02:18:14Z",
            "description": "",
            "force_detach_policies": true,
            "id": "openwebui-legal-20250620021813434200000004",
            "inline_policy": [],
            "managed_policy_arns": [
              "arn:aws:iam::980921733825:policy/automode-cluster-secrets-access-legal",
              "arn:aws:iam::980921733825:policy/openwebui-legal-2025062002181726130000002e"
            ],
            "max_session_duration": 3600,
            "name": "openwebui-legal-20250620021813434200000004",
            "name_prefix": "openwebui-legal-",
            "path": "/",
            "permissions_boundary": "",
            "tags": {
              "Environment": "automode-cluster",
              "Tenant": "legal"
            },
            "tags_all": {
              "Environment": "automode-cluster",
              "Tenant": "legal"
            },
            "unique_id": "AROA6IY352LAXQ3J4C4TG"
          },
          "sensitive_attributes": [],
          "identity_schema_version": 0,
          "private": "bnVsbA==",
          "dependencies": [
            "module.openwebui_pod_identity.data.aws_iam_policy_document.assume"
          ]
        }
      ]
    },
    {
      "module": "module.openwebui_pod_identity[\"legal\"]",
      "mode": "managed",
      "type": "aws_iam_role_policy_attachment",
      "name": "custom",
      "provider": "provider[\"registry.terraform.io/hashicorp/aws\"]",
      "instances": [
        {
          "index_key": 0,
          "schema_version": 0,
          "attributes": {
            "id": "openwebui-legal-20250620021813434200000004-20250620021818427100000036",
            "policy_arn": "arn:aws:iam::980921733825:policy/openwebui-legal-2025062002181726130000002e",
            "role": "openwebui-legal-20250620021813434200000004"
          },
          "sensitive_attributes": [],
          "identity_schema_version": 0,
          "private": "bnVsbA==",
          "dependencies": [
            "aws_s3_bucket.openwebui_docs",
            "module.openwebui_pod_identity.aws_iam_policy.custom",
            "module.openwebui_pod_identity.aws_iam_role.this",
            "module.openwebui_pod_identity.data.aws_iam_policy_document.assume",
            "module.openwebui_pod_identity.data.aws_iam_policy_document.base"
          ]
        }
      ]
    },
    {
      "module": "module.openwebui_pod_identity[\"us\"]",
      "mode": "data",
      "type": "aws_iam_policy_document",
      "name": "assume",
      "provider": "provider[\"registry.terraform.io/hashicorp/aws\"]",
      "instances": [
        {
          "index_key": 0,
          "schema_version": 0,
          "attributes": {
            "id": "819195744",
            "json": "{\n  \"Version\": \"2012-10-17\",\n  \"Statement\": [\n    {\n      \"Effect\": \"Allow\",\n      \"Action\": [\n        \"sts:TagSession\",\n        \"sts:AssumeRole\"\n      ],\n      \"Principal\": {\n        \"Service\": \"pods.eks.amazonaws.com\"\n      }\n    }\n  ]\n}",
            "minified_json": "{\"Version\":\"2012-10-17\",\"Statement\":[{\"Effect\":\"Allow\",\"Action\":[\"sts:TagSession\",\"sts:AssumeRole\"],\"Principal\":{\"Service\":\"pods.eks.amazonaws.com\"}}]}",
            "override_json": null,
            "override_policy_documents": null,
            "policy_id": null,
            "source_json": null,
            "source_policy_documents": null,
            "statement": [
              {
                "actions": [
                  "sts:AssumeRole",
                  "sts:TagSession"
                ],
                "condition": [],
                "effect": "Allow",
                "not_actions": [],
                "not_principals": [],
                "not_resources": [],
                "principals": [
                  {
                    "identifiers": [
                      "pods.eks.amazonaws.com"
                    ],
                    "type": "Service"
                  }
                ],
                "resources": [],
                "sid": ""
              }
            ],
            "version": "2012-10-17"
          },
          "sensitive_attributes": [],
          "identity_schema_version": 0
        }
      ]
    },
    {
      "module": "module.openwebui_pod_identity[\"us\"]",
      "mode": "data",
      "type": "aws_iam_policy_document",
      "name": "base",
      "provider": "provider[\"registry.terraform.io/hashicorp/aws\"]",
      "instances": [
        {
          "index_key": 0,
          "schema_version": 0,
          "attributes": {
            "id": "1131836581",
            "json": "{\n  \"Version\": \"2012-10-17\",\n  \"Statement\": [\n    {\n      \"Sid\": \"S3Access\",\n      \"Effect\": \"Allow\",\n      \"Action\": [\n        \"s3:PutObject\",\n        \"s3:ListBucket\",\n        \"s3:GetObject\",\n        \"s3:DeleteObject\"\n      ],\n      \"Resource\": [\n        \"arn:aws:s3:::automode-cluster-webui-docs-us-2025062002181345330000000b/*\",\n        \"arn:aws:s3:::automode-cluster-webui-docs-us-2025062002181345330000000b\"\n      ]\n    }\n  ]\n}",
            "minified_json": "{\"Version\":\"2012-10-17\",\"Statement\":[{\"Sid\":\"S3Access\",\"Effect\":\"Allow\",\"Action\":[\"s3:PutObject\",\"s3:ListBucket\",\"s3:GetObject\",\"s3:DeleteObject\"],\"Resource\":[\"arn:aws:s3:::automode-cluster-webui-docs-us-2025062002181345330000000b/*\",\"arn:aws:s3:::automode-cluster-webui-docs-us-2025062002181345330000000b\"]}]}",
            "override_json": null,
            "override_policy_documents": null,
            "policy_id": null,
            "source_json": null,
            "source_policy_documents": null,
            "statement": [
              {
                "actions": [
                  "s3:DeleteObject",
                  "s3:GetObject",
                  "s3:ListBucket",
                  "s3:PutObject"
                ],
                "condition": [],
                "effect": "Allow",
                "not_actions": [],
                "not_principals": [],
                "not_resources": [],
                "principals": [],
                "resources": [
                  "arn:aws:s3:::automode-cluster-webui-docs-us-2025062002181345330000000b",
                  "arn:aws:s3:::automode-cluster-webui-docs-us-2025062002181345330000000b/*"
                ],
                "sid": "S3Access"
              }
            ],
            "version": "2012-10-17"
          },
          "sensitive_attributes": [],
          "identity_schema_version": 0
        }
      ]
    },
    {
      "module": "module.openwebui_pod_identity[\"us\"]",
      "mode": "data",
      "type": "aws_partition",
      "name": "current",
      "provider": "provider[\"registry.terraform.io/hashicorp/aws\"]",
      "instances": [
        {
          "schema_version": 0,
          "attributes": {
            "dns_suffix": "amazonaws.com",
            "id": "aws",
            "partition": "aws",
            "reverse_dns_prefix": "com.amazonaws"
          },
          "sensitive_attributes": [],
          "identity_schema_version": 0
        }
      ]
    },
    {
      "module": "module.openwebui_pod_identity[\"us\"]",
      "mode": "managed",
      "type": "aws_eks_pod_identity_association",
      "name": "this",
      "provider": "provider[\"registry.terraform.io/hashicorp/aws\"]",
      "instances": [
        {
          "index_key": "openwebui",
          "schema_version": 0,
          "attributes": {
            "association_arn": "arn:aws:eks:ap-southeast-3:980921733825:podidentityassociation/automode-cluster/a-0gh29puzyugahr9ul",
            "association_id": "a-0gh29puzyugahr9ul",
            "cluster_name": "automode-cluster",
            "id": "a-0gh29puzyugahr9ul",
            "namespace": "us-webui",
            "role_arn": "arn:aws:iam::980921733825:role/openwebui-us-20250620021813433500000003",
            "service_account": "open-webui-pia",
            "tags": {
              "Environment": "automode-cluster",
              "Tenant": "us"
            },
            "tags_all": {
              "Environment": "automode-cluster",
              "Tenant": "us"
            }
          },
          "sensitive_attributes": [],
          "identity_schema_version": 0,
          "dependencies": [
            "data.aws_availability_zones.available",
            "module.eks.aws_cloudwatch_log_group.this",
            "module.eks.aws_eks_access_entry.this",
            "module.eks.aws_eks_access_policy_association.this",
            "module.eks.aws_eks_cluster.this",
            "module.eks.aws_iam_policy.cni_ipv6_policy",
            "module.eks.aws_iam_role.eks_auto",
            "module.eks.aws_iam_role.this",
            "module.eks.aws_iam_role_policy_attachment.this",
            "module.eks.aws_security_group.cluster",
            "module.eks.aws_security_group.node",
            "module.eks.aws_security_group_rule.cluster",
            "module.eks.aws_security_group_rule.node",
            "module.eks.data.aws_caller_identity.current",
            "module.eks.data.aws_iam_policy_document.assume_role_policy",
            "module.eks.data.aws_iam_policy_document.cni_ipv6_policy",
            "module.eks.data.aws_iam_policy_document.node_assume_role_policy",
            "module.eks.data.aws_iam_session_context.current",
            "module.eks.data.aws_partition.current",
            "module.eks.module.kms.aws_kms_external_key.this",
            "module.eks.module.kms.aws_kms_key.this",
            "module.eks.module.kms.aws_kms_replica_external_key.this",
            "module.eks.module.kms.aws_kms_replica_key.this",
            "module.eks.module.kms.data.aws_caller_identity.current",
            "module.eks.module.kms.data.aws_iam_policy_document.this",
            "module.eks.module.kms.data.aws_partition.current",
            "module.openwebui_pod_identity.aws_iam_role.this",
            "module.openwebui_pod_identity.data.aws_iam_policy_document.assume",
            "module.vpc.aws_subnet.private",
            "module.vpc.aws_vpc.this",
            "module.vpc.aws_vpc_ipv4_cidr_block_association.this"
          ]
        }
      ]
    },
    {
      "module": "module.openwebui_pod_identity[\"us\"]",
      "mode": "managed",
      "type": "aws_iam_policy",
      "name": "custom",
      "provider": "provider[\"registry.terraform.io/hashicorp/aws\"]",
      "instances": [
        {
          "index_key": 0,
          "schema_version": 0,
          "attributes": {
            "arn": "arn:aws:iam::980921733825:policy/openwebui-us-2025062002181726430000002f",
            "attachment_count": 1,
            "description": "Custom IAM Policy",
            "id": "arn:aws:iam::980921733825:policy/openwebui-us-2025062002181726430000002f",
            "name": "openwebui-us-2025062002181726430000002f",
            "name_prefix": "openwebui-us-",
            "path": "/",
            "policy": "{\"Statement\":[{\"Action\":[\"s3:PutObject\",\"s3:ListBucket\",\"s3:GetObject\",\"s3:DeleteObject\"],\"Effect\":\"Allow\",\"Resource\":[\"arn:aws:s3:::automode-cluster-webui-docs-us-2025062002181345330000000b/*\",\"arn:aws:s3:::automode-cluster-webui-docs-us-2025062002181345330000000b\"],\"Sid\":\"S3Access\"}],\"Version\":\"2012-10-17\"}",
            "policy_id": "ANPA6IY352LAQAR5QDZUY",
            "tags": {
              "Environment": "automode-cluster",
              "Tenant": "us"
            },
            "tags_all": {
              "Environment": "automode-cluster",
              "Tenant": "us"
            }
          },
          "sensitive_attributes": [],
          "identity_schema_version": 0,
          "private": "bnVsbA==",
          "dependencies": [
            "aws_s3_bucket.openwebui_docs",
            "module.openwebui_pod_identity.data.aws_iam_policy_document.base"
          ]
        }
      ]
    },
    {
      "module": "module.openwebui_pod_identity[\"us\"]",
      "mode": "managed",
      "type": "aws_iam_role",
      "name": "this",
      "provider": "provider[\"registry.terraform.io/hashicorp/aws\"]",
      "instances": [
        {
          "index_key": 0,
          "schema_version": 0,
          "attributes": {
            "arn": "arn:aws:iam::980921733825:role/openwebui-us-20250620021813433500000003",
            "assume_role_policy": "{\"Statement\":[{\"Action\":[\"sts:TagSession\",\"sts:AssumeRole\"],\"Effect\":\"Allow\",\"Principal\":{\"Service\":\"pods.eks.amazonaws.com\"}}],\"Version\":\"2012-10-17\"}",
            "create_date": "2025-06-20T02:18:14Z",
            "description": "",
            "force_detach_policies": true,
            "id": "openwebui-us-20250620021813433500000003",
            "inline_policy": [],
            "managed_policy_arns": [
              "arn:aws:iam::980921733825:policy/automode-cluster-secrets-access-us",
              "arn:aws:iam::980921733825:policy/openwebui-us-2025062002181726430000002f"
            ],
            "max_session_duration": 3600,
            "name": "openwebui-us-20250620021813433500000003",
            "name_prefix": "openwebui-us-",
            "path": "/",
            "permissions_boundary": "",
            "tags": {
              "Environment": "automode-cluster",
              "Tenant": "us"
            },
            "tags_all": {
              "Environment": "automode-cluster",
              "Tenant": "us"
            },
            "unique_id": "AROA6IY352LA33SSC3PLV"
          },
          "sensitive_attributes": [],
          "identity_schema_version": 0,
          "private": "bnVsbA==",
          "dependencies": [
            "module.openwebui_pod_identity.data.aws_iam_policy_document.assume"
          ]
        }
      ]
    },
    {
      "module": "module.openwebui_pod_identity[\"us\"]",
      "mode": "managed",
      "type": "aws_iam_role_policy_attachment",
      "name": "custom",
      "provider": "provider[\"registry.terraform.io/hashicorp/aws\"]",
      "instances": [
        {
          "index_key": 0,
          "schema_version": 0,
          "attributes": {
            "id": "openwebui-us-20250620021813433500000003-20250620021818405700000034",
            "policy_arn": "arn:aws:iam::980921733825:policy/openwebui-us-2025062002181726430000002f",
            "role": "openwebui-us-20250620021813433500000003"
          },
          "sensitive_attributes": [],
          "identity_schema_version": 0,
          "private": "bnVsbA==",
          "dependencies": [
            "aws_s3_bucket.openwebui_docs",
            "module.openwebui_pod_identity.aws_iam_policy.custom",
            "module.openwebui_pod_identity.aws_iam_role.this",
            "module.openwebui_pod_identity.data.aws_iam_policy_document.assume",
            "module.openwebui_pod_identity.data.aws_iam_policy_document.base"
          ]
        }
      ]
    },
    {
      "module": "module.vpc",
      "mode": "managed",
      "type": "aws_default_network_acl",
      "name": "this",
      "provider": "provider[\"registry.terraform.io/hashicorp/aws\"]",
      "instances": [
        {
          "index_key": 0,
          "schema_version": 0,
          "attributes": {
            "arn": "arn:aws:ec2:ap-southeast-3:980921733825:network-acl/acl-035d840cb386edc08",
            "default_network_acl_id": "acl-035d840cb386edc08",
            "egress": [
              {
                "action": "allow",
                "cidr_block": "",
                "from_port": 0,
                "icmp_code": 0,
                "icmp_type": 0,
                "ipv6_cidr_block": "::/0",
                "protocol": "-1",
                "rule_no": 101,
                "to_port": 0
              },
              {
                "action": "allow",
                "cidr_block": "0.0.0.0/0",
                "from_port": 0,
                "icmp_code": 0,
                "icmp_type": 0,
                "ipv6_cidr_block": "",
                "protocol": "-1",
                "rule_no": 100,
                "to_port": 0
              }
            ],
            "id": "acl-035d840cb386edc08",
            "ingress": [
              {
                "action": "allow",
                "cidr_block": "",
                "from_port": 0,
                "icmp_code": 0,
                "icmp_type": 0,
                "ipv6_cidr_block": "::/0",
                "protocol": "-1",
                "rule_no": 101,
                "to_port": 0
              },
              {
                "action": "allow",
                "cidr_block": "0.0.0.0/0",
                "from_port": 0,
                "icmp_code": 0,
                "icmp_type": 0,
                "ipv6_cidr_block": "",
                "protocol": "-1",
                "rule_no": 100,
                "to_port": 0
              }
            ],
            "owner_id": "980921733825",
            "subnet_ids": [
              "subnet-01ce221a540155cbb",
              "subnet-04f994ba85e8d8c2d",
              "subnet-08472d0ba75ba92e1",
              "subnet-088f2a47877f59fce",
              "subnet-0aab9bafb5420a220",
              "subnet-0b2d0b5062be324b5"
            ],
            "tags": {
              "Blueprint": "automode-cluster",
              "Name": "automode-cluster-default"
            },
            "tags_all": {
              "Blueprint": "automode-cluster",
              "Name": "automode-cluster-default"
            },
            "vpc_id": "vpc-081e38e18af8095e0"
          },
          "sensitive_attributes": [],
          "identity_schema_version": 0,
          "private": "bnVsbA==",
          "dependencies": [
            "module.vpc.aws_vpc.this"
          ]
        }
      ]
    },
    {
      "module": "module.vpc",
      "mode": "managed",
      "type": "aws_default_route_table",
      "name": "default",
      "provider": "provider[\"registry.terraform.io/hashicorp/aws\"]",
      "instances": [
        {
          "index_key": 0,
          "schema_version": 0,
          "attributes": {
            "arn": "arn:aws:ec2:ap-southeast-3:980921733825:route-table/rtb-0835258c51b4ba81c",
            "default_route_table_id": "rtb-0835258c51b4ba81c",
            "id": "rtb-0835258c51b4ba81c",
            "owner_id": "980921733825",
            "propagating_vgws": [],
            "route": [],
            "tags": {
              "Blueprint": "automode-cluster",
              "Name": "automode-cluster-default"
            },
            "tags_all": {
              "Blueprint": "automode-cluster",
              "Name": "automode-cluster-default"
            },
            "timeouts": {
              "create": "5m",
              "update": "5m"
            },
            "vpc_id": "vpc-081e38e18af8095e0"
          },
          "sensitive_attributes": [],
          "identity_schema_version": 0,
          "private": "eyJlMmJmYjczMC1lY2FhLTExZTYtOGY4OC0zNDM2M2JjN2M0YzAiOnsiY3JlYXRlIjozMDAwMDAwMDAwMDAsInVwZGF0ZSI6MzAwMDAwMDAwMDAwfX0=",
          "dependencies": [
            "module.vpc.aws_vpc.this"
          ]
        }
      ]
    },
    {
      "module": "module.vpc",
      "mode": "managed",
      "type": "aws_default_security_group",
      "name": "this",
      "provider": "provider[\"registry.terraform.io/hashicorp/aws\"]",
      "instances": [
        {
          "index_key": 0,
          "schema_version": 1,
          "attributes": {
            "arn": "arn:aws:ec2:ap-southeast-3:980921733825:security-group/sg-02920cc4e219a7133",
            "description": "default VPC security group",
            "egress": [],
            "id": "sg-02920cc4e219a7133",
            "ingress": [],
            "name": "default",
            "name_prefix": "",
            "owner_id": "980921733825",
            "revoke_rules_on_delete": false,
            "tags": {
              "Blueprint": "automode-cluster",
              "Name": "automode-cluster-default"
            },
            "tags_all": {
              "Blueprint": "automode-cluster",
              "Name": "automode-cluster-default"
            },
            "vpc_id": "vpc-081e38e18af8095e0"
          },
          "sensitive_attributes": [],
          "identity_schema_version": 0,
          "private": "eyJzY2hlbWFfdmVyc2lvbiI6IjEifQ==",
          "dependencies": [
            "module.vpc.aws_vpc.this"
          ]
        }
      ]
    },
    {
      "module": "module.vpc",
      "mode": "managed",
      "type": "aws_eip",
      "name": "nat",
      "provider": "provider[\"registry.terraform.io/hashicorp/aws\"]",
      "instances": [
        {
          "index_key": 0,
          "schema_version": 0,
          "attributes": {
            "address": null,
            "allocation_id": "eipalloc-09d280487f63c82b0",
            "arn": "arn:aws:ec2:ap-southeast-3:980921733825:elastic-ip/eipalloc-09d280487f63c82b0",
            "associate_with_private_ip": null,
            "association_id": "eipassoc-0c6af9a34af7b26be",
            "carrier_ip": "",
            "customer_owned_ip": "",
            "customer_owned_ipv4_pool": "",
            "domain": "vpc",
            "id": "eipalloc-09d280487f63c82b0",
            "instance": "",
            "ipam_pool_id": null,
            "network_border_group": "ap-southeast-3",
            "network_interface": "eni-00c13ef3c0a846b2a",
            "private_dns": "ip-10-0-48-144.ap-southeast-3.compute.internal",
            "private_ip": "10.0.48.144",
            "ptr_record": "",
            "public_dns": "ec2-16-78-139-161.ap-southeast-3.compute.amazonaws.com",
            "public_ip": "16.78.139.161",
            "public_ipv4_pool": "amazon",
            "tags": {
              "Blueprint": "automode-cluster",
              "Name": "automode-cluster-ap-southeast-3a"
            },
            "tags_all": {
              "Blueprint": "automode-cluster",
              "Name": "automode-cluster-ap-southeast-3a"
            },
            "timeouts": null,
            "vpc": true
          },
          "sensitive_attributes": [],
          "identity_schema_version": 0,
          "private": "eyJlMmJmYjczMC1lY2FhLTExZTYtOGY4OC0zNDM2M2JjN2M0YzAiOnsiZGVsZXRlIjoxODAwMDAwMDAwMDAsInJlYWQiOjkwMDAwMDAwMDAwMCwidXBkYXRlIjozMDAwMDAwMDAwMDB9fQ==",
          "dependencies": [
            "data.aws_availability_zones.available",
            "module.vpc.aws_internet_gateway.this",
            "module.vpc.aws_vpc.this",
            "module.vpc.aws_vpc_ipv4_cidr_block_association.this"
          ]
        }
      ]
    },
    {
      "module": "module.vpc",
      "mode": "managed",
      "type": "aws_internet_gateway",
      "name": "this",
      "provider": "provider[\"registry.terraform.io/hashicorp/aws\"]",
      "instances": [
        {
          "index_key": 0,
          "schema_version": 0,
          "attributes": {
            "arn": "arn:aws:ec2:ap-southeast-3:980921733825:internet-gateway/igw-01816148aa9d674a3",
            "id": "igw-01816148aa9d674a3",
            "owner_id": "980921733825",
            "tags": {
              "Blueprint": "automode-cluster",
              "Name": "automode-cluster"
            },
            "tags_all": {
              "Blueprint": "automode-cluster",
              "Name": "automode-cluster"
            },
            "timeouts": null,
            "vpc_id": "vpc-081e38e18af8095e0"
          },
          "sensitive_attributes": [],
          "identity_schema_version": 0,
          "private": "eyJlMmJmYjczMC1lY2FhLTExZTYtOGY4OC0zNDM2M2JjN2M0YzAiOnsiY3JlYXRlIjoxMjAwMDAwMDAwMDAwLCJkZWxldGUiOjEyMDAwMDAwMDAwMDAsInVwZGF0ZSI6MTIwMDAwMDAwMDAwMH19",
          "dependencies": [
            "data.aws_availability_zones.available",
            "module.vpc.aws_vpc.this",
            "module.vpc.aws_vpc_ipv4_cidr_block_association.this"
          ]
        }
      ]
    },
    {
      "module": "module.vpc",
      "mode": "managed",
      "type": "aws_nat_gateway",
      "name": "this",
      "provider": "provider[\"registry.terraform.io/hashicorp/aws\"]",
      "instances": [
        {
          "index_key": 0,
          "schema_version": 0,
          "attributes": {
            "allocation_id": "eipalloc-09d280487f63c82b0",
            "association_id": "eipassoc-0c6af9a34af7b26be",
            "connectivity_type": "public",
            "id": "nat-06586571780ff60ff",
            "network_interface_id": "eni-00c13ef3c0a846b2a",
            "private_ip": "10.0.48.144",
            "public_ip": "16.78.139.161",
            "secondary_allocation_ids": [],
            "secondary_private_ip_address_count": 0,
            "secondary_private_ip_addresses": [],
            "subnet_id": "subnet-0b2d0b5062be324b5",
            "tags": {
              "Blueprint": "automode-cluster",
              "Name": "automode-cluster-ap-southeast-3a"
            },
            "tags_all": {
              "Blueprint": "automode-cluster",
              "Name": "automode-cluster-ap-southeast-3a"
            },
            "timeouts": null
          },
          "sensitive_attributes": [],
          "identity_schema_version": 0,
          "private": "eyJlMmJmYjczMC1lY2FhLTExZTYtOGY4OC0zNDM2M2JjN2M0YzAiOnsiY3JlYXRlIjo2MDAwMDAwMDAwMDAsImRlbGV0ZSI6MTgwMDAwMDAwMDAwMCwidXBkYXRlIjo2MDAwMDAwMDAwMDB9fQ==",
          "dependencies": [
            "data.aws_availability_zones.available",
            "module.vpc.aws_eip.nat",
            "module.vpc.aws_internet_gateway.this",
            "module.vpc.aws_subnet.public",
            "module.vpc.aws_vpc.this",
            "module.vpc.aws_vpc_ipv4_cidr_block_association.this"
          ]
        }
      ]
    },
    {
      "module": "module.vpc",
      "mode": "managed",
      "type": "aws_route",
      "name": "private_nat_gateway",
      "provider": "provider[\"registry.terraform.io/hashicorp/aws\"]",
      "instances": [
        {
          "index_key": 0,
          "schema_version": 0,
          "attributes": {
            "carrier_gateway_id": "",
            "core_network_arn": "",
            "destination_cidr_block": "0.0.0.0/0",
            "destination_ipv6_cidr_block": "",
            "destination_prefix_list_id": "",
            "egress_only_gateway_id": "",
            "gateway_id": "",
            "id": "r-rtb-0211ba92a2a6d28361080289494",
            "instance_id": "",
            "instance_owner_id": "",
            "local_gateway_id": "",
            "nat_gateway_id": "nat-06586571780ff60ff",
            "network_interface_id": "",
            "origin": "CreateRoute",
            "route_table_id": "rtb-0211ba92a2a6d2836",
            "state": "active",
            "timeouts": {
              "create": "5m",
              "delete": null,
              "update": null
            },
            "transit_gateway_id": "",
            "vpc_endpoint_id": "",
            "vpc_peering_connection_id": ""
          },
          "sensitive_attributes": [],
          "identity_schema_version": 0,
          "private": "eyJlMmJmYjczMC1lY2FhLTExZTYtOGY4OC0zNDM2M2JjN2M0YzAiOnsiY3JlYXRlIjozMDAwMDAwMDAwMDAsImRlbGV0ZSI6MzAwMDAwMDAwMDAwLCJ1cGRhdGUiOjEyMDAwMDAwMDAwMH19",
          "dependencies": [
            "data.aws_availability_zones.available",
            "module.vpc.aws_eip.nat",
            "module.vpc.aws_internet_gateway.this",
            "module.vpc.aws_nat_gateway.this",
            "module.vpc.aws_route_table.private",
            "module.vpc.aws_subnet.public",
            "module.vpc.aws_vpc.this",
            "module.vpc.aws_vpc_ipv4_cidr_block_association.this"
          ]
        }
      ]
    },
    {
      "module": "module.vpc",
      "mode": "managed",
      "type": "aws_route",
      "name": "public_internet_gateway",
      "provider": "provider[\"registry.terraform.io/hashicorp/aws\"]",
      "instances": [
        {
          "index_key": 0,
          "schema_version": 0,
          "attributes": {
            "carrier_gateway_id": "",
            "core_network_arn": "",
            "destination_cidr_block": "0.0.0.0/0",
            "destination_ipv6_cidr_block": "",
            "destination_prefix_list_id": "",
            "egress_only_gateway_id": "",
            "gateway_id": "igw-01816148aa9d674a3",
            "id": "r-rtb-02eeba11e31bdc5871080289494",
            "instance_id": "",
            "instance_owner_id": "",
            "local_gateway_id": "",
            "nat_gateway_id": "",
            "network_interface_id": "",
            "origin": "CreateRoute",
            "route_table_id": "rtb-02eeba11e31bdc587",
            "state": "active",
            "timeouts": {
              "create": "5m",
              "delete": null,
              "update": null
            },
            "transit_gateway_id": "",
            "vpc_endpoint_id": "",
            "vpc_peering_connection_id": ""
          },
          "sensitive_attributes": [],
          "identity_schema_version": 0,
          "private": "eyJlMmJmYjczMC1lY2FhLTExZTYtOGY4OC0zNDM2M2JjN2M0YzAiOnsiY3JlYXRlIjozMDAwMDAwMDAwMDAsImRlbGV0ZSI6MzAwMDAwMDAwMDAwLCJ1cGRhdGUiOjEyMDAwMDAwMDAwMH19",
          "dependencies": [
            "data.aws_availability_zones.available",
            "module.vpc.aws_internet_gateway.this",
            "module.vpc.aws_route_table.public",
            "module.vpc.aws_vpc.this",
            "module.vpc.aws_vpc_ipv4_cidr_block_association.this"
          ]
        }
      ]
    },
    {
      "module": "module.vpc",
      "mode": "managed",
      "type": "aws_route_table",
      "name": "private",
      "provider": "provider[\"registry.terraform.io/hashicorp/aws\"]",
      "instances": [
        {
          "index_key": 0,
          "schema_version": 0,
          "attributes": {
            "arn": "arn:aws:ec2:ap-southeast-3:980921733825:route-table/rtb-0211ba92a2a6d2836",
            "id": "rtb-0211ba92a2a6d2836",
            "owner_id": "980921733825",
            "propagating_vgws": [],
            "route": [
              {
                "carrier_gateway_id": "",
                "cidr_block": "0.0.0.0/0",
                "core_network_arn": "",
                "destination_prefix_list_id": "",
                "egress_only_gateway_id": "",
                "gateway_id": "",
                "ipv6_cidr_block": "",
                "local_gateway_id": "",
                "nat_gateway_id": "nat-06586571780ff60ff",
                "network_interface_id": "",
                "transit_gateway_id": "",
                "vpc_endpoint_id": "",
                "vpc_peering_connection_id": ""
              }
            ],
            "tags": {
              "Blueprint": "automode-cluster",
              "Name": "automode-cluster-private"
            },
            "tags_all": {
              "Blueprint": "automode-cluster",
              "Name": "automode-cluster-private"
            },
            "timeouts": null,
            "vpc_id": "vpc-081e38e18af8095e0"
          },
          "sensitive_attributes": [],
          "identity_schema_version": 0,
          "private": "eyJlMmJmYjczMC1lY2FhLTExZTYtOGY4OC0zNDM2M2JjN2M0YzAiOnsiY3JlYXRlIjozMDAwMDAwMDAwMDAsImRlbGV0ZSI6MzAwMDAwMDAwMDAwLCJ1cGRhdGUiOjEyMDAwMDAwMDAwMH19",
          "dependencies": [
            "data.aws_availability_zones.available",
            "module.vpc.aws_vpc.this",
            "module.vpc.aws_vpc_ipv4_cidr_block_association.this"
          ]
        }
      ]
    },
    {
      "module": "module.vpc",
      "mode": "managed",
      "type": "aws_route_table",
      "name": "public",
      "provider": "provider[\"registry.terraform.io/hashicorp/aws\"]",
      "instances": [
        {
          "index_key": 0,
          "schema_version": 0,
          "attributes": {
            "arn": "arn:aws:ec2:ap-southeast-3:980921733825:route-table/rtb-02eeba11e31bdc587",
            "id": "rtb-02eeba11e31bdc587",
            "owner_id": "980921733825",
            "propagating_vgws": [],
            "route": [
              {
                "carrier_gateway_id": "",
                "cidr_block": "0.0.0.0/0",
                "core_network_arn": "",
                "destination_prefix_list_id": "",
                "egress_only_gateway_id": "",
                "gateway_id": "igw-01816148aa9d674a3",
                "ipv6_cidr_block": "",
                "local_gateway_id": "",
                "nat_gateway_id": "",
                "network_interface_id": "",
                "transit_gateway_id": "",
                "vpc_endpoint_id": "",
                "vpc_peering_connection_id": ""
              }
            ],
            "tags": {
              "Blueprint": "automode-cluster",
              "Name": "automode-cluster-public"
            },
            "tags_all": {
              "Blueprint": "automode-cluster",
              "Name": "automode-cluster-public"
            },
            "timeouts": null,
            "vpc_id": "vpc-081e38e18af8095e0"
          },
          "sensitive_attributes": [],
          "identity_schema_version": 0,
          "private": "eyJlMmJmYjczMC1lY2FhLTExZTYtOGY4OC0zNDM2M2JjN2M0YzAiOnsiY3JlYXRlIjozMDAwMDAwMDAwMDAsImRlbGV0ZSI6MzAwMDAwMDAwMDAwLCJ1cGRhdGUiOjEyMDAwMDAwMDAwMH19",
          "dependencies": [
            "data.aws_availability_zones.available",
            "module.vpc.aws_vpc.this",
            "module.vpc.aws_vpc_ipv4_cidr_block_association.this"
          ]
        }
      ]
    },
    {
      "module": "module.vpc",
      "mode": "managed",
      "type": "aws_route_table_association",
      "name": "private",
      "provider": "provider[\"registry.terraform.io/hashicorp/aws\"]",
      "instances": [
        {
          "index_key": 0,
          "schema_version": 0,
          "attributes": {
            "gateway_id": "",
            "id": "rtbassoc-0f6ca8f65a498209b",
            "route_table_id": "rtb-0211ba92a2a6d2836",
            "subnet_id": "subnet-08472d0ba75ba92e1",
            "timeouts": null
          },
          "sensitive_attributes": [],
          "identity_schema_version": 0,
          "private": "eyJlMmJmYjczMC1lY2FhLTExZTYtOGY4OC0zNDM2M2JjN2M0YzAiOnsiY3JlYXRlIjozMDAwMDAwMDAwMDAsImRlbGV0ZSI6MzAwMDAwMDAwMDAwLCJ1cGRhdGUiOjEyMDAwMDAwMDAwMH19",
          "dependencies": [
            "data.aws_availability_zones.available",
            "module.vpc.aws_route_table.private",
            "module.vpc.aws_subnet.private",
            "module.vpc.aws_vpc.this",
            "module.vpc.aws_vpc_ipv4_cidr_block_association.this"
          ]
        },
        {
          "index_key": 1,
          "schema_version": 0,
          "attributes": {
            "gateway_id": "",
            "id": "rtbassoc-0b61e0e680f25ec07",
            "route_table_id": "rtb-0211ba92a2a6d2836",
            "subnet_id": "subnet-0aab9bafb5420a220",
            "timeouts": null
          },
          "sensitive_attributes": [],
          "identity_schema_version": 0,
          "private": "eyJlMmJmYjczMC1lY2FhLTExZTYtOGY4OC0zNDM2M2JjN2M0YzAiOnsiY3JlYXRlIjozMDAwMDAwMDAwMDAsImRlbGV0ZSI6MzAwMDAwMDAwMDAwLCJ1cGRhdGUiOjEyMDAwMDAwMDAwMH19",
          "dependencies": [
            "data.aws_availability_zones.available",
            "module.vpc.aws_route_table.private",
            "module.vpc.aws_subnet.private",
            "module.vpc.aws_vpc.this",
            "module.vpc.aws_vpc_ipv4_cidr_block_association.this"
          ]
        },
        {
          "index_key": 2,
          "schema_version": 0,
          "attributes": {
            "gateway_id": "",
            "id": "rtbassoc-0130b5d0e06f3ae43",
            "route_table_id": "rtb-0211ba92a2a6d2836",
            "subnet_id": "subnet-01ce221a540155cbb",
            "timeouts": null
          },
          "sensitive_attributes": [],
          "identity_schema_version": 0,
          "private": "eyJlMmJmYjczMC1lY2FhLTExZTYtOGY4OC0zNDM2M2JjN2M0YzAiOnsiY3JlYXRlIjozMDAwMDAwMDAwMDAsImRlbGV0ZSI6MzAwMDAwMDAwMDAwLCJ1cGRhdGUiOjEyMDAwMDAwMDAwMH19",
          "dependencies": [
            "data.aws_availability_zones.available",
            "module.vpc.aws_route_table.private",
            "module.vpc.aws_subnet.private",
            "module.vpc.aws_vpc.this",
            "module.vpc.aws_vpc_ipv4_cidr_block_association.this"
          ]
        }
      ]
    },
    {
      "module": "module.vpc",
      "mode": "managed",
      "type": "aws_route_table_association",
      "name": "public",
      "provider": "provider[\"registry.terraform.io/hashicorp/aws\"]",
      "instances": [
        {
          "index_key": 0,
          "schema_version": 0,
          "attributes": {
            "gateway_id": "",
            "id": "rtbassoc-049c6df0f2a9a3aa6",
            "route_table_id": "rtb-02eeba11e31bdc587",
            "subnet_id": "subnet-0b2d0b5062be324b5",
            "timeouts": null
          },
          "sensitive_attributes": [],
          "identity_schema_version": 0,
          "private": "eyJlMmJmYjczMC1lY2FhLTExZTYtOGY4OC0zNDM2M2JjN2M0YzAiOnsiY3JlYXRlIjozMDAwMDAwMDAwMDAsImRlbGV0ZSI6MzAwMDAwMDAwMDAwLCJ1cGRhdGUiOjEyMDAwMDAwMDAwMH19",
          "dependencies": [
            "data.aws_availability_zones.available",
            "module.vpc.aws_route_table.public",
            "module.vpc.aws_subnet.public",
            "module.vpc.aws_vpc.this",
            "module.vpc.aws_vpc_ipv4_cidr_block_association.this"
          ]
        },
        {
          "index_key": 1,
          "schema_version": 0,
          "attributes": {
            "gateway_id": "",
            "id": "rtbassoc-040071b5583d5efc0",
            "route_table_id": "rtb-02eeba11e31bdc587",
            "subnet_id": "subnet-088f2a47877f59fce",
            "timeouts": null
          },
          "sensitive_attributes": [],
          "identity_schema_version": 0,
          "private": "eyJlMmJmYjczMC1lY2FhLTExZTYtOGY4OC0zNDM2M2JjN2M0YzAiOnsiY3JlYXRlIjozMDAwMDAwMDAwMDAsImRlbGV0ZSI6MzAwMDAwMDAwMDAwLCJ1cGRhdGUiOjEyMDAwMDAwMDAwMH19",
          "dependencies": [
            "data.aws_availability_zones.available",
            "module.vpc.aws_route_table.public",
            "module.vpc.aws_subnet.public",
            "module.vpc.aws_vpc.this",
            "module.vpc.aws_vpc_ipv4_cidr_block_association.this"
          ]
        },
        {
          "index_key": 2,
          "schema_version": 0,
          "attributes": {
            "gateway_id": "",
            "id": "rtbassoc-0df794158dcf7862c",
            "route_table_id": "rtb-02eeba11e31bdc587",
            "subnet_id": "subnet-04f994ba85e8d8c2d",
            "timeouts": null
          },
          "sensitive_attributes": [],
          "identity_schema_version": 0,
          "private": "eyJlMmJmYjczMC1lY2FhLTExZTYtOGY4OC0zNDM2M2JjN2M0YzAiOnsiY3JlYXRlIjozMDAwMDAwMDAwMDAsImRlbGV0ZSI6MzAwMDAwMDAwMDAwLCJ1cGRhdGUiOjEyMDAwMDAwMDAwMH19",
          "dependencies": [
            "data.aws_availability_zones.available",
            "module.vpc.aws_route_table.public",
            "module.vpc.aws_subnet.public",
            "module.vpc.aws_vpc.this",
            "module.vpc.aws_vpc_ipv4_cidr_block_association.this"
          ]
        }
      ]
    },
    {
      "module": "module.vpc",
      "mode": "managed",
      "type": "aws_subnet",
      "name": "private",
      "provider": "provider[\"registry.terraform.io/hashicorp/aws\"]",
      "instances": [
        {
          "index_key": 0,
          "schema_version": 1,
          "attributes": {
            "arn": "arn:aws:ec2:ap-southeast-3:980921733825:subnet/subnet-08472d0ba75ba92e1",
            "assign_ipv6_address_on_creation": false,
            "availability_zone": "ap-southeast-3a",
            "availability_zone_id": "apse3-az1",
            "cidr_block": "10.0.0.0/20",
            "customer_owned_ipv4_pool": "",
            "enable_dns64": false,
            "enable_lni_at_device_index": 0,
            "enable_resource_name_dns_a_record_on_launch": false,
            "enable_resource_name_dns_aaaa_record_on_launch": false,
            "id": "subnet-08472d0ba75ba92e1",
            "ipv6_cidr_block": "",
            "ipv6_cidr_block_association_id": "",
            "ipv6_native": false,
            "map_customer_owned_ip_on_launch": false,
            "map_public_ip_on_launch": false,
            "outpost_arn": "",
            "owner_id": "980921733825",
            "private_dns_hostname_type_on_launch": "ip-name",
            "tags": {
              "Blueprint": "automode-cluster",
              "Name": "automode-cluster-private-ap-southeast-3a",
              "karpenter.sh/discovery": "automode-demo",
              "kubernetes.io/role/internal-elb": "1"
            },
            "tags_all": {
              "Blueprint": "automode-cluster",
              "Name": "automode-cluster-private-ap-southeast-3a",
              "karpenter.sh/discovery": "automode-demo",
              "kubernetes.io/role/internal-elb": "1"
            },
            "timeouts": null,
            "vpc_id": "vpc-081e38e18af8095e0"
          },
          "sensitive_attributes": [],
          "identity_schema_version": 0,
          "private": "eyJlMmJmYjczMC1lY2FhLTExZTYtOGY4OC0zNDM2M2JjN2M0YzAiOnsiY3JlYXRlIjo2MDAwMDAwMDAwMDAsImRlbGV0ZSI6MTIwMDAwMDAwMDAwMH0sInNjaGVtYV92ZXJzaW9uIjoiMSJ9",
          "dependencies": [
            "data.aws_availability_zones.available",
            "module.vpc.aws_vpc.this",
            "module.vpc.aws_vpc_ipv4_cidr_block_association.this"
          ],
          "create_before_destroy": true
        },
        {
          "index_key": 1,
          "schema_version": 1,
          "attributes": {
            "arn": "arn:aws:ec2:ap-southeast-3:980921733825:subnet/subnet-0aab9bafb5420a220",
            "assign_ipv6_address_on_creation": false,
            "availability_zone": "ap-southeast-3b",
            "availability_zone_id": "apse3-az2",
            "cidr_block": "10.0.16.0/20",
            "customer_owned_ipv4_pool": "",
            "enable_dns64": false,
            "enable_lni_at_device_index": 0,
            "enable_resource_name_dns_a_record_on_launch": false,
            "enable_resource_name_dns_aaaa_record_on_launch": false,
            "id": "subnet-0aab9bafb5420a220",
            "ipv6_cidr_block": "",
            "ipv6_cidr_block_association_id": "",
            "ipv6_native": false,
            "map_customer_owned_ip_on_launch": false,
            "map_public_ip_on_launch": false,
            "outpost_arn": "",
            "owner_id": "980921733825",
            "private_dns_hostname_type_on_launch": "ip-name",
            "tags": {
              "Blueprint": "automode-cluster",
              "Name": "automode-cluster-private-ap-southeast-3b",
              "karpenter.sh/discovery": "automode-demo",
              "kubernetes.io/role/internal-elb": "1"
            },
            "tags_all": {
              "Blueprint": "automode-cluster",
              "Name": "automode-cluster-private-ap-southeast-3b",
              "karpenter.sh/discovery": "automode-demo",
              "kubernetes.io/role/internal-elb": "1"
            },
            "timeouts": null,
            "vpc_id": "vpc-081e38e18af8095e0"
          },
          "sensitive_attributes": [],
          "identity_schema_version": 0,
          "private": "eyJlMmJmYjczMC1lY2FhLTExZTYtOGY4OC0zNDM2M2JjN2M0YzAiOnsiY3JlYXRlIjo2MDAwMDAwMDAwMDAsImRlbGV0ZSI6MTIwMDAwMDAwMDAwMH0sInNjaGVtYV92ZXJzaW9uIjoiMSJ9",
          "dependencies": [
            "data.aws_availability_zones.available",
            "module.vpc.aws_vpc.this",
            "module.vpc.aws_vpc_ipv4_cidr_block_association.this"
          ],
          "create_before_destroy": true
        },
        {
          "index_key": 2,
          "schema_version": 1,
          "attributes": {
            "arn": "arn:aws:ec2:ap-southeast-3:980921733825:subnet/subnet-01ce221a540155cbb",
            "assign_ipv6_address_on_creation": false,
            "availability_zone": "ap-southeast-3c",
            "availability_zone_id": "apse3-az3",
            "cidr_block": "10.0.32.0/20",
            "customer_owned_ipv4_pool": "",
            "enable_dns64": false,
            "enable_lni_at_device_index": 0,
            "enable_resource_name_dns_a_record_on_launch": false,
            "enable_resource_name_dns_aaaa_record_on_launch": false,
            "id": "subnet-01ce221a540155cbb",
            "ipv6_cidr_block": "",
            "ipv6_cidr_block_association_id": "",
            "ipv6_native": false,
            "map_customer_owned_ip_on_launch": false,
            "map_public_ip_on_launch": false,
            "outpost_arn": "",
            "owner_id": "980921733825",
            "private_dns_hostname_type_on_launch": "ip-name",
            "tags": {
              "Blueprint": "automode-cluster",
              "Name": "automode-cluster-private-ap-southeast-3c",
              "karpenter.sh/discovery": "automode-demo",
              "kubernetes.io/role/internal-elb": "1"
            },
            "tags_all": {
              "Blueprint": "automode-cluster",
              "Name": "automode-cluster-private-ap-southeast-3c",
              "karpenter.sh/discovery": "automode-demo",
              "kubernetes.io/role/internal-elb": "1"
            },
            "timeouts": null,
            "vpc_id": "vpc-081e38e18af8095e0"
          },
          "sensitive_attributes": [],
          "identity_schema_version": 0,
          "private": "eyJlMmJmYjczMC1lY2FhLTExZTYtOGY4OC0zNDM2M2JjN2M0YzAiOnsiY3JlYXRlIjo2MDAwMDAwMDAwMDAsImRlbGV0ZSI6MTIwMDAwMDAwMDAwMH0sInNjaGVtYV92ZXJzaW9uIjoiMSJ9",
          "dependencies": [
            "data.aws_availability_zones.available",
            "module.vpc.aws_vpc.this",
            "module.vpc.aws_vpc_ipv4_cidr_block_association.this"
          ],
          "create_before_destroy": true
        }
      ]
    },
    {
      "module": "module.vpc",
      "mode": "managed",
      "type": "aws_subnet",
      "name": "public",
      "provider": "provider[\"registry.terraform.io/hashicorp/aws\"]",
      "instances": [
        {
          "index_key": 0,
          "schema_version": 1,
          "attributes": {
            "arn": "arn:aws:ec2:ap-southeast-3:980921733825:subnet/subnet-0b2d0b5062be324b5",
            "assign_ipv6_address_on_creation": false,
            "availability_zone": "ap-southeast-3a",
            "availability_zone_id": "apse3-az1",
            "cidr_block": "10.0.48.0/24",
            "customer_owned_ipv4_pool": "",
            "enable_dns64": false,
            "enable_lni_at_device_index": 0,
            "enable_resource_name_dns_a_record_on_launch": false,
            "enable_resource_name_dns_aaaa_record_on_launch": false,
            "id": "subnet-0b2d0b5062be324b5",
            "ipv6_cidr_block": "",
            "ipv6_cidr_block_association_id": "",
            "ipv6_native": false,
            "map_customer_owned_ip_on_launch": false,
            "map_public_ip_on_launch": false,
            "outpost_arn": "",
            "owner_id": "980921733825",
            "private_dns_hostname_type_on_launch": "ip-name",
            "tags": {
              "Blueprint": "automode-cluster",
              "Name": "automode-cluster-public-ap-southeast-3a",
              "kubernetes.io/role/elb": "1"
            },
            "tags_all": {
              "Blueprint": "automode-cluster",
              "Name": "automode-cluster-public-ap-southeast-3a",
              "kubernetes.io/role/elb": "1"
            },
            "timeouts": null,
            "vpc_id": "vpc-081e38e18af8095e0"
          },
          "sensitive_attributes": [],
          "identity_schema_version": 0,
          "private": "eyJlMmJmYjczMC1lY2FhLTExZTYtOGY4OC0zNDM2M2JjN2M0YzAiOnsiY3JlYXRlIjo2MDAwMDAwMDAwMDAsImRlbGV0ZSI6MTIwMDAwMDAwMDAwMH0sInNjaGVtYV92ZXJzaW9uIjoiMSJ9",
          "dependencies": [
            "data.aws_availability_zones.available",
            "module.vpc.aws_vpc.this",
            "module.vpc.aws_vpc_ipv4_cidr_block_association.this"
          ]
        },
        {
          "index_key": 1,
          "schema_version": 1,
          "attributes": {
            "arn": "arn:aws:ec2:ap-southeast-3:980921733825:subnet/subnet-088f2a47877f59fce",
            "assign_ipv6_address_on_creation": false,
            "availability_zone": "ap-southeast-3b",
            "availability_zone_id": "apse3-az2",
            "cidr_block": "10.0.49.0/24",
            "customer_owned_ipv4_pool": "",
            "enable_dns64": false,
            "enable_lni_at_device_index": 0,
            "enable_resource_name_dns_a_record_on_launch": false,
            "enable_resource_name_dns_aaaa_record_on_launch": false,
            "id": "subnet-088f2a47877f59fce",
            "ipv6_cidr_block": "",
            "ipv6_cidr_block_association_id": "",
            "ipv6_native": false,
            "map_customer_owned_ip_on_launch": false,
            "map_public_ip_on_launch": false,
            "outpost_arn": "",
            "owner_id": "980921733825",
            "private_dns_hostname_type_on_launch": "ip-name",
            "tags": {
              "Blueprint": "automode-cluster",
              "Name": "automode-cluster-public-ap-southeast-3b",
              "kubernetes.io/role/elb": "1"
            },
            "tags_all": {
              "Blueprint": "automode-cluster",
              "Name": "automode-cluster-public-ap-southeast-3b",
              "kubernetes.io/role/elb": "1"
            },
            "timeouts": null,
            "vpc_id": "vpc-081e38e18af8095e0"
          },
          "sensitive_attributes": [],
          "identity_schema_version": 0,
          "private": "eyJlMmJmYjczMC1lY2FhLTExZTYtOGY4OC0zNDM2M2JjN2M0YzAiOnsiY3JlYXRlIjo2MDAwMDAwMDAwMDAsImRlbGV0ZSI6MTIwMDAwMDAwMDAwMH0sInNjaGVtYV92ZXJzaW9uIjoiMSJ9",
          "dependencies": [
            "data.aws_availability_zones.available",
            "module.vpc.aws_vpc.this",
            "module.vpc.aws_vpc_ipv4_cidr_block_association.this"
          ]
        },
        {
          "index_key": 2,
          "schema_version": 1,
          "attributes": {
            "arn": "arn:aws:ec2:ap-southeast-3:980921733825:subnet/subnet-04f994ba85e8d8c2d",
            "assign_ipv6_address_on_creation": false,
            "availability_zone": "ap-southeast-3c",
            "availability_zone_id": "apse3-az3",
            "cidr_block": "10.0.50.0/24",
            "customer_owned_ipv4_pool": "",
            "enable_dns64": false,
            "enable_lni_at_device_index": 0,
            "enable_resource_name_dns_a_record_on_launch": false,
            "enable_resource_name_dns_aaaa_record_on_launch": false,
            "id": "subnet-04f994ba85e8d8c2d",
            "ipv6_cidr_block": "",
            "ipv6_cidr_block_association_id": "",
            "ipv6_native": false,
            "map_customer_owned_ip_on_launch": false,
            "map_public_ip_on_launch": false,
            "outpost_arn": "",
            "owner_id": "980921733825",
            "private_dns_hostname_type_on_launch": "ip-name",
            "tags": {
              "Blueprint": "automode-cluster",
              "Name": "automode-cluster-public-ap-southeast-3c",
              "kubernetes.io/role/elb": "1"
            },
            "tags_all": {
              "Blueprint": "automode-cluster",
              "Name": "automode-cluster-public-ap-southeast-3c",
              "kubernetes.io/role/elb": "1"
            },
            "timeouts": null,
            "vpc_id": "vpc-081e38e18af8095e0"
          },
          "sensitive_attributes": [],
          "identity_schema_version": 0,
          "private": "eyJlMmJmYjczMC1lY2FhLTExZTYtOGY4OC0zNDM2M2JjN2M0YzAiOnsiY3JlYXRlIjo2MDAwMDAwMDAwMDAsImRlbGV0ZSI6MTIwMDAwMDAwMDAwMH0sInNjaGVtYV92ZXJzaW9uIjoiMSJ9",
          "dependencies": [
            "data.aws_availability_zones.available",
            "module.vpc.aws_vpc.this",
            "module.vpc.aws_vpc_ipv4_cidr_block_association.this"
          ]
        }
      ]
    },
    {
      "module": "module.vpc",
      "mode": "managed",
      "type": "aws_vpc",
      "name": "this",
      "provider": "provider[\"registry.terraform.io/hashicorp/aws\"]",
      "instances": [
        {
          "index_key": 0,
          "schema_version": 1,
          "attributes": {
            "arn": "arn:aws:ec2:ap-southeast-3:980921733825:vpc/vpc-081e38e18af8095e0",
            "assign_generated_ipv6_cidr_block": false,
            "cidr_block": "10.0.0.0/16",
            "default_network_acl_id": "acl-035d840cb386edc08",
            "default_route_table_id": "rtb-0835258c51b4ba81c",
            "default_security_group_id": "sg-02920cc4e219a7133",
            "dhcp_options_id": "dopt-0992496e49fe2bd33",
            "enable_dns_hostnames": true,
            "enable_dns_support": true,
            "enable_network_address_usage_metrics": false,
            "id": "vpc-081e38e18af8095e0",
            "instance_tenancy": "default",
            "ipv4_ipam_pool_id": null,
            "ipv4_netmask_length": null,
            "ipv6_association_id": "",
            "ipv6_cidr_block": "",
            "ipv6_cidr_block_network_border_group": "",
            "ipv6_ipam_pool_id": "",
            "ipv6_netmask_length": 0,
            "main_route_table_id": "rtb-0835258c51b4ba81c",
            "owner_id": "980921733825",
            "tags": {
              "Blueprint": "automode-cluster",
              "Name": "automode-cluster"
            },
            "tags_all": {
              "Blueprint": "automode-cluster",
              "Name": "automode-cluster"
            }
          },
          "sensitive_attributes": [],
          "identity_schema_version": 0,
          "private": "eyJzY2hlbWFfdmVyc2lvbiI6IjEifQ==",
          "create_before_destroy": true
        }
      ]
    }
  ],
  "check_results": [
    {
      "object_kind": "resource",
      "config_addr": "module.eks.module.eks_managed_node_group.module.user_data.null_resource.validate_cluster_service_cidr",
      "status": "pass",
      "objects": null
    },
    {
      "object_kind": "var",
      "config_addr": "module.eks.module.self_managed_node_group.var.platform",
      "status": "pass",
      "objects": null
    },
    {
      "object_kind": "resource",
      "config_addr": "module.eks.module.self_managed_node_group.module.user_data.null_resource.validate_cluster_service_cidr",
      "status": "pass",
      "objects": null
    }
  ]
}
