{
  "version": 4,
  "terraform_version": "1.12.1",
  "serial": 170,
  "lineage": "4c2969a2-8bef-beb2-3045-d2a0a872b6ca",
  "outputs": {
    "configure_kubectl": {
      "value": "aws eks --region ap-southeast-3 update-kubeconfig --name automode-cluster",
      "type": "string"
    },
    "litellm_api_keys_secret_arn": {
      "value": "arn:aws:secretsmanager:ap-southeast-3:980921733825:secret:automode-cluster-litellm-api-keys-20250526100642622300000005-2uA6YS",
      "type": "string"
    },
    "litellm_db_connection_string_arn": {
      "value": "arn:aws:secretsmanager:ap-southeast-3:980921733825:secret:automode-cluster-litellm-db-connection-20250526100642622500000007-DGIhow",
      "type": "string"
    },
    "litellm_master_salt_secret_arn": {
      "value": "arn:aws:secretsmanager:ap-southeast-3:980921733825:secret:automode-cluster-litellm-master-salt-20250526100642621700000001-wK4U6x",
      "type": "string"
    },
    "openwebui_pod_identity_role_arn": {
      "value": "arn:aws:iam::980921733825:role/openwebui-20250523080440644400000008",
      "type": "string"
    },
    "openwebui_s3_bucket": {
      "value": "automode-cluster-openwebui-docs-20250523080440402100000007",
      "type": "string"
    },
    "postgres_secret_arn": {
      "value": "arn:aws:secretsmanager:ap-southeast-3:980921733825:secret:automode-cluster-postgres-credentials-20250523080440397400000001-MSzpQW",
      "type": "string"
    },
    "rds_endpoint": {
      "value": "automode-cluster-postgres.cdc8m4eskbgq.ap-southeast-3.rds.amazonaws.com:5432",
      "type": "string"
    }
  },
  "resources": [
    {
      "mode": "data",
      "type": "aws_availability_zones",
      "name": "available",
      "provider": "provider[\"registry.terraform.io/hashicorp/aws\"]",
      "instances": [
        {
          "schema_version": 0,
          "attributes": {
            "all_availability_zones": null,
            "exclude_names": null,
            "exclude_zone_ids": null,
            "filter": [
              {
                "name": "opt-in-status",
                "values": [
                  "opt-in-not-required"
                ]
              }
            ],
            "group_names": [
              "ap-southeast-3-zg-1"
            ],
            "id": "ap-southeast-3",
            "names": [
              "ap-southeast-3a",
              "ap-southeast-3b",
              "ap-southeast-3c"
            ],
            "state": null,
            "timeouts": null,
            "zone_ids": [
              "apse3-az1",
              "apse3-az2",
              "apse3-az3"
            ]
          },
          "sensitive_attributes": [],
          "identity_schema_version": 0
        }
      ]
    },
    {
      "mode": "data",
      "type": "aws_ecrpublic_authorization_token",
      "name": "token",
      "provider": "provider[\"registry.terraform.io/hashicorp/aws\"].ecr",
      "instances": [
        {
          "schema_version": 0,
          "attributes": {
            "authorization_token": "QVdTOmV5SndZWGxzYjJGa0lqb2lMMDVyUldwelRrNVJiMUpqYTJKVVExQlJTRWhSWkhCUFkxVlhOMGxOT0VGa0t6Qk1UU3RyZGpBM1RURm9UbVZ5VVVGeGJVTnFhelprTkhJd2VHaFdaRzB4TVhGT2R6QjZVRnBFU25CUWJVdHBkSGMwZFhsWWIyZHBNek5UVm5WNWJuWXpjRUZNY2tSdU5HcHRPSFJrTDFJeFIya3ZhbkZMUlZSVlprTllNM2RMZDBvNGNDdFNLekpLVURkQlRrOHJaemxoVG1sc1VFTnpNMDVNVHpGRlNFVmlZbFo0VG1Wak5IVTNiVlJEV0ZOWFJVNVdja3RWTUZsbGNEY3JkbU53TXpOdGFuZ3dLMUJMUTJjelFtWm9PV2hVWkZwbEwwRldWVGhpUWs1SU9DOVZaRTAzUjNFMFYweG5hRkJDVUhCSFZVWmlSbFY0T0ZSWEt6UjZWR2hEU25GdVlXb3lPRlIwV0Vwa1VuTTVhbEZDY0Rob1JFd3lWM2haVkRsWmRXZGxSM2M1U2xScFZYcHFTRlZZYjBKemNFMXNSM2xFUlRKUFFXeEhTVE5CTkRoYVRtWlZaREZaUXl0VllrMTJiM2wyZVVaVFVqVTJjbFpNYWxVeU0zcHZOMGh3V25KSFJ5dHpVVzVEZFV0a2EwRlZabVYzYzAxc05pOVNNWGhDUjJKRlZHVlhkM1pPZHpSclRFMUpXRzVqWkd3d2JtZENTakJ2Wm1NMVZrMWhUeXRsTUcxWFNGTjZhRnBZT0c5RWNtMUpkR0pzUkhKck1VWjBWbWhwZGpoeWRGVkRUMko0V1Zrd01WQnZNR0k1U2t4aGNqSm1NMnBpUjFjMWFrcHVhVVZTTUhaMlIzRmFjekpQV1dJM05rbElSWFJxYW1GQk9GVlRjMFpaV1U5V1FUZGxSMjVIY2tFdllYRjRWRzlvYkRSNGFuTkdXVmRtVEhvcldUUjRSbE5PVXpCbWJIWkpaVkpFTVd0U1MwdzBRMFpoVFVwb2EwUldTRVpwYzFOU2RHUXlTekUwZVcxdVNXbEdMMDkyVW5wV2EzRlJTRE12WVVkMlpUSjNWSFIzVms4eVNWSTRNelZUV0d0clJHSlJNRXA1ZEdwSFprTnhjM1F2TTFKeVNGVjVWeXRsVkhwNWJFZDFTa2wyY3pkdFQyc3dVM1JuYkVSTGEwMDBUMGhTV1dSdU5WSm9Va3BIWW1aT1MwTlJha0pLSzJOemFHNXVNMHRsZWtOUVkwcGpUVzF6YjB3M1F5OHpRVTF6TTBOQ1JYWlBXbkpqVEVKR1JrWkdOVFE1V1ZaVFpsSnVZbGRsYUVoamFUSm1jUzlzVUM5eWQxcDRVMU5DT1hCbU0xQlZUMWMzTkVGT2RuZDRjMnhQV2xKb2RGTkdZME41UjJNM1NXUmpObTVJT0dWbVVXRkNSekoxTmtaaVlXUnZUR2xFUmxoWWNVVm1WbXBXV1hob1JVNUlSVmhXWnpSTE1WRkVVazkyT0d0c1VqZGpNblExVXpKalltY3lNR2t4YmpCcGFuTnRha0pPVlRNek0zTXpabE5zWkhGRFUzSmpMMUo1YzBRd1REZGlPRTFrZVhWWGQyczNaa1YxYzNnNWMycDFPVWhNTUVsTVdrSnBVMXBsWkZWak9YcHRXQzlIWWk5dWFreG5XU3RPTVZGMWEyVnZRbmRDWnpGWE1WSklObmRsV1RGRk0zUTBXWEkyWW5BNFkzWm9WblpxYlc5a1pETllhMnR1YmxacFRTOUpjRW81UTNGWmRGZDZXbVp6ZHpONmVFVTVkVVpZV1M5a1oybHdla3hIZFVWUlpYVkNXRFpqTm5vNVJtSjJTV3QzV2taWmVITnhRVGs0Vmtkbk1FOGlMQ0prWVhSaGEyVjVJam9pWlhsS1VWSkdaMmxQYVVwT1pFVk5NMU42UW5OVE1GcEtaVlpPZVdKVVJtcFhiVFZ1WXpKR1dXSkVXakpTUjNCTVREQlNOV0ZWV2tkVE0xcFpZbFJhWVdGSVVuQlRXRll6Vm0xc2IxZFhkSGRhVkVWNFZraEdRMWRGZUhCVVJFcFVWRmRPVTJKdFNqQlphbWg1VWtWb2FsUnRTVFZOYTJ4WVZteHdTMUZzVmpCVVdGbDNWVEF4TlUxSFJuaE9NalYyWkd0a1FsZHRUWGRTUkVwNFpFZDRTbUZJUWtOWFYxcHdaVmN3ZUdGV2NFMVRSVTVaWWpGQ1ZscFVaRmxaVjBad1lVVmtNVlV4Y0ZSa01IUnNZMnRTVFZWV1RtRmFXRXAxVFRGT1VsUXdSWGRMZW1jeldteG9TbHByUmxGalNFcFpVbFZqTVdJeVpFSmxWVGxNVmpCR1ExVllXa1JsUldoU1lXeGtkVnB0T1VaWk1GcHpXa2haTVUweGFITmFSRVYzVjBSV1IxTnVaRmRrUjA1elUxUlJNMVZyVmtOWFJXeHdUREphTTJSR1dsUlZNVXBQVlVSQ01FMHdTVEJTV0VKWlUwVnNiRkpHU2xWU1JGSklWMWRzVGxOclozbFVTRlp0WXpGd1NsUXlaSGRoYWs1NlZETlNZV0pyV2xSamJGSklaVVJOZVdNd2JGUmhXR3gxVkVWd1RtUlljRzlXUmtaNVYxZHdRbVJUT1dwVlJUVk9WMGRhTmsxR1JrWmlWbHBaVkVaa1YxTXlUakJUV0VwV1ZrZFdORkpHY0dGV1JXaDVWMjVLVGxRelFUQk9SMk01VUZOSmMwbHJiRUpTUTBrMlNXNXZNVmRGT1VWVlZtdHlUMWMxVW1NeGNFZE5iVTVhVW01UmVscFlSazFSVldnelpXcEdlV1ZyY0V4alJrSlRWVlZyTUZWSGVIQldSVFJ5VlRJNWFsUXdiRWhrYmxadVZEQndRMHN5V1RKVk0wNTJZbTFaZUUxdVRqQk9XRlY1VlVSU1ExTkliRlJsVlZwdFRUSldOR05yTVVwa2JUbEdTM3BGZVZkRWFFMWpWbkJWWWxSck1XTldXalJoZWxZMVZVZFdlRmRZVmt0a1ZrSlhUSHBhTWxKNlpERlJWWGhNVTBSbmVGSnNSWFpoTTJzeFZWZDNka3N4VG5WaVJUVjNZVVpLVFU1c1dYbFhTR014WVRKMGNGSkdWblpYYTA0eVkwZDRhbE5HY0ZGVFZ6RjBXbFUxVmxJeFFuSmtNMHBPVWtkME5XTlVTWGhpVlZKb1ZqQjBUbEpHV2xGaWVUaDJUbGRKZVU1V1FrWk5ia3B3VkRCYWJGbFhNVTlqTW1RMFZHdGFZVlZVUWpKVFdGWktUVEZHTmxOclVrZGlWMlJVU3pCV1MxcHNXbEZOYWtaYVUwVkZlVkpYT1ZsTlZ6aDZUSHBXVUZWck1XeFRNMUpEWWtSS1FscEVVbkJsYkdSWlVtcFdUMUl5V2paU2JtTTBUV3R2ZDJJeU9EQlBWbHBzVG5wc1dGSkZhSHBrYTFVelpGaE9lVmt6UmxoVGFrSnJZbFY0UmxsV1pHcGtWMUkwWVRGYWNHRnVSbE5WYWtaTlVUTk9SazVyUmxkVlJHUlJXa2MxYkU5Rk9XaE9iWGhEVlZRd09VbHVNRDBpTENKMlpYSnphVzl1SWpvaU15SXNJblI1Y0dVaU9pSkVRVlJCWDB0RldTSXNJbVY0Y0dseVlYUnBiMjRpT2pFM05EZzBOVFU1TWpKOQ==",
            "expires_at": "2025-05-28T18:12:02Z",
            "id": "us-east-1",
            "password": "eyJwYXlsb2FkIjoiL05rRWpzTk5Rb1Jja2JUQ1BRSEhRZHBPY1VXN0lNOEFkKzBMTStrdjA3TTFoTmVyUUFxbUNqazZkNHIweGhWZG0xMXFOdzB6UFpESnBQbUtpdHc0dXlYb2dpMzNTVnV5bnYzcEFMckRuNGptOHRkL1IxR2kvanFLRVRVZkNYM3dLd0o4cCtSKzJKUDdBTk8rZzlhTmlsUENzM05MTzFFSEViYlZ4TmVjNHU3bVRDWFNXRU5WcktVMFllcDcrdmNwMzNtangwK1BLQ2czQmZoOWhUZFplL0FWVThiQk5IOC9VZE03R3E0V0xnaFBCUHBHVUZiRlV4OFRXKzR6VGhDSnFuYWoyOFR0WEpkUnM5alFCcDhoREwyV3hZVDlZdWdlR3c5SlRpVXpqSFVYb0JzcE1sR3lERTJPQWxHSTNBNDhaTmZVZDFZQytVYk12b3l2eUZTUjU2clZMalUyM3pvN0hwWnJHRytzUW5DdUtka0FVZmV3c01sNi9SMXhCR2JFVGVXd3ZOdzRrTE1JWG5jZGwwbmdCSjBvZmM1Vk1hTytlMG1XSFN6aFpYOG9Ecm1JdGJsRHJrMUZ0VmhpdjhydFVDT2J4WVkwMVBvMGI5SkxhcjJmM2piR1c1akpuaUVSMHZ2R3FaczJPWWI3NklIRXRqamFBOFVTc0ZZWU9WQTdlR25HckEvYXF4VG9obDR4anNGWVdmTHorWTR4RlNOUzBmbHZJZVJEMWtSS0w0Q0ZhTUpoa0RWSEZpc1NSdGQySzE0eW1uSWlGL092UnpWa3FRSDMvYUd2ZTJ3VHR3Vk8ySVI4MzVTWGtrRGJRMEp5dGpHZkNxc3QvM1JySFV5VytlVHp5bEd1Skl2czdtT2swU3RnbERLa000T0hSWWRuNVJoUkpHYmZOS0NRakJKK2NzaG5uM0tlekNQY0pjTW1zb0w3Qy8zQU1zM0NCRXZPWnJjTEJGRkZGNTQ5WVZTZlJuYldlaEhjaTJmcS9sUC9yd1p4U1NCOXBmM1BVT1c3NEFOdnd4c2xPWlJodFNGY0N5R2M3SWRjNm5IOGVmUWFCRzJ1NkZiYWRvTGlERlhYcUVmVmpWWXhoRU5IRVhWZzRLMVFEUk92OGtsUjdjMnQ1UzJjYmcyMGkxbjBpanNtakJOVTMzM3MzZlNsZHFDU3JjL1J5c0QwTDdiOE1keXVXd2s3ZkV1c3g5c2p1OUhMMElMWkJpU1plZFVjOXptWC9HYi9uakxnWStOMVF1a2VvQndCZzFXMVJINndlWTFFM3Q0WXI2YnA4Y3ZoVnZqbW9kZDNYa2tublZpTS9JcEo5Q3FZdFd6WmZzdzN6eEU5dUZYWS9kZ2lwekxHdUVRZXVCWDZjNno5RmJ2SWt3WkZZeHNxQTk4VkdnME8iLCJkYXRha2V5IjoiZXlKUVJGZ2lPaUpOZEVNM1N6QnNTMFpKZVZOeWJURmpXbTVuYzJGWWJEWjJSR3BMTDBSNWFVWkdTM1pZYlRaYWFIUnBTWFYzVm1sb1dXdHdaVEV4VkhGQ1dFeHBUREpUVFdOU2JtSjBZamh5UkVoalRtSTVNa2xYVmxwS1FsVjBUWFl3VTAxNU1HRnhOMjV2ZGtkQldtTXdSREp4ZEd4SmFIQkNXV1pwZVcweGFWcE1TRU5ZYjFCVlpUZFlZV0ZwYUVkMVUxcFRkMHRsY2tSTVVWTmFaWEp1TTFOUlQwRXdLemczWmxoSlprRlFjSEpZUlVjMWIyZEJlVTlMVjBGQ1VYWkRlRWhSYWxkdVptOUZZMFpzWkhZMU0xaHNaREV3V0RWR1NuZFdkR05zU1RRM1VrVkNXRWxwTDJaM2RGWlRVMUpPVURCME0wSTBSWEJZU0VsbFJGSlVSRFJIV1dsTlNrZ3lUSFZtYzFwSlQyZHdhak56VDNSYWJrWlRjbFJIZURNeWMwbFRhWGx1VEVwTmRYcG9WRkZ5V1dwQmRTOWpVRTVOV0daNk1GRkZiVlpZVEZkV1MyTjBTWEpWVkdWNFJGcGFWRWh5V25KTlQzQTBOR2M5UFNJc0lrbEJSQ0k2SW5vMVdFOUVVVmtyT1c1UmMxcEdNbU5aUm5RelpYRk1RVWgzZWpGeWVrcExjRkJTVVVrMFVHeHBWRTRyVTI5alQwbEhkblZuVDBwQ0syWTJVM052Ym1ZeE1uTjBOWFV5VURSQ1NIbFRlVVptTTJWNGNrMUpkbTlGS3pFeVdEaE1jVnBVYlRrMWNWWjRhelY1VUdWeFdYVktkVkJXTHpaMlJ6ZDFRVXhMU0RneFJsRXZhM2sxVVd3dksxTnViRTV3YUZKTU5sWXlXSGMxYTJ0cFJGVnZXa04yY0d4alNGcFFTVzF0WlU1VlIxQnJkM0pOUkd0NWNUSXhiVVJoVjB0TlJGWlFieTh2TldJeU5WQkZNbkpwVDBabFlXMU9jMmQ0VGtaYVVUQjJTWFZKTTFGNlNrUkdiV2RUSzBWS1psWlFNakZaU0VFeVJXOVlNVzh6THpWUFVrMWxTM1JDYkRKQlpEUnBlbGRZUmpWT1IyWjZSbmM0TWtvd2IyODBPVlpsTnpsWFJFaHpka1UzZFhOeVkzRlhTakJrYlV4RllWZGpkV1I0YTFacGFuRlNVakZNUTNORk5rRldVRGRRWkc1bE9FOWhObXhDVVQwOUluMD0iLCJ2ZXJzaW9uIjoiMyIsInR5cGUiOiJEQVRBX0tFWSIsImV4cGlyYXRpb24iOjE3NDg0NTU5MjJ9",
            "user_name": "AWS"
          },
          "sensitive_attributes": [
            [
              {
                "type": "get_attr",
                "value": "authorization_token"
              }
            ],
            [
              {
                "type": "get_attr",
                "value": "password"
              }
            ]
          ],
          "identity_schema_version": 0
        }
      ]
    },
    {
      "mode": "managed",
      "type": "aws_db_instance",
      "name": "litellm_postgres",
      "provider": "provider[\"registry.terraform.io/hashicorp/aws\"]",
      "instances": [
        {
          "schema_version": 2,
          "attributes": {
            "address": "automode-cluster-litellm-postgres.cdc8m4eskbgq.ap-southeast-3.rds.amazonaws.com",
            "allocated_storage": 20,
            "allow_major_version_upgrade": null,
            "apply_immediately": true,
            "arn": "arn:aws:rds:ap-southeast-3:980921733825:db:automode-cluster-litellm-postgres",
            "auto_minor_version_upgrade": true,
            "availability_zone": "ap-southeast-3b",
            "backup_retention_period": 7,
            "backup_target": "region",
            "backup_window": "03:00-04:00",
            "blue_green_update": [],
            "ca_cert_identifier": "rds-ca-rsa2048-g1",
            "character_set_name": "",
            "copy_tags_to_snapshot": false,
            "custom_iam_instance_profile": "",
            "customer_owned_ip_enabled": false,
            "database_insights_mode": "standard",
            "db_name": "litellm",
            "db_subnet_group_name": "automode-cluster-litellm-db-subnet-group",
            "dedicated_log_volume": false,
            "delete_automated_backups": true,
            "deletion_protection": false,
            "domain": "",
            "domain_auth_secret_arn": "",
            "domain_dns_ips": [],
            "domain_fqdn": "",
            "domain_iam_role_name": "",
            "domain_ou": "",
            "enabled_cloudwatch_logs_exports": [
              "postgresql"
            ],
            "endpoint": "automode-cluster-litellm-postgres.cdc8m4eskbgq.ap-southeast-3.rds.amazonaws.com:5432",
            "engine": "postgres",
            "engine_lifecycle_support": "open-source-rds-extended-support",
            "engine_version": "15.13",
            "engine_version_actual": "15.13",
            "final_snapshot_identifier": null,
            "hosted_zone_id": "Z0818574P08IZL5NK858",
            "iam_database_authentication_enabled": false,
            "id": "db-JXIKZMJY7OVZHGFCAB45V776SE",
            "identifier": "automode-cluster-litellm-postgres",
            "identifier_prefix": "",
            "instance_class": "db.t3.micro",
            "iops": 3000,
            "kms_key_id": "arn:aws:kms:ap-southeast-3:980921733825:key/83e76ac0-4a96-43c7-9796-06645b85b1af",
            "latest_restorable_time": "2025-05-28T06:09:36Z",
            "license_model": "postgresql-license",
            "listener_endpoint": [],
            "maintenance_window": "mon:04:00-mon:05:00",
            "manage_master_user_password": null,
            "master_user_secret": [],
            "master_user_secret_kms_key_id": null,
            "max_allocated_storage": 100,
            "monitoring_interval": 60,
            "monitoring_role_arn": "arn:aws:iam::980921733825:role/automode-cluster-litellm-rds-monitoring-role",
            "multi_az": true,
            "nchar_character_set_name": "",
            "network_type": "IPV4",
            "option_group_name": "default:postgres-15",
            "parameter_group_name": "automode-cluster-litellm-postgres-pg",
            "password": "Gx_4RmD4V3lZ5n38",
            "password_wo": null,
            "password_wo_version": null,
            "performance_insights_enabled": true,
            "performance_insights_kms_key_id": "arn:aws:kms:ap-southeast-3:980921733825:key/83e76ac0-4a96-43c7-9796-06645b85b1af",
            "performance_insights_retention_period": 7,
            "port": 5432,
            "publicly_accessible": false,
            "replica_mode": "",
            "replicas": [],
            "replicate_source_db": "",
            "resource_id": "db-JXIKZMJY7OVZHGFCAB45V776SE",
            "restore_to_point_in_time": [],
            "s3_import": [],
            "skip_final_snapshot": true,
            "snapshot_identifier": null,
            "status": "available",
            "storage_encrypted": true,
            "storage_throughput": 125,
            "storage_type": "gp3",
            "tags": {
              "Name": "automode-cluster-litellm-postgres"
            },
            "tags_all": {
              "Name": "automode-cluster-litellm-postgres"
            },
            "timeouts": null,
            "timezone": "",
            "upgrade_storage_config": null,
            "username": "llmproxy",
            "vpc_security_group_ids": [
              "sg-03b3b645b85f57bdf"
            ]
          },
          "sensitive_attributes": [
            [
              {
                "type": "get_attr",
                "value": "password"
              }
            ],
            [
              {
                "type": "get_attr",
                "value": "password_wo"
              }
            ]
          ],
          "identity_schema_version": 0,
          "private": "eyJlMmJmYjczMC1lY2FhLTExZTYtOGY4OC0zNDM2M2JjN2M0YzAiOnsiY3JlYXRlIjozMDAwMDAwMDAwMDAwLCJkZWxldGUiOjM2MDAwMDAwMDAwMDAsInVwZGF0ZSI6NDgwMDAwMDAwMDAwMH0sInNjaGVtYV92ZXJzaW9uIjoiMiJ9",
          "dependencies": [
            "aws_db_parameter_group.litellm_postgres_pg",
            "aws_db_subnet_group.litellm_db_subnet_group",
            "aws_iam_role.litellm_rds_monitoring",
            "aws_security_group.litellm_db_sg",
            "data.aws_availability_zones.available",
            "module.vpc.aws_subnet.private",
            "module.vpc.aws_vpc.this",
            "module.vpc.aws_vpc_ipv4_cidr_block_association.this",
            "random_password.litellm_db_password"
          ]
        }
      ]
    },
    {
      "mode": "managed",
      "type": "aws_db_instance",
      "name": "postgres",
      "provider": "provider[\"registry.terraform.io/hashicorp/aws\"]",
      "instances": [
        {
          "schema_version": 2,
          "attributes": {
            "address": "automode-cluster-postgres.cdc8m4eskbgq.ap-southeast-3.rds.amazonaws.com",
            "allocated_storage": 20,
            "allow_major_version_upgrade": null,
            "apply_immediately": true,
            "arn": "arn:aws:rds:ap-southeast-3:980921733825:db:automode-cluster-postgres",
            "auto_minor_version_upgrade": true,
            "availability_zone": "ap-southeast-3c",
            "backup_retention_period": 7,
            "backup_target": "region",
            "backup_window": "03:00-04:00",
            "blue_green_update": [],
            "ca_cert_identifier": "rds-ca-rsa2048-g1",
            "character_set_name": "",
            "copy_tags_to_snapshot": false,
            "custom_iam_instance_profile": "",
            "customer_owned_ip_enabled": false,
            "database_insights_mode": "standard",
            "db_name": "vectordb",
            "db_subnet_group_name": "automode-cluster-rds-subnet-group",
            "dedicated_log_volume": false,
            "delete_automated_backups": true,
            "deletion_protection": false,
            "domain": "",
            "domain_auth_secret_arn": "",
            "domain_dns_ips": [],
            "domain_fqdn": "",
            "domain_iam_role_name": "",
            "domain_ou": "",
            "enabled_cloudwatch_logs_exports": [
              "postgresql"
            ],
            "endpoint": "automode-cluster-postgres.cdc8m4eskbgq.ap-southeast-3.rds.amazonaws.com:5432",
            "engine": "postgres",
            "engine_lifecycle_support": "open-source-rds-extended-support",
            "engine_version": "15.13",
            "engine_version_actual": "15.13",
            "final_snapshot_identifier": null,
            "hosted_zone_id": "Z0818574P08IZL5NK858",
            "iam_database_authentication_enabled": false,
            "id": "db-O6OFGRSZ3U72GZ4A6S6LGE3DDA",
            "identifier": "automode-cluster-postgres",
            "identifier_prefix": "",
            "instance_class": "db.t3.medium",
            "iops": 3000,
            "kms_key_id": "arn:aws:kms:ap-southeast-3:980921733825:key/83e76ac0-4a96-43c7-9796-06645b85b1af",
            "latest_restorable_time": "2025-05-28T06:09:36Z",
            "license_model": "postgresql-license",
            "listener_endpoint": [],
            "maintenance_window": "mon:04:00-mon:05:00",
            "manage_master_user_password": null,
            "master_user_secret": [],
            "master_user_secret_kms_key_id": null,
            "max_allocated_storage": 100,
            "monitoring_interval": 60,
            "monitoring_role_arn": "arn:aws:iam::980921733825:role/automode-cluster-rds-monitoring-role",
            "multi_az": true,
            "nchar_character_set_name": "",
            "network_type": "IPV4",
            "option_group_name": "default:postgres-15",
            "parameter_group_name": "automode-cluster-postgres-vector",
            "password": "lbH9_94jmOkfYmM5",
            "password_wo": null,
            "password_wo_version": null,
            "performance_insights_enabled": true,
            "performance_insights_kms_key_id": "arn:aws:kms:ap-southeast-3:980921733825:key/83e76ac0-4a96-43c7-9796-06645b85b1af",
            "performance_insights_retention_period": 7,
            "port": 5432,
            "publicly_accessible": false,
            "replica_mode": "",
            "replicas": [],
            "replicate_source_db": "",
            "resource_id": "db-O6OFGRSZ3U72GZ4A6S6LGE3DDA",
            "restore_to_point_in_time": [],
            "s3_import": [],
            "skip_final_snapshot": true,
            "snapshot_identifier": null,
            "status": "available",
            "storage_encrypted": true,
            "storage_throughput": 125,
            "storage_type": "gp3",
            "tags": {
              "Name": "automode-cluster-postgres"
            },
            "tags_all": {
              "Name": "automode-cluster-postgres"
            },
            "timeouts": null,
            "timezone": "",
            "upgrade_storage_config": null,
            "username": "postgres",
            "vpc_security_group_ids": [
              "sg-09729974f82374537"
            ]
          },
          "sensitive_attributes": [
            [
              {
                "type": "get_attr",
                "value": "password"
              }
            ],
            [
              {
                "type": "get_attr",
                "value": "password_wo"
              }
            ]
          ],
          "identity_schema_version": 0,
          "private": "eyJlMmJmYjczMC1lY2FhLTExZTYtOGY4OC0zNDM2M2JjN2M0YzAiOnsiY3JlYXRlIjozMDAwMDAwMDAwMDAwLCJkZWxldGUiOjM2MDAwMDAwMDAwMDAsInVwZGF0ZSI6NDgwMDAwMDAwMDAwMH0sInNjaGVtYV92ZXJzaW9uIjoiMiJ9",
          "dependencies": [
            "aws_db_parameter_group.postgres_vector",
            "aws_db_subnet_group.rds",
            "aws_iam_role.rds_enhanced_monitoring",
            "aws_security_group.rds",
            "data.aws_availability_zones.available",
            "module.vpc.aws_subnet.private",
            "module.vpc.aws_vpc.this",
            "module.vpc.aws_vpc_ipv4_cidr_block_association.this",
            "random_password.postgres"
          ]
        }
      ]
    },
    {
      "mode": "managed",
      "type": "aws_db_parameter_group",
      "name": "litellm_postgres_pg",
      "provider": "provider[\"registry.terraform.io/hashicorp/aws\"]",
      "instances": [
        {
          "schema_version": 0,
          "attributes": {
            "arn": "arn:aws:rds:ap-southeast-3:980921733825:pg:automode-cluster-litellm-postgres-pg",
            "description": "Parameter group for LiteLLM PostgreSQL",
            "family": "postgres15",
            "id": "automode-cluster-litellm-postgres-pg",
            "name": "automode-cluster-litellm-postgres-pg",
            "name_prefix": "",
            "parameter": [
              {
                "apply_method": "immediate",
                "name": "log_min_duration_statement",
                "value": "1"
              },
              {
                "apply_method": "immediate",
                "name": "log_statement",
                "value": "all"
              },
              {
                "apply_method": "immediate",
                "name": "shared_preload_libraries",
                "value": "pg_stat_statements"
              }
            ],
            "skip_destroy": false,
            "tags": {
              "Name": "automode-cluster-litellm-postgres-pg"
            },
            "tags_all": {
              "Name": "automode-cluster-litellm-postgres-pg"
            }
          },
          "sensitive_attributes": [],
          "identity_schema_version": 0,
          "private": "bnVsbA=="
        }
      ]
    },
    {
      "mode": "managed",
      "type": "aws_db_parameter_group",
      "name": "postgres_vector",
      "provider": "provider[\"registry.terraform.io/hashicorp/aws\"]",
      "instances": [
        {
          "schema_version": 0,
          "attributes": {
            "arn": "arn:aws:rds:ap-southeast-3:980921733825:pg:automode-cluster-postgres-vector",
            "description": "Parameter group for PostgreSQL with pg_vector extension",
            "family": "postgres15",
            "id": "automode-cluster-postgres-vector",
            "name": "automode-cluster-postgres-vector",
            "name_prefix": "",
            "parameter": [
              {
                "apply_method": "immediate",
                "name": "log_min_duration_statement",
                "value": "1"
              },
              {
                "apply_method": "immediate",
                "name": "log_statement",
                "value": "all"
              },
              {
                "apply_method": "immediate",
                "name": "shared_preload_libraries",
                "value": "pg_stat_statements"
              }
            ],
            "skip_destroy": false,
            "tags": {
              "Name": "automode-cluster-postgres-vector"
            },
            "tags_all": {
              "Name": "automode-cluster-postgres-vector"
            }
          },
          "sensitive_attributes": [],
          "identity_schema_version": 0,
          "private": "bnVsbA=="
        }
      ]
    },
    {
      "mode": "managed",
      "type": "aws_db_subnet_group",
      "name": "litellm_db_subnet_group",
      "provider": "provider[\"registry.terraform.io/hashicorp/aws\"]",
      "instances": [
        {
          "schema_version": 0,
          "attributes": {
            "arn": "arn:aws:rds:ap-southeast-3:980921733825:subgrp:automode-cluster-litellm-db-subnet-group",
            "description": "Managed by Terraform",
            "id": "automode-cluster-litellm-db-subnet-group",
            "name": "automode-cluster-litellm-db-subnet-group",
            "name_prefix": "",
            "subnet_ids": [
              "subnet-0232257d07c753152",
              "subnet-0681261e2d3ebaa68",
              "subnet-0c44e960885ecea9b"
            ],
            "supported_network_types": [
              "IPV4"
            ],
            "tags": {
              "Name": "automode-cluster-litellm-db-subnet-group"
            },
            "tags_all": {
              "Name": "automode-cluster-litellm-db-subnet-group"
            },
            "vpc_id": "vpc-0f1dd580e50c83d4a"
          },
          "sensitive_attributes": [],
          "identity_schema_version": 0,
          "private": "bnVsbA==",
          "dependencies": [
            "data.aws_availability_zones.available",
            "module.vpc.aws_subnet.private",
            "module.vpc.aws_vpc.this",
            "module.vpc.aws_vpc_ipv4_cidr_block_association.this"
          ]
        }
      ]
    },
    {
      "mode": "managed",
      "type": "aws_db_subnet_group",
      "name": "rds",
      "provider": "provider[\"registry.terraform.io/hashicorp/aws\"]",
      "instances": [
        {
          "schema_version": 0,
          "attributes": {
            "arn": "arn:aws:rds:ap-southeast-3:980921733825:subgrp:automode-cluster-rds-subnet-group",
            "description": "Managed by Terraform",
            "id": "automode-cluster-rds-subnet-group",
            "name": "automode-cluster-rds-subnet-group",
            "name_prefix": "",
            "subnet_ids": [
              "subnet-0232257d07c753152",
              "subnet-0681261e2d3ebaa68",
              "subnet-0c44e960885ecea9b"
            ],
            "supported_network_types": [
              "IPV4"
            ],
            "tags": {
              "Name": "automode-cluster-rds-subnet-group"
            },
            "tags_all": {
              "Name": "automode-cluster-rds-subnet-group"
            },
            "vpc_id": "vpc-0f1dd580e50c83d4a"
          },
          "sensitive_attributes": [],
          "identity_schema_version": 0,
          "private": "bnVsbA==",
          "dependencies": [
            "data.aws_availability_zones.available",
            "module.vpc.aws_subnet.private",
            "module.vpc.aws_vpc.this",
            "module.vpc.aws_vpc_ipv4_cidr_block_association.this"
          ]
        }
      ]
    },
    {
      "mode": "managed",
      "type": "aws_elasticache_parameter_group",
      "name": "litellm_redis_parameter_group",
      "provider": "provider[\"registry.terraform.io/hashicorp/aws\"]",
      "instances": [
        {
          "schema_version": 0,
          "attributes": {
            "arn": "arn:aws:elasticache:ap-southeast-3:980921733825:parametergroup:automode-cluster-litellm-redis-parameter-group",
            "description": "Redis parameter group for LiteLLM",
            "family": "redis7",
            "id": "automode-cluster-litellm-redis-parameter-group",
            "name": "automode-cluster-litellm-redis-parameter-group",
            "parameter": [
              {
                "name": "timeout",
                "value": "0"
              }
            ],
            "tags": {},
            "tags_all": {}
          },
          "sensitive_attributes": [],
          "identity_schema_version": 0,
          "private": "bnVsbA=="
        }
      ]
    },
    {
      "mode": "managed",
      "type": "aws_elasticache_replication_group",
      "name": "litellm_redis",
      "provider": "provider[\"registry.terraform.io/hashicorp/aws\"]",
      "instances": [
        {
          "schema_version": 2,
          "attributes": {
            "apply_immediately": null,
            "arn": "arn:aws:elasticache:ap-southeast-3:980921733825:replicationgroup:automode-cluster-litellm-redis",
            "at_rest_encryption_enabled": "true",
            "auth_token": "hvhiMCv91VcTgDDJwT",
            "auth_token_update_strategy": "SET",
            "auto_minor_version_upgrade": "true",
            "automatic_failover_enabled": true,
            "cluster_enabled": false,
            "cluster_mode": "disabled",
            "configuration_endpoint_address": null,
            "data_tiering_enabled": false,
            "description": "Redis for LiteLLM",
            "engine": "redis",
            "engine_version": "7.1",
            "engine_version_actual": "7.1.0",
            "final_snapshot_identifier": null,
            "global_replication_group_id": null,
            "id": "automode-cluster-litellm-redis",
            "ip_discovery": "ipv4",
            "kms_key_id": "",
            "log_delivery_configuration": [],
            "maintenance_window": "thu:01:00-thu:02:00",
            "member_clusters": [
              "automode-cluster-litellm-redis-001",
              "automode-cluster-litellm-redis-002"
            ],
            "multi_az_enabled": true,
            "network_type": "ipv4",
            "node_type": "cache.t3.micro",
            "notification_topic_arn": null,
            "num_cache_clusters": 2,
            "num_node_groups": 1,
            "parameter_group_name": "automode-cluster-litellm-redis-parameter-group",
            "port": 6379,
            "preferred_cache_cluster_azs": null,
            "primary_endpoint_address": "master.automode-cluster-litellm-redis.tdph7g.apse3.cache.amazonaws.com",
            "reader_endpoint_address": "replica.automode-cluster-litellm-redis.tdph7g.apse3.cache.amazonaws.com",
            "replicas_per_node_group": 1,
            "replication_group_id": "automode-cluster-litellm-redis",
            "security_group_ids": [
              "sg-0a5a43da0c3a32d3e"
            ],
            "security_group_names": [],
            "snapshot_arns": null,
            "snapshot_name": null,
            "snapshot_retention_limit": 0,
            "snapshot_window": "23:30-00:30",
            "subnet_group_name": "automode-cluster-litellm-redis-subnet-group",
            "tags": {},
            "tags_all": {},
            "timeouts": null,
            "transit_encryption_enabled": true,
            "transit_encryption_mode": "required",
            "user_group_ids": []
          },
          "sensitive_attributes": [
            [
              {
                "type": "get_attr",
                "value": "auth_token"
              }
            ]
          ],
          "identity_schema_version": 0,
          "private": "eyJlMmJmYjczMC1lY2FhLTExZTYtOGY4OC0zNDM2M2JjN2M0YzAiOnsiY3JlYXRlIjozNjAwMDAwMDAwMDAwLCJkZWxldGUiOjI3MDAwMDAwMDAwMDAsInVwZGF0ZSI6MjQwMDAwMDAwMDAwMH0sInNjaGVtYV92ZXJzaW9uIjoiMiJ9",
          "dependencies": [
            "aws_elasticache_parameter_group.litellm_redis_parameter_group",
            "aws_elasticache_subnet_group.litellm_redis_subnet_group",
            "aws_security_group.litellm_redis_sg",
            "data.aws_availability_zones.available",
            "module.vpc.aws_subnet.private",
            "module.vpc.aws_vpc.this",
            "module.vpc.aws_vpc_ipv4_cidr_block_association.this",
            "random_password.litellm_redis_password"
          ]
        }
      ]
    },
    {
      "mode": "managed",
      "type": "aws_elasticache_subnet_group",
      "name": "litellm_redis_subnet_group",
      "provider": "provider[\"registry.terraform.io/hashicorp/aws\"]",
      "instances": [
        {
          "schema_version": 0,
          "attributes": {
            "arn": "arn:aws:elasticache:ap-southeast-3:980921733825:subnetgroup:automode-cluster-litellm-redis-subnet-group",
            "description": "Subnet group for LiteLLM Redis cluster",
            "id": "automode-cluster-litellm-redis-subnet-group",
            "name": "automode-cluster-litellm-redis-subnet-group",
            "subnet_ids": [
              "subnet-0232257d07c753152",
              "subnet-0681261e2d3ebaa68",
              "subnet-0c44e960885ecea9b"
            ],
            "tags": {},
            "tags_all": {},
            "vpc_id": "vpc-0f1dd580e50c83d4a"
          },
          "sensitive_attributes": [],
          "identity_schema_version": 0,
          "private": "bnVsbA==",
          "dependencies": [
            "data.aws_availability_zones.available",
            "module.vpc.aws_subnet.private",
            "module.vpc.aws_vpc.this",
            "module.vpc.aws_vpc_ipv4_cidr_block_association.this"
          ]
        }
      ]
    },
    {
      "mode": "managed",
      "type": "aws_iam_policy",
      "name": "secrets_access",
      "provider": "provider[\"registry.terraform.io/hashicorp/aws\"]",
      "instances": [
        {
          "schema_version": 0,
          "attributes": {
            "arn": "arn:aws:iam::980921733825:policy/automode-cluster-secrets-access",
            "attachment_count": 1,
            "description": "Policy for accessing PostgreSQL credentials in Secrets Manager",
            "id": "arn:aws:iam::980921733825:policy/automode-cluster-secrets-access",
            "name": "automode-cluster-secrets-access",
            "name_prefix": "",
            "path": "/",
            "policy": "{\"Statement\":[{\"Action\":[\"secretsmanager:GetSecretValue\",\"secretsmanager:DescribeSecret\"],\"Effect\":\"Allow\",\"Resource\":\"arn:aws:secretsmanager:ap-southeast-3:980921733825:secret:automode-cluster-postgres-credentials-20250523080440397400000001-MSzpQW\"}],\"Version\":\"2012-10-17\"}",
            "policy_id": "ANPA6IY352LA3HLT7D2WX",
            "tags": {},
            "tags_all": {}
          },
          "sensitive_attributes": [],
          "identity_schema_version": 0,
          "private": "bnVsbA==",
          "dependencies": [
            "aws_secretsmanager_secret.postgres_credentials"
          ]
        }
      ]
    },
    {
      "mode": "managed",
      "type": "aws_iam_role",
      "name": "litellm_rds_monitoring",
      "provider": "provider[\"registry.terraform.io/hashicorp/aws\"]",
      "instances": [
        {
          "schema_version": 0,
          "attributes": {
            "arn": "arn:aws:iam::980921733825:role/automode-cluster-litellm-rds-monitoring-role",
            "assume_role_policy": "{\"Statement\":[{\"Action\":\"sts:AssumeRole\",\"Effect\":\"Allow\",\"Principal\":{\"Service\":\"monitoring.rds.amazonaws.com\"}}],\"Version\":\"2012-10-17\"}",
            "create_date": "2025-05-26T10:06:43Z",
            "description": "",
            "force_detach_policies": false,
            "id": "automode-cluster-litellm-rds-monitoring-role",
            "inline_policy": [],
            "managed_policy_arns": [
              "arn:aws:iam::aws:policy/service-role/AmazonRDSEnhancedMonitoringRole"
            ],
            "max_session_duration": 3600,
            "name": "automode-cluster-litellm-rds-monitoring-role",
            "name_prefix": "",
            "path": "/",
            "permissions_boundary": "",
            "tags": {},
            "tags_all": {},
            "unique_id": "AROA6IY352LASAT5CJFDJ"
          },
          "sensitive_attributes": [],
          "identity_schema_version": 0,
          "private": "bnVsbA=="
        }
      ]
    },
    {
      "mode": "managed",
      "type": "aws_iam_role",
      "name": "rds_enhanced_monitoring",
      "provider": "provider[\"registry.terraform.io/hashicorp/aws\"]",
      "instances": [
        {
          "schema_version": 0,
          "attributes": {
            "arn": "arn:aws:iam::980921733825:role/automode-cluster-rds-monitoring-role",
            "assume_role_policy": "{\"Statement\":[{\"Action\":\"sts:AssumeRole\",\"Effect\":\"Allow\",\"Principal\":{\"Service\":\"monitoring.rds.amazonaws.com\"}}],\"Version\":\"2012-10-17\"}",
            "create_date": "2025-05-23T08:04:41Z",
            "description": "",
            "force_detach_policies": false,
            "id": "automode-cluster-rds-monitoring-role",
            "inline_policy": [],
            "managed_policy_arns": [
              "arn:aws:iam::aws:policy/service-role/AmazonRDSEnhancedMonitoringRole"
            ],
            "max_session_duration": 3600,
            "name": "automode-cluster-rds-monitoring-role",
            "name_prefix": "",
            "path": "/",
            "permissions_boundary": "",
            "tags": {},
            "tags_all": {},
            "unique_id": "AROA6IY352LAZEZO6AL6D"
          },
          "sensitive_attributes": [],
          "identity_schema_version": 0,
          "private": "bnVsbA=="
        }
      ]
    },
    {
      "mode": "managed",
      "type": "aws_iam_role_policy_attachment",
      "name": "litellm_rds_monitoring",
      "provider": "provider[\"registry.terraform.io/hashicorp/aws\"]",
      "instances": [
        {
          "schema_version": 0,
          "attributes": {
            "id": "automode-cluster-litellm-rds-monitoring-role-2025052610064490410000000b",
            "policy_arn": "arn:aws:iam::aws:policy/service-role/AmazonRDSEnhancedMonitoringRole",
            "role": "automode-cluster-litellm-rds-monitoring-role"
          },
          "sensitive_attributes": [],
          "identity_schema_version": 0,
          "private": "bnVsbA==",
          "dependencies": [
            "aws_iam_role.litellm_rds_monitoring"
          ]
        }
      ]
    },
    {
      "mode": "managed",
      "type": "aws_iam_role_policy_attachment",
      "name": "rds_enhanced_monitoring",
      "provider": "provider[\"registry.terraform.io/hashicorp/aws\"]",
      "instances": [
        {
          "schema_version": 0,
          "attributes": {
            "id": "automode-cluster-rds-monitoring-role-2025052308044252380000000c",
            "policy_arn": "arn:aws:iam::aws:policy/service-role/AmazonRDSEnhancedMonitoringRole",
            "role": "automode-cluster-rds-monitoring-role"
          },
          "sensitive_attributes": [],
          "identity_schema_version": 0,
          "private": "bnVsbA==",
          "dependencies": [
            "aws_iam_role.rds_enhanced_monitoring"
          ]
        }
      ]
    },
    {
      "mode": "managed",
      "type": "aws_iam_role_policy_attachment",
      "name": "secrets_access",
      "provider": "provider[\"registry.terraform.io/hashicorp/aws\"]",
      "instances": [
        {
          "schema_version": 0,
          "attributes": {
            "id": "openwebui-20250523080440644400000008-20250523080443335900000017",
            "policy_arn": "arn:aws:iam::980921733825:policy/automode-cluster-secrets-access",
            "role": "openwebui-20250523080440644400000008"
          },
          "sensitive_attributes": [],
          "identity_schema_version": 0,
          "private": "bnVsbA==",
          "dependencies": [
            "aws_iam_policy.secrets_access",
            "aws_secretsmanager_secret.postgres_credentials",
            "module.openwebui_pod_identity.aws_iam_role.this",
            "module.openwebui_pod_identity.data.aws_iam_policy_document.assume"
          ]
        }
      ]
    },
    {
      "mode": "managed",
      "type": "aws_s3_bucket",
      "name": "openwebui_docs",
      "provider": "provider[\"registry.terraform.io/hashicorp/aws\"]",
      "instances": [
        {
          "schema_version": 0,
          "attributes": {
            "acceleration_status": "",
            "acl": null,
            "arn": "arn:aws:s3:::automode-cluster-openwebui-docs-20250523080440402100000007",
            "bucket": "automode-cluster-openwebui-docs-20250523080440402100000007",
            "bucket_domain_name": "automode-cluster-openwebui-docs-20250523080440402100000007.s3.amazonaws.com",
            "bucket_prefix": "automode-cluster-openwebui-docs-",
            "bucket_regional_domain_name": "automode-cluster-openwebui-docs-20250523080440402100000007.s3.ap-southeast-3.amazonaws.com",
            "cors_rule": [],
            "force_destroy": true,
            "grant": [
              {
                "id": "f997737d4b6fdb589750d40e452db3c090eb086cddb37f3801b13c24abf8c4a0",
                "permissions": [
                  "FULL_CONTROL"
                ],
                "type": "CanonicalUser",
                "uri": ""
              }
            ],
            "hosted_zone_id": "Z01846753K324LI26A3VV",
            "id": "automode-cluster-openwebui-docs-20250523080440402100000007",
            "lifecycle_rule": [],
            "logging": [],
            "object_lock_configuration": [],
            "object_lock_enabled": false,
            "policy": "",
            "region": "ap-southeast-3",
            "replication_configuration": [],
            "request_payer": "BucketOwner",
            "server_side_encryption_configuration": [
              {
                "rule": [
                  {
                    "apply_server_side_encryption_by_default": [
                      {
                        "kms_master_key_id": "",
                        "sse_algorithm": "AES256"
                      }
                    ],
                    "bucket_key_enabled": false
                  }
                ]
              }
            ],
            "tags": {
              "Name": "automode-cluster-openwebui-docs"
            },
            "tags_all": {
              "Name": "automode-cluster-openwebui-docs"
            },
            "timeouts": null,
            "versioning": [
              {
                "enabled": false,
                "mfa_delete": false
              }
            ],
            "website": [],
            "website_domain": null,
            "website_endpoint": null
          },
          "sensitive_attributes": [],
          "identity_schema_version": 0,
          "private": "eyJlMmJmYjczMC1lY2FhLTExZTYtOGY4OC0zNDM2M2JjN2M0YzAiOnsiY3JlYXRlIjoxMjAwMDAwMDAwMDAwLCJkZWxldGUiOjM2MDAwMDAwMDAwMDAsInJlYWQiOjEyMDAwMDAwMDAwMDAsInVwZGF0ZSI6MTIwMDAwMDAwMDAwMH19"
        }
      ]
    },
    {
      "mode": "managed",
      "type": "aws_s3_bucket_public_access_block",
      "name": "openwebui_docs",
      "provider": "provider[\"registry.terraform.io/hashicorp/aws\"]",
      "instances": [
        {
          "schema_version": 0,
          "attributes": {
            "block_public_acls": true,
            "block_public_policy": true,
            "bucket": "automode-cluster-openwebui-docs-20250523080440402100000007",
            "id": "automode-cluster-openwebui-docs-20250523080440402100000007",
            "ignore_public_acls": true,
            "restrict_public_buckets": true
          },
          "sensitive_attributes": [],
          "identity_schema_version": 0,
          "private": "bnVsbA==",
          "dependencies": [
            "aws_s3_bucket.openwebui_docs"
          ]
        }
      ]
    },
    {
      "mode": "managed",
      "type": "aws_s3_bucket_server_side_encryption_configuration",
      "name": "openwebui_docs",
      "provider": "provider[\"registry.terraform.io/hashicorp/aws\"]",
      "instances": [
        {
          "schema_version": 0,
          "attributes": {
            "bucket": "automode-cluster-openwebui-docs-20250523080440402100000007",
            "expected_bucket_owner": "",
            "id": "automode-cluster-openwebui-docs-20250523080440402100000007",
            "rule": [
              {
                "apply_server_side_encryption_by_default": [
                  {
                    "kms_master_key_id": "",
                    "sse_algorithm": "AES256"
                  }
                ],
                "bucket_key_enabled": false
              }
            ]
          },
          "sensitive_attributes": [],
          "identity_schema_version": 0,
          "private": "bnVsbA==",
          "dependencies": [
            "aws_s3_bucket.openwebui_docs"
          ]
        }
      ]
    },
    {
      "mode": "managed",
      "type": "aws_secretsmanager_secret",
      "name": "db_connection_string",
      "provider": "provider[\"registry.terraform.io/hashicorp/aws\"]",
      "instances": [
        {
          "schema_version": 0,
          "attributes": {
            "arn": "arn:aws:secretsmanager:ap-southeast-3:980921733825:secret:automode-cluster-db-connection-20250523080440397500000003-QUSg6W",
            "description": "",
            "force_overwrite_replica_secret": false,
            "id": "arn:aws:secretsmanager:ap-southeast-3:980921733825:secret:automode-cluster-db-connection-20250523080440397500000003-QUSg6W",
            "kms_key_id": "",
            "name": "automode-cluster-db-connection-20250523080440397500000003",
            "name_prefix": "automode-cluster-db-connection-",
            "policy": "",
            "recovery_window_in_days": 0,
            "replica": [],
            "tags": {
              "Name": "automode-cluster-db-connection"
            },
            "tags_all": {
              "Name": "automode-cluster-db-connection"
            }
          },
          "sensitive_attributes": [],
          "identity_schema_version": 0,
          "private": "bnVsbA=="
        }
      ]
    },
    {
      "mode": "managed",
      "type": "aws_secretsmanager_secret",
      "name": "litellm_api_keys",
      "provider": "provider[\"registry.terraform.io/hashicorp/aws\"]",
      "instances": [
        {
          "schema_version": 0,
          "attributes": {
            "arn": "arn:aws:secretsmanager:ap-southeast-3:980921733825:secret:automode-cluster-litellm-api-keys-20250526100642622300000005-2uA6YS",
            "description": "",
            "force_overwrite_replica_secret": false,
            "id": "arn:aws:secretsmanager:ap-southeast-3:980921733825:secret:automode-cluster-litellm-api-keys-20250526100642622300000005-2uA6YS",
            "kms_key_id": "",
            "name": "automode-cluster-litellm-api-keys-20250526100642622300000005",
            "name_prefix": "automode-cluster-litellm-api-keys-",
            "policy": "",
            "recovery_window_in_days": 0,
            "replica": [],
            "tags": {
              "Name": "automode-cluster-litellm-api-keys"
            },
            "tags_all": {
              "Name": "automode-cluster-litellm-api-keys"
            }
          },
          "sensitive_attributes": [],
          "identity_schema_version": 0,
          "private": "bnVsbA=="
        }
      ]
    },
    {
      "mode": "managed",
      "type": "aws_secretsmanager_secret",
      "name": "litellm_db_connection_string",
      "provider": "provider[\"registry.terraform.io/hashicorp/aws\"]",
      "instances": [
        {
          "schema_version": 0,
          "attributes": {
            "arn": "arn:aws:secretsmanager:ap-southeast-3:980921733825:secret:automode-cluster-litellm-db-connection-20250526100642622500000007-DGIhow",
            "description": "",
            "force_overwrite_replica_secret": false,
            "id": "arn:aws:secretsmanager:ap-southeast-3:980921733825:secret:automode-cluster-litellm-db-connection-20250526100642622500000007-DGIhow",
            "kms_key_id": "",
            "name": "automode-cluster-litellm-db-connection-20250526100642622500000007",
            "name_prefix": "automode-cluster-litellm-db-connection-",
            "policy": "",
            "recovery_window_in_days": 0,
            "replica": [],
            "tags": {
              "Name": "automode-cluster-litellm-db-connection"
            },
            "tags_all": {
              "Name": "automode-cluster-litellm-db-connection"
            }
          },
          "sensitive_attributes": [],
          "identity_schema_version": 0,
          "private": "bnVsbA=="
        }
      ]
    },
    {
      "mode": "managed",
      "type": "aws_secretsmanager_secret",
      "name": "litellm_db_credentials",
      "provider": "provider[\"registry.terraform.io/hashicorp/aws\"]",
      "instances": [
        {
          "schema_version": 0,
          "attributes": {
            "arn": "arn:aws:secretsmanager:ap-southeast-3:980921733825:secret:automode-cluster-litellm-db-credentials-20250526100642622100000003-PGFuWv",
            "description": "PostgreSQL credentials for LiteLLM",
            "force_overwrite_replica_secret": false,
            "id": "arn:aws:secretsmanager:ap-southeast-3:980921733825:secret:automode-cluster-litellm-db-credentials-20250526100642622100000003-PGFuWv",
            "kms_key_id": "",
            "name": "automode-cluster-litellm-db-credentials-20250526100642622100000003",
            "name_prefix": "automode-cluster-litellm-db-credentials-",
            "policy": "",
            "recovery_window_in_days": 0,
            "replica": [],
            "tags": {
              "Name": "automode-cluster-litellm-db-credentials"
            },
            "tags_all": {
              "Name": "automode-cluster-litellm-db-credentials"
            }
          },
          "sensitive_attributes": [],
          "identity_schema_version": 0,
          "private": "bnVsbA=="
        }
      ]
    },
    {
      "mode": "managed",
      "type": "aws_secretsmanager_secret",
      "name": "litellm_master_salt",
      "provider": "provider[\"registry.terraform.io/hashicorp/aws\"]",
      "instances": [
        {
          "schema_version": 0,
          "attributes": {
            "arn": "arn:aws:secretsmanager:ap-southeast-3:980921733825:secret:automode-cluster-litellm-master-salt-20250526100642621700000001-wK4U6x",
            "description": "",
            "force_overwrite_replica_secret": false,
            "id": "arn:aws:secretsmanager:ap-southeast-3:980921733825:secret:automode-cluster-litellm-master-salt-20250526100642621700000001-wK4U6x",
            "kms_key_id": "",
            "name": "automode-cluster-litellm-master-salt-20250526100642621700000001",
            "name_prefix": "automode-cluster-litellm-master-salt-",
            "policy": "",
            "recovery_window_in_days": 0,
            "replica": [],
            "tags": {
              "Name": "automode-cluster-litellm-master-salt"
            },
            "tags_all": {
              "Name": "automode-cluster-litellm-master-salt"
            }
          },
          "sensitive_attributes": [],
          "identity_schema_version": 0,
          "private": "bnVsbA=="
        }
      ]
    },
    {
      "mode": "managed",
      "type": "aws_secretsmanager_secret",
      "name": "postgres_credentials",
      "provider": "provider[\"registry.terraform.io/hashicorp/aws\"]",
      "instances": [
        {
          "schema_version": 0,
          "attributes": {
            "arn": "arn:aws:secretsmanager:ap-southeast-3:980921733825:secret:automode-cluster-postgres-credentials-20250523080440397400000001-MSzpQW",
            "description": "PostgreSQL credentials for OpenWebUI",
            "force_overwrite_replica_secret": false,
            "id": "arn:aws:secretsmanager:ap-southeast-3:980921733825:secret:automode-cluster-postgres-credentials-20250523080440397400000001-MSzpQW",
            "kms_key_id": "",
            "name": "automode-cluster-postgres-credentials-20250523080440397400000001",
            "name_prefix": "automode-cluster-postgres-credentials-",
            "policy": "",
            "recovery_window_in_days": 0,
            "replica": [],
            "tags": {
              "Name": "automode-cluster-postgres-credentials"
            },
            "tags_all": {
              "Name": "automode-cluster-postgres-credentials"
            }
          },
          "sensitive_attributes": [],
          "identity_schema_version": 0,
          "private": "bnVsbA=="
        }
      ]
    },
    {
      "mode": "managed",
      "type": "aws_secretsmanager_secret_version",
      "name": "db_connection_string_version",
      "provider": "provider[\"registry.terraform.io/hashicorp/aws\"]",
      "instances": [
        {
          "schema_version": 0,
          "attributes": {
            "arn": "arn:aws:secretsmanager:ap-southeast-3:980921733825:secret:automode-cluster-db-connection-20250523080440397500000003-QUSg6W",
            "has_secret_string_wo": null,
            "id": "arn:aws:secretsmanager:ap-southeast-3:980921733825:secret:automode-cluster-db-connection-20250523080440397500000003-QUSg6W|terraform-2025052610082367460000000d",
            "secret_binary": "",
            "secret_id": "arn:aws:secretsmanager:ap-southeast-3:980921733825:secret:automode-cluster-db-connection-20250523080440397500000003-QUSg6W",
            "secret_string": "{\"connectionString\":\"postgresql://postgres:lbH9_94jmOkfYmM5@automode-cluster-postgres.cdc8m4eskbgq.ap-southeast-3.rds.amazonaws.com:5432/vectordb\"}",
            "secret_string_wo": null,
            "secret_string_wo_version": null,
            "version_id": "terraform-2025052610082367460000000d",
            "version_stages": [
              "AWSCURRENT"
            ]
          },
          "sensitive_attributes": [
            [
              {
                "type": "get_attr",
                "value": "secret_binary"
              }
            ],
            [
              {
                "type": "get_attr",
                "value": "secret_string"
              }
            ],
            [
              {
                "type": "get_attr",
                "value": "secret_string_wo"
              }
            ]
          ],
          "identity_schema_version": 0,
          "private": "bnVsbA==",
          "dependencies": [
            "aws_db_instance.postgres",
            "aws_db_parameter_group.postgres_vector",
            "aws_db_subnet_group.rds",
            "aws_iam_role.rds_enhanced_monitoring",
            "aws_secretsmanager_secret.db_connection_string",
            "aws_security_group.rds",
            "data.aws_availability_zones.available",
            "module.vpc.aws_subnet.private",
            "module.vpc.aws_vpc.this",
            "module.vpc.aws_vpc_ipv4_cidr_block_association.this",
            "random_password.postgres"
          ]
        }
      ]
    },
    {
      "mode": "managed",
      "type": "aws_secretsmanager_secret_version",
      "name": "litellm_api_keys_ver",
      "provider": "provider[\"registry.terraform.io/hashicorp/aws\"]",
      "instances": [
        {
          "schema_version": 0,
          "attributes": {
            "arn": "arn:aws:secretsmanager:ap-southeast-3:980921733825:secret:automode-cluster-litellm-api-keys-20250526100642622300000005-2uA6YS",
            "has_secret_string_wo": null,
            "id": "arn:aws:secretsmanager:ap-southeast-3:980921733825:secret:automode-cluster-litellm-api-keys-20250526100642622300000005-2uA6YS|terraform-20250527114051209000000001",
            "secret_binary": "",
            "secret_id": "arn:aws:secretsmanager:ap-southeast-3:980921733825:secret:automode-cluster-litellm-api-keys-20250526100642622300000005-2uA6YS",
            "secret_string": "{}",
            "secret_string_wo": null,
            "secret_string_wo_version": null,
            "version_id": "terraform-20250527114051209000000001",
            "version_stages": []
          },
          "sensitive_attributes": [
            [
              {
                "type": "get_attr",
                "value": "secret_binary"
              }
            ],
            [
              {
                "type": "get_attr",
                "value": "secret_string"
              }
            ],
            [
              {
                "type": "get_attr",
                "value": "secret_string_wo"
              }
            ]
          ],
          "identity_schema_version": 0,
          "private": "bnVsbA==",
          "dependencies": [
            "aws_secretsmanager_secret.litellm_api_keys"
          ]
        }
      ]
    },
    {
      "mode": "managed",
      "type": "aws_secretsmanager_secret_version",
      "name": "litellm_db_connection_string_version",
      "provider": "provider[\"registry.terraform.io/hashicorp/aws\"]",
      "instances": [
        {
          "schema_version": 0,
          "attributes": {
            "arn": "arn:aws:secretsmanager:ap-southeast-3:980921733825:secret:automode-cluster-litellm-db-connection-20250526100642622500000007-DGIhow",
            "has_secret_string_wo": null,
            "id": "arn:aws:secretsmanager:ap-southeast-3:980921733825:secret:automode-cluster-litellm-db-connection-20250526100642622500000007-DGIhow|terraform-2025052610220786830000000e",
            "secret_binary": "",
            "secret_id": "arn:aws:secretsmanager:ap-southeast-3:980921733825:secret:automode-cluster-litellm-db-connection-20250526100642622500000007-DGIhow",
            "secret_string": "{\"connectionString\":\"postgresql://llmproxy:Gx_4RmD4V3lZ5n38@automode-cluster-litellm-postgres.cdc8m4eskbgq.ap-southeast-3.rds.amazonaws.com:5432/litellm\"}",
            "secret_string_wo": null,
            "secret_string_wo_version": null,
            "version_id": "terraform-2025052610220786830000000e",
            "version_stages": [
              "AWSCURRENT"
            ]
          },
          "sensitive_attributes": [
            [
              {
                "type": "get_attr",
                "value": "secret_binary"
              }
            ],
            [
              {
                "type": "get_attr",
                "value": "secret_string"
              }
            ],
            [
              {
                "type": "get_attr",
                "value": "secret_string_wo"
              }
            ]
          ],
          "identity_schema_version": 0,
          "private": "bnVsbA==",
          "dependencies": [
            "aws_db_instance.litellm_postgres",
            "aws_db_parameter_group.litellm_postgres_pg",
            "aws_db_subnet_group.litellm_db_subnet_group",
            "aws_iam_role.litellm_rds_monitoring",
            "aws_secretsmanager_secret.litellm_db_connection_string",
            "aws_security_group.litellm_db_sg",
            "data.aws_availability_zones.available",
            "module.vpc.aws_subnet.private",
            "module.vpc.aws_vpc.this",
            "module.vpc.aws_vpc_ipv4_cidr_block_association.this",
            "random_password.litellm_db_password"
          ]
        }
      ]
    },
    {
      "mode": "managed",
      "type": "aws_secretsmanager_secret_version",
      "name": "litellm_db_credentials",
      "provider": "provider[\"registry.terraform.io/hashicorp/aws\"]",
      "instances": [
        {
          "schema_version": 0,
          "attributes": {
            "arn": "arn:aws:secretsmanager:ap-southeast-3:980921733825:secret:automode-cluster-litellm-db-credentials-20250526100642622100000003-PGFuWv",
            "has_secret_string_wo": null,
            "id": "arn:aws:secretsmanager:ap-southeast-3:980921733825:secret:automode-cluster-litellm-db-credentials-20250526100642622100000003-PGFuWv|terraform-2025052610220786860000000f",
            "secret_binary": "",
            "secret_id": "arn:aws:secretsmanager:ap-southeast-3:980921733825:secret:automode-cluster-litellm-db-credentials-20250526100642622100000003-PGFuWv",
            "secret_string": "{\"connectionString\":\"postgresql://llmproxy:Gx_4RmD4V3lZ5n38@automode-cluster-litellm-postgres.cdc8m4eskbgq.ap-southeast-3.rds.amazonaws.com:5432/litellm\",\"dbname\":\"litellm\",\"engine\":\"postgres\",\"host\":\"automode-cluster-litellm-postgres.cdc8m4eskbgq.ap-southeast-3.rds.amazonaws.com\",\"password\":\"Gx_4RmD4V3lZ5n38\",\"port\":5432,\"username\":\"llmproxy\"}",
            "secret_string_wo": null,
            "secret_string_wo_version": null,
            "version_id": "terraform-2025052610220786860000000f",
            "version_stages": [
              "AWSCURRENT"
            ]
          },
          "sensitive_attributes": [
            [
              {
                "type": "get_attr",
                "value": "secret_binary"
              }
            ],
            [
              {
                "type": "get_attr",
                "value": "secret_string"
              }
            ],
            [
              {
                "type": "get_attr",
                "value": "secret_string_wo"
              }
            ]
          ],
          "identity_schema_version": 0,
          "private": "bnVsbA==",
          "dependencies": [
            "aws_db_instance.litellm_postgres",
            "aws_db_parameter_group.litellm_postgres_pg",
            "aws_db_subnet_group.litellm_db_subnet_group",
            "aws_iam_role.litellm_rds_monitoring",
            "aws_secretsmanager_secret.litellm_db_credentials",
            "aws_security_group.litellm_db_sg",
            "data.aws_availability_zones.available",
            "module.vpc.aws_subnet.private",
            "module.vpc.aws_vpc.this",
            "module.vpc.aws_vpc_ipv4_cidr_block_association.this",
            "random_password.litellm_db_password"
          ]
        }
      ]
    },
    {
      "mode": "managed",
      "type": "aws_secretsmanager_secret_version",
      "name": "litellm_master_salt_ver",
      "provider": "provider[\"registry.terraform.io/hashicorp/aws\"]",
      "instances": [
        {
          "schema_version": 0,
          "attributes": {
            "arn": "arn:aws:secretsmanager:ap-southeast-3:980921733825:secret:automode-cluster-litellm-master-salt-20250526100642621700000001-wK4U6x",
            "has_secret_string_wo": null,
            "id": "arn:aws:secretsmanager:ap-southeast-3:980921733825:secret:automode-cluster-litellm-master-salt-20250526100642621700000001-wK4U6x|terraform-2025052610064290230000000a",
            "secret_binary": "",
            "secret_id": "arn:aws:secretsmanager:ap-southeast-3:980921733825:secret:automode-cluster-litellm-master-salt-20250526100642621700000001-wK4U6x",
            "secret_string": "{\"LITELLM_MASTER_KEY\":\"sk-O2vT2072FTi9UeSDcXSFq\",\"LITELLM_SALT_KEY\":\"sk-VG8QFoWlRKqxW7iqJ6G7z\"}",
            "secret_string_wo": null,
            "secret_string_wo_version": null,
            "version_id": "terraform-2025052610064290230000000a",
            "version_stages": [
              "AWSCURRENT"
            ]
          },
          "sensitive_attributes": [
            [
              {
                "type": "get_attr",
                "value": "secret_binary"
              }
            ],
            [
              {
                "type": "get_attr",
                "value": "secret_string"
              }
            ],
            [
              {
                "type": "get_attr",
                "value": "secret_string_wo"
              }
            ]
          ],
          "identity_schema_version": 0,
          "private": "bnVsbA==",
          "dependencies": [
            "aws_secretsmanager_secret.litellm_master_salt",
            "random_password.litellm_master_key",
            "random_password.litellm_salt_key"
          ]
        }
      ]
    },
    {
      "mode": "managed",
      "type": "aws_secretsmanager_secret_version",
      "name": "postgres_credentials",
      "provider": "provider[\"registry.terraform.io/hashicorp/aws\"]",
      "instances": [
        {
          "schema_version": 0,
          "attributes": {
            "arn": "arn:aws:secretsmanager:ap-southeast-3:980921733825:secret:automode-cluster-postgres-credentials-20250523080440397400000001-MSzpQW",
            "has_secret_string_wo": null,
            "id": "arn:aws:secretsmanager:ap-southeast-3:980921733825:secret:automode-cluster-postgres-credentials-20250523080440397400000001-MSzpQW|terraform-2025052610082367440000000c",
            "secret_binary": "",
            "secret_id": "arn:aws:secretsmanager:ap-southeast-3:980921733825:secret:automode-cluster-postgres-credentials-20250523080440397400000001-MSzpQW",
            "secret_string": "{\"connectionString\":\"postgresql://postgres:lbH9_94jmOkfYmM5@automode-cluster-postgres.cdc8m4eskbgq.ap-southeast-3.rds.amazonaws.com:5432/vectordb\",\"dbname\":\"vectordb\",\"engine\":\"postgres\",\"host\":\"automode-cluster-postgres.cdc8m4eskbgq.ap-southeast-3.rds.amazonaws.com\",\"password\":\"lbH9_94jmOkfYmM5\",\"port\":5432,\"username\":\"postgres\"}",
            "secret_string_wo": null,
            "secret_string_wo_version": null,
            "version_id": "terraform-2025052610082367440000000c",
            "version_stages": [
              "AWSCURRENT"
            ]
          },
          "sensitive_attributes": [
            [
              {
                "type": "get_attr",
                "value": "secret_binary"
              }
            ],
            [
              {
                "type": "get_attr",
                "value": "secret_string"
              }
            ],
            [
              {
                "type": "get_attr",
                "value": "secret_string_wo"
              }
            ]
          ],
          "identity_schema_version": 0,
          "private": "bnVsbA==",
          "dependencies": [
            "aws_db_instance.postgres",
            "aws_db_parameter_group.postgres_vector",
            "aws_db_subnet_group.rds",
            "aws_iam_role.rds_enhanced_monitoring",
            "aws_secretsmanager_secret.postgres_credentials",
            "aws_security_group.rds",
            "data.aws_availability_zones.available",
            "module.vpc.aws_subnet.private",
            "module.vpc.aws_vpc.this",
            "module.vpc.aws_vpc_ipv4_cidr_block_association.this",
            "random_password.postgres"
          ]
        }
      ]
    },
    {
      "mode": "managed",
      "type": "aws_security_group",
      "name": "litellm_db_sg",
      "provider": "provider[\"registry.terraform.io/hashicorp/aws\"]",
      "instances": [
        {
          "schema_version": 1,
          "attributes": {
            "arn": "arn:aws:ec2:ap-southeast-3:980921733825:security-group/sg-03b3b645b85f57bdf",
            "description": "Security group for LiteLLM PostgreSQL instance",
            "egress": [
              {
                "cidr_blocks": [
                  "0.0.0.0/0"
                ],
                "description": "",
                "from_port": 0,
                "ipv6_cidr_blocks": [],
                "prefix_list_ids": [],
                "protocol": "-1",
                "security_groups": [],
                "self": false,
                "to_port": 0
              }
            ],
            "id": "sg-03b3b645b85f57bdf",
            "ingress": [
              {
                "cidr_blocks": [
                  "10.0.0.0/16"
                ],
                "description": "PostgreSQL from VPC",
                "from_port": 5432,
                "ipv6_cidr_blocks": [],
                "prefix_list_ids": [],
                "protocol": "tcp",
                "security_groups": [],
                "self": false,
                "to_port": 5432
              }
            ],
            "name": "automode-cluster-litellm-db-sg",
            "name_prefix": "",
            "owner_id": "980921733825",
            "revoke_rules_on_delete": false,
            "tags": {
              "Name": "automode-cluster-litellm-db-sg"
            },
            "tags_all": {
              "Name": "automode-cluster-litellm-db-sg"
            },
            "timeouts": null,
            "vpc_id": "vpc-0f1dd580e50c83d4a"
          },
          "sensitive_attributes": [],
          "identity_schema_version": 0,
          "private": "eyJlMmJmYjczMC1lY2FhLTExZTYtOGY4OC0zNDM2M2JjN2M0YzAiOnsiY3JlYXRlIjo2MDAwMDAwMDAwMDAsImRlbGV0ZSI6OTAwMDAwMDAwMDAwfSwic2NoZW1hX3ZlcnNpb24iOiIxIn0=",
          "dependencies": [
            "module.vpc.aws_vpc.this"
          ]
        }
      ]
    },
    {
      "mode": "managed",
      "type": "aws_security_group",
      "name": "litellm_redis_sg",
      "provider": "provider[\"registry.terraform.io/hashicorp/aws\"]",
      "instances": [
        {
          "schema_version": 1,
          "attributes": {
            "arn": "arn:aws:ec2:ap-southeast-3:980921733825:security-group/sg-0a5a43da0c3a32d3e",
            "description": "Security group for LiteLLM Redis cluster",
            "egress": [
              {
                "cidr_blocks": [
                  "0.0.0.0/0"
                ],
                "description": "Allow all outbound access",
                "from_port": 0,
                "ipv6_cidr_blocks": [],
                "prefix_list_ids": [],
                "protocol": "-1",
                "security_groups": [],
                "self": false,
                "to_port": 0
              }
            ],
            "id": "sg-0a5a43da0c3a32d3e",
            "ingress": [
              {
                "cidr_blocks": [],
                "description": "Allow EKS nodes to connect to Redis",
                "from_port": 6379,
                "ipv6_cidr_blocks": [],
                "prefix_list_ids": [],
                "protocol": "tcp",
                "security_groups": [
                  "sg-0fa1823a16af488c5"
                ],
                "self": false,
                "to_port": 6379
              }
            ],
            "name": "automode-cluster-litellm-redis-sg",
            "name_prefix": "",
            "owner_id": "980921733825",
            "revoke_rules_on_delete": false,
            "tags": {
              "Blueprint": "automode-cluster"
            },
            "tags_all": {
              "Blueprint": "automode-cluster"
            },
            "timeouts": null,
            "vpc_id": "vpc-0f1dd580e50c83d4a"
          },
          "sensitive_attributes": [],
          "identity_schema_version": 0,
          "private": "eyJlMmJmYjczMC1lY2FhLTExZTYtOGY4OC0zNDM2M2JjN2M0YzAiOnsiY3JlYXRlIjo2MDAwMDAwMDAwMDAsImRlbGV0ZSI6OTAwMDAwMDAwMDAwfSwic2NoZW1hX3ZlcnNpb24iOiIxIn0=",
          "dependencies": [
            "module.vpc.aws_vpc.this"
          ]
        }
      ]
    },
    {
      "mode": "managed",
      "type": "aws_security_group",
      "name": "rds",
      "provider": "provider[\"registry.terraform.io/hashicorp/aws\"]",
      "instances": [
        {
          "schema_version": 1,
          "attributes": {
            "arn": "arn:aws:ec2:ap-southeast-3:980921733825:security-group/sg-09729974f82374537",
            "description": "Security group for RDS PostgreSQL instance",
            "egress": [
              {
                "cidr_blocks": [
                  "0.0.0.0/0"
                ],
                "description": "",
                "from_port": 0,
                "ipv6_cidr_blocks": [],
                "prefix_list_ids": [],
                "protocol": "-1",
                "security_groups": [],
                "self": false,
                "to_port": 0
              }
            ],
            "id": "sg-09729974f82374537",
            "ingress": [
              {
                "cidr_blocks": [
                  "10.0.0.0/16"
                ],
                "description": "PostgreSQL from VPC",
                "from_port": 5432,
                "ipv6_cidr_blocks": [],
                "prefix_list_ids": [],
                "protocol": "tcp",
                "security_groups": [],
                "self": false,
                "to_port": 5432
              }
            ],
            "name": "automode-cluster-rds-sg",
            "name_prefix": "",
            "owner_id": "980921733825",
            "revoke_rules_on_delete": false,
            "tags": {
              "Name": "automode-cluster-rds-sg"
            },
            "tags_all": {
              "Name": "automode-cluster-rds-sg"
            },
            "timeouts": null,
            "vpc_id": "vpc-0f1dd580e50c83d4a"
          },
          "sensitive_attributes": [],
          "identity_schema_version": 0,
          "private": "eyJlMmJmYjczMC1lY2FhLTExZTYtOGY4OC0zNDM2M2JjN2M0YzAiOnsiY3JlYXRlIjo2MDAwMDAwMDAwMDAsImRlbGV0ZSI6OTAwMDAwMDAwMDAwfSwic2NoZW1hX3ZlcnNpb24iOiIxIn0=",
          "dependencies": [
            "module.vpc.aws_vpc.this"
          ]
        }
      ]
    },
    {
      "mode": "managed",
      "type": "aws_security_group_rule",
      "name": "eks_to_redis",
      "provider": "provider[\"registry.terraform.io/hashicorp/aws\"]",
      "instances": [
        {
          "schema_version": 2,
          "attributes": {
            "cidr_blocks": null,
            "description": "Allow EKS nodes to connect to Redis",
            "from_port": 6379,
            "id": "sgrule-1801883248",
            "ipv6_cidr_blocks": null,
            "prefix_list_ids": null,
            "protocol": "tcp",
            "security_group_id": "sg-0a5a43da0c3a32d3e",
            "security_group_rule_id": "sgr-0eb1f154410a76bf5",
            "self": false,
            "source_security_group_id": "sg-0fa1823a16af488c5",
            "timeouts": null,
            "to_port": 6379,
            "type": "ingress"
          },
          "sensitive_attributes": [],
          "identity_schema_version": 0,
          "private": "eyJlMmJmYjczMC1lY2FhLTExZTYtOGY4OC0zNDM2M2JjN2M0YzAiOnsiY3JlYXRlIjozMDAwMDAwMDAwMDB9LCJzY2hlbWFfdmVyc2lvbiI6IjIifQ==",
          "dependencies": [
            "aws_security_group.litellm_redis_sg",
            "data.aws_availability_zones.available",
            "module.eks.aws_cloudwatch_log_group.this",
            "module.eks.aws_eks_cluster.this",
            "module.eks.aws_iam_policy.cni_ipv6_policy",
            "module.eks.aws_iam_role.eks_auto",
            "module.eks.aws_iam_role.this",
            "module.eks.aws_iam_role_policy_attachment.this",
            "module.eks.aws_security_group.cluster",
            "module.eks.aws_security_group.node",
            "module.eks.aws_security_group_rule.cluster",
            "module.eks.aws_security_group_rule.node",
            "module.eks.data.aws_caller_identity.current",
            "module.eks.data.aws_iam_policy_document.assume_role_policy",
            "module.eks.data.aws_iam_policy_document.cni_ipv6_policy",
            "module.eks.data.aws_iam_policy_document.node_assume_role_policy",
            "module.eks.data.aws_iam_session_context.current",
            "module.eks.data.aws_partition.current",
            "module.eks.module.kms.aws_kms_external_key.this",
            "module.eks.module.kms.aws_kms_key.this",
            "module.eks.module.kms.aws_kms_replica_external_key.this",
            "module.eks.module.kms.aws_kms_replica_key.this",
            "module.eks.module.kms.data.aws_caller_identity.current",
            "module.eks.module.kms.data.aws_iam_policy_document.this",
            "module.eks.module.kms.data.aws_partition.current",
            "module.vpc.aws_subnet.private",
            "module.vpc.aws_vpc.this",
            "module.vpc.aws_vpc_ipv4_cidr_block_association.this"
          ]
        }
      ]
    },
    {
      "mode": "managed",
      "type": "helm_release",
      "name": "external_secrets",
      "provider": "provider[\"registry.terraform.io/hashicorp/helm\"]",
      "instances": [
        {
          "schema_version": 1,
          "attributes": {
            "atomic": false,
            "chart": "external-secrets",
            "cleanup_on_fail": false,
            "create_namespace": true,
            "dependency_update": false,
            "description": null,
            "devel": null,
            "disable_crd_hooks": false,
            "disable_openapi_validation": false,
            "disable_webhooks": false,
            "force_update": false,
            "id": "external-secrets",
            "keyring": null,
            "lint": false,
            "manifest": null,
            "max_history": 0,
            "metadata": [
              {
                "app_version": "v0.17.0",
                "chart": "external-secrets",
                "first_deployed": 1747988296,
                "last_deployed": 1747988296,
                "name": "external-secrets",
                "namespace": "external-secrets",
                "notes": "external-secrets has been deployed successfully in namespace external-secrets!\n\nIn order to begin using ExternalSecrets, you will need to set up a SecretStore\nor ClusterSecretStore resource (for example, by creating a 'vault' SecretStore).\n\nMore information on the different types of SecretStores and how to configure them\ncan be found in our Github: https://github.com/external-secrets/external-secrets\n",
                "revision": 1,
                "values": "{\"installCRDs\":true,\"serviceAccount\":{\"create\":true,\"name\":\"external-secrets-sa\"}}",
                "version": "0.17.0"
              }
            ],
            "name": "external-secrets",
            "namespace": "external-secrets",
            "pass_credentials": false,
            "postrender": [],
            "recreate_pods": false,
            "render_subchart_notes": true,
            "replace": false,
            "repository": "https://charts.external-secrets.io",
            "repository_ca_file": null,
            "repository_cert_file": null,
            "repository_key_file": null,
            "repository_password": null,
            "repository_username": null,
            "reset_values": false,
            "reuse_values": false,
            "set": [
              {
                "name": "installCRDs",
                "type": "",
                "value": "true"
              },
              {
                "name": "serviceAccount.create",
                "type": "",
                "value": "true"
              },
              {
                "name": "serviceAccount.name",
                "type": "",
                "value": "external-secrets-sa"
              }
            ],
            "set_list": [],
            "set_sensitive": [],
            "skip_crds": false,
            "status": "deployed",
            "timeout": 300,
            "upgrade_install": null,
            "values": null,
            "verify": false,
            "version": "0.17.0",
            "wait": true,
            "wait_for_jobs": false
          },
          "sensitive_attributes": [
            [
              {
                "type": "get_attr",
                "value": "repository_password"
              }
            ]
          ],
          "identity_schema_version": 0,
          "private": "eyJzY2hlbWFfdmVyc2lvbiI6IjEifQ==",
          "dependencies": [
            "data.aws_availability_zones.available",
            "module.eks.aws_cloudwatch_log_group.this",
            "module.eks.aws_eks_access_entry.this",
            "module.eks.aws_eks_access_policy_association.this",
            "module.eks.aws_eks_cluster.this",
            "module.eks.aws_iam_policy.cni_ipv6_policy",
            "module.eks.aws_iam_role.eks_auto",
            "module.eks.aws_iam_role.this",
            "module.eks.aws_iam_role_policy_attachment.this",
            "module.eks.aws_security_group.cluster",
            "module.eks.aws_security_group.node",
            "module.eks.aws_security_group_rule.cluster",
            "module.eks.aws_security_group_rule.node",
            "module.eks.data.aws_caller_identity.current",
            "module.eks.data.aws_iam_policy_document.assume_role_policy",
            "module.eks.data.aws_iam_policy_document.cni_ipv6_policy",
            "module.eks.data.aws_iam_policy_document.node_assume_role_policy",
            "module.eks.data.aws_iam_session_context.current",
            "module.eks.data.aws_partition.current",
            "module.eks.module.kms.aws_kms_external_key.this",
            "module.eks.module.kms.aws_kms_key.this",
            "module.eks.module.kms.aws_kms_replica_external_key.this",
            "module.eks.module.kms.aws_kms_replica_key.this",
            "module.eks.module.kms.data.aws_caller_identity.current",
            "module.eks.module.kms.data.aws_iam_policy_document.this",
            "module.eks.module.kms.data.aws_partition.current",
            "module.vpc.aws_subnet.private",
            "module.vpc.aws_vpc.this",
            "module.vpc.aws_vpc_ipv4_cidr_block_association.this"
          ]
        }
      ]
    },
    {
      "mode": "managed",
      "type": "local_file",
      "name": "setup_cluster_secret_store",
      "provider": "provider[\"registry.terraform.io/hashicorp/local\"]",
      "instances": [
        {
          "schema_version": 0,
          "attributes": {
            "content": "apiVersion: external-secrets.io/v1\nkind: ClusterSecretStore\nmetadata:\n  name: aws-secretsmanager\nspec:\n  provider:\n    aws:\n      service: SecretsManager\n      region: ap-southeast-3\n      # No auth section when using EKS Pod Identity\n",
            "content_base64": null,
            "content_base64sha256": "azRe+q/mMFnSNt1GnIGSz5Cr53l5XL9lAy0vn9cCO74=",
            "content_base64sha512": "y9HCiUFMGHhwZ3z79+jxhIr2U+0W7OtZav1JjRKmoBhSDLt5ulc72Qs2U+7FyOXSQqxB5fFHTlfiBbC+I9yvAQ==",
            "content_md5": "50d22969af68737c356069cc329bea86",
            "content_sha1": "edd9f61d68abd9418c4761bc8b62b4c1637cea29",
            "content_sha256": "6b345efaafe63059d236dd469c8192cf90abe779795cbf65032d2f9fd7023bbe",
            "content_sha512": "cbd1c289414c187870677cfbf7e8f1848af653ed16eceb596afd498d12a6a018520cbb79ba573bd90b3653eec5c8e5d242ac41e5f1474e57e205b0be23dcaf01",
            "directory_permission": "0777",
            "file_permission": "0777",
            "filename": "./../setup-openwebui/cluster-secret-store.yaml",
            "id": "edd9f61d68abd9418c4761bc8b62b4c1637cea29",
            "sensitive_content": null,
            "source": null
          },
          "sensitive_attributes": [
            [
              {
                "type": "get_attr",
                "value": "sensitive_content"
              }
            ]
          ],
          "identity_schema_version": 0
        }
      ]
    },
    {
      "mode": "managed",
      "type": "local_file",
      "name": "setup_gpu",
      "provider": "provider[\"registry.terraform.io/hashicorp/local\"]",
      "instances": [
        {
          "schema_version": 0,
          "attributes": {
            "content": "---\napiVersion: eks.amazonaws.com/v1\nkind: NodeClass\nmetadata:\n  name: gpu-nodeclass\nspec:\n  role: automode-cluster-eks-auto-20250523080440398700000006\n  subnetSelectorTerms:\n    - tags:\n        karpenter.sh/discovery: \"automode-demo\"\n  securityGroupSelectorTerms:\n    - tags:\n        aws:eks:cluster-name: automode-cluster\n  tags:\n    karpenter.sh/discovery: \"automode-demo\"\n---\napiVersion: karpenter.sh/v1\nkind: NodePool\nmetadata:\n  name: gpu-nodepool\nspec:\n  template:\n    spec:\n      nodeClassRef:\n        group: eks.amazonaws.com\n        kind: NodeClass\n        name: gpu-nodeclass\n      requirements:\n        - key: \"eks.amazonaws.com/instance-family\"\n          operator: In\n          values: [\"g5\"]\n        - key: \"eks.amazonaws.com/instance-size\"\n          operator: In\n          values: [ \"2xlarge\", \"4xlarge\", \"8xlarge\", \"12xlarge\", \"24xlarge\", \"48xlarge\" ]\n        - key: \"karpenter.sh/capacity-type\"\n          operator: In\n          values: [\"spot\", \"on-demand\"]\n      taints:\n        - key: \"nvidia.com/gpu\"\n          value: \"true\"\n          effect: NoSchedule\n  limits:\n    cpu: 1000\n  disruption:\n    consolidationPolicy: WhenEmpty\n    consolidateAfter: 30s\n",
            "content_base64": null,
            "content_base64sha256": "T5vs4Ppfl3FOfcXxN/Uzx1S8YIYMntcCcI3j+YezNfw=",
            "content_base64sha512": "IXr3SE3I7lp5TRYOFQMoPwRXs1NchAK3IXAmNXqt1N9gK/xytxlcdhPJ7hali6zjAT8iVRejPDbh/EEwPMJibw==",
            "content_md5": "8d9e2d55ecfeb65445922151121429e8",
            "content_sha1": "b0adff2c1094fb309ef81d834c3bae68cc25aced",
            "content_sha256": "4f9bece0fa5f97714e7dc5f137f533c754bc60860c9ed702708de3f987b335fc",
            "content_sha512": "217af7484dc8ee5a794d160e1503283f0457b3535c8402b7217026357aadd4df602bfc72b7195c7613c9ee16a58bace3013f225517a33c36e1fc41303cc2626f",
            "directory_permission": "0777",
            "file_permission": "0777",
            "filename": "./../nodepools/gpu-nodepool.yaml",
            "id": "b0adff2c1094fb309ef81d834c3bae68cc25aced",
            "sensitive_content": null,
            "source": null
          },
          "sensitive_attributes": [
            [
              {
                "type": "get_attr",
                "value": "sensitive_content"
              }
            ]
          ],
          "identity_schema_version": 0,
          "dependencies": [
            "data.aws_availability_zones.available",
            "module.eks.aws_cloudwatch_log_group.this",
            "module.eks.aws_eks_access_entry.this",
            "module.eks.aws_eks_access_policy_association.this",
            "module.eks.aws_eks_cluster.this",
            "module.eks.aws_iam_policy.cni_ipv6_policy",
            "module.eks.aws_iam_role.eks_auto",
            "module.eks.aws_iam_role.this",
            "module.eks.aws_iam_role_policy_attachment.this",
            "module.eks.aws_security_group.cluster",
            "module.eks.aws_security_group.node",
            "module.eks.aws_security_group_rule.cluster",
            "module.eks.aws_security_group_rule.node",
            "module.eks.data.aws_caller_identity.current",
            "module.eks.data.aws_iam_policy_document.assume_role_policy",
            "module.eks.data.aws_iam_policy_document.cni_ipv6_policy",
            "module.eks.data.aws_iam_policy_document.node_assume_role_policy",
            "module.eks.data.aws_iam_session_context.current",
            "module.eks.data.aws_partition.current",
            "module.eks.module.kms.aws_kms_external_key.this",
            "module.eks.module.kms.aws_kms_key.this",
            "module.eks.module.kms.aws_kms_replica_external_key.this",
            "module.eks.module.kms.aws_kms_replica_key.this",
            "module.eks.module.kms.data.aws_caller_identity.current",
            "module.eks.module.kms.data.aws_iam_policy_document.this",
            "module.eks.module.kms.data.aws_partition.current",
            "module.vpc.aws_subnet.private",
            "module.vpc.aws_vpc.this",
            "module.vpc.aws_vpc_ipv4_cidr_block_association.this"
          ]
        }
      ]
    },
    {
      "mode": "managed",
      "type": "local_file",
      "name": "setup_graviton",
      "provider": "provider[\"registry.terraform.io/hashicorp/local\"]",
      "instances": [
        {
          "schema_version": 0,
          "attributes": {
            "content": "---\napiVersion: eks.amazonaws.com/v1\nkind: NodeClass\nmetadata:\n  name: graviton-nodeclass\nspec:\n  role: automode-cluster-eks-auto-20250523080440398700000006\n  subnetSelectorTerms:\n    - tags:\n        karpenter.sh/discovery: \"automode-demo\"\n  securityGroupSelectorTerms:\n    - tags:\n        aws:eks:cluster-name: automode-cluster\n  tags:\n    karpenter.sh/discovery: \"automode-demo\"\n---\napiVersion: karpenter.sh/v1\nkind: NodePool\nmetadata:\n  name: graviton-nodepool\nspec:\n  template:\n    spec:\n      nodeClassRef:\n        group: eks.amazonaws.com\n        kind: NodeClass\n        name: graviton-nodeclass\n      requirements:\n        - key: \"eks.amazonaws.com/instance-category\"\n          operator: In\n          values: [\"c\", \"m\", \"r\"]\n        - key: \"eks.amazonaws.com/instance-cpu\"\n          operator: In\n          values: [\"4\", \"8\", \"16\", \"32\"]\n        - key: \"kubernetes.io/arch\"\n          operator: In\n          values: [\"arm64\"]\n      taints:\n        - key: \"arm64\"\n          value: \"true\"\n          effect: \"NoSchedule\"\n  limits:\n    cpu: 1000\n  disruption:\n    consolidationPolicy: WhenEmpty\n    consolidateAfter: 30s\n",
            "content_base64": null,
            "content_base64sha256": "FET7jYYX3yYOzD8l/fY3elud6qb2uCmPlSIxTsPM6VM=",
            "content_base64sha512": "cUCmYtKkN88OMzGgV6jZceRvoyOmNc/yHC+TlbCPuONDa/kzAjdLmW7Yrl4KBpDYYqGx6SvGK1pZVNOQ6J8tEg==",
            "content_md5": "c0d52d2c8f66e8c6c193964a5126fd41",
            "content_sha1": "f4654bff1d1aef8ed456af7b78f8671b558eb76d",
            "content_sha256": "1444fb8d8617df260ecc3f25fdf6377a5b9deaa6f6b8298f9522314ec3cce953",
            "content_sha512": "7140a662d2a437cf0e3331a057a8d971e46fa323a635cff21c2f9395b08fb8e3436bf93302374b996ed8ae5e0a0690d862a1b1e92bc62b5a5954d390e89f2d12",
            "directory_permission": "0777",
            "file_permission": "0777",
            "filename": "./../nodepools/graviton-nodepool.yaml",
            "id": "f4654bff1d1aef8ed456af7b78f8671b558eb76d",
            "sensitive_content": null,
            "source": null
          },
          "sensitive_attributes": [
            [
              {
                "type": "get_attr",
                "value": "sensitive_content"
              }
            ]
          ],
          "identity_schema_version": 0,
          "dependencies": [
            "data.aws_availability_zones.available",
            "module.eks.aws_cloudwatch_log_group.this",
            "module.eks.aws_eks_access_entry.this",
            "module.eks.aws_eks_access_policy_association.this",
            "module.eks.aws_eks_cluster.this",
            "module.eks.aws_iam_policy.cni_ipv6_policy",
            "module.eks.aws_iam_role.eks_auto",
            "module.eks.aws_iam_role.this",
            "module.eks.aws_iam_role_policy_attachment.this",
            "module.eks.aws_security_group.cluster",
            "module.eks.aws_security_group.node",
            "module.eks.aws_security_group_rule.cluster",
            "module.eks.aws_security_group_rule.node",
            "module.eks.data.aws_caller_identity.current",
            "module.eks.data.aws_iam_policy_document.assume_role_policy",
            "module.eks.data.aws_iam_policy_document.cni_ipv6_policy",
            "module.eks.data.aws_iam_policy_document.node_assume_role_policy",
            "module.eks.data.aws_iam_session_context.current",
            "module.eks.data.aws_partition.current",
            "module.eks.module.kms.aws_kms_external_key.this",
            "module.eks.module.kms.aws_kms_key.this",
            "module.eks.module.kms.aws_kms_replica_external_key.this",
            "module.eks.module.kms.aws_kms_replica_key.this",
            "module.eks.module.kms.data.aws_caller_identity.current",
            "module.eks.module.kms.data.aws_iam_policy_document.this",
            "module.eks.module.kms.data.aws_partition.current",
            "module.vpc.aws_subnet.private",
            "module.vpc.aws_vpc.this",
            "module.vpc.aws_vpc_ipv4_cidr_block_association.this"
          ]
        }
      ]
    },
    {
      "mode": "managed",
      "type": "local_file",
      "name": "setup_litellm_configmap",
      "provider": "provider[\"registry.terraform.io/hashicorp/local\"]",
      "instances": [
        {
          "schema_version": 0,
          "attributes": {
            "content": "apiVersion: v1\nkind: ConfigMap\nmetadata:\n  name: litellm-config\n  namespace: litellm\ndata:\n  config.yaml: |\n    model_list:\n      # LiteLLM Model Configuration\n      # Add your models here. Each model needs a name and configuration.\n      # For Azure models, use environment variables for API keys (e.g., os.environ/AZURE_GPT_4O_API_KEY)\n\n      # Example: Local vLLM model (already running in the cluster)\n      - model_name: deepseek\n        litellm_params:\n          model: openai/deepseek-ai/DeepSeek-R1-Distill-Qwen-32B\n          api_base: \"http://vllm-service.vllm-inference.svc.cluster.local:8000/v1\"\n          api_key: os.environ/DUMMY_API_KEY\n          num_retries: 3\n\n      # Example: Azure OpenAI Models\n\n      - model_name: gpt-4o\n        litellm_params:\n          model: azure/gpt-4o\n          api_base: https://openai-q2ifd2wgmoexo.openai.azure.com\n          api_version: \"2025-01-01-preview\"\n          api_key: os.environ/AZURE_GPT_4O_API_KEY\n\n      - model_name: gpt-4.1\n        litellm_params:\n          model: azure/gpt-4.1\n          api_base: https://openai-q2ifd2wgmoexo.openai.azure.com\n          api_version: \"2025-01-01-preview\"\n          api_key: os.environ/AZURE_GPT_41_API_KEY\n\n      - model_name: gpt-4o-mini\n        litellm_params:\n          model: azure/gpt-4o-mini\n          api_base: https://openai-q2ifd2wgmoexo.openai.azure.com\n          api_version: \"2025-01-01-preview\"\n          api_key: os.environ/AZURE_GPT_4O_MINI_API_KEY\n\n      - model_name: text-embedding-3-large\n        litellm_params:\n          model: azure/text-embedding-3-large\n          api_base: https://openai-q2ifd2wgmoexo.openai.azure.com\n          api_version: \"2023-05-15\"\n          api_key: os.environ/AZURE_TEXT_EMBEDDING_3_LARGE_API_KEY\n\n      - model_name: text-embedding-3-small\n        litellm_params:\n          model: azure/text-embedding-3-small\n          api_base: https://openai-q2ifd2wgmoexo.openai.azure.com\n          api_version: \"2023-05-15\"\n          api_key: os.environ/AZURE_TEXT_EMBEDDING_3_SMALL_API_KEY\n\n      - model_name: whisper\n        litellm_params:\n          model: azure/whisper\n          api_base: https://openai-q2ifd2wgmoexo.openai.azure.com\n          api_version: \"2024-06-01\"\n          api_key: os.environ/AZURE_WHISPER_API_KEY\n\n      - model_name: gpt-4o-mini-transcribe\n        litellm_params:\n          model: azure/gpt-4o-mini-transcribe\n          api_base: https://openai-q2ifd2wgmoexo.openai.azure.com\n          api_version: \"2025-03-01-preview\"\n          api_key: os.environ/AZURE_GPT_4O_MINI_TRANSCRIBE_API_KEY\n\n      - model_name: gpt-4o-transcribe\n        litellm_params:\n          model: azure/gpt-4o-transcribe\n          api_base: https://openai-q2ifd2wgmoexo.openai.azure.com\n          api_version: \"2025-03-01-preview\"\n          api_key: os.environ/AZURE_GPT_4O_TRANSCRIBE_API_KEY\n\n      - model_name: gpt-image-1\n        litellm_params:\n          model: azure/gpt-image-1\n          api_base: https://openai-itdd.openai.azure.com/\n          api_version: \"2025-04-01-preview\"\n          api_key: os.environ/AZURE_GPT_IMAGE_1_API_KEY\n\n      - model_name: dall-e-3\n        litellm_params:\n          model: azure/dall-e-3\n          api_base: https://aulia-m3odnaiy-eastus.cognitiveservices.azure.com\n          api_version: \"2024-02-01\"\n          api_key: os.environ/AZURE_DALL_E_3_API_KEY\n\n      # Example: Azure AI Models\n\n      - model_name: Llama-3-2-90B-Vision-GAR\n        litellm_params:\n          model: azure_ai/Llama-3.2-90B-Vision-Instruct\n          api_base: https://Llama-3-2-90B-Vision-GAR.southcentralus.models.ai.azure.com\n          api_key: os.environ/AZURE_AI_LLAMA_3_2_90B_VISION_API_KEY\n\n      - model_name: DeepSeek-R1-GAR\n        litellm_params:\n          model: azure_ai/deepseek-r1\n          api_base: https://DeepSeek-R1-GAR.southcentralus.models.ai.azure.com\n          api_key: os.environ/AZURE_AI_DEEPSEEK_R1_API_KEY\n\n      - model_name: MAI-DS-R1\n        litellm_params:\n          model: azure_ai/MAI-DS-R1\n          api_base: https://MAI-DS-R1.southcentralus.models.ai.azure.com\n          api_key: os.environ/AZURE_AI_MAI_DS_R1_API_KEY\n\n      - model_name: DeepSeek-V3-0324-GAR\n        litellm_params:\n          model: azure_ai/deepseek-v3-0324\n          api_base: https://DeepSeek-V3-0324-GAR.southcentralus.models.ai.azure.com\n          api_key: os.environ/AZURE_AI_DEEPSEEK_V3_0324_API_KEY\n\n      - model_name: Phi-4-multimodal-instruct\n        litellm_params:\n          model: azure_ai/Phi-4-multimodal-instruct\n          api_base: https://Phi-4-multimodal-instruct.southcentralus.models.ai.azure.com\n          api_key: os.environ/AZURE_AI_PHI_4_MULTIMODAL_API_KEY\n          max_tokens: 4096\n          temperature: 0.1\n\n\n    litellm_settings:\n      success_callback: [\"redis\"]\n      cache: true\n      cache_params:\n        type: \"redis\"\n        host: \"master.automode-cluster-litellm-redis.tdph7g.apse3.cache.amazonaws.com\"\n        port: 6379\n        password: \"hvhiMCv91VcTgDDJwT\"\n        ssl: true\n        ssl_certfile: null\n        ssl_keyfile: null\n        ssl_ca_certs: null\n\n    general_settings:\n      # master_key and database_url will be set via environment variables\n      disable_spend_logs: false\n      disable_usage_tracking: false\n      disable_telemetry: true\n      routing_strategy: \"simple-shuffle\"\n      num_retries: 3\n      allowed_origins: [\"*\"]\n",
            "content_base64": null,
            "content_base64sha256": "CkflSfrLWZoMQCYnb/6MeBy9ibDDeFs+wOqNb34sgAY=",
            "content_base64sha512": "UojBNr2CPBrEFARw7gZC5cJhn2BunWfQhpRsCoM0oSlwKnF+v0b4yH1oCJ6i2fFXc/xGPDIW2IzP2Eeeg2zuqg==",
            "content_md5": "a6df09e0c5fb26f22d55f3a8447b3de6",
            "content_sha1": "911036a0e34afc6efd1866c52b99cdfd9d2f5c7c",
            "content_sha256": "0a47e549facb599a0c4026276ffe8c781cbd89b0c3785b3ec0ea8d6f7e2c8006",
            "content_sha512": "5288c136bd823c1ac4140470ee0642e5c2619f606e9d67d086946c0a8334a129702a717ebf46f8c87d68089ea2d9f15773fc463c3216d88ccfd8479e836ceeaa",
            "directory_permission": "0777",
            "file_permission": "0777",
            "filename": "./../setup-litellm/configmap.yaml",
            "id": "911036a0e34afc6efd1866c52b99cdfd9d2f5c7c",
            "sensitive_content": null,
            "source": null
          },
          "sensitive_attributes": [
            [
              {
                "type": "get_attr",
                "value": "content"
              }
            ],
            [
              {
                "type": "get_attr",
                "value": "sensitive_content"
              }
            ]
          ],
          "identity_schema_version": 0,
          "dependencies": [
            "aws_elasticache_parameter_group.litellm_redis_parameter_group",
            "aws_elasticache_replication_group.litellm_redis",
            "aws_elasticache_subnet_group.litellm_redis_subnet_group",
            "aws_security_group.litellm_redis_sg",
            "data.aws_availability_zones.available",
            "module.vpc.aws_subnet.private",
            "module.vpc.aws_vpc.this",
            "module.vpc.aws_vpc_ipv4_cidr_block_association.this",
            "random_password.litellm_redis_password"
          ]
        }
      ]
    },
    {
      "mode": "managed",
      "type": "local_file",
      "name": "setup_litellm_secret",
      "provider": "provider[\"registry.terraform.io/hashicorp/local\"]",
      "instances": [
        {
          "schema_version": 0,
          "attributes": {
            "content": "apiVersion: external-secrets.io/v1\nkind: ExternalSecret\nmetadata:\n  name: litellm-db-credentials\n  namespace: litellm\nspec:\n  refreshInterval: \"15m\"\n  secretStoreRef:\n    name: aws-secretsmanager\n    kind: ClusterSecretStore\n  target:\n    name: litellm-db-credentials\n    creationPolicy: Owner\n  data:\n  - secretKey: url\n    remoteRef:\n      key: \"automode-cluster-litellm-db-connection-20250526100642622500000007\"\n      property: connectionString\n\n---\napiVersion: external-secrets.io/v1\nkind: ExternalSecret\nmetadata:\n  name: litellm-master-salt\n  namespace: litellm\nspec:\n  refreshInterval: \"15m\"\n  secretStoreRef:\n    name: aws-secretsmanager\n    kind: ClusterSecretStore\n  target:\n    name: litellm-master-salt\n    creationPolicy: Owner\n  data:\n  - secretKey: LITELLM_MASTER_KEY\n    remoteRef:\n      key: \"automode-cluster-litellm-master-salt-20250526100642621700000001\"\n      property: LITELLM_MASTER_KEY\n  - secretKey: LITELLM_SALT_KEY\n    remoteRef:\n      key: \"automode-cluster-litellm-master-salt-20250526100642621700000001\"\n      property: LITELLM_SALT_KEY\n\n---\napiVersion: external-secrets.io/v1\nkind: ExternalSecret\nmetadata:\n  name: litellm-api-keys\n  namespace: litellm\nspec:\n  refreshInterval: \"15m\"\n  secretStoreRef:\n    name: aws-secretsmanager\n    kind: ClusterSecretStore\n  target:\n    name: litellm-api-keys\n    creationPolicy: Owner\n  # Use dataFrom to pull all key-value pairs from the secret\n  dataFrom:\n  - extract:\n      key: \"automode-cluster-litellm-api-keys-20250526100642622300000005\"\n",
            "content_base64": null,
            "content_base64sha256": "2+b4opNXufd2dZXOsl83ulUTwpeDea+N6SDu5d/WUbk=",
            "content_base64sha512": "p07t2A0kS0RnX1Bjs7NHhjxFJghQLNsnWacoxZ79ecBjtPhVdZs9Rr0176ldo9VYflu/2/NDIl0G/xEmSKAXLA==",
            "content_md5": "3879599fdf35ad42b8645c4c97fe2146",
            "content_sha1": "12ae57b491f2f4c161ec3028aa8186c3374114eb",
            "content_sha256": "dbe6f8a29357b9f7767595ceb25f37ba5513c2978379af8de920eee5dfd651b9",
            "content_sha512": "a74eedd80d244b44675f5063b3b347863c452608502cdb2759a728c59efd79c063b4f855759b3d46bd35efa95da3d5587e5bbfdbf343225d06ff112648a0172c",
            "directory_permission": "0777",
            "file_permission": "0777",
            "filename": "./../setup-litellm/secret.yaml",
            "id": "12ae57b491f2f4c161ec3028aa8186c3374114eb",
            "sensitive_content": null,
            "source": null
          },
          "sensitive_attributes": [
            [
              {
                "type": "get_attr",
                "value": "sensitive_content"
              }
            ]
          ],
          "identity_schema_version": 0,
          "dependencies": [
            "aws_secretsmanager_secret.litellm_api_keys",
            "aws_secretsmanager_secret.litellm_db_connection_string",
            "aws_secretsmanager_secret.litellm_master_salt"
          ]
        }
      ]
    },
    {
      "mode": "managed",
      "type": "local_file",
      "name": "setup_neuron",
      "provider": "provider[\"registry.terraform.io/hashicorp/local\"]",
      "instances": [
        {
          "schema_version": 0,
          "attributes": {
            "content": "---\napiVersion: eks.amazonaws.com/v1\nkind: NodeClass\nmetadata:\n  name: neuron-nodeclass\nspec:\n  role: automode-cluster-eks-auto-20250523080440398700000006\n  subnetSelectorTerms:\n    - tags:\n        karpenter.sh/discovery: \"automode-demo\"\n  securityGroupSelectorTerms:\n    - tags:\n        aws:eks:cluster-name: automode-cluster\n  tags:\n    karpenter.sh/discovery: \"automode-demo\"\n---\napiVersion: karpenter.sh/v1\nkind: NodePool\nmetadata:\n  name: neuron-nodepool\nspec:\n  template:\n    spec:\n      nodeClassRef:\n        group: eks.amazonaws.com\n        kind: NodeClass\n        name: neuron-nodeclass\n      requirements:\n        - key: \"eks.amazonaws.com/instance-family\"\n          operator: In\n          values: [\"inf2\"]\n        - key: \"karpenter.sh/capacity-type\"\n          operator: In\n          values: [\"spot\", \"on-demand\"]\n      taints:\n        - key: \"aws.amazon.com/neuron\"\n          value: \"true\"\n          effect: NoSchedule\n  limits:\n    cpu: 1000\n  disruption:\n    consolidationPolicy: WhenEmpty\n    consolidateAfter: 30s\n",
            "content_base64": null,
            "content_base64sha256": "ODom3hqrn21gvalFrGsj0v2p7SK7YeQQFzODh959dBI=",
            "content_base64sha512": "MCEEncWz1PY2CJyAFxfjEwwqlZsChmR92n6YKcqVOu4yy6j7a1bKl4GEiOTHA/nE27ktCDZqsbxn3vHg2g9euA==",
            "content_md5": "bd716693e90e0c221f0e34aeec04900e",
            "content_sha1": "be4f0a59d3aa05a9504ec81133f979594b306743",
            "content_sha256": "383a26de1aab9f6d60bda945ac6b23d2fda9ed22bb61e41017338387de7d7412",
            "content_sha512": "3021049dc5b3d4f636089c801717e3130c2a959b0286647dda7e9829ca953aee32cba8fb6b56ca97818488e4c703f9c4dbb92d08366ab1bc67def1e0da0f5eb8",
            "directory_permission": "0777",
            "file_permission": "0777",
            "filename": "./../nodepools/neuron-nodepool.yaml",
            "id": "be4f0a59d3aa05a9504ec81133f979594b306743",
            "sensitive_content": null,
            "source": null
          },
          "sensitive_attributes": [
            [
              {
                "type": "get_attr",
                "value": "sensitive_content"
              }
            ]
          ],
          "identity_schema_version": 0,
          "dependencies": [
            "data.aws_availability_zones.available",
            "module.eks.aws_cloudwatch_log_group.this",
            "module.eks.aws_eks_access_entry.this",
            "module.eks.aws_eks_access_policy_association.this",
            "module.eks.aws_eks_cluster.this",
            "module.eks.aws_iam_policy.cni_ipv6_policy",
            "module.eks.aws_iam_role.eks_auto",
            "module.eks.aws_iam_role.this",
            "module.eks.aws_iam_role_policy_attachment.this",
            "module.eks.aws_security_group.cluster",
            "module.eks.aws_security_group.node",
            "module.eks.aws_security_group_rule.cluster",
            "module.eks.aws_security_group_rule.node",
            "module.eks.data.aws_caller_identity.current",
            "module.eks.data.aws_iam_policy_document.assume_role_policy",
            "module.eks.data.aws_iam_policy_document.cni_ipv6_policy",
            "module.eks.data.aws_iam_policy_document.node_assume_role_policy",
            "module.eks.data.aws_iam_session_context.current",
            "module.eks.data.aws_partition.current",
            "module.eks.module.kms.aws_kms_external_key.this",
            "module.eks.module.kms.aws_kms_key.this",
            "module.eks.module.kms.aws_kms_replica_external_key.this",
            "module.eks.module.kms.aws_kms_replica_key.this",
            "module.eks.module.kms.data.aws_caller_identity.current",
            "module.eks.module.kms.data.aws_iam_policy_document.this",
            "module.eks.module.kms.data.aws_partition.current",
            "module.vpc.aws_subnet.private",
            "module.vpc.aws_vpc.this",
            "module.vpc.aws_vpc_ipv4_cidr_block_association.this"
          ]
        }
      ]
    },
    {
      "mode": "managed",
      "type": "local_file",
      "name": "setup_openwebui_secret",
      "provider": "provider[\"registry.terraform.io/hashicorp/local\"]",
      "instances": [
        {
          "schema_version": 0,
          "attributes": {
            "content": "apiVersion: external-secrets.io/v1\nkind: ExternalSecret\nmetadata:\n  name: postgres-external-secret\n  namespace: vllm-inference\nspec:\n  refreshInterval: \"15m\"\n  secretStoreRef:\n    name: aws-secretsmanager\n    kind: ClusterSecretStore\n  target:\n    name: openwebui-db-credentials\n    creationPolicy: Owner\n  data:\n  - secretKey: url\n    remoteRef:\n      key: \"automode-cluster-db-connection-20250523080440397500000003\"\n      property: connectionString\n",
            "content_base64": null,
            "content_base64sha256": "ycI9Q4Z/Crhp8h/vDTJZQJ0ZUADftCE/2GLbXwNOhO8=",
            "content_base64sha512": "wc4TWnaMZ297exe8pkzHHJA39vhJfH154dIaPIwimmvez+ImXovH7nNMQp5bJRrDedLGIXb7knCee6hXWYBDPw==",
            "content_md5": "8077c146307c5341d4e49022198ae008",
            "content_sha1": "02460ddc9bc16df2f6acedd6b903773521f5eb3c",
            "content_sha256": "c9c23d43867f0ab869f21fef0d3259409d195000dfb4213fd862db5f034e84ef",
            "content_sha512": "c1ce135a768c676f7b7b17bca64cc71c9037f6f8497c7d79e1d21a3c8c229a6bdecfe2265e8bc7ee734c429e5b251ac379d2c62176fb92709e7ba8575980433f",
            "directory_permission": "0777",
            "file_permission": "0777",
            "filename": "./../setup-openwebui/secret.yaml",
            "id": "02460ddc9bc16df2f6acedd6b903773521f5eb3c",
            "sensitive_content": null,
            "source": null
          },
          "sensitive_attributes": [
            [
              {
                "type": "get_attr",
                "value": "sensitive_content"
              }
            ]
          ],
          "identity_schema_version": 0,
          "dependencies": [
            "aws_secretsmanager_secret.db_connection_string"
          ]
        }
      ]
    },
    {
      "mode": "managed",
      "type": "local_file",
      "name": "setup_openwebui_values",
      "provider": "provider[\"registry.terraform.io/hashicorp/local\"]",
      "instances": [
        {
          "schema_version": 0,
          "attributes": {
            "content": "# Open WebUI Helm Chart Values\n\n# Configure persistence to use S3\npersistence:\n  enabled: true\n  provider: \"s3\"\n  s3:\n    bucket: \"automode-cluster-openwebui-docs-20250523080440402100000007\"\n    region: \"ap-southeast-3\"\n    endpointUrl: \"https://s3.ap-southeast-3.amazonaws.com\"\n\n# Configure service account for Pod Identity\nserviceAccount:\n  enable: true\n  name: \"open-webui-pia\"  # Must match the service_account in the Pod Identity association\n\n# Configure environment variables\nextraEnvVars:\n  # Database configuration for PostgreSQL with pg_vector\n  - name: \"DATABASE_URL\"\n    valueFrom:\n      secretKeyRef:\n        name: \"openwebui-db-credentials\"\n        key: \"url\"\n  - name: \"VECTOR_DB\"\n    value: \"pgvector\"\n  \n\nopenaiBaseApiUrls: [\"http://vllm-service/v1\"]\n\n# Disable the embedded Ollama chart\nollama:\n  enabled: false\n",
            "content_base64": null,
            "content_base64sha256": "YPN+4pE96yLj7oemxVSMqyqCT7IEAei9iORugzmI/EU=",
            "content_base64sha512": "8jgbpI27cKxSp59LWV/c3c8tLao/rxhWDKySThcKdcru+TMs+dosV6x8Q7wl9bc2V22QAo2FcQ1RWXf79tp/uw==",
            "content_md5": "78664c7149471e65ab7b0b8400edf3ef",
            "content_sha1": "534ac7e3562606d58455ad30f7f3cef9e61613fa",
            "content_sha256": "60f37ee2913deb22e3ee87a6c5548cab2a824fb20401e8bd88e46e833988fc45",
            "content_sha512": "f2381ba48dbb70ac52a79f4b595fdcddcf2d2daa3faf18560cac924e170a75caeef9332cf9da2c57ac7c43bc25f5b736576d90028d85710d515977fbf6da7fbb",
            "directory_permission": "0777",
            "file_permission": "0777",
            "filename": "./../setup-openwebui/values.yaml",
            "id": "534ac7e3562606d58455ad30f7f3cef9e61613fa",
            "sensitive_content": null,
            "source": null
          },
          "sensitive_attributes": [
            [
              {
                "type": "get_attr",
                "value": "sensitive_content"
              }
            ]
          ],
          "identity_schema_version": 0,
          "dependencies": [
            "aws_db_instance.postgres",
            "aws_db_parameter_group.postgres_vector",
            "aws_db_subnet_group.rds",
            "aws_iam_role.rds_enhanced_monitoring",
            "aws_s3_bucket.openwebui_docs",
            "aws_security_group.rds",
            "data.aws_availability_zones.available",
            "module.vpc.aws_subnet.private",
            "module.vpc.aws_vpc.this",
            "module.vpc.aws_vpc_ipv4_cidr_block_association.this",
            "random_password.postgres"
          ]
        }
      ]
    },
    {
      "mode": "managed",
      "type": "local_file",
      "name": "setup_pgvector_job",
      "provider": "provider[\"registry.terraform.io/hashicorp/local\"]",
      "instances": [
        {
          "schema_version": 0,
          "attributes": {
            "content": "apiVersion: batch/v1\nkind: Job\nmetadata:\n  name: pgvector-setup\n  namespace: vllm-inference\nspec:\n  ttlSecondsAfterFinished: 100\n  template:\n    spec:\n      containers:\n      - name: pgvector-setup\n        image: postgres:15\n        env:\n        - name: DB_URL\n          valueFrom:\n            secretKeyRef:\n              name: openwebui-db-credentials\n              key: url\n        command:\n        - /bin/bash\n        - -c\n        - |\n          set -e  # Exit immediately if a command exits with a non-zero status\n          \n          echo \"=== [$(date)] STARTING PGVECTOR SETUP ===\"\n          echo \"Waiting for PostgreSQL to be ready...\"\n          sleep 10\n          \n          # Parse the connection string to get components\n          DB_HOST=$(echo $DB_URL | sed -n 's/.*@\\([^:]*\\).*/\\1/p')\n          DB_PORT=$(echo $DB_URL | sed -n 's/.*:\\([0-9]*\\)\\/.*/\\1/p')\n          DB_NAME=$(echo $DB_URL | sed -n 's/.*\\/\\([^?]*\\).*/\\1/p')\n          DB_USER=$(echo $DB_URL | sed -n 's/.*:\\/\\/\\([^:]*\\):.*/\\1/p')\n          DB_PASS=$(echo $DB_URL | sed -n 's/.*:\\/\\/[^:]*:\\([^@]*\\).*/\\1/p')\n          \n          echo \"=== [$(date)] CONNECTING TO POSTGRESQL ===\"\n          echo \"Host: $DB_HOST\"\n          echo \"Port: $DB_PORT\"\n          echo \"Database: $DB_NAME\"\n          \n          # Test connection first\n          if ! PGPASSWORD=\"$DB_PASS\" psql -h $DB_HOST -p $DB_PORT -U $DB_USER -d $DB_NAME -c \"SELECT 1\" \u003e /dev/null 2\u003e\u00261; then\n            echo \"=== [$(date)] ERROR: FAILED TO CONNECT TO POSTGRESQL ===\"\n            echo \"Please check that the RDS instance is running and accessible from the EKS cluster.\"\n            exit 1\n          fi\n          \n          echo \"=== [$(date)] CONNECTION SUCCESSFUL ===\"\n          echo \"Creating pgvector extension...\"\n          \n          # Create the extension\n          if PGPASSWORD=\"$DB_PASS\" psql -h $DB_HOST -p $DB_PORT -U $DB_USER -d $DB_NAME -c \"CREATE EXTENSION IF NOT EXISTS vector;\"; then\n            echo \"=== [$(date)] PGVECTOR EXTENSION CREATED SUCCESSFULLY ===\"\n          else\n            echo \"=== [$(date)] ERROR: FAILED TO CREATE PGVECTOR EXTENSION ===\"\n            exit 1\n          fi\n          \n          # Verify the extension\n          echo \"=== [$(date)] VERIFYING PGVECTOR EXTENSION ===\"\n          if PGPASSWORD=\"$DB_PASS\" psql -h $DB_HOST -p $DB_PORT -U $DB_USER -d $DB_NAME -c \"SELECT extname, extversion FROM pg_extension WHERE extname = 'vector';\"; then\n            echo \"=== [$(date)] VERIFICATION SUCCESSFUL ===\"\n            echo \"=== [$(date)] PGVECTOR SETUP COMPLETED SUCCESSFULLY ===\"\n          else\n            echo \"=== [$(date)] ERROR: VERIFICATION FAILED ===\"\n            exit 1\n          fi\n      restartPolicy: Never\n  backoffLimit: 4\n",
            "content_base64": null,
            "content_base64sha256": "QsW4j/JXmD3wLgwfsvLdZd3nTRcVWViNI3qtOO+VVPk=",
            "content_base64sha512": "xHJ5R2mpYeNAHMwsqpamEYo+uoOGM9L9KhPsZwVLLr08zgbGJnNeVhlhQlWlxO4EQabPXJKmXrCrUH8YIrNeKQ==",
            "content_md5": "749fc200308c995f0a0a5ea740aa576e",
            "content_sha1": "76bd9bbcf5c5cd44aefba64f3b96dd4c0d4e43b8",
            "content_sha256": "42c5b88ff257983df02e0c1fb2f2dd65dde74d171559588d237aad38ef9554f9",
            "content_sha512": "c472794769a961e3401ccc2caa96a6118a3eba838633d2fd2a13ec67054b2ebd3cce06c626735e5619614255a5c4ee0441a6cf5c92a65eb0ab507f1822b35e29",
            "directory_permission": "0777",
            "file_permission": "0777",
            "filename": "./../setup-openwebui/pgvector-job.yaml",
            "id": "76bd9bbcf5c5cd44aefba64f3b96dd4c0d4e43b8",
            "sensitive_content": null,
            "source": null
          },
          "sensitive_attributes": [
            [
              {
                "type": "get_attr",
                "value": "sensitive_content"
              }
            ]
          ],
          "identity_schema_version": 0
        }
      ]
    },
    {
      "mode": "managed",
      "type": "local_file",
      "name": "setup_spot",
      "provider": "provider[\"registry.terraform.io/hashicorp/local\"]",
      "instances": [
        {
          "schema_version": 0,
          "attributes": {
            "content": "---\napiVersion: eks.amazonaws.com/v1\nkind: NodeClass\nmetadata:\n  name: spot-nodeclass\nspec:\n  role: automode-cluster-eks-auto-20250523080440398700000006\n  subnetSelectorTerms:\n    - tags:\n        karpenter.sh/discovery: \"automode-demo\"\n  securityGroupSelectorTerms:\n    - tags:\n        aws:eks:cluster-name: automode-cluster\n  tags:\n    karpenter.sh/discovery: \"automode-demo\"\n---\napiVersion: karpenter.sh/v1\nkind: NodePool\nmetadata:\n  name: spot-nodepool\nspec:\n  template:\n    spec:\n      nodeClassRef:\n        group: eks.amazonaws.com\n        kind: NodeClass\n        name: spot-nodeclass\n      requirements:\n        - key: \"eks.amazonaws.com/instance-category\"\n          operator: In\n          values: [\"c\", \"m\", \"r\"]\n        - key: \"eks.amazonaws.com/instance-cpu\"\n          operator: In\n          values: [\"4\", \"8\", \"16\", \"32\"]\n        - key: \"kubernetes.io/arch\"\n          operator: In\n          values: [\"arm64\"]\n        - key: \"karpenter.sh/capacity-type\"\n          operator: In\n          values: [\"spot\"]\n      taints:\n        - key: \"spot\"\n          value: \"true\"\n          effect: \"NoSchedule\"\n  limits:\n    cpu: 1000\n  disruption:\n    consolidationPolicy: WhenEmpty\n    consolidateAfter: 30s\n",
            "content_base64": null,
            "content_base64sha256": "s4YsiaN5HN+0lBGiEKXJY8s4gkPGLGWLAAK09nlNlKY=",
            "content_base64sha512": "Y6xNiRVkeeYWeTCIJq83p+Ge/oIdGrcbGDxQPHuAOQoIgPQ0LrF5Jc7ViwgAMXrAPic1YJTB0z8P1csldAh+ug==",
            "content_md5": "95a500af62db02149cf7d63773eb199f",
            "content_sha1": "8247fc60520078f7e022eb86de819e02b4c1a7be",
            "content_sha256": "b3862c89a3791cdfb49411a210a5c963cb388243c62c658b0002b4f6794d94a6",
            "content_sha512": "63ac4d89156479e61679308826af37a7e19efe821d1ab71b183c503c7b80390a0880f4342eb17925ced58b0800317ac03e27356094c1d33f0fd5cb2574087eba",
            "directory_permission": "0777",
            "file_permission": "0777",
            "filename": "./../nodepools/spot-nodepool.yaml",
            "id": "8247fc60520078f7e022eb86de819e02b4c1a7be",
            "sensitive_content": null,
            "source": null
          },
          "sensitive_attributes": [
            [
              {
                "type": "get_attr",
                "value": "sensitive_content"
              }
            ]
          ],
          "identity_schema_version": 0,
          "dependencies": [
            "data.aws_availability_zones.available",
            "module.eks.aws_cloudwatch_log_group.this",
            "module.eks.aws_eks_access_entry.this",
            "module.eks.aws_eks_access_policy_association.this",
            "module.eks.aws_eks_cluster.this",
            "module.eks.aws_iam_policy.cni_ipv6_policy",
            "module.eks.aws_iam_role.eks_auto",
            "module.eks.aws_iam_role.this",
            "module.eks.aws_iam_role_policy_attachment.this",
            "module.eks.aws_security_group.cluster",
            "module.eks.aws_security_group.node",
            "module.eks.aws_security_group_rule.cluster",
            "module.eks.aws_security_group_rule.node",
            "module.eks.data.aws_caller_identity.current",
            "module.eks.data.aws_iam_policy_document.assume_role_policy",
            "module.eks.data.aws_iam_policy_document.cni_ipv6_policy",
            "module.eks.data.aws_iam_policy_document.node_assume_role_policy",
            "module.eks.data.aws_iam_session_context.current",
            "module.eks.data.aws_partition.current",
            "module.eks.module.kms.aws_kms_external_key.this",
            "module.eks.module.kms.aws_kms_key.this",
            "module.eks.module.kms.aws_kms_replica_external_key.this",
            "module.eks.module.kms.aws_kms_replica_key.this",
            "module.eks.module.kms.data.aws_caller_identity.current",
            "module.eks.module.kms.data.aws_iam_policy_document.this",
            "module.eks.module.kms.data.aws_partition.current",
            "module.vpc.aws_subnet.private",
            "module.vpc.aws_vpc.this",
            "module.vpc.aws_vpc_ipv4_cidr_block_association.this"
          ]
        }
      ]
    },
    {
      "mode": "managed",
      "type": "null_resource",
      "name": "create_nodepools_dir",
      "provider": "provider[\"registry.terraform.io/hashicorp/null\"]",
      "instances": [
        {
          "schema_version": 0,
          "attributes": {
            "id": "6708205048019358373",
            "triggers": null
          },
          "sensitive_attributes": [],
          "identity_schema_version": 0
        }
      ]
    },
    {
      "mode": "managed",
      "type": "random_password",
      "name": "litellm_db_password",
      "provider": "provider[\"registry.terraform.io/hashicorp/random\"]",
      "instances": [
        {
          "schema_version": 3,
          "attributes": {
            "bcrypt_hash": "$2a$10$jpZ2NQzFVfTQwv.9GFShMeY2XMF94n3khz6gpYVg2i6DpL8OPDori",
            "id": "none",
            "keepers": null,
            "length": 16,
            "lower": true,
            "min_lower": 0,
            "min_numeric": 0,
            "min_special": 0,
            "min_upper": 0,
            "number": true,
            "numeric": true,
            "override_special": "!*-_",
            "result": "Gx_4RmD4V3lZ5n38",
            "special": true,
            "upper": true
          },
          "sensitive_attributes": [
            [
              {
                "type": "get_attr",
                "value": "bcrypt_hash"
              }
            ],
            [
              {
                "type": "get_attr",
                "value": "result"
              }
            ]
          ],
          "identity_schema_version": 0
        }
      ]
    },
    {
      "mode": "managed",
      "type": "random_password",
      "name": "litellm_master_key",
      "provider": "provider[\"registry.terraform.io/hashicorp/random\"]",
      "instances": [
        {
          "schema_version": 3,
          "attributes": {
            "bcrypt_hash": "$2a$10$1MZABnKfZdu7eJ2V1PpDee6/37ISj3hAo9092IcLVuwHIo.V/ABpK",
            "id": "none",
            "keepers": null,
            "length": 21,
            "lower": true,
            "min_lower": 0,
            "min_numeric": 0,
            "min_special": 0,
            "min_upper": 0,
            "number": true,
            "numeric": true,
            "override_special": null,
            "result": "O2vT2072FTi9UeSDcXSFq",
            "special": false,
            "upper": true
          },
          "sensitive_attributes": [
            [
              {
                "type": "get_attr",
                "value": "bcrypt_hash"
              }
            ],
            [
              {
                "type": "get_attr",
                "value": "result"
              }
            ]
          ],
          "identity_schema_version": 0
        }
      ]
    },
    {
      "mode": "managed",
      "type": "random_password",
      "name": "litellm_redis_password",
      "provider": "provider[\"registry.terraform.io/hashicorp/random\"]",
      "instances": [
        {
          "schema_version": 3,
          "attributes": {
            "bcrypt_hash": "$2a$10$dR75OXJBStsTdJlFY7ZAQO/6jfHYyQPmPjAkwuN/TwNyOt0mo/cbe",
            "id": "none",
            "keepers": null,
            "length": 18,
            "lower": true,
            "min_lower": 0,
            "min_numeric": 0,
            "min_special": 0,
            "min_upper": 0,
            "number": true,
            "numeric": true,
            "override_special": null,
            "result": "hvhiMCv91VcTgDDJwT",
            "special": false,
            "upper": true
          },
          "sensitive_attributes": [
            [
              {
                "type": "get_attr",
                "value": "bcrypt_hash"
              }
            ],
            [
              {
                "type": "get_attr",
                "value": "result"
              }
            ]
          ],
          "identity_schema_version": 0
        }
      ]
    },
    {
      "mode": "managed",
      "type": "random_password",
      "name": "litellm_salt_key",
      "provider": "provider[\"registry.terraform.io/hashicorp/random\"]",
      "instances": [
        {
          "schema_version": 3,
          "attributes": {
            "bcrypt_hash": "$2a$10$A5C99hUfjj15P1oSUwJMXOhGHOzBQtFXSRQ9SDt76QmUBbiudKIuu",
            "id": "none",
            "keepers": null,
            "length": 21,
            "lower": true,
            "min_lower": 0,
            "min_numeric": 0,
            "min_special": 0,
            "min_upper": 0,
            "number": true,
            "numeric": true,
            "override_special": null,
            "result": "VG8QFoWlRKqxW7iqJ6G7z",
            "special": false,
            "upper": true
          },
          "sensitive_attributes": [
            [
              {
                "type": "get_attr",
                "value": "bcrypt_hash"
              }
            ],
            [
              {
                "type": "get_attr",
                "value": "result"
              }
            ]
          ],
          "identity_schema_version": 0
        }
      ]
    },
    {
      "mode": "managed",
      "type": "random_password",
      "name": "postgres",
      "provider": "provider[\"registry.terraform.io/hashicorp/random\"]",
      "instances": [
        {
          "schema_version": 3,
          "attributes": {
            "bcrypt_hash": "$2a$10$IEZ9FUR319PKXpO98mRNuulohb1Ksi7mxbknQPoPPO/riCKHFzTB2",
            "id": "none",
            "keepers": null,
            "length": 16,
            "lower": true,
            "min_lower": 0,
            "min_numeric": 0,
            "min_special": 0,
            "min_upper": 0,
            "number": true,
            "numeric": true,
            "override_special": "!*-_",
            "result": "lbH9_94jmOkfYmM5",
            "special": true,
            "upper": true
          },
          "sensitive_attributes": [
            [
              {
                "type": "get_attr",
                "value": "bcrypt_hash"
              }
            ],
            [
              {
                "type": "get_attr",
                "value": "result"
              }
            ]
          ],
          "identity_schema_version": 0
        }
      ]
    },
    {
      "module": "module.eks",
      "mode": "data",
      "type": "aws_caller_identity",
      "name": "current",
      "provider": "provider[\"registry.terraform.io/hashicorp/aws\"]",
      "instances": [
        {
          "index_key": 0,
          "schema_version": 0,
          "attributes": {
            "account_id": "980921733825",
            "arn": "arn:aws:iam::980921733825:user/ihza_ops",
            "id": "980921733825",
            "user_id": "AIDA6IY352LA4F6X5OILI"
          },
          "sensitive_attributes": [],
          "identity_schema_version": 0
        }
      ]
    },
    {
      "module": "module.eks",
      "mode": "data",
      "type": "aws_iam_policy_document",
      "name": "assume_role_policy",
      "provider": "provider[\"registry.terraform.io/hashicorp/aws\"]",
      "instances": [
        {
          "index_key": 0,
          "schema_version": 0,
          "attributes": {
            "id": "2830595799",
            "json": "{\n  \"Version\": \"2012-10-17\",\n  \"Statement\": [\n    {\n      \"Sid\": \"EKSClusterAssumeRole\",\n      \"Effect\": \"Allow\",\n      \"Action\": [\n        \"sts:TagSession\",\n        \"sts:AssumeRole\"\n      ],\n      \"Principal\": {\n        \"Service\": \"eks.amazonaws.com\"\n      }\n    }\n  ]\n}",
            "minified_json": "{\"Version\":\"2012-10-17\",\"Statement\":[{\"Sid\":\"EKSClusterAssumeRole\",\"Effect\":\"Allow\",\"Action\":[\"sts:TagSession\",\"sts:AssumeRole\"],\"Principal\":{\"Service\":\"eks.amazonaws.com\"}}]}",
            "override_json": null,
            "override_policy_documents": null,
            "policy_id": null,
            "source_json": null,
            "source_policy_documents": null,
            "statement": [
              {
                "actions": [
                  "sts:AssumeRole",
                  "sts:TagSession"
                ],
                "condition": [],
                "effect": "Allow",
                "not_actions": [],
                "not_principals": [],
                "not_resources": [],
                "principals": [
                  {
                    "identifiers": [
                      "eks.amazonaws.com"
                    ],
                    "type": "Service"
                  }
                ],
                "resources": [],
                "sid": "EKSClusterAssumeRole"
              }
            ],
            "version": "2012-10-17"
          },
          "sensitive_attributes": [],
          "identity_schema_version": 0
        }
      ]
    },
    {
      "module": "module.eks",
      "mode": "data",
      "type": "aws_iam_policy_document",
      "name": "custom",
      "provider": "provider[\"registry.terraform.io/hashicorp/aws\"]",
      "instances": [
        {
          "index_key": 0,
          "schema_version": 0,
          "attributes": {
            "id": "513122117",
            "json": "{\n  \"Version\": \"2012-10-17\",\n  \"Statement\": [\n    {\n      \"Sid\": \"Compute\",\n      \"Effect\": \"Allow\",\n      \"Action\": [\n        \"ec2:RunInstances\",\n        \"ec2:CreateLaunchTemplate\",\n        \"ec2:CreateFleet\"\n      ],\n      \"Resource\": \"*\",\n      \"Condition\": {\n        \"StringEquals\": {\n          \"aws:RequestTag/eks:eks-cluster-name\": \"${aws:PrincipalTag/eks:eks-cluster-name}\"\n        },\n        \"StringLike\": {\n          \"aws:RequestTag/eks:kubernetes-node-class-name\": \"*\",\n          \"aws:RequestTag/eks:kubernetes-node-pool-name\": \"*\"\n        }\n      }\n    },\n    {\n      \"Sid\": \"Storage\",\n      \"Effect\": \"Allow\",\n      \"Action\": [\n        \"ec2:CreateVolume\",\n        \"ec2:CreateSnapshot\"\n      ],\n      \"Resource\": [\n        \"arn:aws:ec2:*:*:volume/*\",\n        \"arn:aws:ec2:*:*:snapshot/*\"\n      ],\n      \"Condition\": {\n        \"StringEquals\": {\n          \"aws:RequestTag/eks:eks-cluster-name\": \"${aws:PrincipalTag/eks:eks-cluster-name}\"\n        }\n      }\n    },\n    {\n      \"Sid\": \"Networking\",\n      \"Effect\": \"Allow\",\n      \"Action\": \"ec2:CreateNetworkInterface\",\n      \"Resource\": \"*\",\n      \"Condition\": {\n        \"StringEquals\": {\n          \"aws:RequestTag/eks:eks-cluster-name\": \"${aws:PrincipalTag/eks:eks-cluster-name}\",\n          \"aws:RequestTag/eks:kubernetes-cni-node-name\": \"*\"\n        }\n      }\n    },\n    {\n      \"Sid\": \"LoadBalancer\",\n      \"Effect\": \"Allow\",\n      \"Action\": [\n        \"elasticloadbalancing:CreateTargetGroup\",\n        \"elasticloadbalancing:CreateRule\",\n        \"elasticloadbalancing:CreateLoadBalancer\",\n        \"elasticloadbalancing:CreateListener\",\n        \"ec2:CreateSecurityGroup\"\n      ],\n      \"Resource\": \"*\",\n      \"Condition\": {\n        \"StringEquals\": {\n          \"aws:RequestTag/eks:eks-cluster-name\": \"${aws:PrincipalTag/eks:eks-cluster-name}\"\n        }\n      }\n    },\n    {\n      \"Sid\": \"ShieldProtection\",\n      \"Effect\": \"Allow\",\n      \"Action\": \"shield:CreateProtection\",\n      \"Resource\": \"*\",\n      \"Condition\": {\n        \"StringEquals\": {\n          \"aws:RequestTag/eks:eks-cluster-name\": \"${aws:PrincipalTag/eks:eks-cluster-name}\"\n        }\n      }\n    },\n    {\n      \"Sid\": \"ShieldTagResource\",\n      \"Effect\": \"Allow\",\n      \"Action\": \"shield:TagResource\",\n      \"Resource\": \"arn:aws:shield::*:protection/*\",\n      \"Condition\": {\n        \"StringEquals\": {\n          \"aws:RequestTag/eks:eks-cluster-name\": \"${aws:PrincipalTag/eks:eks-cluster-name}\"\n        }\n      }\n    }\n  ]\n}",
            "minified_json": "{\"Version\":\"2012-10-17\",\"Statement\":[{\"Sid\":\"Compute\",\"Effect\":\"Allow\",\"Action\":[\"ec2:RunInstances\",\"ec2:CreateLaunchTemplate\",\"ec2:CreateFleet\"],\"Resource\":\"*\",\"Condition\":{\"StringEquals\":{\"aws:RequestTag/eks:eks-cluster-name\":\"${aws:PrincipalTag/eks:eks-cluster-name}\"},\"StringLike\":{\"aws:RequestTag/eks:kubernetes-node-class-name\":\"*\",\"aws:RequestTag/eks:kubernetes-node-pool-name\":\"*\"}}},{\"Sid\":\"Storage\",\"Effect\":\"Allow\",\"Action\":[\"ec2:CreateVolume\",\"ec2:CreateSnapshot\"],\"Resource\":[\"arn:aws:ec2:*:*:volume/*\",\"arn:aws:ec2:*:*:snapshot/*\"],\"Condition\":{\"StringEquals\":{\"aws:RequestTag/eks:eks-cluster-name\":\"${aws:PrincipalTag/eks:eks-cluster-name}\"}}},{\"Sid\":\"Networking\",\"Effect\":\"Allow\",\"Action\":\"ec2:CreateNetworkInterface\",\"Resource\":\"*\",\"Condition\":{\"StringEquals\":{\"aws:RequestTag/eks:eks-cluster-name\":\"${aws:PrincipalTag/eks:eks-cluster-name}\",\"aws:RequestTag/eks:kubernetes-cni-node-name\":\"*\"}}},{\"Sid\":\"LoadBalancer\",\"Effect\":\"Allow\",\"Action\":[\"elasticloadbalancing:CreateTargetGroup\",\"elasticloadbalancing:CreateRule\",\"elasticloadbalancing:CreateLoadBalancer\",\"elasticloadbalancing:CreateListener\",\"ec2:CreateSecurityGroup\"],\"Resource\":\"*\",\"Condition\":{\"StringEquals\":{\"aws:RequestTag/eks:eks-cluster-name\":\"${aws:PrincipalTag/eks:eks-cluster-name}\"}}},{\"Sid\":\"ShieldProtection\",\"Effect\":\"Allow\",\"Action\":\"shield:CreateProtection\",\"Resource\":\"*\",\"Condition\":{\"StringEquals\":{\"aws:RequestTag/eks:eks-cluster-name\":\"${aws:PrincipalTag/eks:eks-cluster-name}\"}}},{\"Sid\":\"ShieldTagResource\",\"Effect\":\"Allow\",\"Action\":\"shield:TagResource\",\"Resource\":\"arn:aws:shield::*:protection/*\",\"Condition\":{\"StringEquals\":{\"aws:RequestTag/eks:eks-cluster-name\":\"${aws:PrincipalTag/eks:eks-cluster-name}\"}}}]}",
            "override_json": null,
            "override_policy_documents": null,
            "policy_id": null,
            "source_json": null,
            "source_policy_documents": null,
            "statement": [
              {
                "actions": [
                  "ec2:CreateFleet",
                  "ec2:CreateLaunchTemplate",
                  "ec2:RunInstances"
                ],
                "condition": [
                  {
                    "test": "StringEquals",
                    "values": [
                      "${aws:PrincipalTag/eks:eks-cluster-name}"
                    ],
                    "variable": "aws:RequestTag/eks:eks-cluster-name"
                  },
                  {
                    "test": "StringLike",
                    "values": [
                      "*"
                    ],
                    "variable": "aws:RequestTag/eks:kubernetes-node-class-name"
                  },
                  {
                    "test": "StringLike",
                    "values": [
                      "*"
                    ],
                    "variable": "aws:RequestTag/eks:kubernetes-node-pool-name"
                  }
                ],
                "effect": "Allow",
                "not_actions": [],
                "not_principals": [],
                "not_resources": [],
                "principals": [],
                "resources": [
                  "*"
                ],
                "sid": "Compute"
              },
              {
                "actions": [
                  "ec2:CreateSnapshot",
                  "ec2:CreateVolume"
                ],
                "condition": [
                  {
                    "test": "StringEquals",
                    "values": [
                      "${aws:PrincipalTag/eks:eks-cluster-name}"
                    ],
                    "variable": "aws:RequestTag/eks:eks-cluster-name"
                  }
                ],
                "effect": "Allow",
                "not_actions": [],
                "not_principals": [],
                "not_resources": [],
                "principals": [],
                "resources": [
                  "arn:aws:ec2:*:*:snapshot/*",
                  "arn:aws:ec2:*:*:volume/*"
                ],
                "sid": "Storage"
              },
              {
                "actions": [
                  "ec2:CreateNetworkInterface"
                ],
                "condition": [
                  {
                    "test": "StringEquals",
                    "values": [
                      "${aws:PrincipalTag/eks:eks-cluster-name}"
                    ],
                    "variable": "aws:RequestTag/eks:eks-cluster-name"
                  },
                  {
                    "test": "StringEquals",
                    "values": [
                      "*"
                    ],
                    "variable": "aws:RequestTag/eks:kubernetes-cni-node-name"
                  }
                ],
                "effect": "Allow",
                "not_actions": [],
                "not_principals": [],
                "not_resources": [],
                "principals": [],
                "resources": [
                  "*"
                ],
                "sid": "Networking"
              },
              {
                "actions": [
                  "ec2:CreateSecurityGroup",
                  "elasticloadbalancing:CreateListener",
                  "elasticloadbalancing:CreateLoadBalancer",
                  "elasticloadbalancing:CreateRule",
                  "elasticloadbalancing:CreateTargetGroup"
                ],
                "condition": [
                  {
                    "test": "StringEquals",
                    "values": [
                      "${aws:PrincipalTag/eks:eks-cluster-name}"
                    ],
                    "variable": "aws:RequestTag/eks:eks-cluster-name"
                  }
                ],
                "effect": "Allow",
                "not_actions": [],
                "not_principals": [],
                "not_resources": [],
                "principals": [],
                "resources": [
                  "*"
                ],
                "sid": "LoadBalancer"
              },
              {
                "actions": [
                  "shield:CreateProtection"
                ],
                "condition": [
                  {
                    "test": "StringEquals",
                    "values": [
                      "${aws:PrincipalTag/eks:eks-cluster-name}"
                    ],
                    "variable": "aws:RequestTag/eks:eks-cluster-name"
                  }
                ],
                "effect": "Allow",
                "not_actions": [],
                "not_principals": [],
                "not_resources": [],
                "principals": [],
                "resources": [
                  "*"
                ],
                "sid": "ShieldProtection"
              },
              {
                "actions": [
                  "shield:TagResource"
                ],
                "condition": [
                  {
                    "test": "StringEquals",
                    "values": [
                      "${aws:PrincipalTag/eks:eks-cluster-name}"
                    ],
                    "variable": "aws:RequestTag/eks:eks-cluster-name"
                  }
                ],
                "effect": "Allow",
                "not_actions": [],
                "not_principals": [],
                "not_resources": [],
                "principals": [],
                "resources": [
                  "arn:aws:shield::*:protection/*"
                ],
                "sid": "ShieldTagResource"
              }
            ],
            "version": "2012-10-17"
          },
          "sensitive_attributes": [],
          "identity_schema_version": 0
        }
      ]
    },
    {
      "module": "module.eks",
      "mode": "data",
      "type": "aws_iam_policy_document",
      "name": "node_assume_role_policy",
      "provider": "provider[\"registry.terraform.io/hashicorp/aws\"]",
      "instances": [
        {
          "index_key": 0,
          "schema_version": 0,
          "attributes": {
            "id": "3518401652",
            "json": "{\n  \"Version\": \"2012-10-17\",\n  \"Statement\": [\n    {\n      \"Sid\": \"EKSAutoNodeAssumeRole\",\n      \"Effect\": \"Allow\",\n      \"Action\": [\n        \"sts:TagSession\",\n        \"sts:AssumeRole\"\n      ],\n      \"Principal\": {\n        \"Service\": \"ec2.amazonaws.com\"\n      }\n    }\n  ]\n}",
            "minified_json": "{\"Version\":\"2012-10-17\",\"Statement\":[{\"Sid\":\"EKSAutoNodeAssumeRole\",\"Effect\":\"Allow\",\"Action\":[\"sts:TagSession\",\"sts:AssumeRole\"],\"Principal\":{\"Service\":\"ec2.amazonaws.com\"}}]}",
            "override_json": null,
            "override_policy_documents": null,
            "policy_id": null,
            "source_json": null,
            "source_policy_documents": null,
            "statement": [
              {
                "actions": [
                  "sts:AssumeRole",
                  "sts:TagSession"
                ],
                "condition": [],
                "effect": "Allow",
                "not_actions": [],
                "not_principals": [],
                "not_resources": [],
                "principals": [
                  {
                    "identifiers": [
                      "ec2.amazonaws.com"
                    ],
                    "type": "Service"
                  }
                ],
                "resources": [],
                "sid": "EKSAutoNodeAssumeRole"
              }
            ],
            "version": "2012-10-17"
          },
          "sensitive_attributes": [],
          "identity_schema_version": 0
        }
      ]
    },
    {
      "module": "module.eks",
      "mode": "data",
      "type": "aws_iam_session_context",
      "name": "current",
      "provider": "provider[\"registry.terraform.io/hashicorp/aws\"]",
      "instances": [
        {
          "index_key": 0,
          "schema_version": 0,
          "attributes": {
            "arn": "arn:aws:iam::980921733825:user/ihza_ops",
            "id": "arn:aws:iam::980921733825:user/ihza_ops",
            "issuer_arn": "arn:aws:iam::980921733825:user/ihza_ops",
            "issuer_id": "",
            "issuer_name": "",
            "session_name": ""
          },
          "sensitive_attributes": [],
          "identity_schema_version": 0
        }
      ]
    },
    {
      "module": "module.eks",
      "mode": "data",
      "type": "aws_partition",
      "name": "current",
      "provider": "provider[\"registry.terraform.io/hashicorp/aws\"]",
      "instances": [
        {
          "index_key": 0,
          "schema_version": 0,
          "attributes": {
            "dns_suffix": "amazonaws.com",
            "id": "aws",
            "partition": "aws",
            "reverse_dns_prefix": "com.amazonaws"
          },
          "sensitive_attributes": [],
          "identity_schema_version": 0
        }
      ]
    },
    {
      "module": "module.eks",
      "mode": "data",
      "type": "tls_certificate",
      "name": "this",
      "provider": "provider[\"registry.terraform.io/hashicorp/tls\"]",
      "instances": [
        {
          "index_key": 0,
          "schema_version": 0,
          "attributes": {
            "certificates": [
              {
                "cert_pem": "-----BEGIN CERTIFICATE-----\nMIIEkjCCA3qgAwIBAgITBn+USionzfP6wq4rAfkI7rnExjANBgkqhkiG9w0BAQsF\nADCBmDELMAkGA1UEBhMCVVMxEDAOBgNVBAgTB0FyaXpvbmExEzARBgNVBAcTClNj\nb3R0c2RhbGUxJTAjBgNVBAoTHFN0YXJmaWVsZCBUZWNobm9sb2dpZXMsIEluYy4x\nOzA5BgNVBAMTMlN0YXJmaWVsZCBTZXJ2aWNlcyBSb290IENlcnRpZmljYXRlIEF1\ndGhvcml0eSAtIEcyMB4XDTE1MDUyNTEyMDAwMFoXDTM3MTIzMTAxMDAwMFowOTEL\nMAkGA1UEBhMCVVMxDzANBgNVBAoTBkFtYXpvbjEZMBcGA1UEAxMQQW1hem9uIFJv\nb3QgQ0EgMTCCASIwDQYJKoZIhvcNAQEBBQADggEPADCCAQoCggEBALJ4gHHKeNXj\nca9HgFB0fW7Y14h29Jlo91ghYPl0hAEvrAIthtOgQ3pOsqTQNroBvo3bSMgHFzZM\n9O6II8c+6zf1tRn4SWiw3te5djgdYZ6k/oI2peVKVuRF4fn9tBb6dNqcmzU5L/qw\nIFAGbHrQgLKm+a/sRxmPUDgH3KKHOVj4utWp+UhnMJbulHheb4mjUcAwhmahRWa6\nVOujw5H5SNz/0egwLX0tdHA114gk957EWW67c4cX8jJGKLhD+rcdqsq08p8kDi1L\n93FcXmn/6pUCyziKrlA4b9v7LWIbxcceVOF34GfID5yHI9Y/QCB/IIDEgEw+OyQm\njgSubJrIqg0CAwEAAaOCATEwggEtMA8GA1UdEwEB/wQFMAMBAf8wDgYDVR0PAQH/\nBAQDAgGGMB0GA1UdDgQWBBSEGMyFNOy8DJSULghZnMeyEE4KCDAfBgNVHSMEGDAW\ngBScXwDfqgHXMCs4iKK4bUqc8hGRgzB4BggrBgEFBQcBAQRsMGowLgYIKwYBBQUH\nMAGGImh0dHA6Ly9vY3NwLnJvb3RnMi5hbWF6b250cnVzdC5jb20wOAYIKwYBBQUH\nMAKGLGh0dHA6Ly9jcnQucm9vdGcyLmFtYXpvbnRydXN0LmNvbS9yb290ZzIuY2Vy\nMD0GA1UdHwQ2MDQwMqAwoC6GLGh0dHA6Ly9jcmwucm9vdGcyLmFtYXpvbnRydXN0\nLmNvbS9yb290ZzIuY3JsMBEGA1UdIAQKMAgwBgYEVR0gADANBgkqhkiG9w0BAQsF\nAAOCAQEAYjdCXLwQtT6LLOkMm2xF4gcAevnFWAu5CIw+7bMlPLVvUOTNNWqnkzSW\nMiGpSESrnO09tKpzbeR/FoCJbM8oAxiDR3mjEH4wW6w7sGDgd9QIpuEdfF7Au/ma\neyKdpwAJfqxGF4PcnCZXmTA5YpaP7dreqsXMGz7KQ2hsVxa81Q4gLv7/wmpdLqBK\nbRRYh5TmOTFffHPLkIhqhBGWJ6bt2YFGpn6jcgAKUj6DiAdjd4lpFw85hdKrCEVN\n0FE6/V1dN2RMfjCyVSRCnTawXZwXgWHxyvkQAiSr6w10kY17RSlQOYiypok1JR4U\nakcjMS9cmvqtmg5iUaQqqcT5NJ0hGA==\n-----END CERTIFICATE-----\n",
                "is_ca": true,
                "issuer": "CN=Starfield Services Root Certificate Authority - G2,O=Starfield Technologies\\, Inc.,L=Scottsdale,ST=Arizona,C=US",
                "not_after": "2037-12-31T01:00:00Z",
                "not_before": "2015-05-25T12:00:00Z",
                "public_key_algorithm": "RSA",
                "serial_number": "144918191876577076464031512351042010504348870",
                "sha1_fingerprint": "06b25927c42a721631c1efd9431e648fa62e1e39",
                "signature_algorithm": "SHA256-RSA",
                "subject": "CN=Amazon Root CA 1,O=Amazon,C=US",
                "version": 3
              },
              {
                "cert_pem": "-----BEGIN CERTIFICATE-----\nMIIEXjCCA0agAwIBAgITB3MSTyqVLj7Rili9uF0bwM5fJzANBgkqhkiG9w0BAQsF\nADA5MQswCQYDVQQGEwJVUzEPMA0GA1UEChMGQW1hem9uMRkwFwYDVQQDExBBbWF6\nb24gUm9vdCBDQSAxMB4XDTIyMDgyMzIyMjYzNVoXDTMwMDgyMzIyMjYzNVowPDEL\nMAkGA1UEBhMCVVMxDzANBgNVBAoTBkFtYXpvbjEcMBoGA1UEAxMTQW1hem9uIFJT\nQSAyMDQ4IE0wNDCCASIwDQYJKoZIhvcNAQEBBQADggEPADCCAQoCggEBAM3pVR6A\nlQOp4xe776FdePXyejgA38mYx1ou9/jrpV6Sfn+/oqBKgwhY6ePsQHHQayWBJdBn\nv4Wz363qRI4XUh9swBFJ11TnZ3LqOMvHmWq2+loA0QPtOfXdJ2fHBLrBrngtJ/GB\n0p5olAVYrSZgvQGP16Rf8ddtNyxEEhYm3HuhmNi+vSeAq1tLYJPAvRCXonTpWdSD\nxY6hvdmxlqTYi82AtBXSfpGQ58HHM0hw0C6aQakghrwWi5fGslLOqzpimNMIsT7c\nqa0GJx6JfKqJqmQQNplO2h8n9ZsFJgBowof01ppdoLAWg6caMOM0om/VILKaa30F\n9W/r8Qjah7ltGVkCAwEAAaOCAVowggFWMBIGA1UdEwEB/wQIMAYBAf8CAQAwDgYD\nVR0PAQH/BAQDAgGGMB0GA1UdJQQWMBQGCCsGAQUFBwMBBggrBgEFBQcDAjAdBgNV\nHQ4EFgQUH1KSYVaCVH+BZtgdPQqqMlyH3QgwHwYDVR0jBBgwFoAUhBjMhTTsvAyU\nlC4IWZzHshBOCggwewYIKwYBBQUHAQEEbzBtMC8GCCsGAQUFBzABhiNodHRwOi8v\nb2NzcC5yb290Y2ExLmFtYXpvbnRydXN0LmNvbTA6BggrBgEFBQcwAoYuaHR0cDov\nL2NydC5yb290Y2ExLmFtYXpvbnRydXN0LmNvbS9yb290Y2ExLmNlcjA/BgNVHR8E\nODA2MDSgMqAwhi5odHRwOi8vY3JsLnJvb3RjYTEuYW1hem9udHJ1c3QuY29tL3Jv\nb3RjYTEuY3JsMBMGA1UdIAQMMAowCAYGZ4EMAQIBMA0GCSqGSIb3DQEBCwUAA4IB\nAQA+1O5UsAaNuW3lHzJtpNGwBnZd9QEYFtxpiAnIaV4qApnGS9OCw5ZPwie7YSlD\nZF5yyFPsFhUC2Q9uJHY/CRV1b5hIiGH0+6+w5PgKiY1MWuWT8VAaJjFxvuhM7a/e\nfN2TIw1Wd6WCl6YRisunjQOrSP+unqC8A540JNyZ1JOE3jVqat3OZBGgMvihdj2w\nY23EpwesrKiQzkHzmvSH67PVW4ycbPy08HVZnBxZ5NrlGG9bwXR3fNTaz+c+Ej6c\n5AnwI3qkOFgSkg3Y75cdFz6pO/olK+e3AqygAcv0WjzmkDPuBjssuZjCHMC56oH3\nGJkV29Di2j5prHJbwZjG1inU\n-----END CERTIFICATE-----\n",
                "is_ca": true,
                "issuer": "CN=Amazon Root CA 1,O=Amazon,C=US",
                "not_after": "2030-08-23T22:26:35Z",
                "not_before": "2022-08-23T22:26:35Z",
                "public_key_algorithm": "RSA",
                "serial_number": "166129359584585245282080020727744908546170663",
                "sha1_fingerprint": "e7b8b5a6743ce1b2f17b041de59558a41472d70c",
                "signature_algorithm": "SHA256-RSA",
                "subject": "CN=Amazon RSA 2048 M04,O=Amazon,C=US",
                "version": 3
              },
              {
                "cert_pem": "-----BEGIN CERTIFICATE-----\nMIIF8TCCBNmgAwIBAgIQA/nsruR6lAEX/0fmQoYt1TANBgkqhkiG9w0BAQsFADA8\nMQswCQYDVQQGEwJVUzEPMA0GA1UEChMGQW1hem9uMRwwGgYDVQQDExNBbWF6b24g\nUlNBIDIwNDggTTA0MB4XDTI1MDQxNjAwMDAwMFoXDTI2MDMyNzIzNTk1OVowLTEr\nMCkGA1UEAwwiKi5la3MuYXAtc291dGhlYXN0LTMuYW1hem9uYXdzLmNvbTCCASIw\nDQYJKoZIhvcNAQEBBQADggEPADCCAQoCggEBAMsN7MXlVZn1iTH1YhSAhUUwH+Qq\nf0aHGyT32NT0+CNJnBP3HehkzQXWMoCdhgu/QQRdME5fP/7zEiCs5ylk4cB8vhFW\nMZ/j84/+2Z+jIJoGxNLU3UVfHsmgJop58RUbGt+augunU0GbrxqMw7+UB10TN+yt\nIx5hHkiTYgThWPL5C+TCVuzCZZZiuEaoEiRMYrcyvJ2q7SDhKfsQths3CDKi0Qrr\n+GAvyD9RXDJK3AQB0Xavboy35bTACmbdZ1jTPpdbZPNaDAtB08qnlyx9md8cUYYU\nKWCkB8CtA9ApsVLO+oVuOZaPPza6uI4ImD6aJHZZ2/Y7IOh6/2IDy2deDPcCAwEA\nAaOCAvwwggL4MB8GA1UdIwQYMBaAFB9SkmFWglR/gWbYHT0KqjJch90IMB0GA1Ud\nDgQWBBQk0/imDD/WMEMCzokVWn0ecEtftTAtBgNVHREEJjAkgiIqLmVrcy5hcC1z\nb3V0aGVhc3QtMy5hbWF6b25hd3MuY29tMBMGA1UdIAQMMAowCAYGZ4EMAQIBMA4G\nA1UdDwEB/wQEAwIFoDAdBgNVHSUEFjAUBggrBgEFBQcDAQYIKwYBBQUHAwIwOwYD\nVR0fBDQwMjAwoC6gLIYqaHR0cDovL2NybC5yMm0wNC5hbWF6b250cnVzdC5jb20v\ncjJtMDQuY3JsMHUGCCsGAQUFBwEBBGkwZzAtBggrBgEFBQcwAYYhaHR0cDovL29j\nc3AucjJtMDQuYW1hem9udHJ1c3QuY29tMDYGCCsGAQUFBzAChipodHRwOi8vY3J0\nLnIybTA0LmFtYXpvbnRydXN0LmNvbS9yMm0wNC5jZXIwDAYDVR0TAQH/BAIwADCC\nAX8GCisGAQQB1nkCBAIEggFvBIIBawFpAHYAlpdkv1VYl633Q4doNwhCd+nwOtX2\npPM2bkakPw/KqcYAAAGWQKxwHgAABAMARzBFAiEAq0s/+a42plhtBHR+Na9uysKA\nURKG7vPyyocXWGtSAWMCIE8jFp6kipY7IfBZ3XhNLL9hn9gic+PGZIFkRQtJ3eJz\nAHYASZybad4dfOz8Nt7Nh2SmuFuvCoeAGdFVUvvp6ynd+MMAAAGWQKxwMwAABAMA\nRzBFAiAntIOtvQbf1k9RYkgCpYtGhiwjEbU09b02nESdYcVBYQIhAIID3898gGdO\ntm8AU/v7fRPjJMwaWphXxkDJX1SHF+uHAHcAyzj3FYl8hKFEX1vB3fvJbvKaWc1H\nCmkFhbDLFMMUWOcAAAGWQKxv9QAABAMASDBGAiEAjuJtUTPdXRqZoJbzsFP9k6DR\nm9luHcLx9NHUVcZCZwICIQCEtuFkcCuWKs1RQucZ4/pvDoOZpml6x/P7f21ACIiW\nEzANBgkqhkiG9w0BAQsFAAOCAQEARruoAJpavnFVi+I5d2PxygugIwBQEr78mMVK\nsswzJHdlQobZbK8FxNejjx+RQdYjKEOc3a5QBe8pbH5cMGeN9SPt4uJMvxRVx9C5\n1Zz7r9S1AfDrbVjOK8pFpTl5GlIq3nLac0Jmprb8Ec6eEA0ZhhBWcJ7zv7D5vkGn\nQnV7LY7PKRdMZAdOGwkZFcYRJqSA3lua864rc28bpdBJdwRr6ZMDpi15UQLPoyG+\ntOkgEZRLO2rqNkgJeji1lqXeFLk/D01cLR9nd7i3yhxkM3yvCLtqsQJlifFdJIai\nFbRQ0d1MeTLfjwq23rO9+MwbR9Gpa1ieNEQCOv74JnL7+M25Tw==\n-----END CERTIFICATE-----\n",
                "is_ca": false,
                "issuer": "CN=Amazon RSA 2048 M04,O=Amazon,C=US",
                "not_after": "2026-03-27T23:59:59Z",
                "not_before": "2025-04-16T00:00:00Z",
                "public_key_algorithm": "RSA",
                "serial_number": "5285366410207429094105356640750808533",
                "sha1_fingerprint": "122c9680a85db4e85b53f17de740b1e55136ef9b",
                "signature_algorithm": "SHA256-RSA",
                "subject": "CN=*.eks.ap-southeast-3.amazonaws.com",
                "version": 3
              }
            ],
            "content": null,
            "id": "fc5239dfa3a994b53f0c960d5721fa36f229efef",
            "url": "https://oidc.eks.ap-southeast-3.amazonaws.com/id/4D940B8E23708D5B51AABE27616FA484",
            "verify_chain": true
          },
          "sensitive_attributes": [],
          "identity_schema_version": 0
        }
      ]
    },
    {
      "module": "module.eks",
      "mode": "managed",
      "type": "aws_cloudwatch_log_group",
      "name": "this",
      "provider": "provider[\"registry.terraform.io/hashicorp/aws\"]",
      "instances": [
        {
          "index_key": 0,
          "schema_version": 0,
          "attributes": {
            "arn": "arn:aws:logs:ap-southeast-3:980921733825:log-group:/aws/eks/automode-cluster/cluster",
            "id": "/aws/eks/automode-cluster/cluster",
            "kms_key_id": "",
            "log_group_class": "STANDARD",
            "name": "/aws/eks/automode-cluster/cluster",
            "name_prefix": "",
            "retention_in_days": 90,
            "skip_destroy": false,
            "tags": {
              "Blueprint": "automode-cluster",
              "Name": "/aws/eks/automode-cluster/cluster"
            },
            "tags_all": {
              "Blueprint": "automode-cluster",
              "Name": "/aws/eks/automode-cluster/cluster"
            }
          },
          "sensitive_attributes": [],
          "identity_schema_version": 0,
          "private": "bnVsbA==",
          "create_before_destroy": true
        }
      ]
    },
    {
      "module": "module.eks",
      "mode": "managed",
      "type": "aws_ec2_tag",
      "name": "cluster_primary_security_group",
      "provider": "provider[\"registry.terraform.io/hashicorp/aws\"]",
      "instances": [
        {
          "index_key": "Blueprint",
          "schema_version": 0,
          "attributes": {
            "id": "sg-0fa1823a16af488c5,Blueprint",
            "key": "Blueprint",
            "resource_id": "sg-0fa1823a16af488c5",
            "value": "automode-cluster"
          },
          "sensitive_attributes": [],
          "identity_schema_version": 0,
          "private": "bnVsbA==",
          "dependencies": [
            "data.aws_availability_zones.available",
            "module.eks.aws_cloudwatch_log_group.this",
            "module.eks.aws_eks_cluster.this",
            "module.eks.aws_iam_policy.cni_ipv6_policy",
            "module.eks.aws_iam_role.eks_auto",
            "module.eks.aws_iam_role.this",
            "module.eks.aws_iam_role_policy_attachment.this",
            "module.eks.aws_security_group.cluster",
            "module.eks.aws_security_group.node",
            "module.eks.aws_security_group_rule.cluster",
            "module.eks.aws_security_group_rule.node",
            "module.eks.data.aws_caller_identity.current",
            "module.eks.data.aws_iam_policy_document.assume_role_policy",
            "module.eks.data.aws_iam_policy_document.cni_ipv6_policy",
            "module.eks.data.aws_iam_policy_document.node_assume_role_policy",
            "module.eks.data.aws_iam_session_context.current",
            "module.eks.data.aws_partition.current",
            "module.eks.module.kms.aws_kms_external_key.this",
            "module.eks.module.kms.aws_kms_key.this",
            "module.eks.module.kms.aws_kms_replica_external_key.this",
            "module.eks.module.kms.aws_kms_replica_key.this",
            "module.eks.module.kms.data.aws_caller_identity.current",
            "module.eks.module.kms.data.aws_iam_policy_document.this",
            "module.eks.module.kms.data.aws_partition.current",
            "module.vpc.aws_subnet.private",
            "module.vpc.aws_vpc.this",
            "module.vpc.aws_vpc_ipv4_cidr_block_association.this"
          ]
        }
      ]
    },
    {
      "module": "module.eks",
      "mode": "managed",
      "type": "aws_eks_access_entry",
      "name": "this",
      "provider": "provider[\"registry.terraform.io/hashicorp/aws\"]",
      "instances": [
        {
          "index_key": "cluster_creator",
          "schema_version": 0,
          "attributes": {
            "access_entry_arn": "arn:aws:eks:ap-southeast-3:980921733825:access-entry/automode-cluster/user/980921733825/ihza_ops/16cb7e1c-4c37-e1f6-298e-f76e7ee42273",
            "cluster_name": "automode-cluster",
            "created_at": "2025-05-23T08:18:09Z",
            "id": "automode-cluster:arn:aws:iam::980921733825:user/ihza_ops",
            "kubernetes_groups": [],
            "modified_at": "2025-05-23T08:18:09Z",
            "principal_arn": "arn:aws:iam::980921733825:user/ihza_ops",
            "tags": {
              "Blueprint": "automode-cluster"
            },
            "tags_all": {
              "Blueprint": "automode-cluster"
            },
            "timeouts": null,
            "type": "STANDARD",
            "user_name": "arn:aws:iam::980921733825:user/ihza_ops"
          },
          "sensitive_attributes": [],
          "identity_schema_version": 0,
          "private": "eyJlMmJmYjczMC1lY2FhLTExZTYtOGY4OC0zNDM2M2JjN2M0YzAiOnsiY3JlYXRlIjo2MDAwMDAwMDAwMDAsImRlbGV0ZSI6NjAwMDAwMDAwMDAwfX0=",
          "dependencies": [
            "data.aws_availability_zones.available",
            "module.eks.aws_cloudwatch_log_group.this",
            "module.eks.aws_eks_cluster.this",
            "module.eks.aws_iam_policy.cni_ipv6_policy",
            "module.eks.aws_iam_role.eks_auto",
            "module.eks.aws_iam_role.this",
            "module.eks.aws_iam_role_policy_attachment.this",
            "module.eks.aws_security_group.cluster",
            "module.eks.aws_security_group.node",
            "module.eks.aws_security_group_rule.cluster",
            "module.eks.aws_security_group_rule.node",
            "module.eks.data.aws_caller_identity.current",
            "module.eks.data.aws_iam_policy_document.assume_role_policy",
            "module.eks.data.aws_iam_policy_document.cni_ipv6_policy",
            "module.eks.data.aws_iam_policy_document.node_assume_role_policy",
            "module.eks.data.aws_iam_session_context.current",
            "module.eks.data.aws_partition.current",
            "module.eks.module.kms.aws_kms_external_key.this",
            "module.eks.module.kms.aws_kms_key.this",
            "module.eks.module.kms.aws_kms_replica_external_key.this",
            "module.eks.module.kms.aws_kms_replica_key.this",
            "module.eks.module.kms.data.aws_caller_identity.current",
            "module.eks.module.kms.data.aws_iam_policy_document.this",
            "module.eks.module.kms.data.aws_partition.current",
            "module.vpc.aws_subnet.private",
            "module.vpc.aws_vpc.this",
            "module.vpc.aws_vpc_ipv4_cidr_block_association.this"
          ]
        }
      ]
    },
    {
      "module": "module.eks",
      "mode": "managed",
      "type": "aws_eks_access_policy_association",
      "name": "this",
      "provider": "provider[\"registry.terraform.io/hashicorp/aws\"]",
      "instances": [
        {
          "index_key": "cluster_creator_admin",
          "schema_version": 0,
          "attributes": {
            "access_scope": [
              {
                "namespaces": [],
                "type": "cluster"
              }
            ],
            "associated_at": "2025-05-23 08:18:10.37 +0000 UTC",
            "cluster_name": "automode-cluster",
            "id": "automode-cluster#arn:aws:iam::980921733825:user/ihza_ops#arn:aws:eks::aws:cluster-access-policy/AmazonEKSClusterAdminPolicy",
            "modified_at": "2025-05-23 08:18:10.37 +0000 UTC",
            "policy_arn": "arn:aws:eks::aws:cluster-access-policy/AmazonEKSClusterAdminPolicy",
            "principal_arn": "arn:aws:iam::980921733825:user/ihza_ops",
            "timeouts": null
          },
          "sensitive_attributes": [],
          "identity_schema_version": 0,
          "private": "eyJlMmJmYjczMC1lY2FhLTExZTYtOGY4OC0zNDM2M2JjN2M0YzAiOnsiY3JlYXRlIjo2MDAwMDAwMDAwMDAsImRlbGV0ZSI6NjAwMDAwMDAwMDAwfX0=",
          "dependencies": [
            "data.aws_availability_zones.available",
            "module.eks.aws_cloudwatch_log_group.this",
            "module.eks.aws_eks_access_entry.this",
            "module.eks.aws_eks_cluster.this",
            "module.eks.aws_iam_policy.cni_ipv6_policy",
            "module.eks.aws_iam_role.eks_auto",
            "module.eks.aws_iam_role.this",
            "module.eks.aws_iam_role_policy_attachment.this",
            "module.eks.aws_security_group.cluster",
            "module.eks.aws_security_group.node",
            "module.eks.aws_security_group_rule.cluster",
            "module.eks.aws_security_group_rule.node",
            "module.eks.data.aws_caller_identity.current",
            "module.eks.data.aws_iam_policy_document.assume_role_policy",
            "module.eks.data.aws_iam_policy_document.cni_ipv6_policy",
            "module.eks.data.aws_iam_policy_document.node_assume_role_policy",
            "module.eks.data.aws_iam_session_context.current",
            "module.eks.data.aws_partition.current",
            "module.eks.module.kms.aws_kms_external_key.this",
            "module.eks.module.kms.aws_kms_key.this",
            "module.eks.module.kms.aws_kms_replica_external_key.this",
            "module.eks.module.kms.aws_kms_replica_key.this",
            "module.eks.module.kms.data.aws_caller_identity.current",
            "module.eks.module.kms.data.aws_iam_policy_document.this",
            "module.eks.module.kms.data.aws_partition.current",
            "module.vpc.aws_subnet.private",
            "module.vpc.aws_vpc.this",
            "module.vpc.aws_vpc_ipv4_cidr_block_association.this"
          ]
        }
      ]
    },
    {
      "module": "module.eks",
      "mode": "managed",
      "type": "aws_eks_cluster",
      "name": "this",
      "provider": "provider[\"registry.terraform.io/hashicorp/aws\"]",
      "instances": [
        {
          "index_key": 0,
          "schema_version": 1,
          "attributes": {
            "access_config": [
              {
                "authentication_mode": "API_AND_CONFIG_MAP",
                "bootstrap_cluster_creator_admin_permissions": false
              }
            ],
            "arn": "arn:aws:eks:ap-southeast-3:980921733825:cluster/automode-cluster",
            "bootstrap_self_managed_addons": false,
            "certificate_authority": [
              {
                "data": "LS0tLS1CRUdJTiBDRVJUSUZJQ0FURS0tLS0tCk1JSURCVENDQWUyZ0F3SUJBZ0lJQWdQdlo5WVRCL2t3RFFZSktvWklodmNOQVFFTEJRQXdGVEVUTUJFR0ExVUUKQXhNS2EzVmlaWEp1WlhSbGN6QWVGdzB5TlRBMU1qTXdPREEwTVRsYUZ3MHpOVEExTWpFd09EQTVNVGxhTUJVeApFekFSQmdOVkJBTVRDbXQxWW1WeWJtVjBaWE13Z2dFaU1BMEdDU3FHU0liM0RRRUJBUVVBQTRJQkR3QXdnZ0VLCkFvSUJBUUMybWJMMnRheC8wUW5yV1hyS1dyZk5QdzRMN1hVMHdGU3ZRZlprVFBjTkpWeUFTUjBlUEdyK2NGeE8KMUkzcFlteHRLRXlXUFYvK3JHZlBPcnpHUTFzREVqd0pLTlpMcWhPcDVNVmtmNnpZa0FVZnVHWXNMUlBnREJOdgpkdnJvcm03QllaRUtjRlRzQjNDaWI0WEpEM0RWSTU4YnJhM3dUdGZSZ21qZGN2YXRSd0lBZXFxNFJiMkNhZDVrClIzaUxuT044dzdLQzdMejVzRnhvTUVWMHRPMDRXZXRqRUhuOUk0Ly81U2lkWFVnMCttSEZQbEdTQ2dSZ1llZ3kKRVVIai9INGFxNmFDWEdSbDFWMVdQZzVBNTg1OXBBR0ZkamhSeHd2NzJIdEd0OUdhbjNJTWl6ZFdSV3daUk5rZwpKb0YyOGJ3Q3VvMkRNMENwT3lWdlBIazh1TlpuQWdNQkFBR2pXVEJYTUE0R0ExVWREd0VCL3dRRUF3SUNwREFQCkJnTlZIUk1CQWY4RUJUQURBUUgvTUIwR0ExVWREZ1FXQkJSV0VOY3JoV1NLeWFqTC9ZUUpSWlUrS0xsUi9EQVYKQmdOVkhSRUVEakFNZ2dwcmRXSmxjbTVsZEdWek1BMEdDU3FHU0liM0RRRUJDd1VBQTRJQkFRQ1RkVEE0WENFWApNbDNJaHplYkdmLzhyUFNGWVpmY3BCdVI0VkRIRjVEdkpyQ0VrZ1RsQVZQcm1hNjRFczJVN3dEMDJLRVZLajJDCnd2Ymg4bjF0MkJkMWdNdmtDbkMvaThmSkRQb1RwQ2NoR2xFTklSRStxT3BQV3lKQXZWaWl4ZXp0ZkU4eFNSTXgKQXZ0M0dkajVlN05QNm81aC9tZndzRTdzWmpnRFVmTnhWbGtNRmNNTEVPUlJiK3JGK1BWdmQ2cnJrZGg4bnZVNwp2aWJxSGZqaVh3SkJ1NWFmZGpsazVLWEZTdGI3K1dLd2RNcFVhWVNJQ2xTem9mdkovaTl3bE1ld3FWLytEQmNuCjZBNjl2U1dsVG1jYVpDN0o0MWhwYjY3K0hWL0JrTUNjTW1RTzNiQjREL2JJUk9aOWtHejM5NEhXNExZWGhQaWsKQTVEUGxGeUhsaWZECi0tLS0tRU5EIENFUlRJRklDQVRFLS0tLS0K"
              }
            ],
            "cluster_id": null,
            "compute_config": [
              {
                "enabled": true,
                "node_pools": [
                  "general-purpose"
                ],
                "node_role_arn": "arn:aws:iam::980921733825:role/automode-cluster-eks-auto-20250523080440398700000006"
              }
            ],
            "created_at": "2025-05-23T08:05:06Z",
            "enabled_cluster_log_types": [
              "api",
              "audit",
              "authenticator"
            ],
            "encryption_config": [
              {
                "provider": [
                  {
                    "key_arn": "arn:aws:kms:ap-southeast-3:980921733825:key/4c58181a-1369-4658-ac53-60009a3dae1a"
                  }
                ],
                "resources": [
                  "secrets"
                ]
              }
            ],
            "endpoint": "https://4D940B8E23708D5B51AABE27616FA484.sk1.ap-southeast-3.eks.amazonaws.com",
            "force_update_version": null,
            "id": "automode-cluster",
            "identity": [
              {
                "oidc": [
                  {
                    "issuer": "https://oidc.eks.ap-southeast-3.amazonaws.com/id/4D940B8E23708D5B51AABE27616FA484"
                  }
                ]
              }
            ],
            "kubernetes_network_config": [
              {
                "elastic_load_balancing": [
                  {
                    "enabled": true
                  }
                ],
                "ip_family": "ipv4",
                "service_ipv4_cidr": "172.20.0.0/16",
                "service_ipv6_cidr": ""
              }
            ],
            "name": "automode-cluster",
            "outpost_config": [],
            "platform_version": "eks.26",
            "remote_network_config": [],
            "role_arn": "arn:aws:iam::980921733825:role/automode-cluster-cluster-20250523080440398000000005",
            "status": "ACTIVE",
            "storage_config": [
              {
                "block_storage": [
                  {
                    "enabled": true
                  }
                ]
              }
            ],
            "tags": {
              "Blueprint": "automode-cluster",
              "terraform-aws-modules": "eks"
            },
            "tags_all": {
              "Blueprint": "automode-cluster",
              "terraform-aws-modules": "eks"
            },
            "timeouts": {
              "create": null,
              "delete": null,
              "update": null
            },
            "upgrade_policy": [
              {
                "support_type": "EXTENDED"
              }
            ],
            "version": "1.31",
            "vpc_config": [
              {
                "cluster_security_group_id": "sg-0fa1823a16af488c5",
                "endpoint_private_access": true,
                "endpoint_public_access": true,
                "public_access_cidrs": [
                  "0.0.0.0/0"
                ],
                "security_group_ids": [
                  "sg-028753d7d39d1c440"
                ],
                "subnet_ids": [
                  "subnet-0232257d07c753152",
                  "subnet-0681261e2d3ebaa68",
                  "subnet-0c44e960885ecea9b"
                ],
                "vpc_id": "vpc-0f1dd580e50c83d4a"
              }
            ],
            "zonal_shift_config": []
          },
          "sensitive_attributes": [],
          "identity_schema_version": 0,
          "private": "eyJlMmJmYjczMC1lY2FhLTExZTYtOGY4OC0zNDM2M2JjN2M0YzAiOnsiY3JlYXRlIjoxODAwMDAwMDAwMDAwLCJkZWxldGUiOjkwMDAwMDAwMDAwMCwidXBkYXRlIjozNjAwMDAwMDAwMDAwfSwic2NoZW1hX3ZlcnNpb24iOiIxIn0=",
          "dependencies": [
            "data.aws_availability_zones.available",
            "module.eks.aws_cloudwatch_log_group.this",
            "module.eks.aws_iam_policy.cni_ipv6_policy",
            "module.eks.aws_iam_role.eks_auto",
            "module.eks.aws_iam_role.this",
            "module.eks.aws_iam_role_policy_attachment.this",
            "module.eks.aws_security_group.cluster",
            "module.eks.aws_security_group.node",
            "module.eks.aws_security_group_rule.cluster",
            "module.eks.aws_security_group_rule.node",
            "module.eks.data.aws_caller_identity.current",
            "module.eks.data.aws_iam_policy_document.assume_role_policy",
            "module.eks.data.aws_iam_policy_document.cni_ipv6_policy",
            "module.eks.data.aws_iam_policy_document.node_assume_role_policy",
            "module.eks.data.aws_iam_session_context.current",
            "module.eks.data.aws_partition.current",
            "module.eks.module.kms.aws_kms_external_key.this",
            "module.eks.module.kms.aws_kms_key.this",
            "module.eks.module.kms.aws_kms_replica_external_key.this",
            "module.eks.module.kms.aws_kms_replica_key.this",
            "module.eks.module.kms.data.aws_caller_identity.current",
            "module.eks.module.kms.data.aws_iam_policy_document.this",
            "module.eks.module.kms.data.aws_partition.current",
            "module.vpc.aws_subnet.private",
            "module.vpc.aws_vpc.this",
            "module.vpc.aws_vpc_ipv4_cidr_block_association.this"
          ],
          "create_before_destroy": true
        }
      ]
    },
    {
      "module": "module.eks",
      "mode": "managed",
      "type": "aws_iam_openid_connect_provider",
      "name": "oidc_provider",
      "provider": "provider[\"registry.terraform.io/hashicorp/aws\"]",
      "instances": [
        {
          "index_key": 0,
          "schema_version": 0,
          "attributes": {
            "arn": "arn:aws:iam::980921733825:oidc-provider/oidc.eks.ap-southeast-3.amazonaws.com/id/4D940B8E23708D5B51AABE27616FA484",
            "client_id_list": [
              "sts.amazonaws.com"
            ],
            "id": "arn:aws:iam::980921733825:oidc-provider/oidc.eks.ap-southeast-3.amazonaws.com/id/4D940B8E23708D5B51AABE27616FA484",
            "tags": {
              "Blueprint": "automode-cluster",
              "Name": "automode-cluster-eks-irsa"
            },
            "tags_all": {
              "Blueprint": "automode-cluster",
              "Name": "automode-cluster-eks-irsa"
            },
            "thumbprint_list": [
              "06b25927c42a721631c1efd9431e648fa62e1e39"
            ],
            "url": "oidc.eks.ap-southeast-3.amazonaws.com/id/4D940B8E23708D5B51AABE27616FA484"
          },
          "sensitive_attributes": [],
          "identity_schema_version": 0,
          "private": "bnVsbA==",
          "dependencies": [
            "data.aws_availability_zones.available",
            "module.eks.aws_cloudwatch_log_group.this",
            "module.eks.aws_eks_cluster.this",
            "module.eks.aws_iam_policy.cni_ipv6_policy",
            "module.eks.aws_iam_role.eks_auto",
            "module.eks.aws_iam_role.this",
            "module.eks.aws_iam_role_policy_attachment.this",
            "module.eks.aws_security_group.cluster",
            "module.eks.aws_security_group.node",
            "module.eks.aws_security_group_rule.cluster",
            "module.eks.aws_security_group_rule.node",
            "module.eks.data.aws_caller_identity.current",
            "module.eks.data.aws_iam_policy_document.assume_role_policy",
            "module.eks.data.aws_iam_policy_document.cni_ipv6_policy",
            "module.eks.data.aws_iam_policy_document.node_assume_role_policy",
            "module.eks.data.aws_iam_session_context.current",
            "module.eks.data.aws_partition.current",
            "module.eks.data.tls_certificate.this",
            "module.eks.module.kms.aws_kms_external_key.this",
            "module.eks.module.kms.aws_kms_key.this",
            "module.eks.module.kms.aws_kms_replica_external_key.this",
            "module.eks.module.kms.aws_kms_replica_key.this",
            "module.eks.module.kms.data.aws_caller_identity.current",
            "module.eks.module.kms.data.aws_iam_policy_document.this",
            "module.eks.module.kms.data.aws_partition.current",
            "module.vpc.aws_subnet.private",
            "module.vpc.aws_vpc.this",
            "module.vpc.aws_vpc_ipv4_cidr_block_association.this"
          ]
        }
      ]
    },
    {
      "module": "module.eks",
      "mode": "managed",
      "type": "aws_iam_policy",
      "name": "cluster_encryption",
      "provider": "provider[\"registry.terraform.io/hashicorp/aws\"]",
      "instances": [
        {
          "index_key": 0,
          "schema_version": 0,
          "attributes": {
            "arn": "arn:aws:iam::980921733825:policy/automode-cluster-cluster-ClusterEncryption2025052308050323490000001e",
            "attachment_count": 1,
            "description": "Cluster encryption policy to allow cluster role to utilize CMK provided",
            "id": "arn:aws:iam::980921733825:policy/automode-cluster-cluster-ClusterEncryption2025052308050323490000001e",
            "name": "automode-cluster-cluster-ClusterEncryption2025052308050323490000001e",
            "name_prefix": "automode-cluster-cluster-ClusterEncryption",
            "path": "/",
            "policy": "{\"Statement\":[{\"Action\":[\"kms:Encrypt\",\"kms:Decrypt\",\"kms:ListGrants\",\"kms:DescribeKey\"],\"Effect\":\"Allow\",\"Resource\":\"arn:aws:kms:ap-southeast-3:980921733825:key/4c58181a-1369-4658-ac53-60009a3dae1a\"}],\"Version\":\"2012-10-17\"}",
            "policy_id": "ANPA6IY352LA2POWQ5ISR",
            "tags": {
              "Blueprint": "automode-cluster"
            },
            "tags_all": {
              "Blueprint": "automode-cluster"
            }
          },
          "sensitive_attributes": [],
          "identity_schema_version": 0,
          "private": "bnVsbA==",
          "dependencies": [
            "module.eks.aws_iam_role.this",
            "module.eks.data.aws_caller_identity.current",
            "module.eks.data.aws_iam_policy_document.assume_role_policy",
            "module.eks.data.aws_iam_session_context.current",
            "module.eks.module.kms.aws_kms_external_key.this",
            "module.eks.module.kms.aws_kms_key.this",
            "module.eks.module.kms.aws_kms_replica_external_key.this",
            "module.eks.module.kms.aws_kms_replica_key.this",
            "module.eks.module.kms.data.aws_caller_identity.current",
            "module.eks.module.kms.data.aws_iam_policy_document.this",
            "module.eks.module.kms.data.aws_partition.current"
          ]
        }
      ]
    },
    {
      "module": "module.eks",
      "mode": "managed",
      "type": "aws_iam_policy",
      "name": "custom",
      "provider": "provider[\"registry.terraform.io/hashicorp/aws\"]",
      "instances": [
        {
          "index_key": 0,
          "schema_version": 0,
          "attributes": {
            "arn": "arn:aws:iam::980921733825:policy/automode-cluster-cluster-2025052308044130430000000a",
            "attachment_count": 1,
            "description": "",
            "id": "arn:aws:iam::980921733825:policy/automode-cluster-cluster-2025052308044130430000000a",
            "name": "automode-cluster-cluster-2025052308044130430000000a",
            "name_prefix": "automode-cluster-cluster-",
            "path": "/",
            "policy": "{\"Statement\":[{\"Action\":[\"ec2:RunInstances\",\"ec2:CreateLaunchTemplate\",\"ec2:CreateFleet\"],\"Condition\":{\"StringEquals\":{\"aws:RequestTag/eks:eks-cluster-name\":\"${aws:PrincipalTag/eks:eks-cluster-name}\"},\"StringLike\":{\"aws:RequestTag/eks:kubernetes-node-class-name\":\"*\",\"aws:RequestTag/eks:kubernetes-node-pool-name\":\"*\"}},\"Effect\":\"Allow\",\"Resource\":\"*\",\"Sid\":\"Compute\"},{\"Action\":[\"ec2:CreateVolume\",\"ec2:CreateSnapshot\"],\"Condition\":{\"StringEquals\":{\"aws:RequestTag/eks:eks-cluster-name\":\"${aws:PrincipalTag/eks:eks-cluster-name}\"}},\"Effect\":\"Allow\",\"Resource\":[\"arn:aws:ec2:*:*:volume/*\",\"arn:aws:ec2:*:*:snapshot/*\"],\"Sid\":\"Storage\"},{\"Action\":\"ec2:CreateNetworkInterface\",\"Condition\":{\"StringEquals\":{\"aws:RequestTag/eks:eks-cluster-name\":\"${aws:PrincipalTag/eks:eks-cluster-name}\",\"aws:RequestTag/eks:kubernetes-cni-node-name\":\"*\"}},\"Effect\":\"Allow\",\"Resource\":\"*\",\"Sid\":\"Networking\"},{\"Action\":[\"elasticloadbalancing:CreateTargetGroup\",\"elasticloadbalancing:CreateRule\",\"elasticloadbalancing:CreateLoadBalancer\",\"elasticloadbalancing:CreateListener\",\"ec2:CreateSecurityGroup\"],\"Condition\":{\"StringEquals\":{\"aws:RequestTag/eks:eks-cluster-name\":\"${aws:PrincipalTag/eks:eks-cluster-name}\"}},\"Effect\":\"Allow\",\"Resource\":\"*\",\"Sid\":\"LoadBalancer\"},{\"Action\":\"shield:CreateProtection\",\"Condition\":{\"StringEquals\":{\"aws:RequestTag/eks:eks-cluster-name\":\"${aws:PrincipalTag/eks:eks-cluster-name}\"}},\"Effect\":\"Allow\",\"Resource\":\"*\",\"Sid\":\"ShieldProtection\"},{\"Action\":\"shield:TagResource\",\"Condition\":{\"StringEquals\":{\"aws:RequestTag/eks:eks-cluster-name\":\"${aws:PrincipalTag/eks:eks-cluster-name}\"}},\"Effect\":\"Allow\",\"Resource\":\"arn:aws:shield::*:protection/*\",\"Sid\":\"ShieldTagResource\"}],\"Version\":\"2012-10-17\"}",
            "policy_id": "ANPA6IY352LATEGPK2W6G",
            "tags": {
              "Blueprint": "automode-cluster"
            },
            "tags_all": {
              "Blueprint": "automode-cluster"
            }
          },
          "sensitive_attributes": [],
          "identity_schema_version": 0,
          "private": "bnVsbA==",
          "dependencies": [
            "module.eks.data.aws_iam_policy_document.custom",
            "module.eks.data.aws_partition.current"
          ]
        }
      ]
    },
    {
      "module": "module.eks",
      "mode": "managed",
      "type": "aws_iam_role",
      "name": "eks_auto",
      "provider": "provider[\"registry.terraform.io/hashicorp/aws\"]",
      "instances": [
        {
          "index_key": 0,
          "schema_version": 0,
          "attributes": {
            "arn": "arn:aws:iam::980921733825:role/automode-cluster-eks-auto-20250523080440398700000006",
            "assume_role_policy": "{\"Statement\":[{\"Action\":[\"sts:TagSession\",\"sts:AssumeRole\"],\"Effect\":\"Allow\",\"Principal\":{\"Service\":\"ec2.amazonaws.com\"},\"Sid\":\"EKSAutoNodeAssumeRole\"}],\"Version\":\"2012-10-17\"}",
            "create_date": "2025-05-23T08:04:41Z",
            "description": "",
            "force_detach_policies": true,
            "id": "automode-cluster-eks-auto-20250523080440398700000006",
            "inline_policy": [],
            "managed_policy_arns": [
              "arn:aws:iam::aws:policy/AmazonEC2ContainerRegistryPullOnly",
              "arn:aws:iam::aws:policy/AmazonEKSWorkerNodeMinimalPolicy"
            ],
            "max_session_duration": 3600,
            "name": "automode-cluster-eks-auto-20250523080440398700000006",
            "name_prefix": "automode-cluster-eks-auto-",
            "path": "/",
            "permissions_boundary": "",
            "tags": {
              "Blueprint": "automode-cluster"
            },
            "tags_all": {
              "Blueprint": "automode-cluster"
            },
            "unique_id": "AROA6IY352LAUZX2JLMDH"
          },
          "sensitive_attributes": [],
          "identity_schema_version": 0,
          "private": "bnVsbA==",
          "dependencies": [
            "module.eks.data.aws_iam_policy_document.node_assume_role_policy"
          ],
          "create_before_destroy": true
        }
      ]
    },
    {
      "module": "module.eks",
      "mode": "managed",
      "type": "aws_iam_role",
      "name": "this",
      "provider": "provider[\"registry.terraform.io/hashicorp/aws\"]",
      "instances": [
        {
          "index_key": 0,
          "schema_version": 0,
          "attributes": {
            "arn": "arn:aws:iam::980921733825:role/automode-cluster-cluster-20250523080440398000000005",
            "assume_role_policy": "{\"Statement\":[{\"Action\":[\"sts:TagSession\",\"sts:AssumeRole\"],\"Effect\":\"Allow\",\"Principal\":{\"Service\":\"eks.amazonaws.com\"},\"Sid\":\"EKSClusterAssumeRole\"}],\"Version\":\"2012-10-17\"}",
            "create_date": "2025-05-23T08:04:41Z",
            "description": "",
            "force_detach_policies": true,
            "id": "automode-cluster-cluster-20250523080440398000000005",
            "inline_policy": [],
            "managed_policy_arns": [
              "arn:aws:iam::980921733825:policy/automode-cluster-cluster-2025052308044130430000000a",
              "arn:aws:iam::980921733825:policy/automode-cluster-cluster-ClusterEncryption2025052308050323490000001e",
              "arn:aws:iam::aws:policy/AmazonEKSBlockStoragePolicy",
              "arn:aws:iam::aws:policy/AmazonEKSClusterPolicy",
              "arn:aws:iam::aws:policy/AmazonEKSComputePolicy",
              "arn:aws:iam::aws:policy/AmazonEKSLoadBalancingPolicy",
              "arn:aws:iam::aws:policy/AmazonEKSNetworkingPolicy"
            ],
            "max_session_duration": 3600,
            "name": "automode-cluster-cluster-20250523080440398000000005",
            "name_prefix": "automode-cluster-cluster-",
            "path": "/",
            "permissions_boundary": "",
            "tags": {
              "Blueprint": "automode-cluster"
            },
            "tags_all": {
              "Blueprint": "automode-cluster"
            },
            "unique_id": "AROA6IY352LA4D5ERWLBD"
          },
          "sensitive_attributes": [],
          "identity_schema_version": 0,
          "private": "bnVsbA==",
          "dependencies": [
            "module.eks.data.aws_iam_policy_document.assume_role_policy"
          ],
          "create_before_destroy": true
        }
      ]
    },
    {
      "module": "module.eks",
      "mode": "managed",
      "type": "aws_iam_role_policy_attachment",
      "name": "cluster_encryption",
      "provider": "provider[\"registry.terraform.io/hashicorp/aws\"]",
      "instances": [
        {
          "index_key": 0,
          "schema_version": 0,
          "attributes": {
            "id": "automode-cluster-cluster-20250523080440398000000005-2025052308050436570000001f",
            "policy_arn": "arn:aws:iam::980921733825:policy/automode-cluster-cluster-ClusterEncryption2025052308050323490000001e",
            "role": "automode-cluster-cluster-20250523080440398000000005"
          },
          "sensitive_attributes": [],
          "identity_schema_version": 0,
          "private": "bnVsbA==",
          "dependencies": [
            "module.eks.aws_iam_policy.cluster_encryption",
            "module.eks.aws_iam_role.this",
            "module.eks.data.aws_caller_identity.current",
            "module.eks.data.aws_iam_policy_document.assume_role_policy",
            "module.eks.data.aws_iam_session_context.current",
            "module.eks.module.kms.aws_kms_external_key.this",
            "module.eks.module.kms.aws_kms_key.this",
            "module.eks.module.kms.aws_kms_replica_external_key.this",
            "module.eks.module.kms.aws_kms_replica_key.this",
            "module.eks.module.kms.data.aws_caller_identity.current",
            "module.eks.module.kms.data.aws_iam_policy_document.this",
            "module.eks.module.kms.data.aws_partition.current"
          ]
        }
      ]
    },
    {
      "module": "module.eks",
      "mode": "managed",
      "type": "aws_iam_role_policy_attachment",
      "name": "custom",
      "provider": "provider[\"registry.terraform.io/hashicorp/aws\"]",
      "instances": [
        {
          "index_key": 0,
          "schema_version": 0,
          "attributes": {
            "id": "automode-cluster-cluster-20250523080440398000000005-2025052308044272340000000f",
            "policy_arn": "arn:aws:iam::980921733825:policy/automode-cluster-cluster-2025052308044130430000000a",
            "role": "automode-cluster-cluster-20250523080440398000000005"
          },
          "sensitive_attributes": [],
          "identity_schema_version": 0,
          "private": "bnVsbA==",
          "dependencies": [
            "module.eks.aws_iam_policy.custom",
            "module.eks.aws_iam_role.this",
            "module.eks.data.aws_iam_policy_document.assume_role_policy",
            "module.eks.data.aws_iam_policy_document.custom",
            "module.eks.data.aws_partition.current"
          ]
        }
      ]
    },
    {
      "module": "module.eks",
      "mode": "managed",
      "type": "aws_iam_role_policy_attachment",
      "name": "eks_auto",
      "provider": "provider[\"registry.terraform.io/hashicorp/aws\"]",
      "instances": [
        {
          "index_key": "AmazonEC2ContainerRegistryPullOnly",
          "schema_version": 0,
          "attributes": {
            "id": "automode-cluster-eks-auto-20250523080440398700000006-20250523080442976300000014",
            "policy_arn": "arn:aws:iam::aws:policy/AmazonEC2ContainerRegistryPullOnly",
            "role": "automode-cluster-eks-auto-20250523080440398700000006"
          },
          "sensitive_attributes": [],
          "identity_schema_version": 0,
          "private": "bnVsbA==",
          "dependencies": [
            "module.eks.aws_iam_role.eks_auto",
            "module.eks.data.aws_iam_policy_document.node_assume_role_policy",
            "module.eks.data.aws_partition.current"
          ]
        },
        {
          "index_key": "AmazonEKSWorkerNodeMinimalPolicy",
          "schema_version": 0,
          "attributes": {
            "id": "automode-cluster-eks-auto-20250523080440398700000006-20250523080442897600000013",
            "policy_arn": "arn:aws:iam::aws:policy/AmazonEKSWorkerNodeMinimalPolicy",
            "role": "automode-cluster-eks-auto-20250523080440398700000006"
          },
          "sensitive_attributes": [],
          "identity_schema_version": 0,
          "private": "bnVsbA==",
          "dependencies": [
            "module.eks.aws_iam_role.eks_auto",
            "module.eks.data.aws_iam_policy_document.node_assume_role_policy",
            "module.eks.data.aws_partition.current"
          ]
        }
      ]
    },
    {
      "module": "module.eks",
      "mode": "managed",
      "type": "aws_iam_role_policy_attachment",
      "name": "this",
      "provider": "provider[\"registry.terraform.io/hashicorp/aws\"]",
      "instances": [
        {
          "index_key": "AmazonEKSBlockStoragePolicy",
          "schema_version": 0,
          "attributes": {
            "id": "automode-cluster-cluster-20250523080440398000000005-20250523080442731100000011",
            "policy_arn": "arn:aws:iam::aws:policy/AmazonEKSBlockStoragePolicy",
            "role": "automode-cluster-cluster-20250523080440398000000005"
          },
          "sensitive_attributes": [],
          "identity_schema_version": 0,
          "private": "bnVsbA==",
          "dependencies": [
            "module.eks.aws_iam_role.this",
            "module.eks.data.aws_iam_policy_document.assume_role_policy",
            "module.eks.data.aws_partition.current"
          ],
          "create_before_destroy": true
        },
        {
          "index_key": "AmazonEKSClusterPolicy",
          "schema_version": 0,
          "attributes": {
            "id": "automode-cluster-cluster-20250523080440398000000005-2025052308044271810000000d",
            "policy_arn": "arn:aws:iam::aws:policy/AmazonEKSClusterPolicy",
            "role": "automode-cluster-cluster-20250523080440398000000005"
          },
          "sensitive_attributes": [],
          "identity_schema_version": 0,
          "private": "bnVsbA==",
          "dependencies": [
            "module.eks.aws_iam_role.this",
            "module.eks.data.aws_iam_policy_document.assume_role_policy",
            "module.eks.data.aws_partition.current"
          ],
          "create_before_destroy": true
        },
        {
          "index_key": "AmazonEKSComputePolicy",
          "schema_version": 0,
          "attributes": {
            "id": "automode-cluster-cluster-20250523080440398000000005-20250523080442798400000012",
            "policy_arn": "arn:aws:iam::aws:policy/AmazonEKSComputePolicy",
            "role": "automode-cluster-cluster-20250523080440398000000005"
          },
          "sensitive_attributes": [],
          "identity_schema_version": 0,
          "private": "bnVsbA==",
          "dependencies": [
            "module.eks.aws_iam_role.this",
            "module.eks.data.aws_iam_policy_document.assume_role_policy",
            "module.eks.data.aws_partition.current"
          ],
          "create_before_destroy": true
        },
        {
          "index_key": "AmazonEKSLoadBalancingPolicy",
          "schema_version": 0,
          "attributes": {
            "id": "automode-cluster-cluster-20250523080440398000000005-2025052308044271900000000e",
            "policy_arn": "arn:aws:iam::aws:policy/AmazonEKSLoadBalancingPolicy",
            "role": "automode-cluster-cluster-20250523080440398000000005"
          },
          "sensitive_attributes": [],
          "identity_schema_version": 0,
          "private": "bnVsbA==",
          "dependencies": [
            "module.eks.aws_iam_role.this",
            "module.eks.data.aws_iam_policy_document.assume_role_policy",
            "module.eks.data.aws_partition.current"
          ],
          "create_before_destroy": true
        },
        {
          "index_key": "AmazonEKSNetworkingPolicy",
          "schema_version": 0,
          "attributes": {
            "id": "automode-cluster-cluster-20250523080440398000000005-20250523080442724200000010",
            "policy_arn": "arn:aws:iam::aws:policy/AmazonEKSNetworkingPolicy",
            "role": "automode-cluster-cluster-20250523080440398000000005"
          },
          "sensitive_attributes": [],
          "identity_schema_version": 0,
          "private": "bnVsbA==",
          "dependencies": [
            "module.eks.aws_iam_role.this",
            "module.eks.data.aws_iam_policy_document.assume_role_policy",
            "module.eks.data.aws_partition.current"
          ],
          "create_before_destroy": true
        }
      ]
    },
    {
      "module": "module.eks",
      "mode": "managed",
      "type": "aws_security_group",
      "name": "cluster",
      "provider": "provider[\"registry.terraform.io/hashicorp/aws\"]",
      "instances": [
        {
          "index_key": 0,
          "schema_version": 1,
          "attributes": {
            "arn": "arn:aws:ec2:ap-southeast-3:980921733825:security-group/sg-028753d7d39d1c440",
            "description": "EKS cluster security group",
            "egress": [],
            "id": "sg-028753d7d39d1c440",
            "ingress": [
              {
                "cidr_blocks": [],
                "description": "Node groups to cluster API",
                "from_port": 443,
                "ipv6_cidr_blocks": [],
                "prefix_list_ids": [],
                "protocol": "tcp",
                "security_groups": [
                  "sg-062aa737e6a53296d"
                ],
                "self": false,
                "to_port": 443
              }
            ],
            "name": "automode-cluster-cluster-2025052308045198410000001a",
            "name_prefix": "automode-cluster-cluster-",
            "owner_id": "980921733825",
            "revoke_rules_on_delete": false,
            "tags": {
              "Blueprint": "automode-cluster",
              "Name": "automode-cluster-cluster"
            },
            "tags_all": {
              "Blueprint": "automode-cluster",
              "Name": "automode-cluster-cluster"
            },
            "timeouts": null,
            "vpc_id": "vpc-0f1dd580e50c83d4a"
          },
          "sensitive_attributes": [],
          "identity_schema_version": 0,
          "private": "eyJlMmJmYjczMC1lY2FhLTExZTYtOGY4OC0zNDM2M2JjN2M0YzAiOnsiY3JlYXRlIjo2MDAwMDAwMDAwMDAsImRlbGV0ZSI6OTAwMDAwMDAwMDAwfSwic2NoZW1hX3ZlcnNpb24iOiIxIn0=",
          "dependencies": [
            "module.vpc.aws_vpc.this"
          ],
          "create_before_destroy": true
        }
      ]
    },
    {
      "module": "module.eks",
      "mode": "managed",
      "type": "aws_security_group",
      "name": "node",
      "provider": "provider[\"registry.terraform.io/hashicorp/aws\"]",
      "instances": [
        {
          "index_key": 0,
          "schema_version": 1,
          "attributes": {
            "arn": "arn:aws:ec2:ap-southeast-3:980921733825:security-group/sg-062aa737e6a53296d",
            "description": "EKS node shared security group",
            "egress": [
              {
                "cidr_blocks": [
                  "0.0.0.0/0"
                ],
                "description": "Allow all egress",
                "from_port": 0,
                "ipv6_cidr_blocks": [],
                "prefix_list_ids": [],
                "protocol": "-1",
                "security_groups": [],
                "self": false,
                "to_port": 0
              }
            ],
            "id": "sg-062aa737e6a53296d",
            "ingress": [
              {
                "cidr_blocks": [],
                "description": "Cluster API to node 4443/tcp webhook",
                "from_port": 4443,
                "ipv6_cidr_blocks": [],
                "prefix_list_ids": [],
                "protocol": "tcp",
                "security_groups": [
                  "sg-028753d7d39d1c440"
                ],
                "self": false,
                "to_port": 4443
              },
              {
                "cidr_blocks": [],
                "description": "Cluster API to node 6443/tcp webhook",
                "from_port": 6443,
                "ipv6_cidr_blocks": [],
                "prefix_list_ids": [],
                "protocol": "tcp",
                "security_groups": [
                  "sg-028753d7d39d1c440"
                ],
                "self": false,
                "to_port": 6443
              },
              {
                "cidr_blocks": [],
                "description": "Cluster API to node 8443/tcp webhook",
                "from_port": 8443,
                "ipv6_cidr_blocks": [],
                "prefix_list_ids": [],
                "protocol": "tcp",
                "security_groups": [
                  "sg-028753d7d39d1c440"
                ],
                "self": false,
                "to_port": 8443
              },
              {
                "cidr_blocks": [],
                "description": "Cluster API to node 9443/tcp webhook",
                "from_port": 9443,
                "ipv6_cidr_blocks": [],
                "prefix_list_ids": [],
                "protocol": "tcp",
                "security_groups": [
                  "sg-028753d7d39d1c440"
                ],
                "self": false,
                "to_port": 9443
              },
              {
                "cidr_blocks": [],
                "description": "Cluster API to node groups",
                "from_port": 443,
                "ipv6_cidr_blocks": [],
                "prefix_list_ids": [],
                "protocol": "tcp",
                "security_groups": [
                  "sg-028753d7d39d1c440"
                ],
                "self": false,
                "to_port": 443
              },
              {
                "cidr_blocks": [],
                "description": "Cluster API to node kubelets",
                "from_port": 10250,
                "ipv6_cidr_blocks": [],
                "prefix_list_ids": [],
                "protocol": "tcp",
                "security_groups": [
                  "sg-028753d7d39d1c440"
                ],
                "self": false,
                "to_port": 10250
              },
              {
                "cidr_blocks": [],
                "description": "Node to node CoreDNS UDP",
                "from_port": 53,
                "ipv6_cidr_blocks": [],
                "prefix_list_ids": [],
                "protocol": "udp",
                "security_groups": [],
                "self": true,
                "to_port": 53
              },
              {
                "cidr_blocks": [],
                "description": "Node to node CoreDNS",
                "from_port": 53,
                "ipv6_cidr_blocks": [],
                "prefix_list_ids": [],
                "protocol": "tcp",
                "security_groups": [],
                "self": true,
                "to_port": 53
              },
              {
                "cidr_blocks": [],
                "description": "Node to node ingress on ephemeral ports",
                "from_port": 1025,
                "ipv6_cidr_blocks": [],
                "prefix_list_ids": [],
                "protocol": "tcp",
                "security_groups": [],
                "self": true,
                "to_port": 65535
              }
            ],
            "name": "automode-cluster-node-2025052308045299980000001b",
            "name_prefix": "automode-cluster-node-",
            "owner_id": "980921733825",
            "revoke_rules_on_delete": false,
            "tags": {
              "Blueprint": "automode-cluster",
              "Name": "automode-cluster-node",
              "kubernetes.io/cluster/automode-cluster": "owned"
            },
            "tags_all": {
              "Blueprint": "automode-cluster",
              "Name": "automode-cluster-node",
              "kubernetes.io/cluster/automode-cluster": "owned"
            },
            "timeouts": null,
            "vpc_id": "vpc-0f1dd580e50c83d4a"
          },
          "sensitive_attributes": [],
          "identity_schema_version": 0,
          "private": "eyJlMmJmYjczMC1lY2FhLTExZTYtOGY4OC0zNDM2M2JjN2M0YzAiOnsiY3JlYXRlIjo2MDAwMDAwMDAwMDAsImRlbGV0ZSI6OTAwMDAwMDAwMDAwfSwic2NoZW1hX3ZlcnNpb24iOiIxIn0=",
          "dependencies": [
            "module.vpc.aws_vpc.this"
          ],
          "create_before_destroy": true
        }
      ]
    },
    {
      "module": "module.eks",
      "mode": "managed",
      "type": "aws_security_group_rule",
      "name": "cluster",
      "provider": "provider[\"registry.terraform.io/hashicorp/aws\"]",
      "instances": [
        {
          "index_key": "ingress_nodes_443",
          "schema_version": 2,
          "attributes": {
            "cidr_blocks": null,
            "description": "Node groups to cluster API",
            "from_port": 443,
            "id": "sgrule-3956520461",
            "ipv6_cidr_blocks": null,
            "prefix_list_ids": null,
            "protocol": "tcp",
            "security_group_id": "sg-028753d7d39d1c440",
            "security_group_rule_id": "sgr-060e66b9f3e7928dd",
            "self": false,
            "source_security_group_id": "sg-062aa737e6a53296d",
            "timeouts": null,
            "to_port": 443,
            "type": "ingress"
          },
          "sensitive_attributes": [],
          "identity_schema_version": 0,
          "private": "eyJlMmJmYjczMC1lY2FhLTExZTYtOGY4OC0zNDM2M2JjN2M0YzAiOnsiY3JlYXRlIjozMDAwMDAwMDAwMDB9LCJzY2hlbWFfdmVyc2lvbiI6IjIifQ==",
          "dependencies": [
            "module.eks.aws_security_group.cluster",
            "module.eks.aws_security_group.node",
            "module.vpc.aws_vpc.this"
          ],
          "create_before_destroy": true
        }
      ]
    },
    {
      "module": "module.eks",
      "mode": "managed",
      "type": "aws_security_group_rule",
      "name": "node",
      "provider": "provider[\"registry.terraform.io/hashicorp/aws\"]",
      "instances": [
        {
          "index_key": "egress_all",
          "schema_version": 2,
          "attributes": {
            "cidr_blocks": [
              "0.0.0.0/0"
            ],
            "description": "Allow all egress",
            "from_port": 0,
            "id": "sgrule-347880376",
            "ipv6_cidr_blocks": null,
            "prefix_list_ids": [],
            "protocol": "-1",
            "security_group_id": "sg-062aa737e6a53296d",
            "security_group_rule_id": "sgr-04413ae2180c607a5",
            "self": false,
            "source_security_group_id": null,
            "timeouts": null,
            "to_port": 0,
            "type": "egress"
          },
          "sensitive_attributes": [],
          "identity_schema_version": 0,
          "private": "eyJlMmJmYjczMC1lY2FhLTExZTYtOGY4OC0zNDM2M2JjN2M0YzAiOnsiY3JlYXRlIjozMDAwMDAwMDAwMDB9LCJzY2hlbWFfdmVyc2lvbiI6IjIifQ==",
          "dependencies": [
            "module.eks.aws_security_group.cluster",
            "module.eks.aws_security_group.node",
            "module.vpc.aws_vpc.this"
          ],
          "create_before_destroy": true
        },
        {
          "index_key": "ingress_cluster_443",
          "schema_version": 2,
          "attributes": {
            "cidr_blocks": null,
            "description": "Cluster API to node groups",
            "from_port": 443,
            "id": "sgrule-1872672075",
            "ipv6_cidr_blocks": null,
            "prefix_list_ids": [],
            "protocol": "tcp",
            "security_group_id": "sg-062aa737e6a53296d",
            "security_group_rule_id": "sgr-0121a02767c20f0de",
            "self": false,
            "source_security_group_id": "sg-028753d7d39d1c440",
            "timeouts": null,
            "to_port": 443,
            "type": "ingress"
          },
          "sensitive_attributes": [],
          "identity_schema_version": 0,
          "private": "eyJlMmJmYjczMC1lY2FhLTExZTYtOGY4OC0zNDM2M2JjN2M0YzAiOnsiY3JlYXRlIjozMDAwMDAwMDAwMDB9LCJzY2hlbWFfdmVyc2lvbiI6IjIifQ==",
          "dependencies": [
            "module.eks.aws_security_group.cluster",
            "module.eks.aws_security_group.node",
            "module.vpc.aws_vpc.this"
          ],
          "create_before_destroy": true
        },
        {
          "index_key": "ingress_cluster_4443_webhook",
          "schema_version": 2,
          "attributes": {
            "cidr_blocks": null,
            "description": "Cluster API to node 4443/tcp webhook",
            "from_port": 4443,
            "id": "sgrule-1899990097",
            "ipv6_cidr_blocks": null,
            "prefix_list_ids": [],
            "protocol": "tcp",
            "security_group_id": "sg-062aa737e6a53296d",
            "security_group_rule_id": "sgr-023160fe7c5dd64f7",
            "self": false,
            "source_security_group_id": "sg-028753d7d39d1c440",
            "timeouts": null,
            "to_port": 4443,
            "type": "ingress"
          },
          "sensitive_attributes": [],
          "identity_schema_version": 0,
          "private": "eyJlMmJmYjczMC1lY2FhLTExZTYtOGY4OC0zNDM2M2JjN2M0YzAiOnsiY3JlYXRlIjozMDAwMDAwMDAwMDB9LCJzY2hlbWFfdmVyc2lvbiI6IjIifQ==",
          "dependencies": [
            "module.eks.aws_security_group.cluster",
            "module.eks.aws_security_group.node",
            "module.vpc.aws_vpc.this"
          ],
          "create_before_destroy": true
        },
        {
          "index_key": "ingress_cluster_6443_webhook",
          "schema_version": 2,
          "attributes": {
            "cidr_blocks": null,
            "description": "Cluster API to node 6443/tcp webhook",
            "from_port": 6443,
            "id": "sgrule-3095260103",
            "ipv6_cidr_blocks": null,
            "prefix_list_ids": [],
            "protocol": "tcp",
            "security_group_id": "sg-062aa737e6a53296d",
            "security_group_rule_id": "sgr-0b8b82fc47995d0fe",
            "self": false,
            "source_security_group_id": "sg-028753d7d39d1c440",
            "timeouts": null,
            "to_port": 6443,
            "type": "ingress"
          },
          "sensitive_attributes": [],
          "identity_schema_version": 0,
          "private": "eyJlMmJmYjczMC1lY2FhLTExZTYtOGY4OC0zNDM2M2JjN2M0YzAiOnsiY3JlYXRlIjozMDAwMDAwMDAwMDB9LCJzY2hlbWFfdmVyc2lvbiI6IjIifQ==",
          "dependencies": [
            "module.eks.aws_security_group.cluster",
            "module.eks.aws_security_group.node",
            "module.vpc.aws_vpc.this"
          ],
          "create_before_destroy": true
        },
        {
          "index_key": "ingress_cluster_8443_webhook",
          "schema_version": 2,
          "attributes": {
            "cidr_blocks": null,
            "description": "Cluster API to node 8443/tcp webhook",
            "from_port": 8443,
            "id": "sgrule-2871121894",
            "ipv6_cidr_blocks": null,
            "prefix_list_ids": [],
            "protocol": "tcp",
            "security_group_id": "sg-062aa737e6a53296d",
            "security_group_rule_id": "sgr-0c9a4f08800e2b437",
            "self": false,
            "source_security_group_id": "sg-028753d7d39d1c440",
            "timeouts": null,
            "to_port": 8443,
            "type": "ingress"
          },
          "sensitive_attributes": [],
          "identity_schema_version": 0,
          "private": "eyJlMmJmYjczMC1lY2FhLTExZTYtOGY4OC0zNDM2M2JjN2M0YzAiOnsiY3JlYXRlIjozMDAwMDAwMDAwMDB9LCJzY2hlbWFfdmVyc2lvbiI6IjIifQ==",
          "dependencies": [
            "module.eks.aws_security_group.cluster",
            "module.eks.aws_security_group.node",
            "module.vpc.aws_vpc.this"
          ],
          "create_before_destroy": true
        },
        {
          "index_key": "ingress_cluster_9443_webhook",
          "schema_version": 2,
          "attributes": {
            "cidr_blocks": null,
            "description": "Cluster API to node 9443/tcp webhook",
            "from_port": 9443,
            "id": "sgrule-3481330733",
            "ipv6_cidr_blocks": null,
            "prefix_list_ids": [],
            "protocol": "tcp",
            "security_group_id": "sg-062aa737e6a53296d",
            "security_group_rule_id": "sgr-0a0f4b023622c831f",
            "self": false,
            "source_security_group_id": "sg-028753d7d39d1c440",
            "timeouts": null,
            "to_port": 9443,
            "type": "ingress"
          },
          "sensitive_attributes": [],
          "identity_schema_version": 0,
          "private": "eyJlMmJmYjczMC1lY2FhLTExZTYtOGY4OC0zNDM2M2JjN2M0YzAiOnsiY3JlYXRlIjozMDAwMDAwMDAwMDB9LCJzY2hlbWFfdmVyc2lvbiI6IjIifQ==",
          "dependencies": [
            "module.eks.aws_security_group.cluster",
            "module.eks.aws_security_group.node",
            "module.vpc.aws_vpc.this"
          ],
          "create_before_destroy": true
        },
        {
          "index_key": "ingress_cluster_kubelet",
          "schema_version": 2,
          "attributes": {
            "cidr_blocks": null,
            "description": "Cluster API to node kubelets",
            "from_port": 10250,
            "id": "sgrule-628176813",
            "ipv6_cidr_blocks": null,
            "prefix_list_ids": [],
            "protocol": "tcp",
            "security_group_id": "sg-062aa737e6a53296d",
            "security_group_rule_id": "sgr-0bdc4689262a0a677",
            "self": false,
            "source_security_group_id": "sg-028753d7d39d1c440",
            "timeouts": null,
            "to_port": 10250,
            "type": "ingress"
          },
          "sensitive_attributes": [],
          "identity_schema_version": 0,
          "private": "eyJlMmJmYjczMC1lY2FhLTExZTYtOGY4OC0zNDM2M2JjN2M0YzAiOnsiY3JlYXRlIjozMDAwMDAwMDAwMDB9LCJzY2hlbWFfdmVyc2lvbiI6IjIifQ==",
          "dependencies": [
            "module.eks.aws_security_group.cluster",
            "module.eks.aws_security_group.node",
            "module.vpc.aws_vpc.this"
          ],
          "create_before_destroy": true
        },
        {
          "index_key": "ingress_nodes_ephemeral",
          "schema_version": 2,
          "attributes": {
            "cidr_blocks": null,
            "description": "Node to node ingress on ephemeral ports",
            "from_port": 1025,
            "id": "sgrule-4140582207",
            "ipv6_cidr_blocks": null,
            "prefix_list_ids": [],
            "protocol": "tcp",
            "security_group_id": "sg-062aa737e6a53296d",
            "security_group_rule_id": "sgr-07004feec9bb5426f",
            "self": true,
            "source_security_group_id": null,
            "timeouts": null,
            "to_port": 65535,
            "type": "ingress"
          },
          "sensitive_attributes": [],
          "identity_schema_version": 0,
          "private": "eyJlMmJmYjczMC1lY2FhLTExZTYtOGY4OC0zNDM2M2JjN2M0YzAiOnsiY3JlYXRlIjozMDAwMDAwMDAwMDB9LCJzY2hlbWFfdmVyc2lvbiI6IjIifQ==",
          "dependencies": [
            "module.eks.aws_security_group.cluster",
            "module.eks.aws_security_group.node",
            "module.vpc.aws_vpc.this"
          ],
          "create_before_destroy": true
        },
        {
          "index_key": "ingress_self_coredns_tcp",
          "schema_version": 2,
          "attributes": {
            "cidr_blocks": null,
            "description": "Node to node CoreDNS",
            "from_port": 53,
            "id": "sgrule-3798799171",
            "ipv6_cidr_blocks": null,
            "prefix_list_ids": [],
            "protocol": "tcp",
            "security_group_id": "sg-062aa737e6a53296d",
            "security_group_rule_id": "sgr-09f6a459c5833c547",
            "self": true,
            "source_security_group_id": null,
            "timeouts": null,
            "to_port": 53,
            "type": "ingress"
          },
          "sensitive_attributes": [],
          "identity_schema_version": 0,
          "private": "eyJlMmJmYjczMC1lY2FhLTExZTYtOGY4OC0zNDM2M2JjN2M0YzAiOnsiY3JlYXRlIjozMDAwMDAwMDAwMDB9LCJzY2hlbWFfdmVyc2lvbiI6IjIifQ==",
          "dependencies": [
            "module.eks.aws_security_group.cluster",
            "module.eks.aws_security_group.node",
            "module.vpc.aws_vpc.this"
          ],
          "create_before_destroy": true
        },
        {
          "index_key": "ingress_self_coredns_udp",
          "schema_version": 2,
          "attributes": {
            "cidr_blocks": null,
            "description": "Node to node CoreDNS UDP",
            "from_port": 53,
            "id": "sgrule-1177727148",
            "ipv6_cidr_blocks": null,
            "prefix_list_ids": [],
            "protocol": "udp",
            "security_group_id": "sg-062aa737e6a53296d",
            "security_group_rule_id": "sgr-09283ac49abd98e63",
            "self": true,
            "source_security_group_id": null,
            "timeouts": null,
            "to_port": 53,
            "type": "ingress"
          },
          "sensitive_attributes": [],
          "identity_schema_version": 0,
          "private": "eyJlMmJmYjczMC1lY2FhLTExZTYtOGY4OC0zNDM2M2JjN2M0YzAiOnsiY3JlYXRlIjozMDAwMDAwMDAwMDB9LCJzY2hlbWFfdmVyc2lvbiI6IjIifQ==",
          "dependencies": [
            "module.eks.aws_security_group.cluster",
            "module.eks.aws_security_group.node",
            "module.vpc.aws_vpc.this"
          ],
          "create_before_destroy": true
        }
      ]
    },
    {
      "module": "module.eks",
      "mode": "managed",
      "type": "time_sleep",
      "name": "this",
      "provider": "provider[\"registry.terraform.io/hashicorp/time\"]",
      "instances": [
        {
          "index_key": 0,
          "schema_version": 0,
          "attributes": {
            "create_duration": "30s",
            "destroy_duration": null,
            "id": "2025-05-23T08:18:39Z",
            "triggers": {
              "cluster_certificate_authority_data": "LS0tLS1CRUdJTiBDRVJUSUZJQ0FURS0tLS0tCk1JSURCVENDQWUyZ0F3SUJBZ0lJQWdQdlo5WVRCL2t3RFFZSktvWklodmNOQVFFTEJRQXdGVEVUTUJFR0ExVUUKQXhNS2EzVmlaWEp1WlhSbGN6QWVGdzB5TlRBMU1qTXdPREEwTVRsYUZ3MHpOVEExTWpFd09EQTVNVGxhTUJVeApFekFSQmdOVkJBTVRDbXQxWW1WeWJtVjBaWE13Z2dFaU1BMEdDU3FHU0liM0RRRUJBUVVBQTRJQkR3QXdnZ0VLCkFvSUJBUUMybWJMMnRheC8wUW5yV1hyS1dyZk5QdzRMN1hVMHdGU3ZRZlprVFBjTkpWeUFTUjBlUEdyK2NGeE8KMUkzcFlteHRLRXlXUFYvK3JHZlBPcnpHUTFzREVqd0pLTlpMcWhPcDVNVmtmNnpZa0FVZnVHWXNMUlBnREJOdgpkdnJvcm03QllaRUtjRlRzQjNDaWI0WEpEM0RWSTU4YnJhM3dUdGZSZ21qZGN2YXRSd0lBZXFxNFJiMkNhZDVrClIzaUxuT044dzdLQzdMejVzRnhvTUVWMHRPMDRXZXRqRUhuOUk0Ly81U2lkWFVnMCttSEZQbEdTQ2dSZ1llZ3kKRVVIai9INGFxNmFDWEdSbDFWMVdQZzVBNTg1OXBBR0ZkamhSeHd2NzJIdEd0OUdhbjNJTWl6ZFdSV3daUk5rZwpKb0YyOGJ3Q3VvMkRNMENwT3lWdlBIazh1TlpuQWdNQkFBR2pXVEJYTUE0R0ExVWREd0VCL3dRRUF3SUNwREFQCkJnTlZIUk1CQWY4RUJUQURBUUgvTUIwR0ExVWREZ1FXQkJSV0VOY3JoV1NLeWFqTC9ZUUpSWlUrS0xsUi9EQVYKQmdOVkhSRUVEakFNZ2dwcmRXSmxjbTVsZEdWek1BMEdDU3FHU0liM0RRRUJDd1VBQTRJQkFRQ1RkVEE0WENFWApNbDNJaHplYkdmLzhyUFNGWVpmY3BCdVI0VkRIRjVEdkpyQ0VrZ1RsQVZQcm1hNjRFczJVN3dEMDJLRVZLajJDCnd2Ymg4bjF0MkJkMWdNdmtDbkMvaThmSkRQb1RwQ2NoR2xFTklSRStxT3BQV3lKQXZWaWl4ZXp0ZkU4eFNSTXgKQXZ0M0dkajVlN05QNm81aC9tZndzRTdzWmpnRFVmTnhWbGtNRmNNTEVPUlJiK3JGK1BWdmQ2cnJrZGg4bnZVNwp2aWJxSGZqaVh3SkJ1NWFmZGpsazVLWEZTdGI3K1dLd2RNcFVhWVNJQ2xTem9mdkovaTl3bE1ld3FWLytEQmNuCjZBNjl2U1dsVG1jYVpDN0o0MWhwYjY3K0hWL0JrTUNjTW1RTzNiQjREL2JJUk9aOWtHejM5NEhXNExZWGhQaWsKQTVEUGxGeUhsaWZECi0tLS0tRU5EIENFUlRJRklDQVRFLS0tLS0K",
              "cluster_endpoint": "https://4D940B8E23708D5B51AABE27616FA484.sk1.ap-southeast-3.eks.amazonaws.com",
              "cluster_name": "automode-cluster",
              "cluster_service_cidr": "172.20.0.0/16",
              "cluster_version": "1.31"
            }
          },
          "sensitive_attributes": [],
          "identity_schema_version": 0,
          "dependencies": [
            "data.aws_availability_zones.available",
            "module.eks.aws_cloudwatch_log_group.this",
            "module.eks.aws_eks_cluster.this",
            "module.eks.aws_iam_policy.cni_ipv6_policy",
            "module.eks.aws_iam_role.eks_auto",
            "module.eks.aws_iam_role.this",
            "module.eks.aws_iam_role_policy_attachment.this",
            "module.eks.aws_security_group.cluster",
            "module.eks.aws_security_group.node",
            "module.eks.aws_security_group_rule.cluster",
            "module.eks.aws_security_group_rule.node",
            "module.eks.data.aws_caller_identity.current",
            "module.eks.data.aws_iam_policy_document.assume_role_policy",
            "module.eks.data.aws_iam_policy_document.cni_ipv6_policy",
            "module.eks.data.aws_iam_policy_document.node_assume_role_policy",
            "module.eks.data.aws_iam_session_context.current",
            "module.eks.data.aws_partition.current",
            "module.eks.module.kms.aws_kms_external_key.this",
            "module.eks.module.kms.aws_kms_key.this",
            "module.eks.module.kms.aws_kms_replica_external_key.this",
            "module.eks.module.kms.aws_kms_replica_key.this",
            "module.eks.module.kms.data.aws_caller_identity.current",
            "module.eks.module.kms.data.aws_iam_policy_document.this",
            "module.eks.module.kms.data.aws_partition.current",
            "module.vpc.aws_subnet.private",
            "module.vpc.aws_vpc.this",
            "module.vpc.aws_vpc_ipv4_cidr_block_association.this"
          ],
          "create_before_destroy": true
        }
      ]
    },
    {
      "module": "module.eks.module.kms",
      "mode": "data",
      "type": "aws_caller_identity",
      "name": "current",
      "provider": "provider[\"registry.terraform.io/hashicorp/aws\"]",
      "instances": [
        {
          "index_key": 0,
          "schema_version": 0,
          "attributes": {
            "account_id": "980921733825",
            "arn": "arn:aws:iam::980921733825:user/ihza_ops",
            "id": "980921733825",
            "user_id": "AIDA6IY352LA4F6X5OILI"
          },
          "sensitive_attributes": [],
          "identity_schema_version": 0
        }
      ]
    },
    {
      "module": "module.eks.module.kms",
      "mode": "data",
      "type": "aws_iam_policy_document",
      "name": "this",
      "provider": "provider[\"registry.terraform.io/hashicorp/aws\"]",
      "instances": [
        {
          "index_key": 0,
          "schema_version": 0,
          "attributes": {
            "id": "4206308129",
            "json": "{\n  \"Version\": \"2012-10-17\",\n  \"Statement\": [\n    {\n      \"Sid\": \"Default\",\n      \"Effect\": \"Allow\",\n      \"Action\": \"kms:*\",\n      \"Resource\": \"*\",\n      \"Principal\": {\n        \"AWS\": \"arn:aws:iam::980921733825:root\"\n      }\n    },\n    {\n      \"Sid\": \"KeyAdministration\",\n      \"Effect\": \"Allow\",\n      \"Action\": [\n        \"kms:Update*\",\n        \"kms:UntagResource\",\n        \"kms:TagResource\",\n        \"kms:ScheduleKeyDeletion\",\n        \"kms:Revoke*\",\n        \"kms:ReplicateKey\",\n        \"kms:Put*\",\n        \"kms:List*\",\n        \"kms:ImportKeyMaterial\",\n        \"kms:Get*\",\n        \"kms:Enable*\",\n        \"kms:Disable*\",\n        \"kms:Describe*\",\n        \"kms:Delete*\",\n        \"kms:Create*\",\n        \"kms:CancelKeyDeletion\"\n      ],\n      \"Resource\": \"*\",\n      \"Principal\": {\n        \"AWS\": \"arn:aws:iam::980921733825:user/ihza_ops\"\n      }\n    },\n    {\n      \"Sid\": \"KeyUsage\",\n      \"Effect\": \"Allow\",\n      \"Action\": [\n        \"kms:ReEncrypt*\",\n        \"kms:GenerateDataKey*\",\n        \"kms:Encrypt\",\n        \"kms:DescribeKey\",\n        \"kms:Decrypt\"\n      ],\n      \"Resource\": \"*\",\n      \"Principal\": {\n        \"AWS\": \"arn:aws:iam::980921733825:role/automode-cluster-cluster-20250523080440398000000005\"\n      }\n    }\n  ]\n}",
            "minified_json": "{\"Version\":\"2012-10-17\",\"Statement\":[{\"Sid\":\"Default\",\"Effect\":\"Allow\",\"Action\":\"kms:*\",\"Resource\":\"*\",\"Principal\":{\"AWS\":\"arn:aws:iam::980921733825:root\"}},{\"Sid\":\"KeyAdministration\",\"Effect\":\"Allow\",\"Action\":[\"kms:Update*\",\"kms:UntagResource\",\"kms:TagResource\",\"kms:ScheduleKeyDeletion\",\"kms:Revoke*\",\"kms:ReplicateKey\",\"kms:Put*\",\"kms:List*\",\"kms:ImportKeyMaterial\",\"kms:Get*\",\"kms:Enable*\",\"kms:Disable*\",\"kms:Describe*\",\"kms:Delete*\",\"kms:Create*\",\"kms:CancelKeyDeletion\"],\"Resource\":\"*\",\"Principal\":{\"AWS\":\"arn:aws:iam::980921733825:user/ihza_ops\"}},{\"Sid\":\"KeyUsage\",\"Effect\":\"Allow\",\"Action\":[\"kms:ReEncrypt*\",\"kms:GenerateDataKey*\",\"kms:Encrypt\",\"kms:DescribeKey\",\"kms:Decrypt\"],\"Resource\":\"*\",\"Principal\":{\"AWS\":\"arn:aws:iam::980921733825:role/automode-cluster-cluster-20250523080440398000000005\"}}]}",
            "override_json": null,
            "override_policy_documents": null,
            "policy_id": null,
            "source_json": null,
            "source_policy_documents": null,
            "statement": [
              {
                "actions": [
                  "kms:*"
                ],
                "condition": [],
                "effect": "Allow",
                "not_actions": [],
                "not_principals": [],
                "not_resources": [],
                "principals": [
                  {
                    "identifiers": [
                      "arn:aws:iam::980921733825:root"
                    ],
                    "type": "AWS"
                  }
                ],
                "resources": [
                  "*"
                ],
                "sid": "Default"
              },
              {
                "actions": [
                  "kms:CancelKeyDeletion",
                  "kms:Create*",
                  "kms:Delete*",
                  "kms:Describe*",
                  "kms:Disable*",
                  "kms:Enable*",
                  "kms:Get*",
                  "kms:ImportKeyMaterial",
                  "kms:List*",
                  "kms:Put*",
                  "kms:ReplicateKey",
                  "kms:Revoke*",
                  "kms:ScheduleKeyDeletion",
                  "kms:TagResource",
                  "kms:UntagResource",
                  "kms:Update*"
                ],
                "condition": [],
                "effect": "Allow",
                "not_actions": [],
                "not_principals": [],
                "not_resources": [],
                "principals": [
                  {
                    "identifiers": [
                      "arn:aws:iam::980921733825:user/ihza_ops"
                    ],
                    "type": "AWS"
                  }
                ],
                "resources": [
                  "*"
                ],
                "sid": "KeyAdministration"
              },
              {
                "actions": [
                  "kms:Decrypt",
                  "kms:DescribeKey",
                  "kms:Encrypt",
                  "kms:GenerateDataKey*",
                  "kms:ReEncrypt*"
                ],
                "condition": [],
                "effect": "Allow",
                "not_actions": [],
                "not_principals": [],
                "not_resources": [],
                "principals": [
                  {
                    "identifiers": [
                      "arn:aws:iam::980921733825:role/automode-cluster-cluster-20250523080440398000000005"
                    ],
                    "type": "AWS"
                  }
                ],
                "resources": [
                  "*"
                ],
                "sid": "KeyUsage"
              }
            ],
            "version": "2012-10-17"
          },
          "sensitive_attributes": [],
          "identity_schema_version": 0
        }
      ]
    },
    {
      "module": "module.eks.module.kms",
      "mode": "data",
      "type": "aws_partition",
      "name": "current",
      "provider": "provider[\"registry.terraform.io/hashicorp/aws\"]",
      "instances": [
        {
          "index_key": 0,
          "schema_version": 0,
          "attributes": {
            "dns_suffix": "amazonaws.com",
            "id": "aws",
            "partition": "aws",
            "reverse_dns_prefix": "com.amazonaws"
          },
          "sensitive_attributes": [],
          "identity_schema_version": 0
        }
      ]
    },
    {
      "module": "module.eks.module.kms",
      "mode": "managed",
      "type": "aws_kms_alias",
      "name": "this",
      "provider": "provider[\"registry.terraform.io/hashicorp/aws\"]",
      "instances": [
        {
          "index_key": "cluster",
          "schema_version": 0,
          "attributes": {
            "arn": "arn:aws:kms:ap-southeast-3:980921733825:alias/eks/automode-cluster",
            "id": "alias/eks/automode-cluster",
            "name": "alias/eks/automode-cluster",
            "name_prefix": "",
            "target_key_arn": "arn:aws:kms:ap-southeast-3:980921733825:key/4c58181a-1369-4658-ac53-60009a3dae1a",
            "target_key_id": "4c58181a-1369-4658-ac53-60009a3dae1a"
          },
          "sensitive_attributes": [],
          "identity_schema_version": 0,
          "private": "bnVsbA==",
          "dependencies": [
            "module.eks.aws_iam_role.this",
            "module.eks.data.aws_caller_identity.current",
            "module.eks.data.aws_iam_policy_document.assume_role_policy",
            "module.eks.data.aws_iam_session_context.current",
            "module.eks.module.kms.aws_kms_external_key.this",
            "module.eks.module.kms.aws_kms_key.this",
            "module.eks.module.kms.aws_kms_replica_external_key.this",
            "module.eks.module.kms.aws_kms_replica_key.this",
            "module.eks.module.kms.data.aws_caller_identity.current",
            "module.eks.module.kms.data.aws_iam_policy_document.this",
            "module.eks.module.kms.data.aws_partition.current"
          ]
        }
      ]
    },
    {
      "module": "module.eks.module.kms",
      "mode": "managed",
      "type": "aws_kms_key",
      "name": "this",
      "provider": "provider[\"registry.terraform.io/hashicorp/aws\"]",
      "instances": [
        {
          "index_key": 0,
          "schema_version": 0,
          "attributes": {
            "arn": "arn:aws:kms:ap-southeast-3:980921733825:key/4c58181a-1369-4658-ac53-60009a3dae1a",
            "bypass_policy_lockout_safety_check": false,
            "custom_key_store_id": "",
            "customer_master_key_spec": "SYMMETRIC_DEFAULT",
            "deletion_window_in_days": null,
            "description": "automode-cluster cluster encryption key",
            "enable_key_rotation": true,
            "id": "4c58181a-1369-4658-ac53-60009a3dae1a",
            "is_enabled": true,
            "key_id": "4c58181a-1369-4658-ac53-60009a3dae1a",
            "key_usage": "ENCRYPT_DECRYPT",
            "multi_region": false,
            "policy": "{\"Statement\":[{\"Action\":\"kms:*\",\"Effect\":\"Allow\",\"Principal\":{\"AWS\":\"arn:aws:iam::980921733825:root\"},\"Resource\":\"*\",\"Sid\":\"Default\"},{\"Action\":[\"kms:Update*\",\"kms:UntagResource\",\"kms:TagResource\",\"kms:ScheduleKeyDeletion\",\"kms:Revoke*\",\"kms:ReplicateKey\",\"kms:Put*\",\"kms:List*\",\"kms:ImportKeyMaterial\",\"kms:Get*\",\"kms:Enable*\",\"kms:Disable*\",\"kms:Describe*\",\"kms:Delete*\",\"kms:Create*\",\"kms:CancelKeyDeletion\"],\"Effect\":\"Allow\",\"Principal\":{\"AWS\":\"arn:aws:iam::980921733825:user/ihza_ops\"},\"Resource\":\"*\",\"Sid\":\"KeyAdministration\"},{\"Action\":[\"kms:ReEncrypt*\",\"kms:GenerateDataKey*\",\"kms:Encrypt\",\"kms:DescribeKey\",\"kms:Decrypt\"],\"Effect\":\"Allow\",\"Principal\":{\"AWS\":\"arn:aws:iam::980921733825:role/automode-cluster-cluster-20250523080440398000000005\"},\"Resource\":\"*\",\"Sid\":\"KeyUsage\"}],\"Version\":\"2012-10-17\"}",
            "rotation_period_in_days": 365,
            "tags": {
              "Blueprint": "automode-cluster",
              "terraform-aws-modules": "eks"
            },
            "tags_all": {
              "Blueprint": "automode-cluster",
              "terraform-aws-modules": "eks"
            },
            "timeouts": null,
            "xks_key_id": ""
          },
          "sensitive_attributes": [],
          "identity_schema_version": 0,
          "private": "eyJlMmJmYjczMC1lY2FhLTExZTYtOGY4OC0zNDM2M2JjN2M0YzAiOnsiY3JlYXRlIjoxMjAwMDAwMDAwMDB9fQ==",
          "dependencies": [
            "module.eks.aws_iam_role.this",
            "module.eks.data.aws_caller_identity.current",
            "module.eks.data.aws_iam_policy_document.assume_role_policy",
            "module.eks.data.aws_iam_session_context.current",
            "module.eks.module.kms.data.aws_caller_identity.current",
            "module.eks.module.kms.data.aws_iam_policy_document.this",
            "module.eks.module.kms.data.aws_partition.current"
          ],
          "create_before_destroy": true
        }
      ]
    },
    {
      "module": "module.external_secrets_pod_identity",
      "mode": "data",
      "type": "aws_iam_policy_document",
      "name": "assume",
      "provider": "provider[\"registry.terraform.io/hashicorp/aws\"]",
      "instances": [
        {
          "index_key": 0,
          "schema_version": 0,
          "attributes": {
            "id": "819195744",
            "json": "{\n  \"Version\": \"2012-10-17\",\n  \"Statement\": [\n    {\n      \"Effect\": \"Allow\",\n      \"Action\": [\n        \"sts:TagSession\",\n        \"sts:AssumeRole\"\n      ],\n      \"Principal\": {\n        \"Service\": \"pods.eks.amazonaws.com\"\n      }\n    }\n  ]\n}",
            "minified_json": "{\"Version\":\"2012-10-17\",\"Statement\":[{\"Effect\":\"Allow\",\"Action\":[\"sts:TagSession\",\"sts:AssumeRole\"],\"Principal\":{\"Service\":\"pods.eks.amazonaws.com\"}}]}",
            "override_json": null,
            "override_policy_documents": null,
            "policy_id": null,
            "source_json": null,
            "source_policy_documents": null,
            "statement": [
              {
                "actions": [
                  "sts:AssumeRole",
                  "sts:TagSession"
                ],
                "condition": [],
                "effect": "Allow",
                "not_actions": [],
                "not_principals": [],
                "not_resources": [],
                "principals": [
                  {
                    "identifiers": [
                      "pods.eks.amazonaws.com"
                    ],
                    "type": "Service"
                  }
                ],
                "resources": [],
                "sid": ""
              }
            ],
            "version": "2012-10-17"
          },
          "sensitive_attributes": [],
          "identity_schema_version": 0
        }
      ]
    },
    {
      "module": "module.external_secrets_pod_identity",
      "mode": "data",
      "type": "aws_iam_policy_document",
      "name": "base",
      "provider": "provider[\"registry.terraform.io/hashicorp/aws\"]",
      "instances": [
        {
          "index_key": 0,
          "schema_version": 0,
          "attributes": {
            "id": "1422141854",
            "json": "{\n  \"Version\": \"2012-10-17\",\n  \"Statement\": [\n    {\n      \"Sid\": \"SecretsManagerAccess\",\n      \"Effect\": \"Allow\",\n      \"Action\": [\n        \"secretsmanager:ListSecretVersionIds\",\n        \"secretsmanager:GetSecretValue\",\n        \"secretsmanager:GetResourcePolicy\",\n        \"secretsmanager:DescribeSecret\"\n      ],\n      \"Resource\": [\n        \"arn:aws:secretsmanager:ap-southeast-3:980921733825:secret:automode-cluster-postgres-credentials-20250523080440397400000001-MSzpQW\",\n        \"arn:aws:secretsmanager:ap-southeast-3:980921733825:secret:automode-cluster-litellm-master-salt-20250526100642621700000001-wK4U6x\",\n        \"arn:aws:secretsmanager:ap-southeast-3:980921733825:secret:automode-cluster-litellm-db-connection-20250526100642622500000007-DGIhow\",\n        \"arn:aws:secretsmanager:ap-southeast-3:980921733825:secret:automode-cluster-litellm-api-keys-20250526100642622300000005-2uA6YS\",\n        \"arn:aws:secretsmanager:ap-southeast-3:980921733825:secret:automode-cluster-db-connection-20250523080440397500000003-QUSg6W\"\n      ]\n    }\n  ]\n}",
            "minified_json": "{\"Version\":\"2012-10-17\",\"Statement\":[{\"Sid\":\"SecretsManagerAccess\",\"Effect\":\"Allow\",\"Action\":[\"secretsmanager:ListSecretVersionIds\",\"secretsmanager:GetSecretValue\",\"secretsmanager:GetResourcePolicy\",\"secretsmanager:DescribeSecret\"],\"Resource\":[\"arn:aws:secretsmanager:ap-southeast-3:980921733825:secret:automode-cluster-postgres-credentials-20250523080440397400000001-MSzpQW\",\"arn:aws:secretsmanager:ap-southeast-3:980921733825:secret:automode-cluster-litellm-master-salt-20250526100642621700000001-wK4U6x\",\"arn:aws:secretsmanager:ap-southeast-3:980921733825:secret:automode-cluster-litellm-db-connection-20250526100642622500000007-DGIhow\",\"arn:aws:secretsmanager:ap-southeast-3:980921733825:secret:automode-cluster-litellm-api-keys-20250526100642622300000005-2uA6YS\",\"arn:aws:secretsmanager:ap-southeast-3:980921733825:secret:automode-cluster-db-connection-20250523080440397500000003-QUSg6W\"]}]}",
            "override_json": null,
            "override_policy_documents": null,
            "policy_id": null,
            "source_json": null,
            "source_policy_documents": null,
            "statement": [
              {
                "actions": [
                  "secretsmanager:DescribeSecret",
                  "secretsmanager:GetResourcePolicy",
                  "secretsmanager:GetSecretValue",
                  "secretsmanager:ListSecretVersionIds"
                ],
                "condition": [],
                "effect": "Allow",
                "not_actions": [],
                "not_principals": [],
                "not_resources": [],
                "principals": [],
                "resources": [
                  "arn:aws:secretsmanager:ap-southeast-3:980921733825:secret:automode-cluster-db-connection-20250523080440397500000003-QUSg6W",
                  "arn:aws:secretsmanager:ap-southeast-3:980921733825:secret:automode-cluster-litellm-api-keys-20250526100642622300000005-2uA6YS",
                  "arn:aws:secretsmanager:ap-southeast-3:980921733825:secret:automode-cluster-litellm-db-connection-20250526100642622500000007-DGIhow",
                  "arn:aws:secretsmanager:ap-southeast-3:980921733825:secret:automode-cluster-litellm-master-salt-20250526100642621700000001-wK4U6x",
                  "arn:aws:secretsmanager:ap-southeast-3:980921733825:secret:automode-cluster-postgres-credentials-20250523080440397400000001-MSzpQW"
                ],
                "sid": "SecretsManagerAccess"
              }
            ],
            "version": "2012-10-17"
          },
          "sensitive_attributes": [],
          "identity_schema_version": 0
        }
      ]
    },
    {
      "module": "module.external_secrets_pod_identity",
      "mode": "data",
      "type": "aws_partition",
      "name": "current",
      "provider": "provider[\"registry.terraform.io/hashicorp/aws\"]",
      "instances": [
        {
          "schema_version": 0,
          "attributes": {
            "dns_suffix": "amazonaws.com",
            "id": "aws",
            "partition": "aws",
            "reverse_dns_prefix": "com.amazonaws"
          },
          "sensitive_attributes": [],
          "identity_schema_version": 0
        }
      ]
    },
    {
      "module": "module.external_secrets_pod_identity",
      "mode": "managed",
      "type": "aws_eks_pod_identity_association",
      "name": "this",
      "provider": "provider[\"registry.terraform.io/hashicorp/aws\"]",
      "instances": [
        {
          "index_key": "external_secrets",
          "schema_version": 0,
          "attributes": {
            "association_arn": "arn:aws:eks:ap-southeast-3:980921733825:podidentityassociation/automode-cluster/a-6pbe1nznbev2qckmn",
            "association_id": "a-6pbe1nznbev2qckmn",
            "cluster_name": "automode-cluster",
            "id": "a-6pbe1nznbev2qckmn",
            "namespace": "external-secrets",
            "role_arn": "arn:aws:iam::980921733825:role/external-secrets-20250523080440684800000009",
            "service_account": "external-secrets-sa",
            "tags": {
              "Environment": "automode-cluster"
            },
            "tags_all": {
              "Environment": "automode-cluster"
            }
          },
          "sensitive_attributes": [],
          "identity_schema_version": 0,
          "dependencies": [
            "data.aws_availability_zones.available",
            "module.eks.aws_cloudwatch_log_group.this",
            "module.eks.aws_eks_access_entry.this",
            "module.eks.aws_eks_access_policy_association.this",
            "module.eks.aws_eks_cluster.this",
            "module.eks.aws_iam_policy.cni_ipv6_policy",
            "module.eks.aws_iam_role.eks_auto",
            "module.eks.aws_iam_role.this",
            "module.eks.aws_iam_role_policy_attachment.this",
            "module.eks.aws_security_group.cluster",
            "module.eks.aws_security_group.node",
            "module.eks.aws_security_group_rule.cluster",
            "module.eks.aws_security_group_rule.node",
            "module.eks.data.aws_caller_identity.current",
            "module.eks.data.aws_iam_policy_document.assume_role_policy",
            "module.eks.data.aws_iam_policy_document.cni_ipv6_policy",
            "module.eks.data.aws_iam_policy_document.node_assume_role_policy",
            "module.eks.data.aws_iam_session_context.current",
            "module.eks.data.aws_partition.current",
            "module.eks.module.kms.aws_kms_external_key.this",
            "module.eks.module.kms.aws_kms_key.this",
            "module.eks.module.kms.aws_kms_replica_external_key.this",
            "module.eks.module.kms.aws_kms_replica_key.this",
            "module.eks.module.kms.data.aws_caller_identity.current",
            "module.eks.module.kms.data.aws_iam_policy_document.this",
            "module.eks.module.kms.data.aws_partition.current",
            "module.external_secrets_pod_identity.aws_iam_role.this",
            "module.external_secrets_pod_identity.data.aws_iam_policy_document.assume",
            "module.vpc.aws_subnet.private",
            "module.vpc.aws_vpc.this",
            "module.vpc.aws_vpc_ipv4_cidr_block_association.this"
          ]
        }
      ]
    },
    {
      "module": "module.external_secrets_pod_identity",
      "mode": "managed",
      "type": "aws_iam_policy",
      "name": "custom",
      "provider": "provider[\"registry.terraform.io/hashicorp/aws\"]",
      "instances": [
        {
          "index_key": 0,
          "schema_version": 0,
          "attributes": {
            "arn": "arn:aws:iam::980921733825:policy/external-secrets-2025052308044135180000000b",
            "attachment_count": 1,
            "description": "Custom IAM Policy",
            "id": "arn:aws:iam::980921733825:policy/external-secrets-2025052308044135180000000b",
            "name": "external-secrets-2025052308044135180000000b",
            "name_prefix": "external-secrets-",
            "path": "/",
            "policy": "{\"Statement\":[{\"Action\":[\"secretsmanager:ListSecretVersionIds\",\"secretsmanager:GetSecretValue\",\"secretsmanager:GetResourcePolicy\",\"secretsmanager:DescribeSecret\"],\"Effect\":\"Allow\",\"Resource\":[\"arn:aws:secretsmanager:ap-southeast-3:980921733825:secret:automode-cluster-postgres-credentials-20250523080440397400000001-MSzpQW\",\"arn:aws:secretsmanager:ap-southeast-3:980921733825:secret:automode-cluster-litellm-master-salt-20250526100642621700000001-wK4U6x\",\"arn:aws:secretsmanager:ap-southeast-3:980921733825:secret:automode-cluster-litellm-db-connection-20250526100642622500000007-DGIhow\",\"arn:aws:secretsmanager:ap-southeast-3:980921733825:secret:automode-cluster-litellm-api-keys-20250526100642622300000005-2uA6YS\",\"arn:aws:secretsmanager:ap-southeast-3:980921733825:secret:automode-cluster-db-connection-20250523080440397500000003-QUSg6W\"],\"Sid\":\"SecretsManagerAccess\"}],\"Version\":\"2012-10-17\"}",
            "policy_id": "ANPA6IY352LASUOADDQVI",
            "tags": {
              "Environment": "automode-cluster"
            },
            "tags_all": {
              "Environment": "automode-cluster"
            }
          },
          "sensitive_attributes": [],
          "identity_schema_version": 0,
          "private": "bnVsbA==",
          "dependencies": [
            "aws_secretsmanager_secret.db_connection_string",
            "aws_secretsmanager_secret.litellm_api_keys",
            "aws_secretsmanager_secret.litellm_db_connection_string",
            "aws_secretsmanager_secret.litellm_master_salt",
            "aws_secretsmanager_secret.postgres_credentials",
            "module.external_secrets_pod_identity.data.aws_iam_policy_document.base"
          ]
        }
      ]
    },
    {
      "module": "module.external_secrets_pod_identity",
      "mode": "managed",
      "type": "aws_iam_role",
      "name": "this",
      "provider": "provider[\"registry.terraform.io/hashicorp/aws\"]",
      "instances": [
        {
          "index_key": 0,
          "schema_version": 0,
          "attributes": {
            "arn": "arn:aws:iam::980921733825:role/external-secrets-20250523080440684800000009",
            "assume_role_policy": "{\"Statement\":[{\"Action\":[\"sts:TagSession\",\"sts:AssumeRole\"],\"Effect\":\"Allow\",\"Principal\":{\"Service\":\"pods.eks.amazonaws.com\"}}],\"Version\":\"2012-10-17\"}",
            "create_date": "2025-05-23T08:04:41Z",
            "description": "",
            "force_detach_policies": true,
            "id": "external-secrets-20250523080440684800000009",
            "inline_policy": [],
            "managed_policy_arns": [
              "arn:aws:iam::980921733825:policy/external-secrets-2025052308044135180000000b"
            ],
            "max_session_duration": 3600,
            "name": "external-secrets-20250523080440684800000009",
            "name_prefix": "external-secrets-",
            "path": "/",
            "permissions_boundary": "",
            "tags": {
              "Environment": "automode-cluster"
            },
            "tags_all": {
              "Environment": "automode-cluster"
            },
            "unique_id": "AROA6IY352LA6GMPKY5OW"
          },
          "sensitive_attributes": [],
          "identity_schema_version": 0,
          "private": "bnVsbA==",
          "dependencies": [
            "module.external_secrets_pod_identity.data.aws_iam_policy_document.assume"
          ]
        }
      ]
    },
    {
      "module": "module.external_secrets_pod_identity",
      "mode": "managed",
      "type": "aws_iam_role_policy_attachment",
      "name": "custom",
      "provider": "provider[\"registry.terraform.io/hashicorp/aws\"]",
      "instances": [
        {
          "index_key": 0,
          "schema_version": 0,
          "attributes": {
            "id": "external-secrets-20250523080440684800000009-20250523080443290900000016",
            "policy_arn": "arn:aws:iam::980921733825:policy/external-secrets-2025052308044135180000000b",
            "role": "external-secrets-20250523080440684800000009"
          },
          "sensitive_attributes": [],
          "identity_schema_version": 0,
          "private": "bnVsbA==",
          "dependencies": [
            "aws_secretsmanager_secret.db_connection_string",
            "aws_secretsmanager_secret.litellm_api_keys",
            "aws_secretsmanager_secret.litellm_db_connection_string",
            "aws_secretsmanager_secret.litellm_master_salt",
            "aws_secretsmanager_secret.postgres_credentials",
            "module.external_secrets_pod_identity.aws_iam_policy.custom",
            "module.external_secrets_pod_identity.aws_iam_role.this",
            "module.external_secrets_pod_identity.data.aws_iam_policy_document.assume",
            "module.external_secrets_pod_identity.data.aws_iam_policy_document.base"
          ]
        }
      ]
    },
    {
      "module": "module.openwebui_pod_identity",
      "mode": "data",
      "type": "aws_iam_policy_document",
      "name": "assume",
      "provider": "provider[\"registry.terraform.io/hashicorp/aws\"]",
      "instances": [
        {
          "index_key": 0,
          "schema_version": 0,
          "attributes": {
            "id": "819195744",
            "json": "{\n  \"Version\": \"2012-10-17\",\n  \"Statement\": [\n    {\n      \"Effect\": \"Allow\",\n      \"Action\": [\n        \"sts:TagSession\",\n        \"sts:AssumeRole\"\n      ],\n      \"Principal\": {\n        \"Service\": \"pods.eks.amazonaws.com\"\n      }\n    }\n  ]\n}",
            "minified_json": "{\"Version\":\"2012-10-17\",\"Statement\":[{\"Effect\":\"Allow\",\"Action\":[\"sts:TagSession\",\"sts:AssumeRole\"],\"Principal\":{\"Service\":\"pods.eks.amazonaws.com\"}}]}",
            "override_json": null,
            "override_policy_documents": null,
            "policy_id": null,
            "source_json": null,
            "source_policy_documents": null,
            "statement": [
              {
                "actions": [
                  "sts:AssumeRole",
                  "sts:TagSession"
                ],
                "condition": [],
                "effect": "Allow",
                "not_actions": [],
                "not_principals": [],
                "not_resources": [],
                "principals": [
                  {
                    "identifiers": [
                      "pods.eks.amazonaws.com"
                    ],
                    "type": "Service"
                  }
                ],
                "resources": [],
                "sid": ""
              }
            ],
            "version": "2012-10-17"
          },
          "sensitive_attributes": [],
          "identity_schema_version": 0
        }
      ]
    },
    {
      "module": "module.openwebui_pod_identity",
      "mode": "data",
      "type": "aws_iam_policy_document",
      "name": "base",
      "provider": "provider[\"registry.terraform.io/hashicorp/aws\"]",
      "instances": [
        {
          "index_key": 0,
          "schema_version": 0,
          "attributes": {
            "id": "4271647921",
            "json": "{\n  \"Version\": \"2012-10-17\",\n  \"Statement\": [\n    {\n      \"Sid\": \"S3Access\",\n      \"Effect\": \"Allow\",\n      \"Action\": [\n        \"s3:PutObject\",\n        \"s3:ListBucket\",\n        \"s3:GetObject\",\n        \"s3:DeleteObject\"\n      ],\n      \"Resource\": [\n        \"arn:aws:s3:::automode-cluster-openwebui-docs-20250523080440402100000007/*\",\n        \"arn:aws:s3:::automode-cluster-openwebui-docs-20250523080440402100000007\"\n      ]\n    }\n  ]\n}",
            "minified_json": "{\"Version\":\"2012-10-17\",\"Statement\":[{\"Sid\":\"S3Access\",\"Effect\":\"Allow\",\"Action\":[\"s3:PutObject\",\"s3:ListBucket\",\"s3:GetObject\",\"s3:DeleteObject\"],\"Resource\":[\"arn:aws:s3:::automode-cluster-openwebui-docs-20250523080440402100000007/*\",\"arn:aws:s3:::automode-cluster-openwebui-docs-20250523080440402100000007\"]}]}",
            "override_json": null,
            "override_policy_documents": null,
            "policy_id": null,
            "source_json": null,
            "source_policy_documents": null,
            "statement": [
              {
                "actions": [
                  "s3:DeleteObject",
                  "s3:GetObject",
                  "s3:ListBucket",
                  "s3:PutObject"
                ],
                "condition": [],
                "effect": "Allow",
                "not_actions": [],
                "not_principals": [],
                "not_resources": [],
                "principals": [],
                "resources": [
                  "arn:aws:s3:::automode-cluster-openwebui-docs-20250523080440402100000007",
                  "arn:aws:s3:::automode-cluster-openwebui-docs-20250523080440402100000007/*"
                ],
                "sid": "S3Access"
              }
            ],
            "version": "2012-10-17"
          },
          "sensitive_attributes": [],
          "identity_schema_version": 0
        }
      ]
    },
    {
      "module": "module.openwebui_pod_identity",
      "mode": "data",
      "type": "aws_partition",
      "name": "current",
      "provider": "provider[\"registry.terraform.io/hashicorp/aws\"]",
      "instances": [
        {
          "schema_version": 0,
          "attributes": {
            "dns_suffix": "amazonaws.com",
            "id": "aws",
            "partition": "aws",
            "reverse_dns_prefix": "com.amazonaws"
          },
          "sensitive_attributes": [],
          "identity_schema_version": 0
        }
      ]
    },
    {
      "module": "module.openwebui_pod_identity",
      "mode": "managed",
      "type": "aws_eks_pod_identity_association",
      "name": "this",
      "provider": "provider[\"registry.terraform.io/hashicorp/aws\"]",
      "instances": [
        {
          "index_key": "openwebui",
          "schema_version": 0,
          "attributes": {
            "association_arn": "arn:aws:eks:ap-southeast-3:980921733825:podidentityassociation/automode-cluster/a-utgsbempiqwowbw5e",
            "association_id": "a-utgsbempiqwowbw5e",
            "cluster_name": "automode-cluster",
            "id": "a-utgsbempiqwowbw5e",
            "namespace": "vllm-inference",
            "role_arn": "arn:aws:iam::980921733825:role/openwebui-20250523080440644400000008",
            "service_account": "open-webui-pia",
            "tags": {
              "Environment": "automode-cluster"
            },
            "tags_all": {
              "Environment": "automode-cluster"
            }
          },
          "sensitive_attributes": [],
          "identity_schema_version": 0,
          "dependencies": [
            "data.aws_availability_zones.available",
            "module.eks.aws_cloudwatch_log_group.this",
            "module.eks.aws_eks_access_entry.this",
            "module.eks.aws_eks_access_policy_association.this",
            "module.eks.aws_eks_cluster.this",
            "module.eks.aws_iam_policy.cni_ipv6_policy",
            "module.eks.aws_iam_role.eks_auto",
            "module.eks.aws_iam_role.this",
            "module.eks.aws_iam_role_policy_attachment.this",
            "module.eks.aws_security_group.cluster",
            "module.eks.aws_security_group.node",
            "module.eks.aws_security_group_rule.cluster",
            "module.eks.aws_security_group_rule.node",
            "module.eks.data.aws_caller_identity.current",
            "module.eks.data.aws_iam_policy_document.assume_role_policy",
            "module.eks.data.aws_iam_policy_document.cni_ipv6_policy",
            "module.eks.data.aws_iam_policy_document.node_assume_role_policy",
            "module.eks.data.aws_iam_session_context.current",
            "module.eks.data.aws_partition.current",
            "module.eks.module.kms.aws_kms_external_key.this",
            "module.eks.module.kms.aws_kms_key.this",
            "module.eks.module.kms.aws_kms_replica_external_key.this",
            "module.eks.module.kms.aws_kms_replica_key.this",
            "module.eks.module.kms.data.aws_caller_identity.current",
            "module.eks.module.kms.data.aws_iam_policy_document.this",
            "module.eks.module.kms.data.aws_partition.current",
            "module.openwebui_pod_identity.aws_iam_role.this",
            "module.openwebui_pod_identity.data.aws_iam_policy_document.assume",
            "module.vpc.aws_subnet.private",
            "module.vpc.aws_vpc.this",
            "module.vpc.aws_vpc_ipv4_cidr_block_association.this"
          ]
        }
      ]
    },
    {
      "module": "module.openwebui_pod_identity",
      "mode": "managed",
      "type": "aws_iam_policy",
      "name": "custom",
      "provider": "provider[\"registry.terraform.io/hashicorp/aws\"]",
      "instances": [
        {
          "index_key": 0,
          "schema_version": 0,
          "attributes": {
            "arn": "arn:aws:iam::980921733825:policy/openwebui-20250523080443040700000015",
            "attachment_count": 1,
            "description": "Custom IAM Policy",
            "id": "arn:aws:iam::980921733825:policy/openwebui-20250523080443040700000015",
            "name": "openwebui-20250523080443040700000015",
            "name_prefix": "openwebui-",
            "path": "/",
            "policy": "{\"Statement\":[{\"Action\":[\"s3:PutObject\",\"s3:ListBucket\",\"s3:GetObject\",\"s3:DeleteObject\"],\"Effect\":\"Allow\",\"Resource\":[\"arn:aws:s3:::automode-cluster-openwebui-docs-20250523080440402100000007/*\",\"arn:aws:s3:::automode-cluster-openwebui-docs-20250523080440402100000007\"],\"Sid\":\"S3Access\"}],\"Version\":\"2012-10-17\"}",
            "policy_id": "ANPA6IY352LA7FU64FGSB",
            "tags": {
              "Environment": "automode-cluster"
            },
            "tags_all": {
              "Environment": "automode-cluster"
            }
          },
          "sensitive_attributes": [],
          "identity_schema_version": 0,
          "private": "bnVsbA==",
          "dependencies": [
            "aws_s3_bucket.openwebui_docs",
            "module.openwebui_pod_identity.data.aws_iam_policy_document.base"
          ]
        }
      ]
    },
    {
      "module": "module.openwebui_pod_identity",
      "mode": "managed",
      "type": "aws_iam_role",
      "name": "this",
      "provider": "provider[\"registry.terraform.io/hashicorp/aws\"]",
      "instances": [
        {
          "index_key": 0,
          "schema_version": 0,
          "attributes": {
            "arn": "arn:aws:iam::980921733825:role/openwebui-20250523080440644400000008",
            "assume_role_policy": "{\"Statement\":[{\"Action\":[\"sts:TagSession\",\"sts:AssumeRole\"],\"Effect\":\"Allow\",\"Principal\":{\"Service\":\"pods.eks.amazonaws.com\"}}],\"Version\":\"2012-10-17\"}",
            "create_date": "2025-05-23T08:04:41Z",
            "description": "",
            "force_detach_policies": true,
            "id": "openwebui-20250523080440644400000008",
            "inline_policy": [],
            "managed_policy_arns": [
              "arn:aws:iam::980921733825:policy/automode-cluster-secrets-access",
              "arn:aws:iam::980921733825:policy/openwebui-20250523080443040700000015"
            ],
            "max_session_duration": 3600,
            "name": "openwebui-20250523080440644400000008",
            "name_prefix": "openwebui-",
            "path": "/",
            "permissions_boundary": "",
            "tags": {
              "Environment": "automode-cluster"
            },
            "tags_all": {
              "Environment": "automode-cluster"
            },
            "unique_id": "AROA6IY352LAYXL6EX5ZG"
          },
          "sensitive_attributes": [],
          "identity_schema_version": 0,
          "private": "bnVsbA==",
          "dependencies": [
            "module.openwebui_pod_identity.data.aws_iam_policy_document.assume"
          ]
        }
      ]
    },
    {
      "module": "module.openwebui_pod_identity",
      "mode": "managed",
      "type": "aws_iam_role_policy_attachment",
      "name": "custom",
      "provider": "provider[\"registry.terraform.io/hashicorp/aws\"]",
      "instances": [
        {
          "index_key": 0,
          "schema_version": 0,
          "attributes": {
            "id": "openwebui-20250523080440644400000008-20250523080444174600000018",
            "policy_arn": "arn:aws:iam::980921733825:policy/openwebui-20250523080443040700000015",
            "role": "openwebui-20250523080440644400000008"
          },
          "sensitive_attributes": [],
          "identity_schema_version": 0,
          "private": "bnVsbA==",
          "dependencies": [
            "aws_s3_bucket.openwebui_docs",
            "module.openwebui_pod_identity.aws_iam_policy.custom",
            "module.openwebui_pod_identity.aws_iam_role.this",
            "module.openwebui_pod_identity.data.aws_iam_policy_document.assume",
            "module.openwebui_pod_identity.data.aws_iam_policy_document.base"
          ]
        }
      ]
    },
    {
      "module": "module.vpc",
      "mode": "managed",
      "type": "aws_default_network_acl",
      "name": "this",
      "provider": "provider[\"registry.terraform.io/hashicorp/aws\"]",
      "instances": [
        {
          "index_key": 0,
          "schema_version": 0,
          "attributes": {
            "arn": "arn:aws:ec2:ap-southeast-3:980921733825:network-acl/acl-0cdda146eeb121b8b",
            "default_network_acl_id": "acl-0cdda146eeb121b8b",
            "egress": [
              {
                "action": "allow",
                "cidr_block": "",
                "from_port": 0,
                "icmp_code": 0,
                "icmp_type": 0,
                "ipv6_cidr_block": "::/0",
                "protocol": "-1",
                "rule_no": 101,
                "to_port": 0
              },
              {
                "action": "allow",
                "cidr_block": "0.0.0.0/0",
                "from_port": 0,
                "icmp_code": 0,
                "icmp_type": 0,
                "ipv6_cidr_block": "",
                "protocol": "-1",
                "rule_no": 100,
                "to_port": 0
              }
            ],
            "id": "acl-0cdda146eeb121b8b",
            "ingress": [
              {
                "action": "allow",
                "cidr_block": "",
                "from_port": 0,
                "icmp_code": 0,
                "icmp_type": 0,
                "ipv6_cidr_block": "::/0",
                "protocol": "-1",
                "rule_no": 101,
                "to_port": 0
              },
              {
                "action": "allow",
                "cidr_block": "0.0.0.0/0",
                "from_port": 0,
                "icmp_code": 0,
                "icmp_type": 0,
                "ipv6_cidr_block": "",
                "protocol": "-1",
                "rule_no": 100,
                "to_port": 0
              }
            ],
            "owner_id": "980921733825",
            "subnet_ids": [
              "subnet-0232257d07c753152",
              "subnet-0301ab82fffa97223",
              "subnet-0681261e2d3ebaa68",
              "subnet-07df3cd321224f460",
              "subnet-0c44e960885ecea9b",
              "subnet-0ed10aac670a6188f"
            ],
            "tags": {
              "Blueprint": "automode-cluster",
              "Name": "automode-cluster-default"
            },
            "tags_all": {
              "Blueprint": "automode-cluster",
              "Name": "automode-cluster-default"
            },
            "vpc_id": "vpc-0f1dd580e50c83d4a"
          },
          "sensitive_attributes": [],
          "identity_schema_version": 0,
          "private": "bnVsbA==",
          "dependencies": [
            "module.vpc.aws_vpc.this"
          ]
        }
      ]
    },
    {
      "module": "module.vpc",
      "mode": "managed",
      "type": "aws_default_route_table",
      "name": "default",
      "provider": "provider[\"registry.terraform.io/hashicorp/aws\"]",
      "instances": [
        {
          "index_key": 0,
          "schema_version": 0,
          "attributes": {
            "arn": "arn:aws:ec2:ap-southeast-3:980921733825:route-table/rtb-0b9fb4346d7444e53",
            "default_route_table_id": "rtb-0b9fb4346d7444e53",
            "id": "rtb-0b9fb4346d7444e53",
            "owner_id": "980921733825",
            "propagating_vgws": [],
            "route": [],
            "tags": {
              "Blueprint": "automode-cluster",
              "Name": "automode-cluster-default"
            },
            "tags_all": {
              "Blueprint": "automode-cluster",
              "Name": "automode-cluster-default"
            },
            "timeouts": {
              "create": "5m",
              "update": "5m"
            },
            "vpc_id": "vpc-0f1dd580e50c83d4a"
          },
          "sensitive_attributes": [],
          "identity_schema_version": 0,
          "private": "eyJlMmJmYjczMC1lY2FhLTExZTYtOGY4OC0zNDM2M2JjN2M0YzAiOnsiY3JlYXRlIjozMDAwMDAwMDAwMDAsInVwZGF0ZSI6MzAwMDAwMDAwMDAwfX0=",
          "dependencies": [
            "module.vpc.aws_vpc.this"
          ]
        }
      ]
    },
    {
      "module": "module.vpc",
      "mode": "managed",
      "type": "aws_default_security_group",
      "name": "this",
      "provider": "provider[\"registry.terraform.io/hashicorp/aws\"]",
      "instances": [
        {
          "index_key": 0,
          "schema_version": 1,
          "attributes": {
            "arn": "arn:aws:ec2:ap-southeast-3:980921733825:security-group/sg-06179847085e98e6b",
            "description": "default VPC security group",
            "egress": [],
            "id": "sg-06179847085e98e6b",
            "ingress": [],
            "name": "default",
            "name_prefix": "",
            "owner_id": "980921733825",
            "revoke_rules_on_delete": false,
            "tags": {
              "Blueprint": "automode-cluster",
              "Name": "automode-cluster-default"
            },
            "tags_all": {
              "Blueprint": "automode-cluster",
              "Name": "automode-cluster-default"
            },
            "vpc_id": "vpc-0f1dd580e50c83d4a"
          },
          "sensitive_attributes": [],
          "identity_schema_version": 0,
          "private": "eyJzY2hlbWFfdmVyc2lvbiI6IjEifQ==",
          "dependencies": [
            "module.vpc.aws_vpc.this"
          ]
        }
      ]
    },
    {
      "module": "module.vpc",
      "mode": "managed",
      "type": "aws_eip",
      "name": "nat",
      "provider": "provider[\"registry.terraform.io/hashicorp/aws\"]",
      "instances": [
        {
          "index_key": 0,
          "schema_version": 0,
          "attributes": {
            "address": null,
            "allocation_id": "eipalloc-0354d85763a59d939",
            "arn": "arn:aws:ec2:ap-southeast-3:980921733825:elastic-ip/eipalloc-0354d85763a59d939",
            "associate_with_private_ip": null,
            "association_id": "eipassoc-0a41b50d9426b5c31",
            "carrier_ip": "",
            "customer_owned_ip": "",
            "customer_owned_ipv4_pool": "",
            "domain": "vpc",
            "id": "eipalloc-0354d85763a59d939",
            "instance": "",
            "ipam_pool_id": null,
            "network_border_group": "ap-southeast-3",
            "network_interface": "eni-02cdc048e6edd30fc",
            "private_dns": "ip-10-0-48-33.ap-southeast-3.compute.internal",
            "private_ip": "10.0.48.33",
            "ptr_record": "",
            "public_dns": "ec2-108-136-210-116.ap-southeast-3.compute.amazonaws.com",
            "public_ip": "108.136.210.116",
            "public_ipv4_pool": "amazon",
            "tags": {
              "Blueprint": "automode-cluster",
              "Name": "automode-cluster-ap-southeast-3a"
            },
            "tags_all": {
              "Blueprint": "automode-cluster",
              "Name": "automode-cluster-ap-southeast-3a"
            },
            "timeouts": null,
            "vpc": true
          },
          "sensitive_attributes": [],
          "identity_schema_version": 0,
          "private": "eyJlMmJmYjczMC1lY2FhLTExZTYtOGY4OC0zNDM2M2JjN2M0YzAiOnsiZGVsZXRlIjoxODAwMDAwMDAwMDAsInJlYWQiOjkwMDAwMDAwMDAwMCwidXBkYXRlIjozMDAwMDAwMDAwMDB9fQ==",
          "dependencies": [
            "data.aws_availability_zones.available",
            "module.vpc.aws_internet_gateway.this",
            "module.vpc.aws_vpc.this",
            "module.vpc.aws_vpc_ipv4_cidr_block_association.this"
          ]
        }
      ]
    },
    {
      "module": "module.vpc",
      "mode": "managed",
      "type": "aws_internet_gateway",
      "name": "this",
      "provider": "provider[\"registry.terraform.io/hashicorp/aws\"]",
      "instances": [
        {
          "index_key": 0,
          "schema_version": 0,
          "attributes": {
            "arn": "arn:aws:ec2:ap-southeast-3:980921733825:internet-gateway/igw-0cb49fae0fd733843",
            "id": "igw-0cb49fae0fd733843",
            "owner_id": "980921733825",
            "tags": {
              "Blueprint": "automode-cluster",
              "Name": "automode-cluster"
            },
            "tags_all": {
              "Blueprint": "automode-cluster",
              "Name": "automode-cluster"
            },
            "timeouts": null,
            "vpc_id": "vpc-0f1dd580e50c83d4a"
          },
          "sensitive_attributes": [],
          "identity_schema_version": 0,
          "private": "eyJlMmJmYjczMC1lY2FhLTExZTYtOGY4OC0zNDM2M2JjN2M0YzAiOnsiY3JlYXRlIjoxMjAwMDAwMDAwMDAwLCJkZWxldGUiOjEyMDAwMDAwMDAwMDAsInVwZGF0ZSI6MTIwMDAwMDAwMDAwMH19",
          "dependencies": [
            "data.aws_availability_zones.available",
            "module.vpc.aws_vpc.this",
            "module.vpc.aws_vpc_ipv4_cidr_block_association.this"
          ]
        }
      ]
    },
    {
      "module": "module.vpc",
      "mode": "managed",
      "type": "aws_nat_gateway",
      "name": "this",
      "provider": "provider[\"registry.terraform.io/hashicorp/aws\"]",
      "instances": [
        {
          "index_key": 0,
          "schema_version": 0,
          "attributes": {
            "allocation_id": "eipalloc-0354d85763a59d939",
            "association_id": "eipassoc-0a41b50d9426b5c31",
            "connectivity_type": "public",
            "id": "nat-0ae9258294c4c368b",
            "network_interface_id": "eni-02cdc048e6edd30fc",
            "private_ip": "10.0.48.33",
            "public_ip": "108.136.210.116",
            "secondary_allocation_ids": [],
            "secondary_private_ip_address_count": 0,
            "secondary_private_ip_addresses": [],
            "subnet_id": "subnet-0301ab82fffa97223",
            "tags": {
              "Blueprint": "automode-cluster",
              "Name": "automode-cluster-ap-southeast-3a"
            },
            "tags_all": {
              "Blueprint": "automode-cluster",
              "Name": "automode-cluster-ap-southeast-3a"
            },
            "timeouts": null
          },
          "sensitive_attributes": [],
          "identity_schema_version": 0,
          "private": "eyJlMmJmYjczMC1lY2FhLTExZTYtOGY4OC0zNDM2M2JjN2M0YzAiOnsiY3JlYXRlIjo2MDAwMDAwMDAwMDAsImRlbGV0ZSI6MTgwMDAwMDAwMDAwMCwidXBkYXRlIjo2MDAwMDAwMDAwMDB9fQ==",
          "dependencies": [
            "data.aws_availability_zones.available",
            "module.vpc.aws_eip.nat",
            "module.vpc.aws_internet_gateway.this",
            "module.vpc.aws_subnet.public",
            "module.vpc.aws_vpc.this",
            "module.vpc.aws_vpc_ipv4_cidr_block_association.this"
          ]
        }
      ]
    },
    {
      "module": "module.vpc",
      "mode": "managed",
      "type": "aws_route",
      "name": "private_nat_gateway",
      "provider": "provider[\"registry.terraform.io/hashicorp/aws\"]",
      "instances": [
        {
          "index_key": 0,
          "schema_version": 0,
          "attributes": {
            "carrier_gateway_id": "",
            "core_network_arn": "",
            "destination_cidr_block": "0.0.0.0/0",
            "destination_ipv6_cidr_block": "",
            "destination_prefix_list_id": "",
            "egress_only_gateway_id": "",
            "gateway_id": "",
            "id": "r-rtb-0ca96268142934a301080289494",
            "instance_id": "",
            "instance_owner_id": "",
            "local_gateway_id": "",
            "nat_gateway_id": "nat-0ae9258294c4c368b",
            "network_interface_id": "",
            "origin": "CreateRoute",
            "route_table_id": "rtb-0ca96268142934a30",
            "state": "active",
            "timeouts": {
              "create": "5m",
              "delete": null,
              "update": null
            },
            "transit_gateway_id": "",
            "vpc_endpoint_id": "",
            "vpc_peering_connection_id": ""
          },
          "sensitive_attributes": [],
          "identity_schema_version": 0,
          "private": "eyJlMmJmYjczMC1lY2FhLTExZTYtOGY4OC0zNDM2M2JjN2M0YzAiOnsiY3JlYXRlIjozMDAwMDAwMDAwMDAsImRlbGV0ZSI6MzAwMDAwMDAwMDAwLCJ1cGRhdGUiOjEyMDAwMDAwMDAwMH19",
          "dependencies": [
            "data.aws_availability_zones.available",
            "module.vpc.aws_eip.nat",
            "module.vpc.aws_internet_gateway.this",
            "module.vpc.aws_nat_gateway.this",
            "module.vpc.aws_route_table.private",
            "module.vpc.aws_subnet.public",
            "module.vpc.aws_vpc.this",
            "module.vpc.aws_vpc_ipv4_cidr_block_association.this"
          ]
        }
      ]
    },
    {
      "module": "module.vpc",
      "mode": "managed",
      "type": "aws_route",
      "name": "public_internet_gateway",
      "provider": "provider[\"registry.terraform.io/hashicorp/aws\"]",
      "instances": [
        {
          "index_key": 0,
          "schema_version": 0,
          "attributes": {
            "carrier_gateway_id": "",
            "core_network_arn": "",
            "destination_cidr_block": "0.0.0.0/0",
            "destination_ipv6_cidr_block": "",
            "destination_prefix_list_id": "",
            "egress_only_gateway_id": "",
            "gateway_id": "igw-0cb49fae0fd733843",
            "id": "r-rtb-028e40e9da141312e1080289494",
            "instance_id": "",
            "instance_owner_id": "",
            "local_gateway_id": "",
            "nat_gateway_id": "",
            "network_interface_id": "",
            "origin": "CreateRoute",
            "route_table_id": "rtb-028e40e9da141312e",
            "state": "active",
            "timeouts": {
              "create": "5m",
              "delete": null,
              "update": null
            },
            "transit_gateway_id": "",
            "vpc_endpoint_id": "",
            "vpc_peering_connection_id": ""
          },
          "sensitive_attributes": [],
          "identity_schema_version": 0,
          "private": "eyJlMmJmYjczMC1lY2FhLTExZTYtOGY4OC0zNDM2M2JjN2M0YzAiOnsiY3JlYXRlIjozMDAwMDAwMDAwMDAsImRlbGV0ZSI6MzAwMDAwMDAwMDAwLCJ1cGRhdGUiOjEyMDAwMDAwMDAwMH19",
          "dependencies": [
            "data.aws_availability_zones.available",
            "module.vpc.aws_internet_gateway.this",
            "module.vpc.aws_route_table.public",
            "module.vpc.aws_vpc.this",
            "module.vpc.aws_vpc_ipv4_cidr_block_association.this"
          ]
        }
      ]
    },
    {
      "module": "module.vpc",
      "mode": "managed",
      "type": "aws_route_table",
      "name": "private",
      "provider": "provider[\"registry.terraform.io/hashicorp/aws\"]",
      "instances": [
        {
          "index_key": 0,
          "schema_version": 0,
          "attributes": {
            "arn": "arn:aws:ec2:ap-southeast-3:980921733825:route-table/rtb-0ca96268142934a30",
            "id": "rtb-0ca96268142934a30",
            "owner_id": "980921733825",
            "propagating_vgws": [],
            "route": [
              {
                "carrier_gateway_id": "",
                "cidr_block": "0.0.0.0/0",
                "core_network_arn": "",
                "destination_prefix_list_id": "",
                "egress_only_gateway_id": "",
                "gateway_id": "",
                "ipv6_cidr_block": "",
                "local_gateway_id": "",
                "nat_gateway_id": "nat-0ae9258294c4c368b",
                "network_interface_id": "",
                "transit_gateway_id": "",
                "vpc_endpoint_id": "",
                "vpc_peering_connection_id": ""
              }
            ],
            "tags": {
              "Blueprint": "automode-cluster",
              "Name": "automode-cluster-private"
            },
            "tags_all": {
              "Blueprint": "automode-cluster",
              "Name": "automode-cluster-private"
            },
            "timeouts": null,
            "vpc_id": "vpc-0f1dd580e50c83d4a"
          },
          "sensitive_attributes": [],
          "identity_schema_version": 0,
          "private": "eyJlMmJmYjczMC1lY2FhLTExZTYtOGY4OC0zNDM2M2JjN2M0YzAiOnsiY3JlYXRlIjozMDAwMDAwMDAwMDAsImRlbGV0ZSI6MzAwMDAwMDAwMDAwLCJ1cGRhdGUiOjEyMDAwMDAwMDAwMH19",
          "dependencies": [
            "data.aws_availability_zones.available",
            "module.vpc.aws_vpc.this",
            "module.vpc.aws_vpc_ipv4_cidr_block_association.this"
          ]
        }
      ]
    },
    {
      "module": "module.vpc",
      "mode": "managed",
      "type": "aws_route_table",
      "name": "public",
      "provider": "provider[\"registry.terraform.io/hashicorp/aws\"]",
      "instances": [
        {
          "index_key": 0,
          "schema_version": 0,
          "attributes": {
            "arn": "arn:aws:ec2:ap-southeast-3:980921733825:route-table/rtb-028e40e9da141312e",
            "id": "rtb-028e40e9da141312e",
            "owner_id": "980921733825",
            "propagating_vgws": [],
            "route": [
              {
                "carrier_gateway_id": "",
                "cidr_block": "0.0.0.0/0",
                "core_network_arn": "",
                "destination_prefix_list_id": "",
                "egress_only_gateway_id": "",
                "gateway_id": "igw-0cb49fae0fd733843",
                "ipv6_cidr_block": "",
                "local_gateway_id": "",
                "nat_gateway_id": "",
                "network_interface_id": "",
                "transit_gateway_id": "",
                "vpc_endpoint_id": "",
                "vpc_peering_connection_id": ""
              }
            ],
            "tags": {
              "Blueprint": "automode-cluster",
              "Name": "automode-cluster-public"
            },
            "tags_all": {
              "Blueprint": "automode-cluster",
              "Name": "automode-cluster-public"
            },
            "timeouts": null,
            "vpc_id": "vpc-0f1dd580e50c83d4a"
          },
          "sensitive_attributes": [],
          "identity_schema_version": 0,
          "private": "eyJlMmJmYjczMC1lY2FhLTExZTYtOGY4OC0zNDM2M2JjN2M0YzAiOnsiY3JlYXRlIjozMDAwMDAwMDAwMDAsImRlbGV0ZSI6MzAwMDAwMDAwMDAwLCJ1cGRhdGUiOjEyMDAwMDAwMDAwMH19",
          "dependencies": [
            "data.aws_availability_zones.available",
            "module.vpc.aws_vpc.this",
            "module.vpc.aws_vpc_ipv4_cidr_block_association.this"
          ]
        }
      ]
    },
    {
      "module": "module.vpc",
      "mode": "managed",
      "type": "aws_route_table_association",
      "name": "private",
      "provider": "provider[\"registry.terraform.io/hashicorp/aws\"]",
      "instances": [
        {
          "index_key": 0,
          "schema_version": 0,
          "attributes": {
            "gateway_id": "",
            "id": "rtbassoc-0ca695df794a9accc",
            "route_table_id": "rtb-0ca96268142934a30",
            "subnet_id": "subnet-0c44e960885ecea9b",
            "timeouts": null
          },
          "sensitive_attributes": [],
          "identity_schema_version": 0,
          "private": "eyJlMmJmYjczMC1lY2FhLTExZTYtOGY4OC0zNDM2M2JjN2M0YzAiOnsiY3JlYXRlIjozMDAwMDAwMDAwMDAsImRlbGV0ZSI6MzAwMDAwMDAwMDAwLCJ1cGRhdGUiOjEyMDAwMDAwMDAwMH19",
          "dependencies": [
            "data.aws_availability_zones.available",
            "module.vpc.aws_route_table.private",
            "module.vpc.aws_subnet.private",
            "module.vpc.aws_vpc.this",
            "module.vpc.aws_vpc_ipv4_cidr_block_association.this"
          ]
        },
        {
          "index_key": 1,
          "schema_version": 0,
          "attributes": {
            "gateway_id": "",
            "id": "rtbassoc-0b1d675f1c538dab8",
            "route_table_id": "rtb-0ca96268142934a30",
            "subnet_id": "subnet-0232257d07c753152",
            "timeouts": null
          },
          "sensitive_attributes": [],
          "identity_schema_version": 0,
          "private": "eyJlMmJmYjczMC1lY2FhLTExZTYtOGY4OC0zNDM2M2JjN2M0YzAiOnsiY3JlYXRlIjozMDAwMDAwMDAwMDAsImRlbGV0ZSI6MzAwMDAwMDAwMDAwLCJ1cGRhdGUiOjEyMDAwMDAwMDAwMH19",
          "dependencies": [
            "data.aws_availability_zones.available",
            "module.vpc.aws_route_table.private",
            "module.vpc.aws_subnet.private",
            "module.vpc.aws_vpc.this",
            "module.vpc.aws_vpc_ipv4_cidr_block_association.this"
          ]
        },
        {
          "index_key": 2,
          "schema_version": 0,
          "attributes": {
            "gateway_id": "",
            "id": "rtbassoc-0768522576342d9ae",
            "route_table_id": "rtb-0ca96268142934a30",
            "subnet_id": "subnet-0681261e2d3ebaa68",
            "timeouts": null
          },
          "sensitive_attributes": [],
          "identity_schema_version": 0,
          "private": "eyJlMmJmYjczMC1lY2FhLTExZTYtOGY4OC0zNDM2M2JjN2M0YzAiOnsiY3JlYXRlIjozMDAwMDAwMDAwMDAsImRlbGV0ZSI6MzAwMDAwMDAwMDAwLCJ1cGRhdGUiOjEyMDAwMDAwMDAwMH19",
          "dependencies": [
            "data.aws_availability_zones.available",
            "module.vpc.aws_route_table.private",
            "module.vpc.aws_subnet.private",
            "module.vpc.aws_vpc.this",
            "module.vpc.aws_vpc_ipv4_cidr_block_association.this"
          ]
        }
      ]
    },
    {
      "module": "module.vpc",
      "mode": "managed",
      "type": "aws_route_table_association",
      "name": "public",
      "provider": "provider[\"registry.terraform.io/hashicorp/aws\"]",
      "instances": [
        {
          "index_key": 0,
          "schema_version": 0,
          "attributes": {
            "gateway_id": "",
            "id": "rtbassoc-0261d691704ef8eb3",
            "route_table_id": "rtb-028e40e9da141312e",
            "subnet_id": "subnet-0301ab82fffa97223",
            "timeouts": null
          },
          "sensitive_attributes": [],
          "identity_schema_version": 0,
          "private": "eyJlMmJmYjczMC1lY2FhLTExZTYtOGY4OC0zNDM2M2JjN2M0YzAiOnsiY3JlYXRlIjozMDAwMDAwMDAwMDAsImRlbGV0ZSI6MzAwMDAwMDAwMDAwLCJ1cGRhdGUiOjEyMDAwMDAwMDAwMH19",
          "dependencies": [
            "data.aws_availability_zones.available",
            "module.vpc.aws_route_table.public",
            "module.vpc.aws_subnet.public",
            "module.vpc.aws_vpc.this",
            "module.vpc.aws_vpc_ipv4_cidr_block_association.this"
          ]
        },
        {
          "index_key": 1,
          "schema_version": 0,
          "attributes": {
            "gateway_id": "",
            "id": "rtbassoc-04369def197a7da22",
            "route_table_id": "rtb-028e40e9da141312e",
            "subnet_id": "subnet-07df3cd321224f460",
            "timeouts": null
          },
          "sensitive_attributes": [],
          "identity_schema_version": 0,
          "private": "eyJlMmJmYjczMC1lY2FhLTExZTYtOGY4OC0zNDM2M2JjN2M0YzAiOnsiY3JlYXRlIjozMDAwMDAwMDAwMDAsImRlbGV0ZSI6MzAwMDAwMDAwMDAwLCJ1cGRhdGUiOjEyMDAwMDAwMDAwMH19",
          "dependencies": [
            "data.aws_availability_zones.available",
            "module.vpc.aws_route_table.public",
            "module.vpc.aws_subnet.public",
            "module.vpc.aws_vpc.this",
            "module.vpc.aws_vpc_ipv4_cidr_block_association.this"
          ]
        },
        {
          "index_key": 2,
          "schema_version": 0,
          "attributes": {
            "gateway_id": "",
            "id": "rtbassoc-00e0afe025e2cd230",
            "route_table_id": "rtb-028e40e9da141312e",
            "subnet_id": "subnet-0ed10aac670a6188f",
            "timeouts": null
          },
          "sensitive_attributes": [],
          "identity_schema_version": 0,
          "private": "eyJlMmJmYjczMC1lY2FhLTExZTYtOGY4OC0zNDM2M2JjN2M0YzAiOnsiY3JlYXRlIjozMDAwMDAwMDAwMDAsImRlbGV0ZSI6MzAwMDAwMDAwMDAwLCJ1cGRhdGUiOjEyMDAwMDAwMDAwMH19",
          "dependencies": [
            "data.aws_availability_zones.available",
            "module.vpc.aws_route_table.public",
            "module.vpc.aws_subnet.public",
            "module.vpc.aws_vpc.this",
            "module.vpc.aws_vpc_ipv4_cidr_block_association.this"
          ]
        }
      ]
    },
    {
      "module": "module.vpc",
      "mode": "managed",
      "type": "aws_subnet",
      "name": "private",
      "provider": "provider[\"registry.terraform.io/hashicorp/aws\"]",
      "instances": [
        {
          "index_key": 0,
          "schema_version": 1,
          "attributes": {
            "arn": "arn:aws:ec2:ap-southeast-3:980921733825:subnet/subnet-0c44e960885ecea9b",
            "assign_ipv6_address_on_creation": false,
            "availability_zone": "ap-southeast-3a",
            "availability_zone_id": "apse3-az1",
            "cidr_block": "10.0.0.0/20",
            "customer_owned_ipv4_pool": "",
            "enable_dns64": false,
            "enable_lni_at_device_index": 0,
            "enable_resource_name_dns_a_record_on_launch": false,
            "enable_resource_name_dns_aaaa_record_on_launch": false,
            "id": "subnet-0c44e960885ecea9b",
            "ipv6_cidr_block": "",
            "ipv6_cidr_block_association_id": "",
            "ipv6_native": false,
            "map_customer_owned_ip_on_launch": false,
            "map_public_ip_on_launch": false,
            "outpost_arn": "",
            "owner_id": "980921733825",
            "private_dns_hostname_type_on_launch": "ip-name",
            "tags": {
              "Blueprint": "automode-cluster",
              "Name": "automode-cluster-private-ap-southeast-3a",
              "karpenter.sh/discovery": "automode-demo",
              "kubernetes.io/role/internal-elb": "1"
            },
            "tags_all": {
              "Blueprint": "automode-cluster",
              "Name": "automode-cluster-private-ap-southeast-3a",
              "karpenter.sh/discovery": "automode-demo",
              "kubernetes.io/role/internal-elb": "1"
            },
            "timeouts": null,
            "vpc_id": "vpc-0f1dd580e50c83d4a"
          },
          "sensitive_attributes": [],
          "identity_schema_version": 0,
          "private": "eyJlMmJmYjczMC1lY2FhLTExZTYtOGY4OC0zNDM2M2JjN2M0YzAiOnsiY3JlYXRlIjo2MDAwMDAwMDAwMDAsImRlbGV0ZSI6MTIwMDAwMDAwMDAwMH0sInNjaGVtYV92ZXJzaW9uIjoiMSJ9",
          "dependencies": [
            "data.aws_availability_zones.available",
            "module.vpc.aws_vpc.this",
            "module.vpc.aws_vpc_ipv4_cidr_block_association.this"
          ],
          "create_before_destroy": true
        },
        {
          "index_key": 1,
          "schema_version": 1,
          "attributes": {
            "arn": "arn:aws:ec2:ap-southeast-3:980921733825:subnet/subnet-0232257d07c753152",
            "assign_ipv6_address_on_creation": false,
            "availability_zone": "ap-southeast-3b",
            "availability_zone_id": "apse3-az2",
            "cidr_block": "10.0.16.0/20",
            "customer_owned_ipv4_pool": "",
            "enable_dns64": false,
            "enable_lni_at_device_index": 0,
            "enable_resource_name_dns_a_record_on_launch": false,
            "enable_resource_name_dns_aaaa_record_on_launch": false,
            "id": "subnet-0232257d07c753152",
            "ipv6_cidr_block": "",
            "ipv6_cidr_block_association_id": "",
            "ipv6_native": false,
            "map_customer_owned_ip_on_launch": false,
            "map_public_ip_on_launch": false,
            "outpost_arn": "",
            "owner_id": "980921733825",
            "private_dns_hostname_type_on_launch": "ip-name",
            "tags": {
              "Blueprint": "automode-cluster",
              "Name": "automode-cluster-private-ap-southeast-3b",
              "karpenter.sh/discovery": "automode-demo",
              "kubernetes.io/role/internal-elb": "1"
            },
            "tags_all": {
              "Blueprint": "automode-cluster",
              "Name": "automode-cluster-private-ap-southeast-3b",
              "karpenter.sh/discovery": "automode-demo",
              "kubernetes.io/role/internal-elb": "1"
            },
            "timeouts": null,
            "vpc_id": "vpc-0f1dd580e50c83d4a"
          },
          "sensitive_attributes": [],
          "identity_schema_version": 0,
          "private": "eyJlMmJmYjczMC1lY2FhLTExZTYtOGY4OC0zNDM2M2JjN2M0YzAiOnsiY3JlYXRlIjo2MDAwMDAwMDAwMDAsImRlbGV0ZSI6MTIwMDAwMDAwMDAwMH0sInNjaGVtYV92ZXJzaW9uIjoiMSJ9",
          "dependencies": [
            "data.aws_availability_zones.available",
            "module.vpc.aws_vpc.this",
            "module.vpc.aws_vpc_ipv4_cidr_block_association.this"
          ],
          "create_before_destroy": true
        },
        {
          "index_key": 2,
          "schema_version": 1,
          "attributes": {
            "arn": "arn:aws:ec2:ap-southeast-3:980921733825:subnet/subnet-0681261e2d3ebaa68",
            "assign_ipv6_address_on_creation": false,
            "availability_zone": "ap-southeast-3c",
            "availability_zone_id": "apse3-az3",
            "cidr_block": "10.0.32.0/20",
            "customer_owned_ipv4_pool": "",
            "enable_dns64": false,
            "enable_lni_at_device_index": 0,
            "enable_resource_name_dns_a_record_on_launch": false,
            "enable_resource_name_dns_aaaa_record_on_launch": false,
            "id": "subnet-0681261e2d3ebaa68",
            "ipv6_cidr_block": "",
            "ipv6_cidr_block_association_id": "",
            "ipv6_native": false,
            "map_customer_owned_ip_on_launch": false,
            "map_public_ip_on_launch": false,
            "outpost_arn": "",
            "owner_id": "980921733825",
            "private_dns_hostname_type_on_launch": "ip-name",
            "tags": {
              "Blueprint": "automode-cluster",
              "Name": "automode-cluster-private-ap-southeast-3c",
              "karpenter.sh/discovery": "automode-demo",
              "kubernetes.io/role/internal-elb": "1"
            },
            "tags_all": {
              "Blueprint": "automode-cluster",
              "Name": "automode-cluster-private-ap-southeast-3c",
              "karpenter.sh/discovery": "automode-demo",
              "kubernetes.io/role/internal-elb": "1"
            },
            "timeouts": null,
            "vpc_id": "vpc-0f1dd580e50c83d4a"
          },
          "sensitive_attributes": [],
          "identity_schema_version": 0,
          "private": "eyJlMmJmYjczMC1lY2FhLTExZTYtOGY4OC0zNDM2M2JjN2M0YzAiOnsiY3JlYXRlIjo2MDAwMDAwMDAwMDAsImRlbGV0ZSI6MTIwMDAwMDAwMDAwMH0sInNjaGVtYV92ZXJzaW9uIjoiMSJ9",
          "dependencies": [
            "data.aws_availability_zones.available",
            "module.vpc.aws_vpc.this",
            "module.vpc.aws_vpc_ipv4_cidr_block_association.this"
          ],
          "create_before_destroy": true
        }
      ]
    },
    {
      "module": "module.vpc",
      "mode": "managed",
      "type": "aws_subnet",
      "name": "public",
      "provider": "provider[\"registry.terraform.io/hashicorp/aws\"]",
      "instances": [
        {
          "index_key": 0,
          "schema_version": 1,
          "attributes": {
            "arn": "arn:aws:ec2:ap-southeast-3:980921733825:subnet/subnet-0301ab82fffa97223",
            "assign_ipv6_address_on_creation": false,
            "availability_zone": "ap-southeast-3a",
            "availability_zone_id": "apse3-az1",
            "cidr_block": "10.0.48.0/24",
            "customer_owned_ipv4_pool": "",
            "enable_dns64": false,
            "enable_lni_at_device_index": 0,
            "enable_resource_name_dns_a_record_on_launch": false,
            "enable_resource_name_dns_aaaa_record_on_launch": false,
            "id": "subnet-0301ab82fffa97223",
            "ipv6_cidr_block": "",
            "ipv6_cidr_block_association_id": "",
            "ipv6_native": false,
            "map_customer_owned_ip_on_launch": false,
            "map_public_ip_on_launch": false,
            "outpost_arn": "",
            "owner_id": "980921733825",
            "private_dns_hostname_type_on_launch": "ip-name",
            "tags": {
              "Blueprint": "automode-cluster",
              "Name": "automode-cluster-public-ap-southeast-3a",
              "kubernetes.io/role/elb": "1"
            },
            "tags_all": {
              "Blueprint": "automode-cluster",
              "Name": "automode-cluster-public-ap-southeast-3a",
              "kubernetes.io/role/elb": "1"
            },
            "timeouts": null,
            "vpc_id": "vpc-0f1dd580e50c83d4a"
          },
          "sensitive_attributes": [],
          "identity_schema_version": 0,
          "private": "eyJlMmJmYjczMC1lY2FhLTExZTYtOGY4OC0zNDM2M2JjN2M0YzAiOnsiY3JlYXRlIjo2MDAwMDAwMDAwMDAsImRlbGV0ZSI6MTIwMDAwMDAwMDAwMH0sInNjaGVtYV92ZXJzaW9uIjoiMSJ9",
          "dependencies": [
            "data.aws_availability_zones.available",
            "module.vpc.aws_vpc.this",
            "module.vpc.aws_vpc_ipv4_cidr_block_association.this"
          ]
        },
        {
          "index_key": 1,
          "schema_version": 1,
          "attributes": {
            "arn": "arn:aws:ec2:ap-southeast-3:980921733825:subnet/subnet-07df3cd321224f460",
            "assign_ipv6_address_on_creation": false,
            "availability_zone": "ap-southeast-3b",
            "availability_zone_id": "apse3-az2",
            "cidr_block": "10.0.49.0/24",
            "customer_owned_ipv4_pool": "",
            "enable_dns64": false,
            "enable_lni_at_device_index": 0,
            "enable_resource_name_dns_a_record_on_launch": false,
            "enable_resource_name_dns_aaaa_record_on_launch": false,
            "id": "subnet-07df3cd321224f460",
            "ipv6_cidr_block": "",
            "ipv6_cidr_block_association_id": "",
            "ipv6_native": false,
            "map_customer_owned_ip_on_launch": false,
            "map_public_ip_on_launch": false,
            "outpost_arn": "",
            "owner_id": "980921733825",
            "private_dns_hostname_type_on_launch": "ip-name",
            "tags": {
              "Blueprint": "automode-cluster",
              "Name": "automode-cluster-public-ap-southeast-3b",
              "kubernetes.io/role/elb": "1"
            },
            "tags_all": {
              "Blueprint": "automode-cluster",
              "Name": "automode-cluster-public-ap-southeast-3b",
              "kubernetes.io/role/elb": "1"
            },
            "timeouts": null,
            "vpc_id": "vpc-0f1dd580e50c83d4a"
          },
          "sensitive_attributes": [],
          "identity_schema_version": 0,
          "private": "eyJlMmJmYjczMC1lY2FhLTExZTYtOGY4OC0zNDM2M2JjN2M0YzAiOnsiY3JlYXRlIjo2MDAwMDAwMDAwMDAsImRlbGV0ZSI6MTIwMDAwMDAwMDAwMH0sInNjaGVtYV92ZXJzaW9uIjoiMSJ9",
          "dependencies": [
            "data.aws_availability_zones.available",
            "module.vpc.aws_vpc.this",
            "module.vpc.aws_vpc_ipv4_cidr_block_association.this"
          ]
        },
        {
          "index_key": 2,
          "schema_version": 1,
          "attributes": {
            "arn": "arn:aws:ec2:ap-southeast-3:980921733825:subnet/subnet-0ed10aac670a6188f",
            "assign_ipv6_address_on_creation": false,
            "availability_zone": "ap-southeast-3c",
            "availability_zone_id": "apse3-az3",
            "cidr_block": "10.0.50.0/24",
            "customer_owned_ipv4_pool": "",
            "enable_dns64": false,
            "enable_lni_at_device_index": 0,
            "enable_resource_name_dns_a_record_on_launch": false,
            "enable_resource_name_dns_aaaa_record_on_launch": false,
            "id": "subnet-0ed10aac670a6188f",
            "ipv6_cidr_block": "",
            "ipv6_cidr_block_association_id": "",
            "ipv6_native": false,
            "map_customer_owned_ip_on_launch": false,
            "map_public_ip_on_launch": false,
            "outpost_arn": "",
            "owner_id": "980921733825",
            "private_dns_hostname_type_on_launch": "ip-name",
            "tags": {
              "Blueprint": "automode-cluster",
              "Name": "automode-cluster-public-ap-southeast-3c",
              "kubernetes.io/role/elb": "1"
            },
            "tags_all": {
              "Blueprint": "automode-cluster",
              "Name": "automode-cluster-public-ap-southeast-3c",
              "kubernetes.io/role/elb": "1"
            },
            "timeouts": null,
            "vpc_id": "vpc-0f1dd580e50c83d4a"
          },
          "sensitive_attributes": [],
          "identity_schema_version": 0,
          "private": "eyJlMmJmYjczMC1lY2FhLTExZTYtOGY4OC0zNDM2M2JjN2M0YzAiOnsiY3JlYXRlIjo2MDAwMDAwMDAwMDAsImRlbGV0ZSI6MTIwMDAwMDAwMDAwMH0sInNjaGVtYV92ZXJzaW9uIjoiMSJ9",
          "dependencies": [
            "data.aws_availability_zones.available",
            "module.vpc.aws_vpc.this",
            "module.vpc.aws_vpc_ipv4_cidr_block_association.this"
          ]
        }
      ]
    },
    {
      "module": "module.vpc",
      "mode": "managed",
      "type": "aws_vpc",
      "name": "this",
      "provider": "provider[\"registry.terraform.io/hashicorp/aws\"]",
      "instances": [
        {
          "index_key": 0,
          "schema_version": 1,
          "attributes": {
            "arn": "arn:aws:ec2:ap-southeast-3:980921733825:vpc/vpc-0f1dd580e50c83d4a",
            "assign_generated_ipv6_cidr_block": false,
            "cidr_block": "10.0.0.0/16",
            "default_network_acl_id": "acl-0cdda146eeb121b8b",
            "default_route_table_id": "rtb-0b9fb4346d7444e53",
            "default_security_group_id": "sg-06179847085e98e6b",
            "dhcp_options_id": "dopt-0992496e49fe2bd33",
            "enable_dns_hostnames": true,
            "enable_dns_support": true,
            "enable_network_address_usage_metrics": false,
            "id": "vpc-0f1dd580e50c83d4a",
            "instance_tenancy": "default",
            "ipv4_ipam_pool_id": null,
            "ipv4_netmask_length": null,
            "ipv6_association_id": "",
            "ipv6_cidr_block": "",
            "ipv6_cidr_block_network_border_group": "",
            "ipv6_ipam_pool_id": "",
            "ipv6_netmask_length": 0,
            "main_route_table_id": "rtb-0b9fb4346d7444e53",
            "owner_id": "980921733825",
            "tags": {
              "Blueprint": "automode-cluster",
              "Name": "automode-cluster"
            },
            "tags_all": {
              "Blueprint": "automode-cluster",
              "Name": "automode-cluster"
            }
          },
          "sensitive_attributes": [],
          "identity_schema_version": 0,
          "private": "eyJzY2hlbWFfdmVyc2lvbiI6IjEifQ==",
          "create_before_destroy": true
        }
      ]
    }
  ],
  "check_results": [
    {
      "object_kind": "var",
      "config_addr": "module.eks.module.self_managed_node_group.var.platform",
      "status": "pass",
      "objects": null
    },
    {
      "object_kind": "resource",
      "config_addr": "module.eks.module.self_managed_node_group.module.user_data.null_resource.validate_cluster_service_cidr",
      "status": "pass",
      "objects": null
    },
    {
      "object_kind": "resource",
      "config_addr": "module.eks.module.eks_managed_node_group.module.user_data.null_resource.validate_cluster_service_cidr",
      "status": "pass",
      "objects": null
    }
  ]
}
